
{
  "version": 4,
  "terraform_version": "1.0.0",
  "serial": 4051,
  "lineage": "70219929-7f0f-d14e-3f55-d312d9108bea",
  "outputs": {
    "alb_url": {
      "value": "https://internal-tamr-ssl-example-1584228959.us-west-1.elb.amazonaws.com",
      "type": "string"
    },
    "target_group_attachments": {
      "value": {
        "0": {
          "availability_zone": null,
          "id": "arn:aws:elasticloadbalancing:us-west-1:131578276461:targetgroup/dms/b7c4e61fee879f22-20211027133633295300000008",
          "port": null,
          "target_group_arn": "arn:aws:elasticloadbalancing:us-west-1:131578276461:targetgroup/dms/b7c4e61fee879f22",
          "target_id": "i-047846b54e9fa5d9c"
        },
        "1": {
          "availability_zone": null,
          "id": "arn:aws:elasticloadbalancing:us-west-1:131578276461:targetgroup/ganglia/c250e5ec0d3865d9-20211027133633315600000009",
          "port": null,
          "target_group_arn": "arn:aws:elasticloadbalancing:us-west-1:131578276461:targetgroup/ganglia/c250e5ec0d3865d9",
          "target_id": "i-0376771dd23b36593"
        },
        "2": {
          "availability_zone": null,
          "id": "arn:aws:elasticloadbalancing:us-west-1:131578276461:targetgroup/ganglia/c250e5ec0d3865d9-2021102713363372440000000c",
          "port": null,
          "target_group_arn": "arn:aws:elasticloadbalancing:us-west-1:131578276461:targetgroup/ganglia/c250e5ec0d3865d9",
          "target_id": "i-05950c7ac5479b94b"
        },
        "3": {
          "availability_zone": null,
          "id": "arn:aws:elasticloadbalancing:us-west-1:131578276461:targetgroup/ganglia/c250e5ec0d3865d9-2021102713363339330000000b",
          "port": null,
          "target_group_arn": "arn:aws:elasticloadbalancing:us-west-1:131578276461:targetgroup/ganglia/c250e5ec0d3865d9",
          "target_id": "i-020c5250eff37ddaa"
        },
        "4": {
          "availability_zone": null,
          "id": "arn:aws:elasticloadbalancing:us-west-1:131578276461:targetgroup/hbase/323d5bea025d6e83-2021102713363335550000000a",
          "port": null,
          "target_group_arn": "arn:aws:elasticloadbalancing:us-west-1:131578276461:targetgroup/hbase/323d5bea025d6e83",
          "target_id": "i-0376771dd23b36593"
        }
      },
      "type": [
        "object",
        {
          "0": [
            "object",
            {
              "availability_zone": "string",
              "id": "string",
              "port": "number",
              "target_group_arn": "string",
              "target_id": "string"
            }
          ],
          "1": [
            "object",
            {
              "availability_zone": "string",
              "id": "string",
              "port": "number",
              "target_group_arn": "string",
              "target_id": "string"
            }
          ],
          "2": [
            "object",
            {
              "availability_zone": "string",
              "id": "string",
              "port": "number",
              "target_group_arn": "string",
              "target_id": "string"
            }
          ],
          "3": [
            "object",
            {
              "availability_zone": "string",
              "id": "string",
              "port": "number",
              "target_group_arn": "string",
              "target_id": "string"
            }
          ],
          "4": [
            "object",
            {
              "availability_zone": "string",
              "id": "string",
              "port": "number",
              "target_group_arn": "string",
              "target_id": "string"
            }
          ]
        }
      ]
    },
    "tmp": {
      "value": {
        "0": {
          "arn": "arn:aws:elasticloadbalancing:us-west-1:131578276461:targetgroup/dms/b7c4e61fee879f22",
          "instance": "i-047846b54e9fa5d9c"
        },
        "1": {
          "arn": "arn:aws:elasticloadbalancing:us-west-1:131578276461:targetgroup/ganglia/c250e5ec0d3865d9",
          "instance": "i-0376771dd23b36593"
        },
        "10": {
          "arn": "arn:aws:elasticloadbalancing:us-west-1:131578276461:targetgroup/tamr/66abb686ef200f12",
          "instance": "i-047846b54e9fa5d9c"
        },
        "2": {
          "arn": "arn:aws:elasticloadbalancing:us-west-1:131578276461:targetgroup/ganglia/c250e5ec0d3865d9",
          "instance": "i-05950c7ac5479b94b"
        },
        "3": {
          "arn": "arn:aws:elasticloadbalancing:us-west-1:131578276461:targetgroup/ganglia/c250e5ec0d3865d9",
          "instance": "i-020c5250eff37ddaa"
        },
        "4": {
          "arn": "arn:aws:elasticloadbalancing:us-west-1:131578276461:targetgroup/hbase/323d5bea025d6e83",
          "instance": "i-0376771dd23b36593"
        },
        "5": {
          "arn": "arn:aws:elasticloadbalancing:us-west-1:131578276461:targetgroup/hbase/323d5bea025d6e83",
          "instance": "i-05950c7ac5479b94b"
        },
        "6": {
          "arn": "arn:aws:elasticloadbalancing:us-west-1:131578276461:targetgroup/hbase/323d5bea025d6e83",
          "instance": "i-020c5250eff37ddaa"
        },
        "7": {
          "arn": "arn:aws:elasticloadbalancing:us-west-1:131578276461:targetgroup/spark/02da05590282d981",
          "instance": "i-0376771dd23b36593"
        },
        "8": {
          "arn": "arn:aws:elasticloadbalancing:us-west-1:131578276461:targetgroup/spark/02da05590282d981",
          "instance": "i-05950c7ac5479b94b"
        },
        "9": {
          "arn": "arn:aws:elasticloadbalancing:us-west-1:131578276461:targetgroup/spark/02da05590282d981",
          "instance": "i-020c5250eff37ddaa"
        }
      },
      "type": [
        "object",
        {
          "0": [
            "object",
            {
              "arn": "string",
              "instance": "string"
            }
          ],
          "1": [
            "object",
            {
              "arn": "string",
              "instance": "string"
            }
          ],
          "10": [
            "object",
            {
              "arn": "string",
              "instance": "string"
            }
          ],
          "2": [
            "object",
            {
              "arn": "string",
              "instance": "string"
            }
          ],
          "3": [
            "object",
            {
              "arn": "string",
              "instance": "string"
            }
          ],
          "4": [
            "object",
            {
              "arn": "string",
              "instance": "string"
            }
          ],
          "5": [
            "object",
            {
              "arn": "string",
              "instance": "string"
            }
          ],
          "6": [
            "object",
            {
              "arn": "string",
              "instance": "string"
            }
          ],
          "7": [
            "object",
            {
              "arn": "string",
              "instance": "string"
            }
          ],
          "8": [
            "object",
            {
              "arn": "string",
              "instance": "string"
            }
          ],
          "9": [
            "object",
            {
              "arn": "string",
              "instance": "string"
            }
          ]
        }
      ]
    }
  },
  "resources": [
    {
      "mode": "data",
      "type": "aws_ami",
      "name": "tamr-vm",
      "provider": "provider[\"registry.terraform.io/hashicorp/aws\"]",
      "instances": [
        {
          "schema_version": 0,
          "attributes": {
            "architecture": "x86_64",
            "arn": "arn:aws:ec2:us-west-1::image/ami-0c642cafba927bde2",
            "block_device_mappings": [
              {
                "device_name": "/dev/sda1",
                "ebs": {
                  "delete_on_termination": "true",
                  "encrypted": "false",
                  "iops": "0",
                  "snapshot_id": "snap-045e71551a51a1f80",
                  "throughput": "0",
                  "volume_size": "32",
                  "volume_type": "gp2"
                },
                "no_device": "",
                "virtual_name": ""
              },
              {
                "device_name": "/dev/sdb",
                "ebs": {},
                "no_device": "",
                "virtual_name": "ephemeral0"
              },
              {
                "device_name": "/dev/sdc",
                "ebs": {},
                "no_device": "",
                "virtual_name": "ephemeral1"
              }
            ],
            "creation_date": "2021-08-31T22:52:16.000Z",
            "description": "Ubuntu 18.04 with Tamr 2021.014.0 installed without a license.",
            "ena_support": true,
            "executable_users": null,
            "filter": [
              {
                "name": "product-code",
                "values": [
                  "832nkbrayw00cnivlh6nbbi6p"
                ]
              }
            ],
            "hypervisor": "xen",
            "id": "ami-0c642cafba927bde2",
            "image_id": "ami-0c642cafba927bde2",
            "image_location": "aws-marketplace/Ubuntu 18.04 Tamr 2021.014.0 1630442332-8892620f-9ecf-4370-b0a8-0c23b1d477d1",
            "image_owner_alias": "aws-marketplace",
            "image_type": "machine",
            "kernel_id": null,
            "most_recent": true,
            "name": "Ubuntu 18.04 Tamr 2021.014.0 1630442332-8892620f-9ecf-4370-b0a8-0c23b1d477d1",
            "name_regex": "^Ubuntu 18.04 Tamr.*",
            "owner_id": "679593333241",
            "owners": [
              "679593333241"
            ],
            "platform": null,
            "platform_details": "Linux/UNIX",
            "product_codes": [
              {
                "product_code_id": "832nkbrayw00cnivlh6nbbi6p",
                "product_code_type": "marketplace"
              }
            ],
            "public": true,
            "ramdisk_id": null,
            "root_device_name": "/dev/sda1",
            "root_device_type": "ebs",
            "root_snapshot_id": "snap-045e71551a51a1f80",
            "sriov_net_support": "simple",
            "state": "available",
            "state_reason": {
              "code": "UNSET",
              "message": "UNSET"
            },
            "tags": {},
            "usage_operation": "RunInstances",
            "virtualization_type": "hvm"
          },
          "sensitive_attributes": []
        }
      ]
    },
    {
      "mode": "data",
      "type": "aws_availability_zones",
      "name": "available",
      "provider": "provider[\"registry.terraform.io/hashicorp/aws\"]",
      "instances": [
        {
          "schema_version": 0,
          "attributes": {
            "all_availability_zones": null,
            "exclude_names": null,
            "exclude_zone_ids": null,
            "filter": null,
            "group_names": [
              "us-west-1"
            ],
            "id": "us-west-1",
            "names": [
              "us-west-1a",
              "us-west-1b"
            ],
            "state": "available",
            "zone_ids": [
              "usw1-az3",
              "usw1-az1"
            ]
          },
          "sensitive_attributes": []
        }
      ]
    },
    {
      "mode": "data",
      "type": "aws_instances",
      "name": "masters",
      "provider": "provider[\"registry.terraform.io/hashicorp/aws\"]",
      "instances": [
        {
          "schema_version": 0,
          "attributes": {
            "filter": [
              {
                "name": "tag:aws:elasticmapreduce:instance-group-role",
                "values": [
                  "MASTER"
                ]
              },
              {
                "name": "tag:aws:elasticmapreduce:job-flow-id",
                "values": [
                  "j-23G76UK1A9U14"
                ]
              }
            ],
            "id": "us-west-1",
            "ids": [
              "i-0376771dd23b36593",
              "i-05950c7ac5479b94b",
              "i-020c5250eff37ddaa"
            ],
            "instance_state_names": null,
            "instance_tags": null,
            "private_ips": [
              "10.0.1.87",
              "10.0.1.176",
              "10.0.1.23"
            ],
            "public_ips": []
          },
          "sensitive_attributes": []
        }
      ]
    },
    {
      "mode": "data",
      "type": "template_file",
      "name": "install_nginx",
      "provider": "provider[\"registry.terraform.io/hashicorp/template\"]",
      "instances": [
        {
          "schema_version": 0,
          "attributes": {
            "filename": null,
            "id": "0f90296793160a2299ed22a5292096a4aef1bfe312ac10d3cf8a010d7e5ec7af",
            "rendered": "#!/bin/bash\nsleep 30\nsudo apt update\nsudo apt install nginx -y\nsudo echo 'server { listen 9100 default_server; root /var/www/html; index index.nginx-debian.html; server_name _; location / { try_files $uri $uri/ =404;}}' \u003e /etc/nginx/sites-enabled/default\nsudo chmod 777 /var/www/html/index.nginx-debian.html\nsudo echo \"\u003ch1\u003eThis is a test site\u003c/h1\u003e\u003ch2\u003e Please uninstall nginx before starting tamr\u003c/h2\u003e\" \u003e /var/www/html/index.nginx-debian.html\nsudo systemctl restart nginx\n",
            "template": "#!/bin/bash\nsleep 30\nsudo apt update\nsudo apt install nginx -y\nsudo echo 'server { listen ${tamr_unify_port} default_server; root /var/www/html; index index.nginx-debian.html; server_name _; location / { try_files $uri $uri/ =404;}}' \u003e /etc/nginx/sites-enabled/default\nsudo chmod 777 /var/www/html/index.nginx-debian.html\nsudo echo \"\u003ch1\u003eThis is a test site\u003c/h1\u003e\u003ch2\u003e Please uninstall nginx before starting tamr\u003c/h2\u003e\" \u003e /var/www/html/index.nginx-debian.html\nsudo systemctl restart nginx\n",
            "vars": {
              "tamr_unify_port": "9100"
            }
          },
          "sensitive_attributes": []
        }
      ]
    },
    {
      "mode": "data",
      "type": "template_file",
      "name": "setup_dms",
      "provider": "provider[\"registry.terraform.io/hashicorp/template\"]",
      "instances": [
        {
          "schema_version": 0,
          "attributes": {
            "filename": null,
            "id": "ea9a1aae48e815ead8df6e01017d7bc4cbdeb99ec47bc4431b678a14cc10d2cb",
            "rendered": "#!/bin/bash\nsleep 30\nsudo apt update\nsudo apt install nginx -y\nsudo echo 'server { listen 9100 default_server; root /var/www/html; index index.nginx-debian.html; server_name _; location / { try_files $uri $uri/ =404;}}' \u003e /etc/nginx/sites-enabled/default\nsudo chmod 777 /var/www/html/index.nginx-debian.html\nsudo echo 'server { listen 9155 default_server; root /var/www/test; index index.nginx-debian.html; server_name _; location / { try_files $uri $uri/ =404;}}' \u003e\u003e /etc/nginx/sites-enabled/default\nsudo mkdir /var/www/test\nsudo echo \"\u003ch1\u003eThis is a test site\u003c/h1\u003e\u003ch2\u003e Please uninstall nginx before starting tamr\u003c/h2\u003e\" \u003e /var/www/html/index.nginx-debian.html\nsudo echo \"\u003ch1\u003eThis is a test site for DMS\u003c/h1\u003e\u003ch2\u003e Please uninstall nginx before starting tamr\u003c/h2\u003e\" \u003e /var/www/test/index.nginx-debian.html\nsudo systemctl restart nginx\n",
            "template": "#!/bin/bash\nsleep 30\nsudo apt update\nsudo apt install nginx -y\nsudo echo 'server { listen ${tamr_unify_port} default_server; root /var/www/html; index index.nginx-debian.html; server_name _; location / { try_files $uri $uri/ =404;}}' \u003e /etc/nginx/sites-enabled/default\nsudo chmod 777 /var/www/html/index.nginx-debian.html\nsudo echo 'server { listen ${tamr_dms_port} default_server; root /var/www/test; index index.nginx-debian.html; server_name _; location / { try_files $uri $uri/ =404;}}' \u003e\u003e /etc/nginx/sites-enabled/default\nsudo mkdir /var/www/test\nsudo echo \"\u003ch1\u003eThis is a test site\u003c/h1\u003e\u003ch2\u003e Please uninstall nginx before starting tamr\u003c/h2\u003e\" \u003e /var/www/html/index.nginx-debian.html\nsudo echo \"\u003ch1\u003eThis is a test site for DMS\u003c/h1\u003e\u003ch2\u003e Please uninstall nginx before starting tamr\u003c/h2\u003e\" \u003e /var/www/test/index.nginx-debian.html\nsudo systemctl restart nginx\n",
            "vars": {
              "tamr_dms_port": "9155",
              "tamr_unify_port": "9100"
            }
          },
          "sensitive_attributes": []
        }
      ]
    },
    {
      "module": "module.alb",
      "mode": "data",
      "type": "aws_instance",
      "name": "tamr-vm",
      "provider": "provider[\"registry.terraform.io/hashicorp/aws\"]",
      "instances": [
        {
          "schema_version": 0,
          "attributes": {
            "ami": "ami-0c642cafba927bde2",
            "arn": "arn:aws:ec2:us-west-1:131578276461:instance/i-047846b54e9fa5d9c",
            "associate_public_ip_address": false,
            "availability_zone": "us-west-1a",
            "credit_specification": [],
            "disable_api_termination": false,
            "ebs_block_device": [],
            "ebs_optimized": false,
            "enclave_options": [
              {
                "enabled": false
              }
            ],
            "ephemeral_block_device": [],
            "filter": null,
            "get_password_data": false,
            "get_user_data": false,
            "host_id": null,
            "iam_instance_profile": "tamr--tamr-ec2-instance-profile",
            "id": "i-047846b54e9fa5d9c",
            "instance_id": "i-047846b54e9fa5d9c",
            "instance_state": "running",
            "instance_tags": null,
            "instance_type": "r5.2xlarge",
            "key_name": "tamr-vm-test",
            "metadata_options": [
              {
                "http_endpoint": "enabled",
                "http_put_response_hop_limit": 1,
                "http_tokens": "optional"
              }
            ],
            "monitoring": false,
            "network_interface_id": "eni-0e9869f115c675a8f",
            "outpost_arn": "",
            "password_data": null,
            "placement_group": "",
            "private_dns": "ip-10-0-0-195.us-west-1.compute.internal",
            "private_ip": "10.0.0.195",
            "public_dns": "",
            "public_ip": "",
            "root_block_device": [
              {
                "delete_on_termination": true,
                "device_name": "/dev/sda1",
                "encrypted": true,
                "iops": 300,
                "kms_key_id": "arn:aws:kms:us-west-1:131578276461:key/5d89e4a2-e049-41a7-a83a-0add63e61aca",
                "tags": {},
                "throughput": 0,
                "volume_id": "vol-04ac157e480439d63",
                "volume_size": 100,
                "volume_type": "gp2"
              }
            ],
            "secondary_private_ips": [],
            "security_groups": [],
            "source_dest_check": true,
            "subnet_id": "subnet-06b81188e3083264d",
            "tags": {
              "Author": "Tamr",
              "Name": "Tamr VM",
              "owner": "franco"
            },
            "tenancy": "default",
            "user_data": "e84600faa5bef8e04ea59c49bd4175f10a823772",
            "user_data_base64": null,
            "vpc_security_group_ids": [
              "sg-03cbfc14661a33b59",
              "sg-05085835d823ab597"
            ]
          },
          "sensitive_attributes": []
        }
      ]
    },
    {
      "module": "module.alb",
      "mode": "data",
      "type": "aws_instance",
      "name": "tamr_ec2",
      "provider": "provider[\"registry.terraform.io/hashicorp/aws\"]",
      "instances": [
        {
          "schema_version": 0,
          "attributes": {
            "ami": "ami-0c642cafba927bde2",
            "arn": "arn:aws:ec2:us-west-1:131578276461:instance/i-047846b54e9fa5d9c",
            "associate_public_ip_address": false,
            "availability_zone": "us-west-1a",
            "credit_specification": [],
            "disable_api_termination": false,
            "ebs_block_device": [],
            "ebs_optimized": false,
            "enclave_options": [
              {
                "enabled": false
              }
            ],
            "ephemeral_block_device": [],
            "filter": null,
            "get_password_data": false,
            "get_user_data": false,
            "host_id": null,
            "iam_instance_profile": "tamr--tamr-ec2-instance-profile",
            "id": "i-047846b54e9fa5d9c",
            "instance_id": "i-047846b54e9fa5d9c",
            "instance_state": "running",
            "instance_tags": null,
            "instance_type": "r5.2xlarge",
            "key_name": "tamr-vm-test",
            "metadata_options": [
              {
                "http_endpoint": "enabled",
                "http_put_response_hop_limit": 1,
                "http_tokens": "optional"
              }
            ],
            "monitoring": false,
            "network_interface_id": "eni-0e9869f115c675a8f",
            "outpost_arn": "",
            "password_data": null,
            "placement_group": "",
            "private_dns": "ip-10-0-0-195.us-west-1.compute.internal",
            "private_ip": "10.0.0.195",
            "public_dns": "",
            "public_ip": "",
            "root_block_device": [
              {
                "delete_on_termination": true,
                "device_name": "/dev/sda1",
                "encrypted": true,
                "iops": 300,
                "kms_key_id": "arn:aws:kms:us-west-1:131578276461:key/5d89e4a2-e049-41a7-a83a-0add63e61aca",
                "tags": {},
                "throughput": 0,
                "volume_id": "vol-04ac157e480439d63",
                "volume_size": 100,
                "volume_type": "gp2"
              }
            ],
            "secondary_private_ips": [],
            "security_groups": [],
            "source_dest_check": true,
            "subnet_id": "subnet-06b81188e3083264d",
            "tags": {
              "Author": "Tamr",
              "Name": "Tamr VM",
              "owner": "franco"
            },
            "tenancy": "default",
            "user_data": "e84600faa5bef8e04ea59c49bd4175f10a823772",
            "user_data_base64": null,
            "vpc_security_group_ids": [
              "sg-03cbfc14661a33b59",
              "sg-05085835d823ab597"
            ]
          },
          "sensitive_attributes": []
        }
      ]
    },
    {
      "module": "module.alb",
      "mode": "data",
      "type": "aws_instances",
      "name": "masters",
      "provider": "provider[\"registry.terraform.io/hashicorp/aws\"]",
      "instances": [
        {
          "schema_version": 0,
          "attributes": {
            "filter": [
              {
                "name": "tag:aws:elasticmapreduce:instance-group-role",
                "values": [
                  "MASTER"
                ]
              },
              {
                "name": "tag:aws:elasticmapreduce:job-flow-id",
                "values": [
                  "j-23G76UK1A9U14"
                ]
              }
            ],
            "id": "us-west-1",
            "ids": [
              "i-0376771dd23b36593",
              "i-05950c7ac5479b94b",
              "i-020c5250eff37ddaa"
            ],
            "instance_state_names": null,
            "instance_tags": null,
            "private_ips": [
              "10.0.1.87",
              "10.0.1.176",
              "10.0.1.23"
            ],
            "public_ips": []
          },
          "sensitive_attributes": []
        }
      ]
    },
    {
      "module": "module.alb",
      "mode": "managed",
      "type": "aws_lb_listener_rule",
      "name": "listeners",
      "provider": "provider[\"registry.terraform.io/hashicorp/aws\"]",
      "instances": [
        {
          "index_key": "dms",
          "schema_version": 0,
          "attributes": {
            "action": [
              {
                "authenticate_cognito": [],
                "authenticate_oidc": [],
                "fixed_response": [],
                "forward": [],
                "order": 1,
                "redirect": [],
                "target_group_arn": "arn:aws:elasticloadbalancing:us-west-1:131578276461:targetgroup/dms/b7c4e61fee879f22",
                "type": "forward"
              }
            ],
            "arn": "arn:aws:elasticloadbalancing:us-west-1:131578276461:listener-rule/app/tamr-ssl-example/1ee9e34c472f8d18/de9e8d2848054ee8/1bd40618b9f000ee",
            "condition": [
              {
                "host_header": [
                  {
                    "values": [
                      "dms.*.*"
                    ]
                  }
                ],
                "http_header": [],
                "http_request_method": [],
                "path_pattern": [],
                "query_string": [],
                "source_ip": []
              }
            ],
            "id": "arn:aws:elasticloadbalancing:us-west-1:131578276461:listener-rule/app/tamr-ssl-example/1ee9e34c472f8d18/de9e8d2848054ee8/1bd40618b9f000ee",
            "listener_arn": "arn:aws:elasticloadbalancing:us-west-1:131578276461:listener/app/tamr-ssl-example/1ee9e34c472f8d18/de9e8d2848054ee8",
            "priority": 4,
            "tags": null,
            "tags_all": {}
          },
          "sensitive_attributes": [],
          "private": "bnVsbA==",
          "dependencies": [
            "data.aws_ami.tamr-vm",
            "data.aws_availability_zones.available",
            "data.aws_instances.masters",
            "data.template_file.install_nginx",
            "data.template_file.setup_dms",
            "module.alb.aws_lb_target_group.target_groups",
            "module.alb.module.alb.aws_lb.this",
            "module.alb.module.alb.aws_lb_listener.frontend_https",
            "module.alb.module.alb.aws_lb_target_group.main",
            "module.alb.module.sg_https_lb.module.sg.aws_security_group.this",
            "module.alb.module.sg_https_lb.module.sg.aws_security_group.this_name_prefix",
            "module.aws-emr-sg-core.aws_security_group.security-groups-egress-cidr",
            "module.aws-emr-sg-core.aws_security_group.security-groups-egress-sg",
            "module.aws-emr-sg-core.aws_security_group.security-groups-ingress-cidr",
            "module.aws-emr-sg-core.aws_security_group.security-groups-ingress-sg",
            "module.aws-emr-sg-master.aws_security_group.security-groups-egress-cidr",
            "module.aws-emr-sg-master.aws_security_group.security-groups-egress-sg",
            "module.aws-emr-sg-master.aws_security_group.security-groups-ingress-cidr",
            "module.aws-emr-sg-master.aws_security_group.security-groups-ingress-sg",
            "module.aws-emr-sg-service-access.aws_security_group.security-groups-egress-cidr",
            "module.aws-emr-sg-service-access.aws_security_group.security-groups-egress-sg",
            "module.aws-emr-sg-service-access.aws_security_group.security-groups-ingress-cidr",
            "module.aws-emr-sg-service-access.aws_security_group.security-groups-ingress-sg",
            "module.emr-logs-bucket.module.encrypted-bucket.aws_s3_bucket.new_bucket",
            "module.emr-rootdir-bucket.module.encrypted-bucket.aws_s3_bucket.new_bucket",
            "module.emr-spark.module.emr-cluster-config.aws_s3_bucket_object.upload_hbase_config_script",
            "module.emr-spark.module.emr-cluster-config.aws_s3_bucket_object.upload_json_config",
            "module.emr-spark.module.emr-cluster.aws_emr_cluster.emr-cluster",
            "module.emr-spark.module.emr-cluster.data.aws_s3_bucket_object.json_config",
            "module.emr-spark.module.emr-iam.aws_iam_instance_profile.emr_ec2_instance_profile",
            "module.emr-spark.module.emr-iam.aws_iam_role.emr_ec2_instance_profile",
            "module.emr-spark.module.emr-iam.aws_iam_role.emr_service_role",
            "module.emr-spark.module.emr-iam.data.aws_iam_policy_document.ec2_assume_role",
            "module.emr-spark.module.emr-iam.data.aws_iam_policy_document.emr_assume_role",
            "module.emr-spark.module.emr-sgs.aws_security_group.emr_managed_internal",
            "module.sg_vm_web.aws_security_group.security-groups-egress-cidr",
            "module.sg_vm_web.aws_security_group.security-groups-egress-sg",
            "module.sg_vm_web.aws_security_group.security-groups-ingress-cidr",
            "module.sg_vm_web.aws_security_group.security-groups-ingress-sg",
            "module.tamr-vm.module.aws-iam-policies.aws_iam_policy.emr_creator_minimal_policy",
            "module.tamr-vm.module.aws-iam-policies.aws_iam_role_policy_attachment.emr_creator_policy_attachment",
            "module.tamr-vm.module.aws-iam-policies.aws_iam_role_policy_attachment.emrfs_user_s3_policy",
            "module.tamr-vm.module.aws-iam-policies.data.aws_caller_identity.current",
            "module.tamr-vm.module.aws-iam-policies.data.aws_iam_policy_document.emr_creator_policy",
            "module.tamr-vm.module.aws-iam-policies.data.aws_region.current",
            "module.tamr-vm.module.aws-iam-role.aws_iam_instance_profile.tamr_user_instance_profile",
            "module.tamr-vm.module.aws-iam-role.aws_iam_role.tamr_user_iam_role",
            "module.tamr-vm.module.aws-iam-role.data.aws_iam_policy_document.instance-assume-role-policy",
            "module.tamr-vm.module.tamr_instance.aws_instance.tamr-instance",
            "module.tamr-vm.module.tamr_instance.data.template_cloudinit_config.bootstrap-scripts",
            "module.tamr_networking.aws_network_acl.application_subnet",
            "module.tamr_networking.aws_network_acl.compute_subnet",
            "module.tamr_networking.aws_network_acl.data_subnets",
            "module.tamr_networking.aws_network_acl.load_balancing_subnets",
            "module.tamr_networking.aws_network_acl.public_subnets",
            "module.tamr_networking.aws_route_table_association.compute_subnet_rta",
            "module.tamr_networking.aws_subnet.compute_subnet",
            "module.tamr_networking.data.aws_ip_ranges.s3_cidrs",
            "module.tamr_networking.data.aws_region.current",
            "module.tamr_networking.data.aws_route_table.application_subnet_rt",
            "module.tamr_networking.data.aws_subnet.application_subnet",
            "module.tamr_networking.module.endpoints.aws_vpc_endpoint.this",
            "module.tamr_networking.module.endpoints.data.aws_vpc_endpoint_service.this",
            "module.tamr_networking.module.vpc.aws_cloudwatch_log_group.flow_log",
            "module.tamr_networking.module.vpc.aws_customer_gateway.this",
            "module.tamr_networking.module.vpc.aws_db_subnet_group.database",
            "module.tamr_networking.module.vpc.aws_default_network_acl.this",
            "module.tamr_networking.module.vpc.aws_default_route_table.default",
            "module.tamr_networking.module.vpc.aws_default_security_group.this",
            "module.tamr_networking.module.vpc.aws_default_vpc.this",
            "module.tamr_networking.module.vpc.aws_egress_only_internet_gateway.this",
            "module.tamr_networking.module.vpc.aws_eip.nat",
            "module.tamr_networking.module.vpc.aws_elasticache_subnet_group.elasticache",
            "module.tamr_networking.module.vpc.aws_flow_log.this",
            "module.tamr_networking.module.vpc.aws_iam_policy.vpc_flow_log_cloudwatch",
            "module.tamr_networking.module.vpc.aws_iam_role.vpc_flow_log_cloudwatch",
            "module.tamr_networking.module.vpc.aws_iam_role_policy_attachment.vpc_flow_log_cloudwatch",
            "module.tamr_networking.module.vpc.aws_internet_gateway.this",
            "module.tamr_networking.module.vpc.aws_nat_gateway.this",
            "module.tamr_networking.module.vpc.aws_network_acl.database",
            "module.tamr_networking.module.vpc.aws_network_acl.elasticache",
            "module.tamr_networking.module.vpc.aws_network_acl.intra",
            "module.tamr_networking.module.vpc.aws_network_acl.outpost",
            "module.tamr_networking.module.vpc.aws_network_acl.private",
            "module.tamr_networking.module.vpc.aws_network_acl.public",
            "module.tamr_networking.module.vpc.aws_network_acl.redshift",
            "module.tamr_networking.module.vpc.aws_network_acl_rule.database_inbound",
            "module.tamr_networking.module.vpc.aws_network_acl_rule.database_outbound",
            "module.tamr_networking.module.vpc.aws_network_acl_rule.elasticache_inbound",
            "module.tamr_networking.module.vpc.aws_network_acl_rule.elasticache_outbound",
            "module.tamr_networking.module.vpc.aws_network_acl_rule.intra_inbound",
            "module.tamr_networking.module.vpc.aws_network_acl_rule.intra_outbound",
            "module.tamr_networking.module.vpc.aws_network_acl_rule.outpost_inbound",
            "module.tamr_networking.module.vpc.aws_network_acl_rule.outpost_outbound",
            "module.tamr_networking.module.vpc.aws_network_acl_rule.private_inbound",
            "module.tamr_networking.module.vpc.aws_network_acl_rule.private_outbound",
            "module.tamr_networking.module.vpc.aws_network_acl_rule.public_inbound",
            "module.tamr_networking.module.vpc.aws_network_acl_rule.public_outbound",
            "module.tamr_networking.module.vpc.aws_network_acl_rule.redshift_inbound",
            "module.tamr_networking.module.vpc.aws_network_acl_rule.redshift_outbound",
            "module.tamr_networking.module.vpc.aws_redshift_subnet_group.redshift",
            "module.tamr_networking.module.vpc.aws_route.database_internet_gateway",
            "module.tamr_networking.module.vpc.aws_route.database_ipv6_egress",
            "module.tamr_networking.module.vpc.aws_route.database_nat_gateway",
            "module.tamr_networking.module.vpc.aws_route.private_ipv6_egress",
            "module.tamr_networking.module.vpc.aws_route.private_nat_gateway",
            "module.tamr_networking.module.vpc.aws_route.public_internet_gateway",
            "module.tamr_networking.module.vpc.aws_route.public_internet_gateway_ipv6",
            "module.tamr_networking.module.vpc.aws_route_table.database",
            "module.tamr_networking.module.vpc.aws_route_table.elasticache",
            "module.tamr_networking.module.vpc.aws_route_table.intra",
            "module.tamr_networking.module.vpc.aws_route_table.private",
            "module.tamr_networking.module.vpc.aws_route_table.public",
            "module.tamr_networking.module.vpc.aws_route_table.redshift",
            "module.tamr_networking.module.vpc.aws_route_table_association.database",
            "module.tamr_networking.module.vpc.aws_route_table_association.elasticache",
            "module.tamr_networking.module.vpc.aws_route_table_association.intra",
            "module.tamr_networking.module.vpc.aws_route_table_association.outpost",
            "module.tamr_networking.module.vpc.aws_route_table_association.private",
            "module.tamr_networking.module.vpc.aws_route_table_association.public",
            "module.tamr_networking.module.vpc.aws_route_table_association.redshift",
            "module.tamr_networking.module.vpc.aws_route_table_association.redshift_public",
            "module.tamr_networking.module.vpc.aws_subnet.database",
            "module.tamr_networking.module.vpc.aws_subnet.elasticache",
            "module.tamr_networking.module.vpc.aws_subnet.intra",
            "module.tamr_networking.module.vpc.aws_subnet.outpost",
            "module.tamr_networking.module.vpc.aws_subnet.private",
            "module.tamr_networking.module.vpc.aws_subnet.public",
            "module.tamr_networking.module.vpc.aws_subnet.redshift",
            "module.tamr_networking.module.vpc.aws_vpc.this",
            "module.tamr_networking.module.vpc.aws_vpc_dhcp_options.this",
            "module.tamr_networking.module.vpc.aws_vpc_dhcp_options_association.this",
            "module.tamr_networking.module.vpc.aws_vpc_ipv4_cidr_block_association.this",
            "module.tamr_networking.module.vpc.aws_vpn_gateway.this",
            "module.tamr_networking.module.vpc.aws_vpn_gateway_attachment.this",
            "module.tamr_networking.module.vpc.aws_vpn_gateway_route_propagation.intra",
            "module.tamr_networking.module.vpc.aws_vpn_gateway_route_propagation.private",
            "module.tamr_networking.module.vpc.aws_vpn_gateway_route_propagation.public",
            "module.tamr_networking.module.vpc.data.aws_iam_policy_document.flow_log_cloudwatch_assume_role",
            "module.tamr_networking.module.vpc.data.aws_iam_policy_document.vpc_flow_log_cloudwatch"
          ]
        },
        {
          "index_key": "ganglia",
          "schema_version": 0,
          "attributes": {
            "action": [
              {
                "authenticate_cognito": [],
                "authenticate_oidc": [],
                "fixed_response": [],
                "forward": [],
                "order": 1,
                "redirect": [],
                "target_group_arn": "arn:aws:elasticloadbalancing:us-west-1:131578276461:targetgroup/ganglia/c250e5ec0d3865d9",
                "type": "forward"
              }
            ],
            "arn": "arn:aws:elasticloadbalancing:us-west-1:131578276461:listener-rule/app/tamr-ssl-example/1ee9e34c472f8d18/de9e8d2848054ee8/60335df85a788e83",
            "condition": [
              {
                "host_header": [
                  {
                    "values": [
                      "ganglia.*.*"
                    ]
                  }
                ],
                "http_header": [],
                "http_request_method": [],
                "path_pattern": [],
                "query_string": [],
                "source_ip": []
              }
            ],
            "id": "arn:aws:elasticloadbalancing:us-west-1:131578276461:listener-rule/app/tamr-ssl-example/1ee9e34c472f8d18/de9e8d2848054ee8/60335df85a788e83",
            "listener_arn": "arn:aws:elasticloadbalancing:us-west-1:131578276461:listener/app/tamr-ssl-example/1ee9e34c472f8d18/de9e8d2848054ee8",
            "priority": 3,
            "tags": null,
            "tags_all": {}
          },
          "sensitive_attributes": [],
          "private": "bnVsbA==",
          "dependencies": [
            "data.aws_ami.tamr-vm",
            "data.aws_availability_zones.available",
            "data.aws_instances.masters",
            "data.template_file.install_nginx",
            "data.template_file.setup_dms",
            "module.alb.aws_lb_target_group.target_groups",
            "module.alb.module.alb.aws_lb.this",
            "module.alb.module.alb.aws_lb_listener.frontend_https",
            "module.alb.module.alb.aws_lb_target_group.main",
            "module.alb.module.sg_https_lb.module.sg.aws_security_group.this",
            "module.alb.module.sg_https_lb.module.sg.aws_security_group.this_name_prefix",
            "module.aws-emr-sg-core.aws_security_group.security-groups-egress-cidr",
            "module.aws-emr-sg-core.aws_security_group.security-groups-egress-sg",
            "module.aws-emr-sg-core.aws_security_group.security-groups-ingress-cidr",
            "module.aws-emr-sg-core.aws_security_group.security-groups-ingress-sg",
            "module.aws-emr-sg-master.aws_security_group.security-groups-egress-cidr",
            "module.aws-emr-sg-master.aws_security_group.security-groups-egress-sg",
            "module.aws-emr-sg-master.aws_security_group.security-groups-ingress-cidr",
            "module.aws-emr-sg-master.aws_security_group.security-groups-ingress-sg",
            "module.aws-emr-sg-service-access.aws_security_group.security-groups-egress-cidr",
            "module.aws-emr-sg-service-access.aws_security_group.security-groups-egress-sg",
            "module.aws-emr-sg-service-access.aws_security_group.security-groups-ingress-cidr",
            "module.aws-emr-sg-service-access.aws_security_group.security-groups-ingress-sg",
            "module.emr-logs-bucket.module.encrypted-bucket.aws_s3_bucket.new_bucket",
            "module.emr-rootdir-bucket.module.encrypted-bucket.aws_s3_bucket.new_bucket",
            "module.emr-spark.module.emr-cluster-config.aws_s3_bucket_object.upload_hbase_config_script",
            "module.emr-spark.module.emr-cluster-config.aws_s3_bucket_object.upload_json_config",
            "module.emr-spark.module.emr-cluster.aws_emr_cluster.emr-cluster",
            "module.emr-spark.module.emr-cluster.data.aws_s3_bucket_object.json_config",
            "module.emr-spark.module.emr-iam.aws_iam_instance_profile.emr_ec2_instance_profile",
            "module.emr-spark.module.emr-iam.aws_iam_role.emr_ec2_instance_profile",
            "module.emr-spark.module.emr-iam.aws_iam_role.emr_service_role",
            "module.emr-spark.module.emr-iam.data.aws_iam_policy_document.ec2_assume_role",
            "module.emr-spark.module.emr-iam.data.aws_iam_policy_document.emr_assume_role",
            "module.emr-spark.module.emr-sgs.aws_security_group.emr_managed_internal",
            "module.sg_vm_web.aws_security_group.security-groups-egress-cidr",
            "module.sg_vm_web.aws_security_group.security-groups-egress-sg",
            "module.sg_vm_web.aws_security_group.security-groups-ingress-cidr",
            "module.sg_vm_web.aws_security_group.security-groups-ingress-sg",
            "module.tamr-vm.module.aws-iam-policies.aws_iam_policy.emr_creator_minimal_policy",
            "module.tamr-vm.module.aws-iam-policies.aws_iam_role_policy_attachment.emr_creator_policy_attachment",
            "module.tamr-vm.module.aws-iam-policies.aws_iam_role_policy_attachment.emrfs_user_s3_policy",
            "module.tamr-vm.module.aws-iam-policies.data.aws_caller_identity.current",
            "module.tamr-vm.module.aws-iam-policies.data.aws_iam_policy_document.emr_creator_policy",
            "module.tamr-vm.module.aws-iam-policies.data.aws_region.current",
            "module.tamr-vm.module.aws-iam-role.aws_iam_instance_profile.tamr_user_instance_profile",
            "module.tamr-vm.module.aws-iam-role.aws_iam_role.tamr_user_iam_role",
            "module.tamr-vm.module.aws-iam-role.data.aws_iam_policy_document.instance-assume-role-policy",
            "module.tamr-vm.module.tamr_instance.aws_instance.tamr-instance",
            "module.tamr-vm.module.tamr_instance.data.template_cloudinit_config.bootstrap-scripts",
            "module.tamr_networking.aws_network_acl.application_subnet",
            "module.tamr_networking.aws_network_acl.compute_subnet",
            "module.tamr_networking.aws_network_acl.data_subnets",
            "module.tamr_networking.aws_network_acl.load_balancing_subnets",
            "module.tamr_networking.aws_network_acl.public_subnets",
            "module.tamr_networking.aws_route_table_association.compute_subnet_rta",
            "module.tamr_networking.aws_subnet.compute_subnet",
            "module.tamr_networking.data.aws_ip_ranges.s3_cidrs",
            "module.tamr_networking.data.aws_region.current",
            "module.tamr_networking.data.aws_route_table.application_subnet_rt",
            "module.tamr_networking.data.aws_subnet.application_subnet",
            "module.tamr_networking.module.endpoints.aws_vpc_endpoint.this",
            "module.tamr_networking.module.endpoints.data.aws_vpc_endpoint_service.this",
            "module.tamr_networking.module.vpc.aws_cloudwatch_log_group.flow_log",
            "module.tamr_networking.module.vpc.aws_customer_gateway.this",
            "module.tamr_networking.module.vpc.aws_db_subnet_group.database",
            "module.tamr_networking.module.vpc.aws_default_network_acl.this",
            "module.tamr_networking.module.vpc.aws_default_route_table.default",
            "module.tamr_networking.module.vpc.aws_default_security_group.this",
            "module.tamr_networking.module.vpc.aws_default_vpc.this",
            "module.tamr_networking.module.vpc.aws_egress_only_internet_gateway.this",
            "module.tamr_networking.module.vpc.aws_eip.nat",
            "module.tamr_networking.module.vpc.aws_elasticache_subnet_group.elasticache",
            "module.tamr_networking.module.vpc.aws_flow_log.this",
            "module.tamr_networking.module.vpc.aws_iam_policy.vpc_flow_log_cloudwatch",
            "module.tamr_networking.module.vpc.aws_iam_role.vpc_flow_log_cloudwatch",
            "module.tamr_networking.module.vpc.aws_iam_role_policy_attachment.vpc_flow_log_cloudwatch",
            "module.tamr_networking.module.vpc.aws_internet_gateway.this",
            "module.tamr_networking.module.vpc.aws_nat_gateway.this",
            "module.tamr_networking.module.vpc.aws_network_acl.database",
            "module.tamr_networking.module.vpc.aws_network_acl.elasticache",
            "module.tamr_networking.module.vpc.aws_network_acl.intra",
            "module.tamr_networking.module.vpc.aws_network_acl.outpost",
            "module.tamr_networking.module.vpc.aws_network_acl.private",
            "module.tamr_networking.module.vpc.aws_network_acl.public",
            "module.tamr_networking.module.vpc.aws_network_acl.redshift",
            "module.tamr_networking.module.vpc.aws_network_acl_rule.database_inbound",
            "module.tamr_networking.module.vpc.aws_network_acl_rule.database_outbound",
            "module.tamr_networking.module.vpc.aws_network_acl_rule.elasticache_inbound",
            "module.tamr_networking.module.vpc.aws_network_acl_rule.elasticache_outbound",
            "module.tamr_networking.module.vpc.aws_network_acl_rule.intra_inbound",
            "module.tamr_networking.module.vpc.aws_network_acl_rule.intra_outbound",
            "module.tamr_networking.module.vpc.aws_network_acl_rule.outpost_inbound",
            "module.tamr_networking.module.vpc.aws_network_acl_rule.outpost_outbound",
            "module.tamr_networking.module.vpc.aws_network_acl_rule.private_inbound",
            "module.tamr_networking.module.vpc.aws_network_acl_rule.private_outbound",
            "module.tamr_networking.module.vpc.aws_network_acl_rule.public_inbound",
            "module.tamr_networking.module.vpc.aws_network_acl_rule.public_outbound",
            "module.tamr_networking.module.vpc.aws_network_acl_rule.redshift_inbound",
            "module.tamr_networking.module.vpc.aws_network_acl_rule.redshift_outbound",
            "module.tamr_networking.module.vpc.aws_redshift_subnet_group.redshift",
            "module.tamr_networking.module.vpc.aws_route.database_internet_gateway",
            "module.tamr_networking.module.vpc.aws_route.database_ipv6_egress",
            "module.tamr_networking.module.vpc.aws_route.database_nat_gateway",
            "module.tamr_networking.module.vpc.aws_route.private_ipv6_egress",
            "module.tamr_networking.module.vpc.aws_route.private_nat_gateway",
            "module.tamr_networking.module.vpc.aws_route.public_internet_gateway",
            "module.tamr_networking.module.vpc.aws_route.public_internet_gateway_ipv6",
            "module.tamr_networking.module.vpc.aws_route_table.database",
            "module.tamr_networking.module.vpc.aws_route_table.elasticache",
            "module.tamr_networking.module.vpc.aws_route_table.intra",
            "module.tamr_networking.module.vpc.aws_route_table.private",
            "module.tamr_networking.module.vpc.aws_route_table.public",
            "module.tamr_networking.module.vpc.aws_route_table.redshift",
            "module.tamr_networking.module.vpc.aws_route_table_association.database",
            "module.tamr_networking.module.vpc.aws_route_table_association.elasticache",
            "module.tamr_networking.module.vpc.aws_route_table_association.intra",
            "module.tamr_networking.module.vpc.aws_route_table_association.outpost",
            "module.tamr_networking.module.vpc.aws_route_table_association.private",
            "module.tamr_networking.module.vpc.aws_route_table_association.public",
            "module.tamr_networking.module.vpc.aws_route_table_association.redshift",
            "module.tamr_networking.module.vpc.aws_route_table_association.redshift_public",
            "module.tamr_networking.module.vpc.aws_subnet.database",
            "module.tamr_networking.module.vpc.aws_subnet.elasticache",
            "module.tamr_networking.module.vpc.aws_subnet.intra",
            "module.tamr_networking.module.vpc.aws_subnet.outpost",
            "module.tamr_networking.module.vpc.aws_subnet.private",
            "module.tamr_networking.module.vpc.aws_subnet.public",
            "module.tamr_networking.module.vpc.aws_subnet.redshift",
            "module.tamr_networking.module.vpc.aws_vpc.this",
            "module.tamr_networking.module.vpc.aws_vpc_dhcp_options.this",
            "module.tamr_networking.module.vpc.aws_vpc_dhcp_options_association.this",
            "module.tamr_networking.module.vpc.aws_vpc_ipv4_cidr_block_association.this",
            "module.tamr_networking.module.vpc.aws_vpn_gateway.this",
            "module.tamr_networking.module.vpc.aws_vpn_gateway_attachment.this",
            "module.tamr_networking.module.vpc.aws_vpn_gateway_route_propagation.intra",
            "module.tamr_networking.module.vpc.aws_vpn_gateway_route_propagation.private",
            "module.tamr_networking.module.vpc.aws_vpn_gateway_route_propagation.public",
            "module.tamr_networking.module.vpc.data.aws_iam_policy_document.flow_log_cloudwatch_assume_role",
            "module.tamr_networking.module.vpc.data.aws_iam_policy_document.vpc_flow_log_cloudwatch"
          ]
        },
        {
          "index_key": "hbase",
          "schema_version": 0,
          "attributes": {
            "action": [
              {
                "authenticate_cognito": [],
                "authenticate_oidc": [],
                "fixed_response": [],
                "forward": [],
                "order": 1,
                "redirect": [],
                "target_group_arn": "arn:aws:elasticloadbalancing:us-west-1:131578276461:targetgroup/hbase/323d5bea025d6e83",
                "type": "forward"
              }
            ],
            "arn": "arn:aws:elasticloadbalancing:us-west-1:131578276461:listener-rule/app/tamr-ssl-example/1ee9e34c472f8d18/de9e8d2848054ee8/33f3faf8a1cf9d2c",
            "condition": [
              {
                "host_header": [
                  {
                    "values": [
                      "hbase.*.*"
                    ]
                  }
                ],
                "http_header": [],
                "http_request_method": [],
                "path_pattern": [],
                "query_string": [],
                "source_ip": []
              }
            ],
            "id": "arn:aws:elasticloadbalancing:us-west-1:131578276461:listener-rule/app/tamr-ssl-example/1ee9e34c472f8d18/de9e8d2848054ee8/33f3faf8a1cf9d2c",
            "listener_arn": "arn:aws:elasticloadbalancing:us-west-1:131578276461:listener/app/tamr-ssl-example/1ee9e34c472f8d18/de9e8d2848054ee8",
            "priority": 2,
            "tags": null,
            "tags_all": {}
          },
          "sensitive_attributes": [],
          "private": "bnVsbA==",
          "dependencies": [
            "data.aws_ami.tamr-vm",
            "data.aws_availability_zones.available",
            "data.aws_instances.masters",
            "data.template_file.install_nginx",
            "data.template_file.setup_dms",
            "module.alb.aws_lb_target_group.target_groups",
            "module.alb.module.alb.aws_lb.this",
            "module.alb.module.alb.aws_lb_listener.frontend_https",
            "module.alb.module.alb.aws_lb_target_group.main",
            "module.alb.module.sg_https_lb.module.sg.aws_security_group.this",
            "module.alb.module.sg_https_lb.module.sg.aws_security_group.this_name_prefix",
            "module.aws-emr-sg-core.aws_security_group.security-groups-egress-cidr",
            "module.aws-emr-sg-core.aws_security_group.security-groups-egress-sg",
            "module.aws-emr-sg-core.aws_security_group.security-groups-ingress-cidr",
            "module.aws-emr-sg-core.aws_security_group.security-groups-ingress-sg",
            "module.aws-emr-sg-master.aws_security_group.security-groups-egress-cidr",
            "module.aws-emr-sg-master.aws_security_group.security-groups-egress-sg",
            "module.aws-emr-sg-master.aws_security_group.security-groups-ingress-cidr",
            "module.aws-emr-sg-master.aws_security_group.security-groups-ingress-sg",
            "module.aws-emr-sg-service-access.aws_security_group.security-groups-egress-cidr",
            "module.aws-emr-sg-service-access.aws_security_group.security-groups-egress-sg",
            "module.aws-emr-sg-service-access.aws_security_group.security-groups-ingress-cidr",
            "module.aws-emr-sg-service-access.aws_security_group.security-groups-ingress-sg",
            "module.emr-logs-bucket.module.encrypted-bucket.aws_s3_bucket.new_bucket",
            "module.emr-rootdir-bucket.module.encrypted-bucket.aws_s3_bucket.new_bucket",
            "module.emr-spark.module.emr-cluster-config.aws_s3_bucket_object.upload_hbase_config_script",
            "module.emr-spark.module.emr-cluster-config.aws_s3_bucket_object.upload_json_config",
            "module.emr-spark.module.emr-cluster.aws_emr_cluster.emr-cluster",
            "module.emr-spark.module.emr-cluster.data.aws_s3_bucket_object.json_config",
            "module.emr-spark.module.emr-iam.aws_iam_instance_profile.emr_ec2_instance_profile",
            "module.emr-spark.module.emr-iam.aws_iam_role.emr_ec2_instance_profile",
            "module.emr-spark.module.emr-iam.aws_iam_role.emr_service_role",
            "module.emr-spark.module.emr-iam.data.aws_iam_policy_document.ec2_assume_role",
            "module.emr-spark.module.emr-iam.data.aws_iam_policy_document.emr_assume_role",
            "module.emr-spark.module.emr-sgs.aws_security_group.emr_managed_internal",
            "module.sg_vm_web.aws_security_group.security-groups-egress-cidr",
            "module.sg_vm_web.aws_security_group.security-groups-egress-sg",
            "module.sg_vm_web.aws_security_group.security-groups-ingress-cidr",
            "module.sg_vm_web.aws_security_group.security-groups-ingress-sg",
            "module.tamr-vm.module.aws-iam-policies.aws_iam_policy.emr_creator_minimal_policy",
            "module.tamr-vm.module.aws-iam-policies.aws_iam_role_policy_attachment.emr_creator_policy_attachment",
            "module.tamr-vm.module.aws-iam-policies.aws_iam_role_policy_attachment.emrfs_user_s3_policy",
            "module.tamr-vm.module.aws-iam-policies.data.aws_caller_identity.current",
            "module.tamr-vm.module.aws-iam-policies.data.aws_iam_policy_document.emr_creator_policy",
            "module.tamr-vm.module.aws-iam-policies.data.aws_region.current",
            "module.tamr-vm.module.aws-iam-role.aws_iam_instance_profile.tamr_user_instance_profile",
            "module.tamr-vm.module.aws-iam-role.aws_iam_role.tamr_user_iam_role",
            "module.tamr-vm.module.aws-iam-role.data.aws_iam_policy_document.instance-assume-role-policy",
            "module.tamr-vm.module.tamr_instance.aws_instance.tamr-instance",
            "module.tamr-vm.module.tamr_instance.data.template_cloudinit_config.bootstrap-scripts",
            "module.tamr_networking.aws_network_acl.application_subnet",
            "module.tamr_networking.aws_network_acl.compute_subnet",
            "module.tamr_networking.aws_network_acl.data_subnets",
            "module.tamr_networking.aws_network_acl.load_balancing_subnets",
            "module.tamr_networking.aws_network_acl.public_subnets",
            "module.tamr_networking.aws_route_table_association.compute_subnet_rta",
            "module.tamr_networking.aws_subnet.compute_subnet",
            "module.tamr_networking.data.aws_ip_ranges.s3_cidrs",
            "module.tamr_networking.data.aws_region.current",
            "module.tamr_networking.data.aws_route_table.application_subnet_rt",
            "module.tamr_networking.data.aws_subnet.application_subnet",
            "module.tamr_networking.module.endpoints.aws_vpc_endpoint.this",
            "module.tamr_networking.module.endpoints.data.aws_vpc_endpoint_service.this",
            "module.tamr_networking.module.vpc.aws_cloudwatch_log_group.flow_log",
            "module.tamr_networking.module.vpc.aws_customer_gateway.this",
            "module.tamr_networking.module.vpc.aws_db_subnet_group.database",
            "module.tamr_networking.module.vpc.aws_default_network_acl.this",
            "module.tamr_networking.module.vpc.aws_default_route_table.default",
            "module.tamr_networking.module.vpc.aws_default_security_group.this",
            "module.tamr_networking.module.vpc.aws_default_vpc.this",
            "module.tamr_networking.module.vpc.aws_egress_only_internet_gateway.this",
            "module.tamr_networking.module.vpc.aws_eip.nat",
            "module.tamr_networking.module.vpc.aws_elasticache_subnet_group.elasticache",
            "module.tamr_networking.module.vpc.aws_flow_log.this",
            "module.tamr_networking.module.vpc.aws_iam_policy.vpc_flow_log_cloudwatch",
            "module.tamr_networking.module.vpc.aws_iam_role.vpc_flow_log_cloudwatch",
            "module.tamr_networking.module.vpc.aws_iam_role_policy_attachment.vpc_flow_log_cloudwatch",
            "module.tamr_networking.module.vpc.aws_internet_gateway.this",
            "module.tamr_networking.module.vpc.aws_nat_gateway.this",
            "module.tamr_networking.module.vpc.aws_network_acl.database",
            "module.tamr_networking.module.vpc.aws_network_acl.elasticache",
            "module.tamr_networking.module.vpc.aws_network_acl.intra",
            "module.tamr_networking.module.vpc.aws_network_acl.outpost",
            "module.tamr_networking.module.vpc.aws_network_acl.private",
            "module.tamr_networking.module.vpc.aws_network_acl.public",
            "module.tamr_networking.module.vpc.aws_network_acl.redshift",
            "module.tamr_networking.module.vpc.aws_network_acl_rule.database_inbound",
            "module.tamr_networking.module.vpc.aws_network_acl_rule.database_outbound",
            "module.tamr_networking.module.vpc.aws_network_acl_rule.elasticache_inbound",
            "module.tamr_networking.module.vpc.aws_network_acl_rule.elasticache_outbound",
            "module.tamr_networking.module.vpc.aws_network_acl_rule.intra_inbound",
            "module.tamr_networking.module.vpc.aws_network_acl_rule.intra_outbound",
            "module.tamr_networking.module.vpc.aws_network_acl_rule.outpost_inbound",
            "module.tamr_networking.module.vpc.aws_network_acl_rule.outpost_outbound",
            "module.tamr_networking.module.vpc.aws_network_acl_rule.private_inbound",
            "module.tamr_networking.module.vpc.aws_network_acl_rule.private_outbound",
            "module.tamr_networking.module.vpc.aws_network_acl_rule.public_inbound",
            "module.tamr_networking.module.vpc.aws_network_acl_rule.public_outbound",
            "module.tamr_networking.module.vpc.aws_network_acl_rule.redshift_inbound",
            "module.tamr_networking.module.vpc.aws_network_acl_rule.redshift_outbound",
            "module.tamr_networking.module.vpc.aws_redshift_subnet_group.redshift",
            "module.tamr_networking.module.vpc.aws_route.database_internet_gateway",
            "module.tamr_networking.module.vpc.aws_route.database_ipv6_egress",
            "module.tamr_networking.module.vpc.aws_route.database_nat_gateway",
            "module.tamr_networking.module.vpc.aws_route.private_ipv6_egress",
            "module.tamr_networking.module.vpc.aws_route.private_nat_gateway",
            "module.tamr_networking.module.vpc.aws_route.public_internet_gateway",
            "module.tamr_networking.module.vpc.aws_route.public_internet_gateway_ipv6",
            "module.tamr_networking.module.vpc.aws_route_table.database",
            "module.tamr_networking.module.vpc.aws_route_table.elasticache",
            "module.tamr_networking.module.vpc.aws_route_table.intra",
            "module.tamr_networking.module.vpc.aws_route_table.private",
            "module.tamr_networking.module.vpc.aws_route_table.public",
            "module.tamr_networking.module.vpc.aws_route_table.redshift",
            "module.tamr_networking.module.vpc.aws_route_table_association.database",
            "module.tamr_networking.module.vpc.aws_route_table_association.elasticache",
            "module.tamr_networking.module.vpc.aws_route_table_association.intra",
            "module.tamr_networking.module.vpc.aws_route_table_association.outpost",
            "module.tamr_networking.module.vpc.aws_route_table_association.private",
            "module.tamr_networking.module.vpc.aws_route_table_association.public",
            "module.tamr_networking.module.vpc.aws_route_table_association.redshift",
            "module.tamr_networking.module.vpc.aws_route_table_association.redshift_public",
            "module.tamr_networking.module.vpc.aws_subnet.database",
            "module.tamr_networking.module.vpc.aws_subnet.elasticache",
            "module.tamr_networking.module.vpc.aws_subnet.intra",
            "module.tamr_networking.module.vpc.aws_subnet.outpost",
            "module.tamr_networking.module.vpc.aws_subnet.private",
            "module.tamr_networking.module.vpc.aws_subnet.public",
            "module.tamr_networking.module.vpc.aws_subnet.redshift",
            "module.tamr_networking.module.vpc.aws_vpc.this",
            "module.tamr_networking.module.vpc.aws_vpc_dhcp_options.this",
            "module.tamr_networking.module.vpc.aws_vpc_dhcp_options_association.this",
            "module.tamr_networking.module.vpc.aws_vpc_ipv4_cidr_block_association.this",
            "module.tamr_networking.module.vpc.aws_vpn_gateway.this",
            "module.tamr_networking.module.vpc.aws_vpn_gateway_attachment.this",
            "module.tamr_networking.module.vpc.aws_vpn_gateway_route_propagation.intra",
            "module.tamr_networking.module.vpc.aws_vpn_gateway_route_propagation.private",
            "module.tamr_networking.module.vpc.aws_vpn_gateway_route_propagation.public",
            "module.tamr_networking.module.vpc.data.aws_iam_policy_document.flow_log_cloudwatch_assume_role",
            "module.tamr_networking.module.vpc.data.aws_iam_policy_document.vpc_flow_log_cloudwatch"
          ]
        },
        {
          "index_key": "spark",
          "schema_version": 0,
          "attributes": {
            "action": [
              {
                "authenticate_cognito": [],
                "authenticate_oidc": [],
                "fixed_response": [],
                "forward": [],
                "order": 1,
                "redirect": [],
                "target_group_arn": "arn:aws:elasticloadbalancing:us-west-1:131578276461:targetgroup/spark/02da05590282d981",
                "type": "forward"
              }
            ],
            "arn": "arn:aws:elasticloadbalancing:us-west-1:131578276461:listener-rule/app/tamr-ssl-example/1ee9e34c472f8d18/de9e8d2848054ee8/8edb9318d780b2dd",
            "condition": [
              {
                "host_header": [
                  {
                    "values": [
                      "spark.*.*"
                    ]
                  }
                ],
                "http_header": [],
                "http_request_method": [],
                "path_pattern": [],
                "query_string": [],
                "source_ip": []
              }
            ],
            "id": "arn:aws:elasticloadbalancing:us-west-1:131578276461:listener-rule/app/tamr-ssl-example/1ee9e34c472f8d18/de9e8d2848054ee8/8edb9318d780b2dd",
            "listener_arn": "arn:aws:elasticloadbalancing:us-west-1:131578276461:listener/app/tamr-ssl-example/1ee9e34c472f8d18/de9e8d2848054ee8",
            "priority": 5,
            "tags": null,
            "tags_all": {}
          },
          "sensitive_attributes": [],
          "private": "bnVsbA==",
          "dependencies": [
            "data.aws_ami.tamr-vm",
            "data.aws_availability_zones.available",
            "data.aws_instances.masters",
            "data.template_file.install_nginx",
            "data.template_file.setup_dms",
            "module.alb.aws_lb_target_group.target_groups",
            "module.alb.module.alb.aws_lb.this",
            "module.alb.module.alb.aws_lb_listener.frontend_https",
            "module.alb.module.alb.aws_lb_target_group.main",
            "module.alb.module.sg_https_lb.module.sg.aws_security_group.this",
            "module.alb.module.sg_https_lb.module.sg.aws_security_group.this_name_prefix",
            "module.aws-emr-sg-core.aws_security_group.security-groups-egress-cidr",
            "module.aws-emr-sg-core.aws_security_group.security-groups-egress-sg",
            "module.aws-emr-sg-core.aws_security_group.security-groups-ingress-cidr",
            "module.aws-emr-sg-core.aws_security_group.security-groups-ingress-sg",
            "module.aws-emr-sg-master.aws_security_group.security-groups-egress-cidr",
            "module.aws-emr-sg-master.aws_security_group.security-groups-egress-sg",
            "module.aws-emr-sg-master.aws_security_group.security-groups-ingress-cidr",
            "module.aws-emr-sg-master.aws_security_group.security-groups-ingress-sg",
            "module.aws-emr-sg-service-access.aws_security_group.security-groups-egress-cidr",
            "module.aws-emr-sg-service-access.aws_security_group.security-groups-egress-sg",
            "module.aws-emr-sg-service-access.aws_security_group.security-groups-ingress-cidr",
            "module.aws-emr-sg-service-access.aws_security_group.security-groups-ingress-sg",
            "module.emr-logs-bucket.module.encrypted-bucket.aws_s3_bucket.new_bucket",
            "module.emr-rootdir-bucket.module.encrypted-bucket.aws_s3_bucket.new_bucket",
            "module.emr-spark.module.emr-cluster-config.aws_s3_bucket_object.upload_hbase_config_script",
            "module.emr-spark.module.emr-cluster-config.aws_s3_bucket_object.upload_json_config",
            "module.emr-spark.module.emr-cluster.aws_emr_cluster.emr-cluster",
            "module.emr-spark.module.emr-cluster.data.aws_s3_bucket_object.json_config",
            "module.emr-spark.module.emr-iam.aws_iam_instance_profile.emr_ec2_instance_profile",
            "module.emr-spark.module.emr-iam.aws_iam_role.emr_ec2_instance_profile",
            "module.emr-spark.module.emr-iam.aws_iam_role.emr_service_role",
            "module.emr-spark.module.emr-iam.data.aws_iam_policy_document.ec2_assume_role",
            "module.emr-spark.module.emr-iam.data.aws_iam_policy_document.emr_assume_role",
            "module.emr-spark.module.emr-sgs.aws_security_group.emr_managed_internal",
            "module.sg_vm_web.aws_security_group.security-groups-egress-cidr",
            "module.sg_vm_web.aws_security_group.security-groups-egress-sg",
            "module.sg_vm_web.aws_security_group.security-groups-ingress-cidr",
            "module.sg_vm_web.aws_security_group.security-groups-ingress-sg",
            "module.tamr-vm.module.aws-iam-policies.aws_iam_policy.emr_creator_minimal_policy",
            "module.tamr-vm.module.aws-iam-policies.aws_iam_role_policy_attachment.emr_creator_policy_attachment",
            "module.tamr-vm.module.aws-iam-policies.aws_iam_role_policy_attachment.emrfs_user_s3_policy",
            "module.tamr-vm.module.aws-iam-policies.data.aws_caller_identity.current",
            "module.tamr-vm.module.aws-iam-policies.data.aws_iam_policy_document.emr_creator_policy",
            "module.tamr-vm.module.aws-iam-policies.data.aws_region.current",
            "module.tamr-vm.module.aws-iam-role.aws_iam_instance_profile.tamr_user_instance_profile",
            "module.tamr-vm.module.aws-iam-role.aws_iam_role.tamr_user_iam_role",
            "module.tamr-vm.module.aws-iam-role.data.aws_iam_policy_document.instance-assume-role-policy",
            "module.tamr-vm.module.tamr_instance.aws_instance.tamr-instance",
            "module.tamr-vm.module.tamr_instance.data.template_cloudinit_config.bootstrap-scripts",
            "module.tamr_networking.aws_network_acl.application_subnet",
            "module.tamr_networking.aws_network_acl.compute_subnet",
            "module.tamr_networking.aws_network_acl.data_subnets",
            "module.tamr_networking.aws_network_acl.load_balancing_subnets",
            "module.tamr_networking.aws_network_acl.public_subnets",
            "module.tamr_networking.aws_route_table_association.compute_subnet_rta",
            "module.tamr_networking.aws_subnet.compute_subnet",
            "module.tamr_networking.data.aws_ip_ranges.s3_cidrs",
            "module.tamr_networking.data.aws_region.current",
            "module.tamr_networking.data.aws_route_table.application_subnet_rt",
            "module.tamr_networking.data.aws_subnet.application_subnet",
            "module.tamr_networking.module.endpoints.aws_vpc_endpoint.this",
            "module.tamr_networking.module.endpoints.data.aws_vpc_endpoint_service.this",
            "module.tamr_networking.module.vpc.aws_cloudwatch_log_group.flow_log",
            "module.tamr_networking.module.vpc.aws_customer_gateway.this",
            "module.tamr_networking.module.vpc.aws_db_subnet_group.database",
            "module.tamr_networking.module.vpc.aws_default_network_acl.this",
            "module.tamr_networking.module.vpc.aws_default_route_table.default",
            "module.tamr_networking.module.vpc.aws_default_security_group.this",
            "module.tamr_networking.module.vpc.aws_default_vpc.this",
            "module.tamr_networking.module.vpc.aws_egress_only_internet_gateway.this",
            "module.tamr_networking.module.vpc.aws_eip.nat",
            "module.tamr_networking.module.vpc.aws_elasticache_subnet_group.elasticache",
            "module.tamr_networking.module.vpc.aws_flow_log.this",
            "module.tamr_networking.module.vpc.aws_iam_policy.vpc_flow_log_cloudwatch",
            "module.tamr_networking.module.vpc.aws_iam_role.vpc_flow_log_cloudwatch",
            "module.tamr_networking.module.vpc.aws_iam_role_policy_attachment.vpc_flow_log_cloudwatch",
            "module.tamr_networking.module.vpc.aws_internet_gateway.this",
            "module.tamr_networking.module.vpc.aws_nat_gateway.this",
            "module.tamr_networking.module.vpc.aws_network_acl.database",
            "module.tamr_networking.module.vpc.aws_network_acl.elasticache",
            "module.tamr_networking.module.vpc.aws_network_acl.intra",
            "module.tamr_networking.module.vpc.aws_network_acl.outpost",
            "module.tamr_networking.module.vpc.aws_network_acl.private",
            "module.tamr_networking.module.vpc.aws_network_acl.public",
            "module.tamr_networking.module.vpc.aws_network_acl.redshift",
            "module.tamr_networking.module.vpc.aws_network_acl_rule.database_inbound",
            "module.tamr_networking.module.vpc.aws_network_acl_rule.database_outbound",
            "module.tamr_networking.module.vpc.aws_network_acl_rule.elasticache_inbound",
            "module.tamr_networking.module.vpc.aws_network_acl_rule.elasticache_outbound",
            "module.tamr_networking.module.vpc.aws_network_acl_rule.intra_inbound",
            "module.tamr_networking.module.vpc.aws_network_acl_rule.intra_outbound",
            "module.tamr_networking.module.vpc.aws_network_acl_rule.outpost_inbound",
            "module.tamr_networking.module.vpc.aws_network_acl_rule.outpost_outbound",
            "module.tamr_networking.module.vpc.aws_network_acl_rule.private_inbound",
            "module.tamr_networking.module.vpc.aws_network_acl_rule.private_outbound",
            "module.tamr_networking.module.vpc.aws_network_acl_rule.public_inbound",
            "module.tamr_networking.module.vpc.aws_network_acl_rule.public_outbound",
            "module.tamr_networking.module.vpc.aws_network_acl_rule.redshift_inbound",
            "module.tamr_networking.module.vpc.aws_network_acl_rule.redshift_outbound",
            "module.tamr_networking.module.vpc.aws_redshift_subnet_group.redshift",
            "module.tamr_networking.module.vpc.aws_route.database_internet_gateway",
            "module.tamr_networking.module.vpc.aws_route.database_ipv6_egress",
            "module.tamr_networking.module.vpc.aws_route.database_nat_gateway",
            "module.tamr_networking.module.vpc.aws_route.private_ipv6_egress",
            "module.tamr_networking.module.vpc.aws_route.private_nat_gateway",
            "module.tamr_networking.module.vpc.aws_route.public_internet_gateway",
            "module.tamr_networking.module.vpc.aws_route.public_internet_gateway_ipv6",
            "module.tamr_networking.module.vpc.aws_route_table.database",
            "module.tamr_networking.module.vpc.aws_route_table.elasticache",
            "module.tamr_networking.module.vpc.aws_route_table.intra",
            "module.tamr_networking.module.vpc.aws_route_table.private",
            "module.tamr_networking.module.vpc.aws_route_table.public",
            "module.tamr_networking.module.vpc.aws_route_table.redshift",
            "module.tamr_networking.module.vpc.aws_route_table_association.database",
            "module.tamr_networking.module.vpc.aws_route_table_association.elasticache",
            "module.tamr_networking.module.vpc.aws_route_table_association.intra",
            "module.tamr_networking.module.vpc.aws_route_table_association.outpost",
            "module.tamr_networking.module.vpc.aws_route_table_association.private",
            "module.tamr_networking.module.vpc.aws_route_table_association.public",
            "module.tamr_networking.module.vpc.aws_route_table_association.redshift",
            "module.tamr_networking.module.vpc.aws_route_table_association.redshift_public",
            "module.tamr_networking.module.vpc.aws_subnet.database",
            "module.tamr_networking.module.vpc.aws_subnet.elasticache",
            "module.tamr_networking.module.vpc.aws_subnet.intra",
            "module.tamr_networking.module.vpc.aws_subnet.outpost",
            "module.tamr_networking.module.vpc.aws_subnet.private",
            "module.tamr_networking.module.vpc.aws_subnet.public",
            "module.tamr_networking.module.vpc.aws_subnet.redshift",
            "module.tamr_networking.module.vpc.aws_vpc.this",
            "module.tamr_networking.module.vpc.aws_vpc_dhcp_options.this",
            "module.tamr_networking.module.vpc.aws_vpc_dhcp_options_association.this",
            "module.tamr_networking.module.vpc.aws_vpc_ipv4_cidr_block_association.this",
            "module.tamr_networking.module.vpc.aws_vpn_gateway.this",
            "module.tamr_networking.module.vpc.aws_vpn_gateway_attachment.this",
            "module.tamr_networking.module.vpc.aws_vpn_gateway_route_propagation.intra",
            "module.tamr_networking.module.vpc.aws_vpn_gateway_route_propagation.private",
            "module.tamr_networking.module.vpc.aws_vpn_gateway_route_propagation.public",
            "module.tamr_networking.module.vpc.data.aws_iam_policy_document.flow_log_cloudwatch_assume_role",
            "module.tamr_networking.module.vpc.data.aws_iam_policy_document.vpc_flow_log_cloudwatch"
          ]
        },
        {
          "index_key": "tamr",
          "schema_version": 0,
          "attributes": {
            "action": [
              {
                "authenticate_cognito": [],
                "authenticate_oidc": [],
                "fixed_response": [],
                "forward": [],
                "order": 1,
                "redirect": [],
                "target_group_arn": "arn:aws:elasticloadbalancing:us-west-1:131578276461:targetgroup/tamr/66abb686ef200f12",
                "type": "forward"
              }
            ],
            "arn": "arn:aws:elasticloadbalancing:us-west-1:131578276461:listener-rule/app/tamr-ssl-example/1ee9e34c472f8d18/de9e8d2848054ee8/ae6a5639f2425bc3",
            "condition": [
              {
                "host_header": [
                  {
                    "values": [
                      "tamr.*.*"
                    ]
                  }
                ],
                "http_header": [],
                "http_request_method": [],
                "path_pattern": [],
                "query_string": [],
                "source_ip": []
              }
            ],
            "id": "arn:aws:elasticloadbalancing:us-west-1:131578276461:listener-rule/app/tamr-ssl-example/1ee9e34c472f8d18/de9e8d2848054ee8/ae6a5639f2425bc3",
            "listener_arn": "arn:aws:elasticloadbalancing:us-west-1:131578276461:listener/app/tamr-ssl-example/1ee9e34c472f8d18/de9e8d2848054ee8",
            "priority": 1,
            "tags": null,
            "tags_all": {}
          },
          "sensitive_attributes": [],
          "private": "bnVsbA==",
          "dependencies": [
            "data.aws_ami.tamr-vm",
            "data.aws_availability_zones.available",
            "data.aws_instances.masters",
            "data.template_file.install_nginx",
            "data.template_file.setup_dms",
            "module.alb.aws_lb_target_group.target_groups",
            "module.alb.module.alb.aws_lb.this",
            "module.alb.module.alb.aws_lb_listener.frontend_https",
            "module.alb.module.alb.aws_lb_target_group.main",
            "module.alb.module.sg_https_lb.module.sg.aws_security_group.this",
            "module.alb.module.sg_https_lb.module.sg.aws_security_group.this_name_prefix",
            "module.aws-emr-sg-core.aws_security_group.security-groups-egress-cidr",
            "module.aws-emr-sg-core.aws_security_group.security-groups-egress-sg",
            "module.aws-emr-sg-core.aws_security_group.security-groups-ingress-cidr",
            "module.aws-emr-sg-core.aws_security_group.security-groups-ingress-sg",
            "module.aws-emr-sg-master.aws_security_group.security-groups-egress-cidr",
            "module.aws-emr-sg-master.aws_security_group.security-groups-egress-sg",
            "module.aws-emr-sg-master.aws_security_group.security-groups-ingress-cidr",
            "module.aws-emr-sg-master.aws_security_group.security-groups-ingress-sg",
            "module.aws-emr-sg-service-access.aws_security_group.security-groups-egress-cidr",
            "module.aws-emr-sg-service-access.aws_security_group.security-groups-egress-sg",
            "module.aws-emr-sg-service-access.aws_security_group.security-groups-ingress-cidr",
            "module.aws-emr-sg-service-access.aws_security_group.security-groups-ingress-sg",
            "module.emr-logs-bucket.module.encrypted-bucket.aws_s3_bucket.new_bucket",
            "module.emr-rootdir-bucket.module.encrypted-bucket.aws_s3_bucket.new_bucket",
            "module.emr-spark.module.emr-cluster-config.aws_s3_bucket_object.upload_hbase_config_script",
            "module.emr-spark.module.emr-cluster-config.aws_s3_bucket_object.upload_json_config",
            "module.emr-spark.module.emr-cluster.aws_emr_cluster.emr-cluster",
            "module.emr-spark.module.emr-cluster.data.aws_s3_bucket_object.json_config",
            "module.emr-spark.module.emr-iam.aws_iam_instance_profile.emr_ec2_instance_profile",
            "module.emr-spark.module.emr-iam.aws_iam_role.emr_ec2_instance_profile",
            "module.emr-spark.module.emr-iam.aws_iam_role.emr_service_role",
            "module.emr-spark.module.emr-iam.data.aws_iam_policy_document.ec2_assume_role",
            "module.emr-spark.module.emr-iam.data.aws_iam_policy_document.emr_assume_role",
            "module.emr-spark.module.emr-sgs.aws_security_group.emr_managed_internal",
            "module.sg_vm_web.aws_security_group.security-groups-egress-cidr",
            "module.sg_vm_web.aws_security_group.security-groups-egress-sg",
            "module.sg_vm_web.aws_security_group.security-groups-ingress-cidr",
            "module.sg_vm_web.aws_security_group.security-groups-ingress-sg",
            "module.tamr-vm.module.aws-iam-policies.aws_iam_policy.emr_creator_minimal_policy",
            "module.tamr-vm.module.aws-iam-policies.aws_iam_role_policy_attachment.emr_creator_policy_attachment",
            "module.tamr-vm.module.aws-iam-policies.aws_iam_role_policy_attachment.emrfs_user_s3_policy",
            "module.tamr-vm.module.aws-iam-policies.data.aws_caller_identity.current",
            "module.tamr-vm.module.aws-iam-policies.data.aws_iam_policy_document.emr_creator_policy",
            "module.tamr-vm.module.aws-iam-policies.data.aws_region.current",
            "module.tamr-vm.module.aws-iam-role.aws_iam_instance_profile.tamr_user_instance_profile",
            "module.tamr-vm.module.aws-iam-role.aws_iam_role.tamr_user_iam_role",
            "module.tamr-vm.module.aws-iam-role.data.aws_iam_policy_document.instance-assume-role-policy",
            "module.tamr-vm.module.tamr_instance.aws_instance.tamr-instance",
            "module.tamr-vm.module.tamr_instance.data.template_cloudinit_config.bootstrap-scripts",
            "module.tamr_networking.aws_network_acl.application_subnet",
            "module.tamr_networking.aws_network_acl.compute_subnet",
            "module.tamr_networking.aws_network_acl.data_subnets",
            "module.tamr_networking.aws_network_acl.load_balancing_subnets",
            "module.tamr_networking.aws_network_acl.public_subnets",
            "module.tamr_networking.aws_route_table_association.compute_subnet_rta",
            "module.tamr_networking.aws_subnet.compute_subnet",
            "module.tamr_networking.data.aws_ip_ranges.s3_cidrs",
            "module.tamr_networking.data.aws_region.current",
            "module.tamr_networking.data.aws_route_table.application_subnet_rt",
            "module.tamr_networking.data.aws_subnet.application_subnet",
            "module.tamr_networking.module.endpoints.aws_vpc_endpoint.this",
            "module.tamr_networking.module.endpoints.data.aws_vpc_endpoint_service.this",
            "module.tamr_networking.module.vpc.aws_cloudwatch_log_group.flow_log",
            "module.tamr_networking.module.vpc.aws_customer_gateway.this",
            "module.tamr_networking.module.vpc.aws_db_subnet_group.database",
            "module.tamr_networking.module.vpc.aws_default_network_acl.this",
            "module.tamr_networking.module.vpc.aws_default_route_table.default",
            "module.tamr_networking.module.vpc.aws_default_security_group.this",
            "module.tamr_networking.module.vpc.aws_default_vpc.this",
            "module.tamr_networking.module.vpc.aws_egress_only_internet_gateway.this",
            "module.tamr_networking.module.vpc.aws_eip.nat",
            "module.tamr_networking.module.vpc.aws_elasticache_subnet_group.elasticache",
            "module.tamr_networking.module.vpc.aws_flow_log.this",
            "module.tamr_networking.module.vpc.aws_iam_policy.vpc_flow_log_cloudwatch",
            "module.tamr_networking.module.vpc.aws_iam_role.vpc_flow_log_cloudwatch",
            "module.tamr_networking.module.vpc.aws_iam_role_policy_attachment.vpc_flow_log_cloudwatch",
            "module.tamr_networking.module.vpc.aws_internet_gateway.this",
            "module.tamr_networking.module.vpc.aws_nat_gateway.this",
            "module.tamr_networking.module.vpc.aws_network_acl.database",
            "module.tamr_networking.module.vpc.aws_network_acl.elasticache",
            "module.tamr_networking.module.vpc.aws_network_acl.intra",
            "module.tamr_networking.module.vpc.aws_network_acl.outpost",
            "module.tamr_networking.module.vpc.aws_network_acl.private",
            "module.tamr_networking.module.vpc.aws_network_acl.public",
            "module.tamr_networking.module.vpc.aws_network_acl.redshift",
            "module.tamr_networking.module.vpc.aws_network_acl_rule.database_inbound",
            "module.tamr_networking.module.vpc.aws_network_acl_rule.database_outbound",
            "module.tamr_networking.module.vpc.aws_network_acl_rule.elasticache_inbound",
            "module.tamr_networking.module.vpc.aws_network_acl_rule.elasticache_outbound",
            "module.tamr_networking.module.vpc.aws_network_acl_rule.intra_inbound",
            "module.tamr_networking.module.vpc.aws_network_acl_rule.intra_outbound",
            "module.tamr_networking.module.vpc.aws_network_acl_rule.outpost_inbound",
            "module.tamr_networking.module.vpc.aws_network_acl_rule.outpost_outbound",
            "module.tamr_networking.module.vpc.aws_network_acl_rule.private_inbound",
            "module.tamr_networking.module.vpc.aws_network_acl_rule.private_outbound",
            "module.tamr_networking.module.vpc.aws_network_acl_rule.public_inbound",
            "module.tamr_networking.module.vpc.aws_network_acl_rule.public_outbound",
            "module.tamr_networking.module.vpc.aws_network_acl_rule.redshift_inbound",
            "module.tamr_networking.module.vpc.aws_network_acl_rule.redshift_outbound",
            "module.tamr_networking.module.vpc.aws_redshift_subnet_group.redshift",
            "module.tamr_networking.module.vpc.aws_route.database_internet_gateway",
            "module.tamr_networking.module.vpc.aws_route.database_ipv6_egress",
            "module.tamr_networking.module.vpc.aws_route.database_nat_gateway",
            "module.tamr_networking.module.vpc.aws_route.private_ipv6_egress",
            "module.tamr_networking.module.vpc.aws_route.private_nat_gateway",
            "module.tamr_networking.module.vpc.aws_route.public_internet_gateway",
            "module.tamr_networking.module.vpc.aws_route.public_internet_gateway_ipv6",
            "module.tamr_networking.module.vpc.aws_route_table.database",
            "module.tamr_networking.module.vpc.aws_route_table.elasticache",
            "module.tamr_networking.module.vpc.aws_route_table.intra",
            "module.tamr_networking.module.vpc.aws_route_table.private",
            "module.tamr_networking.module.vpc.aws_route_table.public",
            "module.tamr_networking.module.vpc.aws_route_table.redshift",
            "module.tamr_networking.module.vpc.aws_route_table_association.database",
            "module.tamr_networking.module.vpc.aws_route_table_association.elasticache",
            "module.tamr_networking.module.vpc.aws_route_table_association.intra",
            "module.tamr_networking.module.vpc.aws_route_table_association.outpost",
            "module.tamr_networking.module.vpc.aws_route_table_association.private",
            "module.tamr_networking.module.vpc.aws_route_table_association.public",
            "module.tamr_networking.module.vpc.aws_route_table_association.redshift",
            "module.tamr_networking.module.vpc.aws_route_table_association.redshift_public",
            "module.tamr_networking.module.vpc.aws_subnet.database",
            "module.tamr_networking.module.vpc.aws_subnet.elasticache",
            "module.tamr_networking.module.vpc.aws_subnet.intra",
            "module.tamr_networking.module.vpc.aws_subnet.outpost",
            "module.tamr_networking.module.vpc.aws_subnet.private",
            "module.tamr_networking.module.vpc.aws_subnet.public",
            "module.tamr_networking.module.vpc.aws_subnet.redshift",
            "module.tamr_networking.module.vpc.aws_vpc.this",
            "module.tamr_networking.module.vpc.aws_vpc_dhcp_options.this",
            "module.tamr_networking.module.vpc.aws_vpc_dhcp_options_association.this",
            "module.tamr_networking.module.vpc.aws_vpc_ipv4_cidr_block_association.this",
            "module.tamr_networking.module.vpc.aws_vpn_gateway.this",
            "module.tamr_networking.module.vpc.aws_vpn_gateway_attachment.this",
            "module.tamr_networking.module.vpc.aws_vpn_gateway_route_propagation.intra",
            "module.tamr_networking.module.vpc.aws_vpn_gateway_route_propagation.private",
            "module.tamr_networking.module.vpc.aws_vpn_gateway_route_propagation.public",
            "module.tamr_networking.module.vpc.data.aws_iam_policy_document.flow_log_cloudwatch_assume_role",
            "module.tamr_networking.module.vpc.data.aws_iam_policy_document.vpc_flow_log_cloudwatch"
          ]
        }
      ]
    },
    {
      "module": "module.alb",
      "mode": "managed",
      "type": "aws_lb_target_group",
      "name": "target_groups",
      "provider": "provider[\"registry.terraform.io/hashicorp/aws\"]",
      "instances": [
        {
          "index_key": "dms",
          "schema_version": 0,
          "attributes": {
            "arn": "arn:aws:elasticloadbalancing:us-west-1:131578276461:targetgroup/dms/b7c4e61fee879f22",
            "arn_suffix": "targetgroup/dms/b7c4e61fee879f22",
            "deregistration_delay": 300,
            "health_check": [
              {
                "enabled": true,
                "healthy_threshold": 3,
                "interval": 30,
                "matcher": "200-499",
                "path": "/",
                "port": "traffic-port",
                "protocol": "HTTP",
                "timeout": 5,
                "unhealthy_threshold": 3
              }
            ],
            "id": "arn:aws:elasticloadbalancing:us-west-1:131578276461:targetgroup/dms/b7c4e61fee879f22",
            "lambda_multi_value_headers_enabled": false,
            "load_balancing_algorithm_type": "round_robin",
            "name": "dms",
            "name_prefix": null,
            "port": 9155,
            "preserve_client_ip": null,
            "protocol": "HTTP",
            "protocol_version": "HTTP1",
            "proxy_protocol_v2": false,
            "slow_start": 0,
            "stickiness": [
              {
                "cookie_duration": 86400,
                "cookie_name": "",
                "enabled": false,
                "type": "lb_cookie"
              }
            ],
            "tags": null,
            "tags_all": {},
            "target_type": "instance",
            "vpc_id": "vpc-09ebec0ff9aa91a04"
          },
          "sensitive_attributes": [],
          "private": "bnVsbA==",
          "dependencies": [
            "data.aws_ami.tamr-vm",
            "data.aws_availability_zones.available",
            "data.aws_instances.masters",
            "data.template_file.install_nginx",
            "data.template_file.setup_dms",
            "module.alb.module.sg_https_lb.module.sg.aws_security_group.this",
            "module.alb.module.sg_https_lb.module.sg.aws_security_group.this_name_prefix",
            "module.aws-emr-sg-core.aws_security_group.security-groups-egress-cidr",
            "module.aws-emr-sg-core.aws_security_group.security-groups-egress-sg",
            "module.aws-emr-sg-core.aws_security_group.security-groups-ingress-cidr",
            "module.aws-emr-sg-core.aws_security_group.security-groups-ingress-sg",
            "module.aws-emr-sg-master.aws_security_group.security-groups-egress-cidr",
            "module.aws-emr-sg-master.aws_security_group.security-groups-egress-sg",
            "module.aws-emr-sg-master.aws_security_group.security-groups-ingress-cidr",
            "module.aws-emr-sg-master.aws_security_group.security-groups-ingress-sg",
            "module.aws-emr-sg-service-access.aws_security_group.security-groups-egress-cidr",
            "module.aws-emr-sg-service-access.aws_security_group.security-groups-egress-sg",
            "module.aws-emr-sg-service-access.aws_security_group.security-groups-ingress-cidr",
            "module.aws-emr-sg-service-access.aws_security_group.security-groups-ingress-sg",
            "module.emr-logs-bucket.module.encrypted-bucket.aws_s3_bucket.new_bucket",
            "module.emr-rootdir-bucket.module.encrypted-bucket.aws_s3_bucket.new_bucket",
            "module.emr-spark.module.emr-cluster-config.aws_s3_bucket_object.upload_hbase_config_script",
            "module.emr-spark.module.emr-cluster-config.aws_s3_bucket_object.upload_json_config",
            "module.emr-spark.module.emr-cluster.aws_emr_cluster.emr-cluster",
            "module.emr-spark.module.emr-cluster.data.aws_s3_bucket_object.json_config",
            "module.emr-spark.module.emr-iam.aws_iam_instance_profile.emr_ec2_instance_profile",
            "module.emr-spark.module.emr-iam.aws_iam_role.emr_ec2_instance_profile",
            "module.emr-spark.module.emr-iam.aws_iam_role.emr_service_role",
            "module.emr-spark.module.emr-iam.data.aws_iam_policy_document.ec2_assume_role",
            "module.emr-spark.module.emr-iam.data.aws_iam_policy_document.emr_assume_role",
            "module.emr-spark.module.emr-sgs.aws_security_group.emr_managed_internal",
            "module.sg_vm_web.aws_security_group.security-groups-egress-cidr",
            "module.sg_vm_web.aws_security_group.security-groups-egress-sg",
            "module.sg_vm_web.aws_security_group.security-groups-ingress-cidr",
            "module.sg_vm_web.aws_security_group.security-groups-ingress-sg",
            "module.tamr-vm.module.aws-iam-policies.aws_iam_policy.emr_creator_minimal_policy",
            "module.tamr-vm.module.aws-iam-policies.aws_iam_role_policy_attachment.emr_creator_policy_attachment",
            "module.tamr-vm.module.aws-iam-policies.aws_iam_role_policy_attachment.emrfs_user_s3_policy",
            "module.tamr-vm.module.aws-iam-policies.data.aws_caller_identity.current",
            "module.tamr-vm.module.aws-iam-policies.data.aws_iam_policy_document.emr_creator_policy",
            "module.tamr-vm.module.aws-iam-policies.data.aws_region.current",
            "module.tamr-vm.module.aws-iam-role.aws_iam_instance_profile.tamr_user_instance_profile",
            "module.tamr-vm.module.aws-iam-role.aws_iam_role.tamr_user_iam_role",
            "module.tamr-vm.module.aws-iam-role.data.aws_iam_policy_document.instance-assume-role-policy",
            "module.tamr-vm.module.tamr_instance.aws_instance.tamr-instance",
            "module.tamr-vm.module.tamr_instance.data.template_cloudinit_config.bootstrap-scripts",
            "module.tamr_networking.aws_network_acl.application_subnet",
            "module.tamr_networking.aws_network_acl.compute_subnet",
            "module.tamr_networking.aws_network_acl.data_subnets",
            "module.tamr_networking.aws_network_acl.load_balancing_subnets",
            "module.tamr_networking.aws_network_acl.public_subnets",
            "module.tamr_networking.aws_route_table_association.compute_subnet_rta",
            "module.tamr_networking.aws_subnet.compute_subnet",
            "module.tamr_networking.data.aws_ip_ranges.s3_cidrs",
            "module.tamr_networking.data.aws_region.current",
            "module.tamr_networking.data.aws_route_table.application_subnet_rt",
            "module.tamr_networking.data.aws_subnet.application_subnet",
            "module.tamr_networking.module.endpoints.aws_vpc_endpoint.this",
            "module.tamr_networking.module.endpoints.data.aws_vpc_endpoint_service.this",
            "module.tamr_networking.module.vpc.aws_cloudwatch_log_group.flow_log",
            "module.tamr_networking.module.vpc.aws_customer_gateway.this",
            "module.tamr_networking.module.vpc.aws_db_subnet_group.database",
            "module.tamr_networking.module.vpc.aws_default_network_acl.this",
            "module.tamr_networking.module.vpc.aws_default_route_table.default",
            "module.tamr_networking.module.vpc.aws_default_security_group.this",
            "module.tamr_networking.module.vpc.aws_default_vpc.this",
            "module.tamr_networking.module.vpc.aws_egress_only_internet_gateway.this",
            "module.tamr_networking.module.vpc.aws_eip.nat",
            "module.tamr_networking.module.vpc.aws_elasticache_subnet_group.elasticache",
            "module.tamr_networking.module.vpc.aws_flow_log.this",
            "module.tamr_networking.module.vpc.aws_iam_policy.vpc_flow_log_cloudwatch",
            "module.tamr_networking.module.vpc.aws_iam_role.vpc_flow_log_cloudwatch",
            "module.tamr_networking.module.vpc.aws_iam_role_policy_attachment.vpc_flow_log_cloudwatch",
            "module.tamr_networking.module.vpc.aws_internet_gateway.this",
            "module.tamr_networking.module.vpc.aws_nat_gateway.this",
            "module.tamr_networking.module.vpc.aws_network_acl.database",
            "module.tamr_networking.module.vpc.aws_network_acl.elasticache",
            "module.tamr_networking.module.vpc.aws_network_acl.intra",
            "module.tamr_networking.module.vpc.aws_network_acl.outpost",
            "module.tamr_networking.module.vpc.aws_network_acl.private",
            "module.tamr_networking.module.vpc.aws_network_acl.public",
            "module.tamr_networking.module.vpc.aws_network_acl.redshift",
            "module.tamr_networking.module.vpc.aws_network_acl_rule.database_inbound",
            "module.tamr_networking.module.vpc.aws_network_acl_rule.database_outbound",
            "module.tamr_networking.module.vpc.aws_network_acl_rule.elasticache_inbound",
            "module.tamr_networking.module.vpc.aws_network_acl_rule.elasticache_outbound",
            "module.tamr_networking.module.vpc.aws_network_acl_rule.intra_inbound",
            "module.tamr_networking.module.vpc.aws_network_acl_rule.intra_outbound",
            "module.tamr_networking.module.vpc.aws_network_acl_rule.outpost_inbound",
            "module.tamr_networking.module.vpc.aws_network_acl_rule.outpost_outbound",
            "module.tamr_networking.module.vpc.aws_network_acl_rule.private_inbound",
            "module.tamr_networking.module.vpc.aws_network_acl_rule.private_outbound",
            "module.tamr_networking.module.vpc.aws_network_acl_rule.public_inbound",
            "module.tamr_networking.module.vpc.aws_network_acl_rule.public_outbound",
            "module.tamr_networking.module.vpc.aws_network_acl_rule.redshift_inbound",
            "module.tamr_networking.module.vpc.aws_network_acl_rule.redshift_outbound",
            "module.tamr_networking.module.vpc.aws_redshift_subnet_group.redshift",
            "module.tamr_networking.module.vpc.aws_route.database_internet_gateway",
            "module.tamr_networking.module.vpc.aws_route.database_ipv6_egress",
            "module.tamr_networking.module.vpc.aws_route.database_nat_gateway",
            "module.tamr_networking.module.vpc.aws_route.private_ipv6_egress",
            "module.tamr_networking.module.vpc.aws_route.private_nat_gateway",
            "module.tamr_networking.module.vpc.aws_route.public_internet_gateway",
            "module.tamr_networking.module.vpc.aws_route.public_internet_gateway_ipv6",
            "module.tamr_networking.module.vpc.aws_route_table.database",
            "module.tamr_networking.module.vpc.aws_route_table.elasticache",
            "module.tamr_networking.module.vpc.aws_route_table.intra",
            "module.tamr_networking.module.vpc.aws_route_table.private",
            "module.tamr_networking.module.vpc.aws_route_table.public",
            "module.tamr_networking.module.vpc.aws_route_table.redshift",
            "module.tamr_networking.module.vpc.aws_route_table_association.database",
            "module.tamr_networking.module.vpc.aws_route_table_association.elasticache",
            "module.tamr_networking.module.vpc.aws_route_table_association.intra",
            "module.tamr_networking.module.vpc.aws_route_table_association.outpost",
            "module.tamr_networking.module.vpc.aws_route_table_association.private",
            "module.tamr_networking.module.vpc.aws_route_table_association.public",
            "module.tamr_networking.module.vpc.aws_route_table_association.redshift",
            "module.tamr_networking.module.vpc.aws_route_table_association.redshift_public",
            "module.tamr_networking.module.vpc.aws_subnet.database",
            "module.tamr_networking.module.vpc.aws_subnet.elasticache",
            "module.tamr_networking.module.vpc.aws_subnet.intra",
            "module.tamr_networking.module.vpc.aws_subnet.outpost",
            "module.tamr_networking.module.vpc.aws_subnet.private",
            "module.tamr_networking.module.vpc.aws_subnet.public",
            "module.tamr_networking.module.vpc.aws_subnet.redshift",
            "module.tamr_networking.module.vpc.aws_vpc.this",
            "module.tamr_networking.module.vpc.aws_vpc_dhcp_options.this",
            "module.tamr_networking.module.vpc.aws_vpc_dhcp_options_association.this",
            "module.tamr_networking.module.vpc.aws_vpc_ipv4_cidr_block_association.this",
            "module.tamr_networking.module.vpc.aws_vpn_gateway.this",
            "module.tamr_networking.module.vpc.aws_vpn_gateway_attachment.this",
            "module.tamr_networking.module.vpc.aws_vpn_gateway_route_propagation.intra",
            "module.tamr_networking.module.vpc.aws_vpn_gateway_route_propagation.private",
            "module.tamr_networking.module.vpc.aws_vpn_gateway_route_propagation.public",
            "module.tamr_networking.module.vpc.data.aws_iam_policy_document.flow_log_cloudwatch_assume_role",
            "module.tamr_networking.module.vpc.data.aws_iam_policy_document.vpc_flow_log_cloudwatch"
          ]
        },
        {
          "index_key": "ganglia",
          "schema_version": 0,
          "attributes": {
            "arn": "arn:aws:elasticloadbalancing:us-west-1:131578276461:targetgroup/ganglia/c250e5ec0d3865d9",
            "arn_suffix": "targetgroup/ganglia/c250e5ec0d3865d9",
            "deregistration_delay": 300,
            "health_check": [
              {
                "enabled": true,
                "healthy_threshold": 3,
                "interval": 30,
                "matcher": "200-499",
                "path": "/",
                "port": "traffic-port",
                "protocol": "HTTP",
                "timeout": 5,
                "unhealthy_threshold": 3
              }
            ],
            "id": "arn:aws:elasticloadbalancing:us-west-1:131578276461:targetgroup/ganglia/c250e5ec0d3865d9",
            "lambda_multi_value_headers_enabled": false,
            "load_balancing_algorithm_type": "round_robin",
            "name": "ganglia",
            "name_prefix": null,
            "port": 80,
            "preserve_client_ip": null,
            "protocol": "HTTP",
            "protocol_version": "HTTP1",
            "proxy_protocol_v2": false,
            "slow_start": 0,
            "stickiness": [
              {
                "cookie_duration": 86400,
                "cookie_name": "",
                "enabled": false,
                "type": "lb_cookie"
              }
            ],
            "tags": null,
            "tags_all": {},
            "target_type": "instance",
            "vpc_id": "vpc-09ebec0ff9aa91a04"
          },
          "sensitive_attributes": [],
          "private": "bnVsbA==",
          "dependencies": [
            "data.aws_ami.tamr-vm",
            "data.aws_availability_zones.available",
            "data.aws_instances.masters",
            "data.template_file.install_nginx",
            "data.template_file.setup_dms",
            "module.alb.module.sg_https_lb.module.sg.aws_security_group.this",
            "module.alb.module.sg_https_lb.module.sg.aws_security_group.this_name_prefix",
            "module.aws-emr-sg-core.aws_security_group.security-groups-egress-cidr",
            "module.aws-emr-sg-core.aws_security_group.security-groups-egress-sg",
            "module.aws-emr-sg-core.aws_security_group.security-groups-ingress-cidr",
            "module.aws-emr-sg-core.aws_security_group.security-groups-ingress-sg",
            "module.aws-emr-sg-master.aws_security_group.security-groups-egress-cidr",
            "module.aws-emr-sg-master.aws_security_group.security-groups-egress-sg",
            "module.aws-emr-sg-master.aws_security_group.security-groups-ingress-cidr",
            "module.aws-emr-sg-master.aws_security_group.security-groups-ingress-sg",
            "module.aws-emr-sg-service-access.aws_security_group.security-groups-egress-cidr",
            "module.aws-emr-sg-service-access.aws_security_group.security-groups-egress-sg",
            "module.aws-emr-sg-service-access.aws_security_group.security-groups-ingress-cidr",
            "module.aws-emr-sg-service-access.aws_security_group.security-groups-ingress-sg",
            "module.emr-logs-bucket.module.encrypted-bucket.aws_s3_bucket.new_bucket",
            "module.emr-rootdir-bucket.module.encrypted-bucket.aws_s3_bucket.new_bucket",
            "module.emr-spark.module.emr-cluster-config.aws_s3_bucket_object.upload_hbase_config_script",
            "module.emr-spark.module.emr-cluster-config.aws_s3_bucket_object.upload_json_config",
            "module.emr-spark.module.emr-cluster.aws_emr_cluster.emr-cluster",
            "module.emr-spark.module.emr-cluster.data.aws_s3_bucket_object.json_config",
            "module.emr-spark.module.emr-iam.aws_iam_instance_profile.emr_ec2_instance_profile",
            "module.emr-spark.module.emr-iam.aws_iam_role.emr_ec2_instance_profile",
            "module.emr-spark.module.emr-iam.aws_iam_role.emr_service_role",
            "module.emr-spark.module.emr-iam.data.aws_iam_policy_document.ec2_assume_role",
            "module.emr-spark.module.emr-iam.data.aws_iam_policy_document.emr_assume_role",
            "module.emr-spark.module.emr-sgs.aws_security_group.emr_managed_internal",
            "module.sg_vm_web.aws_security_group.security-groups-egress-cidr",
            "module.sg_vm_web.aws_security_group.security-groups-egress-sg",
            "module.sg_vm_web.aws_security_group.security-groups-ingress-cidr",
            "module.sg_vm_web.aws_security_group.security-groups-ingress-sg",
            "module.tamr-vm.module.aws-iam-policies.aws_iam_policy.emr_creator_minimal_policy",
            "module.tamr-vm.module.aws-iam-policies.aws_iam_role_policy_attachment.emr_creator_policy_attachment",
            "module.tamr-vm.module.aws-iam-policies.aws_iam_role_policy_attachment.emrfs_user_s3_policy",
            "module.tamr-vm.module.aws-iam-policies.data.aws_caller_identity.current",
            "module.tamr-vm.module.aws-iam-policies.data.aws_iam_policy_document.emr_creator_policy",
            "module.tamr-vm.module.aws-iam-policies.data.aws_region.current",
            "module.tamr-vm.module.aws-iam-role.aws_iam_instance_profile.tamr_user_instance_profile",
            "module.tamr-vm.module.aws-iam-role.aws_iam_role.tamr_user_iam_role",
            "module.tamr-vm.module.aws-iam-role.data.aws_iam_policy_document.instance-assume-role-policy",
            "module.tamr-vm.module.tamr_instance.aws_instance.tamr-instance",
            "module.tamr-vm.module.tamr_instance.data.template_cloudinit_config.bootstrap-scripts",
            "module.tamr_networking.aws_network_acl.application_subnet",
            "module.tamr_networking.aws_network_acl.compute_subnet",
            "module.tamr_networking.aws_network_acl.data_subnets",
            "module.tamr_networking.aws_network_acl.load_balancing_subnets",
            "module.tamr_networking.aws_network_acl.public_subnets",
            "module.tamr_networking.aws_route_table_association.compute_subnet_rta",
            "module.tamr_networking.aws_subnet.compute_subnet",
            "module.tamr_networking.data.aws_ip_ranges.s3_cidrs",
            "module.tamr_networking.data.aws_region.current",
            "module.tamr_networking.data.aws_route_table.application_subnet_rt",
            "module.tamr_networking.data.aws_subnet.application_subnet",
            "module.tamr_networking.module.endpoints.aws_vpc_endpoint.this",
            "module.tamr_networking.module.endpoints.data.aws_vpc_endpoint_service.this",
            "module.tamr_networking.module.vpc.aws_cloudwatch_log_group.flow_log",
            "module.tamr_networking.module.vpc.aws_customer_gateway.this",
            "module.tamr_networking.module.vpc.aws_db_subnet_group.database",
            "module.tamr_networking.module.vpc.aws_default_network_acl.this",
            "module.tamr_networking.module.vpc.aws_default_route_table.default",
            "module.tamr_networking.module.vpc.aws_default_security_group.this",
            "module.tamr_networking.module.vpc.aws_default_vpc.this",
            "module.tamr_networking.module.vpc.aws_egress_only_internet_gateway.this",
            "module.tamr_networking.module.vpc.aws_eip.nat",
            "module.tamr_networking.module.vpc.aws_elasticache_subnet_group.elasticache",
            "module.tamr_networking.module.vpc.aws_flow_log.this",
            "module.tamr_networking.module.vpc.aws_iam_policy.vpc_flow_log_cloudwatch",
            "module.tamr_networking.module.vpc.aws_iam_role.vpc_flow_log_cloudwatch",
            "module.tamr_networking.module.vpc.aws_iam_role_policy_attachment.vpc_flow_log_cloudwatch",
            "module.tamr_networking.module.vpc.aws_internet_gateway.this",
            "module.tamr_networking.module.vpc.aws_nat_gateway.this",
            "module.tamr_networking.module.vpc.aws_network_acl.database",
            "module.tamr_networking.module.vpc.aws_network_acl.elasticache",
            "module.tamr_networking.module.vpc.aws_network_acl.intra",
            "module.tamr_networking.module.vpc.aws_network_acl.outpost",
            "module.tamr_networking.module.vpc.aws_network_acl.private",
            "module.tamr_networking.module.vpc.aws_network_acl.public",
            "module.tamr_networking.module.vpc.aws_network_acl.redshift",
            "module.tamr_networking.module.vpc.aws_network_acl_rule.database_inbound",
            "module.tamr_networking.module.vpc.aws_network_acl_rule.database_outbound",
            "module.tamr_networking.module.vpc.aws_network_acl_rule.elasticache_inbound",
            "module.tamr_networking.module.vpc.aws_network_acl_rule.elasticache_outbound",
            "module.tamr_networking.module.vpc.aws_network_acl_rule.intra_inbound",
            "module.tamr_networking.module.vpc.aws_network_acl_rule.intra_outbound",
            "module.tamr_networking.module.vpc.aws_network_acl_rule.outpost_inbound",
            "module.tamr_networking.module.vpc.aws_network_acl_rule.outpost_outbound",
            "module.tamr_networking.module.vpc.aws_network_acl_rule.private_inbound",
            "module.tamr_networking.module.vpc.aws_network_acl_rule.private_outbound",
            "module.tamr_networking.module.vpc.aws_network_acl_rule.public_inbound",
            "module.tamr_networking.module.vpc.aws_network_acl_rule.public_outbound",
            "module.tamr_networking.module.vpc.aws_network_acl_rule.redshift_inbound",
            "module.tamr_networking.module.vpc.aws_network_acl_rule.redshift_outbound",
            "module.tamr_networking.module.vpc.aws_redshift_subnet_group.redshift",
            "module.tamr_networking.module.vpc.aws_route.database_internet_gateway",
            "module.tamr_networking.module.vpc.aws_route.database_ipv6_egress",
            "module.tamr_networking.module.vpc.aws_route.database_nat_gateway",
            "module.tamr_networking.module.vpc.aws_route.private_ipv6_egress",
            "module.tamr_networking.module.vpc.aws_route.private_nat_gateway",
            "module.tamr_networking.module.vpc.aws_route.public_internet_gateway",
            "module.tamr_networking.module.vpc.aws_route.public_internet_gateway_ipv6",
            "module.tamr_networking.module.vpc.aws_route_table.database",
            "module.tamr_networking.module.vpc.aws_route_table.elasticache",
            "module.tamr_networking.module.vpc.aws_route_table.intra",
            "module.tamr_networking.module.vpc.aws_route_table.private",
            "module.tamr_networking.module.vpc.aws_route_table.public",
            "module.tamr_networking.module.vpc.aws_route_table.redshift",
            "module.tamr_networking.module.vpc.aws_route_table_association.database",
            "module.tamr_networking.module.vpc.aws_route_table_association.elasticache",
            "module.tamr_networking.module.vpc.aws_route_table_association.intra",
            "module.tamr_networking.module.vpc.aws_route_table_association.outpost",
            "module.tamr_networking.module.vpc.aws_route_table_association.private",
            "module.tamr_networking.module.vpc.aws_route_table_association.public",
            "module.tamr_networking.module.vpc.aws_route_table_association.redshift",
            "module.tamr_networking.module.vpc.aws_route_table_association.redshift_public",
            "module.tamr_networking.module.vpc.aws_subnet.database",
            "module.tamr_networking.module.vpc.aws_subnet.elasticache",
            "module.tamr_networking.module.vpc.aws_subnet.intra",
            "module.tamr_networking.module.vpc.aws_subnet.outpost",
            "module.tamr_networking.module.vpc.aws_subnet.private",
            "module.tamr_networking.module.vpc.aws_subnet.public",
            "module.tamr_networking.module.vpc.aws_subnet.redshift",
            "module.tamr_networking.module.vpc.aws_vpc.this",
            "module.tamr_networking.module.vpc.aws_vpc_dhcp_options.this",
            "module.tamr_networking.module.vpc.aws_vpc_dhcp_options_association.this",
            "module.tamr_networking.module.vpc.aws_vpc_ipv4_cidr_block_association.this",
            "module.tamr_networking.module.vpc.aws_vpn_gateway.this",
            "module.tamr_networking.module.vpc.aws_vpn_gateway_attachment.this",
            "module.tamr_networking.module.vpc.aws_vpn_gateway_route_propagation.intra",
            "module.tamr_networking.module.vpc.aws_vpn_gateway_route_propagation.private",
            "module.tamr_networking.module.vpc.aws_vpn_gateway_route_propagation.public",
            "module.tamr_networking.module.vpc.data.aws_iam_policy_document.flow_log_cloudwatch_assume_role",
            "module.tamr_networking.module.vpc.data.aws_iam_policy_document.vpc_flow_log_cloudwatch"
          ]
        },
        {
          "index_key": "hbase",
          "schema_version": 0,
          "attributes": {
            "arn": "arn:aws:elasticloadbalancing:us-west-1:131578276461:targetgroup/hbase/323d5bea025d6e83",
            "arn_suffix": "targetgroup/hbase/323d5bea025d6e83",
            "deregistration_delay": 300,
            "health_check": [
              {
                "enabled": true,
                "healthy_threshold": 3,
                "interval": 30,
                "matcher": "200-499",
                "path": "/",
                "port": "traffic-port",
                "protocol": "HTTP",
                "timeout": 5,
                "unhealthy_threshold": 3
              }
            ],
            "id": "arn:aws:elasticloadbalancing:us-west-1:131578276461:targetgroup/hbase/323d5bea025d6e83",
            "lambda_multi_value_headers_enabled": false,
            "load_balancing_algorithm_type": "round_robin",
            "name": "hbase",
            "name_prefix": null,
            "port": 16010,
            "preserve_client_ip": null,
            "protocol": "HTTP",
            "protocol_version": "HTTP1",
            "proxy_protocol_v2": false,
            "slow_start": 0,
            "stickiness": [
              {
                "cookie_duration": 86400,
                "cookie_name": "",
                "enabled": false,
                "type": "lb_cookie"
              }
            ],
            "tags": null,
            "tags_all": {},
            "target_type": "instance",
            "vpc_id": "vpc-09ebec0ff9aa91a04"
          },
          "sensitive_attributes": [],
          "private": "bnVsbA==",
          "dependencies": [
            "data.aws_ami.tamr-vm",
            "data.aws_availability_zones.available",
            "data.aws_instances.masters",
            "data.template_file.install_nginx",
            "data.template_file.setup_dms",
            "module.alb.module.sg_https_lb.module.sg.aws_security_group.this",
            "module.alb.module.sg_https_lb.module.sg.aws_security_group.this_name_prefix",
            "module.aws-emr-sg-core.aws_security_group.security-groups-egress-cidr",
            "module.aws-emr-sg-core.aws_security_group.security-groups-egress-sg",
            "module.aws-emr-sg-core.aws_security_group.security-groups-ingress-cidr",
            "module.aws-emr-sg-core.aws_security_group.security-groups-ingress-sg",
            "module.aws-emr-sg-master.aws_security_group.security-groups-egress-cidr",
            "module.aws-emr-sg-master.aws_security_group.security-groups-egress-sg",
            "module.aws-emr-sg-master.aws_security_group.security-groups-ingress-cidr",
            "module.aws-emr-sg-master.aws_security_group.security-groups-ingress-sg",
            "module.aws-emr-sg-service-access.aws_security_group.security-groups-egress-cidr",
            "module.aws-emr-sg-service-access.aws_security_group.security-groups-egress-sg",
            "module.aws-emr-sg-service-access.aws_security_group.security-groups-ingress-cidr",
            "module.aws-emr-sg-service-access.aws_security_group.security-groups-ingress-sg",
            "module.emr-logs-bucket.module.encrypted-bucket.aws_s3_bucket.new_bucket",
            "module.emr-rootdir-bucket.module.encrypted-bucket.aws_s3_bucket.new_bucket",
            "module.emr-spark.module.emr-cluster-config.aws_s3_bucket_object.upload_hbase_config_script",
            "module.emr-spark.module.emr-cluster-config.aws_s3_bucket_object.upload_json_config",
            "module.emr-spark.module.emr-cluster.aws_emr_cluster.emr-cluster",
            "module.emr-spark.module.emr-cluster.data.aws_s3_bucket_object.json_config",
            "module.emr-spark.module.emr-iam.aws_iam_instance_profile.emr_ec2_instance_profile",
            "module.emr-spark.module.emr-iam.aws_iam_role.emr_ec2_instance_profile",
            "module.emr-spark.module.emr-iam.aws_iam_role.emr_service_role",
            "module.emr-spark.module.emr-iam.data.aws_iam_policy_document.ec2_assume_role",
            "module.emr-spark.module.emr-iam.data.aws_iam_policy_document.emr_assume_role",
            "module.emr-spark.module.emr-sgs.aws_security_group.emr_managed_internal",
            "module.sg_vm_web.aws_security_group.security-groups-egress-cidr",
            "module.sg_vm_web.aws_security_group.security-groups-egress-sg",
            "module.sg_vm_web.aws_security_group.security-groups-ingress-cidr",
            "module.sg_vm_web.aws_security_group.security-groups-ingress-sg",
            "module.tamr-vm.module.aws-iam-policies.aws_iam_policy.emr_creator_minimal_policy",
            "module.tamr-vm.module.aws-iam-policies.aws_iam_role_policy_attachment.emr_creator_policy_attachment",
            "module.tamr-vm.module.aws-iam-policies.aws_iam_role_policy_attachment.emrfs_user_s3_policy",
            "module.tamr-vm.module.aws-iam-policies.data.aws_caller_identity.current",
            "module.tamr-vm.module.aws-iam-policies.data.aws_iam_policy_document.emr_creator_policy",
            "module.tamr-vm.module.aws-iam-policies.data.aws_region.current",
            "module.tamr-vm.module.aws-iam-role.aws_iam_instance_profile.tamr_user_instance_profile",
            "module.tamr-vm.module.aws-iam-role.aws_iam_role.tamr_user_iam_role",
            "module.tamr-vm.module.aws-iam-role.data.aws_iam_policy_document.instance-assume-role-policy",
            "module.tamr-vm.module.tamr_instance.aws_instance.tamr-instance",
            "module.tamr-vm.module.tamr_instance.data.template_cloudinit_config.bootstrap-scripts",
            "module.tamr_networking.aws_network_acl.application_subnet",
            "module.tamr_networking.aws_network_acl.compute_subnet",
            "module.tamr_networking.aws_network_acl.data_subnets",
            "module.tamr_networking.aws_network_acl.load_balancing_subnets",
            "module.tamr_networking.aws_network_acl.public_subnets",
            "module.tamr_networking.aws_route_table_association.compute_subnet_rta",
            "module.tamr_networking.aws_subnet.compute_subnet",
            "module.tamr_networking.data.aws_ip_ranges.s3_cidrs",
            "module.tamr_networking.data.aws_region.current",
            "module.tamr_networking.data.aws_route_table.application_subnet_rt",
            "module.tamr_networking.data.aws_subnet.application_subnet",
            "module.tamr_networking.module.endpoints.aws_vpc_endpoint.this",
            "module.tamr_networking.module.endpoints.data.aws_vpc_endpoint_service.this",
            "module.tamr_networking.module.vpc.aws_cloudwatch_log_group.flow_log",
            "module.tamr_networking.module.vpc.aws_customer_gateway.this",
            "module.tamr_networking.module.vpc.aws_db_subnet_group.database",
            "module.tamr_networking.module.vpc.aws_default_network_acl.this",
            "module.tamr_networking.module.vpc.aws_default_route_table.default",
            "module.tamr_networking.module.vpc.aws_default_security_group.this",
            "module.tamr_networking.module.vpc.aws_default_vpc.this",
            "module.tamr_networking.module.vpc.aws_egress_only_internet_gateway.this",
            "module.tamr_networking.module.vpc.aws_eip.nat",
            "module.tamr_networking.module.vpc.aws_elasticache_subnet_group.elasticache",
            "module.tamr_networking.module.vpc.aws_flow_log.this",
            "module.tamr_networking.module.vpc.aws_iam_policy.vpc_flow_log_cloudwatch",
            "module.tamr_networking.module.vpc.aws_iam_role.vpc_flow_log_cloudwatch",
            "module.tamr_networking.module.vpc.aws_iam_role_policy_attachment.vpc_flow_log_cloudwatch",
            "module.tamr_networking.module.vpc.aws_internet_gateway.this",
            "module.tamr_networking.module.vpc.aws_nat_gateway.this",
            "module.tamr_networking.module.vpc.aws_network_acl.database",
            "module.tamr_networking.module.vpc.aws_network_acl.elasticache",
            "module.tamr_networking.module.vpc.aws_network_acl.intra",
            "module.tamr_networking.module.vpc.aws_network_acl.outpost",
            "module.tamr_networking.module.vpc.aws_network_acl.private",
            "module.tamr_networking.module.vpc.aws_network_acl.public",
            "module.tamr_networking.module.vpc.aws_network_acl.redshift",
            "module.tamr_networking.module.vpc.aws_network_acl_rule.database_inbound",
            "module.tamr_networking.module.vpc.aws_network_acl_rule.database_outbound",
            "module.tamr_networking.module.vpc.aws_network_acl_rule.elasticache_inbound",
            "module.tamr_networking.module.vpc.aws_network_acl_rule.elasticache_outbound",
            "module.tamr_networking.module.vpc.aws_network_acl_rule.intra_inbound",
            "module.tamr_networking.module.vpc.aws_network_acl_rule.intra_outbound",
            "module.tamr_networking.module.vpc.aws_network_acl_rule.outpost_inbound",
            "module.tamr_networking.module.vpc.aws_network_acl_rule.outpost_outbound",
            "module.tamr_networking.module.vpc.aws_network_acl_rule.private_inbound",
            "module.tamr_networking.module.vpc.aws_network_acl_rule.private_outbound",
            "module.tamr_networking.module.vpc.aws_network_acl_rule.public_inbound",
            "module.tamr_networking.module.vpc.aws_network_acl_rule.public_outbound",
            "module.tamr_networking.module.vpc.aws_network_acl_rule.redshift_inbound",
            "module.tamr_networking.module.vpc.aws_network_acl_rule.redshift_outbound",
            "module.tamr_networking.module.vpc.aws_redshift_subnet_group.redshift",
            "module.tamr_networking.module.vpc.aws_route.database_internet_gateway",
            "module.tamr_networking.module.vpc.aws_route.database_ipv6_egress",
            "module.tamr_networking.module.vpc.aws_route.database_nat_gateway",
            "module.tamr_networking.module.vpc.aws_route.private_ipv6_egress",
            "module.tamr_networking.module.vpc.aws_route.private_nat_gateway",
            "module.tamr_networking.module.vpc.aws_route.public_internet_gateway",
            "module.tamr_networking.module.vpc.aws_route.public_internet_gateway_ipv6",
            "module.tamr_networking.module.vpc.aws_route_table.database",
            "module.tamr_networking.module.vpc.aws_route_table.elasticache",
            "module.tamr_networking.module.vpc.aws_route_table.intra",
            "module.tamr_networking.module.vpc.aws_route_table.private",
            "module.tamr_networking.module.vpc.aws_route_table.public",
            "module.tamr_networking.module.vpc.aws_route_table.redshift",
            "module.tamr_networking.module.vpc.aws_route_table_association.database",
            "module.tamr_networking.module.vpc.aws_route_table_association.elasticache",
            "module.tamr_networking.module.vpc.aws_route_table_association.intra",
            "module.tamr_networking.module.vpc.aws_route_table_association.outpost",
            "module.tamr_networking.module.vpc.aws_route_table_association.private",
            "module.tamr_networking.module.vpc.aws_route_table_association.public",
            "module.tamr_networking.module.vpc.aws_route_table_association.redshift",
            "module.tamr_networking.module.vpc.aws_route_table_association.redshift_public",
            "module.tamr_networking.module.vpc.aws_subnet.database",
            "module.tamr_networking.module.vpc.aws_subnet.elasticache",
            "module.tamr_networking.module.vpc.aws_subnet.intra",
            "module.tamr_networking.module.vpc.aws_subnet.outpost",
            "module.tamr_networking.module.vpc.aws_subnet.private",
            "module.tamr_networking.module.vpc.aws_subnet.public",
            "module.tamr_networking.module.vpc.aws_subnet.redshift",
            "module.tamr_networking.module.vpc.aws_vpc.this",
            "module.tamr_networking.module.vpc.aws_vpc_dhcp_options.this",
            "module.tamr_networking.module.vpc.aws_vpc_dhcp_options_association.this",
            "module.tamr_networking.module.vpc.aws_vpc_ipv4_cidr_block_association.this",
            "module.tamr_networking.module.vpc.aws_vpn_gateway.this",
            "module.tamr_networking.module.vpc.aws_vpn_gateway_attachment.this",
            "module.tamr_networking.module.vpc.aws_vpn_gateway_route_propagation.intra",
            "module.tamr_networking.module.vpc.aws_vpn_gateway_route_propagation.private",
            "module.tamr_networking.module.vpc.aws_vpn_gateway_route_propagation.public",
            "module.tamr_networking.module.vpc.data.aws_iam_policy_document.flow_log_cloudwatch_assume_role",
            "module.tamr_networking.module.vpc.data.aws_iam_policy_document.vpc_flow_log_cloudwatch"
          ]
        },
        {
          "index_key": "spark",
          "schema_version": 0,
          "attributes": {
            "arn": "arn:aws:elasticloadbalancing:us-west-1:131578276461:targetgroup/spark/02da05590282d981",
            "arn_suffix": "targetgroup/spark/02da05590282d981",
            "deregistration_delay": 300,
            "health_check": [
              {
                "enabled": true,
                "healthy_threshold": 3,
                "interval": 30,
                "matcher": "200-499",
                "path": "/",
                "port": "traffic-port",
                "protocol": "HTTP",
                "timeout": 5,
                "unhealthy_threshold": 3
              }
            ],
            "id": "arn:aws:elasticloadbalancing:us-west-1:131578276461:targetgroup/spark/02da05590282d981",
            "lambda_multi_value_headers_enabled": false,
            "load_balancing_algorithm_type": "round_robin",
            "name": "spark",
            "name_prefix": null,
            "port": 18080,
            "preserve_client_ip": null,
            "protocol": "HTTP",
            "protocol_version": "HTTP1",
            "proxy_protocol_v2": false,
            "slow_start": 0,
            "stickiness": [
              {
                "cookie_duration": 86400,
                "cookie_name": "",
                "enabled": false,
                "type": "lb_cookie"
              }
            ],
            "tags": null,
            "tags_all": {},
            "target_type": "instance",
            "vpc_id": "vpc-09ebec0ff9aa91a04"
          },
          "sensitive_attributes": [],
          "private": "bnVsbA==",
          "dependencies": [
            "data.aws_ami.tamr-vm",
            "data.aws_availability_zones.available",
            "data.aws_instances.masters",
            "data.template_file.install_nginx",
            "data.template_file.setup_dms",
            "module.alb.module.sg_https_lb.module.sg.aws_security_group.this",
            "module.alb.module.sg_https_lb.module.sg.aws_security_group.this_name_prefix",
            "module.aws-emr-sg-core.aws_security_group.security-groups-egress-cidr",
            "module.aws-emr-sg-core.aws_security_group.security-groups-egress-sg",
            "module.aws-emr-sg-core.aws_security_group.security-groups-ingress-cidr",
            "module.aws-emr-sg-core.aws_security_group.security-groups-ingress-sg",
            "module.aws-emr-sg-master.aws_security_group.security-groups-egress-cidr",
            "module.aws-emr-sg-master.aws_security_group.security-groups-egress-sg",
            "module.aws-emr-sg-master.aws_security_group.security-groups-ingress-cidr",
            "module.aws-emr-sg-master.aws_security_group.security-groups-ingress-sg",
            "module.aws-emr-sg-service-access.aws_security_group.security-groups-egress-cidr",
            "module.aws-emr-sg-service-access.aws_security_group.security-groups-egress-sg",
            "module.aws-emr-sg-service-access.aws_security_group.security-groups-ingress-cidr",
            "module.aws-emr-sg-service-access.aws_security_group.security-groups-ingress-sg",
            "module.emr-logs-bucket.module.encrypted-bucket.aws_s3_bucket.new_bucket",
            "module.emr-rootdir-bucket.module.encrypted-bucket.aws_s3_bucket.new_bucket",
            "module.emr-spark.module.emr-cluster-config.aws_s3_bucket_object.upload_hbase_config_script",
            "module.emr-spark.module.emr-cluster-config.aws_s3_bucket_object.upload_json_config",
            "module.emr-spark.module.emr-cluster.aws_emr_cluster.emr-cluster",
            "module.emr-spark.module.emr-cluster.data.aws_s3_bucket_object.json_config",
            "module.emr-spark.module.emr-iam.aws_iam_instance_profile.emr_ec2_instance_profile",
            "module.emr-spark.module.emr-iam.aws_iam_role.emr_ec2_instance_profile",
            "module.emr-spark.module.emr-iam.aws_iam_role.emr_service_role",
            "module.emr-spark.module.emr-iam.data.aws_iam_policy_document.ec2_assume_role",
            "module.emr-spark.module.emr-iam.data.aws_iam_policy_document.emr_assume_role",
            "module.emr-spark.module.emr-sgs.aws_security_group.emr_managed_internal",
            "module.sg_vm_web.aws_security_group.security-groups-egress-cidr",
            "module.sg_vm_web.aws_security_group.security-groups-egress-sg",
            "module.sg_vm_web.aws_security_group.security-groups-ingress-cidr",
            "module.sg_vm_web.aws_security_group.security-groups-ingress-sg",
            "module.tamr-vm.module.aws-iam-policies.aws_iam_policy.emr_creator_minimal_policy",
            "module.tamr-vm.module.aws-iam-policies.aws_iam_role_policy_attachment.emr_creator_policy_attachment",
            "module.tamr-vm.module.aws-iam-policies.aws_iam_role_policy_attachment.emrfs_user_s3_policy",
            "module.tamr-vm.module.aws-iam-policies.data.aws_caller_identity.current",
            "module.tamr-vm.module.aws-iam-policies.data.aws_iam_policy_document.emr_creator_policy",
            "module.tamr-vm.module.aws-iam-policies.data.aws_region.current",
            "module.tamr-vm.module.aws-iam-role.aws_iam_instance_profile.tamr_user_instance_profile",
            "module.tamr-vm.module.aws-iam-role.aws_iam_role.tamr_user_iam_role",
            "module.tamr-vm.module.aws-iam-role.data.aws_iam_policy_document.instance-assume-role-policy",
            "module.tamr-vm.module.tamr_instance.aws_instance.tamr-instance",
            "module.tamr-vm.module.tamr_instance.data.template_cloudinit_config.bootstrap-scripts",
            "module.tamr_networking.aws_network_acl.application_subnet",
            "module.tamr_networking.aws_network_acl.compute_subnet",
            "module.tamr_networking.aws_network_acl.data_subnets",
            "module.tamr_networking.aws_network_acl.load_balancing_subnets",
            "module.tamr_networking.aws_network_acl.public_subnets",
            "module.tamr_networking.aws_route_table_association.compute_subnet_rta",
            "module.tamr_networking.aws_subnet.compute_subnet",
            "module.tamr_networking.data.aws_ip_ranges.s3_cidrs",
            "module.tamr_networking.data.aws_region.current",
            "module.tamr_networking.data.aws_route_table.application_subnet_rt",
            "module.tamr_networking.data.aws_subnet.application_subnet",
            "module.tamr_networking.module.endpoints.aws_vpc_endpoint.this",
            "module.tamr_networking.module.endpoints.data.aws_vpc_endpoint_service.this",
            "module.tamr_networking.module.vpc.aws_cloudwatch_log_group.flow_log",
            "module.tamr_networking.module.vpc.aws_customer_gateway.this",
            "module.tamr_networking.module.vpc.aws_db_subnet_group.database",
            "module.tamr_networking.module.vpc.aws_default_network_acl.this",
            "module.tamr_networking.module.vpc.aws_default_route_table.default",
            "module.tamr_networking.module.vpc.aws_default_security_group.this",
            "module.tamr_networking.module.vpc.aws_default_vpc.this",
            "module.tamr_networking.module.vpc.aws_egress_only_internet_gateway.this",
            "module.tamr_networking.module.vpc.aws_eip.nat",
            "module.tamr_networking.module.vpc.aws_elasticache_subnet_group.elasticache",
            "module.tamr_networking.module.vpc.aws_flow_log.this",
            "module.tamr_networking.module.vpc.aws_iam_policy.vpc_flow_log_cloudwatch",
            "module.tamr_networking.module.vpc.aws_iam_role.vpc_flow_log_cloudwatch",
            "module.tamr_networking.module.vpc.aws_iam_role_policy_attachment.vpc_flow_log_cloudwatch",
            "module.tamr_networking.module.vpc.aws_internet_gateway.this",
            "module.tamr_networking.module.vpc.aws_nat_gateway.this",
            "module.tamr_networking.module.vpc.aws_network_acl.database",
            "module.tamr_networking.module.vpc.aws_network_acl.elasticache",
            "module.tamr_networking.module.vpc.aws_network_acl.intra",
            "module.tamr_networking.module.vpc.aws_network_acl.outpost",
            "module.tamr_networking.module.vpc.aws_network_acl.private",
            "module.tamr_networking.module.vpc.aws_network_acl.public",
            "module.tamr_networking.module.vpc.aws_network_acl.redshift",
            "module.tamr_networking.module.vpc.aws_network_acl_rule.database_inbound",
            "module.tamr_networking.module.vpc.aws_network_acl_rule.database_outbound",
            "module.tamr_networking.module.vpc.aws_network_acl_rule.elasticache_inbound",
            "module.tamr_networking.module.vpc.aws_network_acl_rule.elasticache_outbound",
            "module.tamr_networking.module.vpc.aws_network_acl_rule.intra_inbound",
            "module.tamr_networking.module.vpc.aws_network_acl_rule.intra_outbound",
            "module.tamr_networking.module.vpc.aws_network_acl_rule.outpost_inbound",
            "module.tamr_networking.module.vpc.aws_network_acl_rule.outpost_outbound",
            "module.tamr_networking.module.vpc.aws_network_acl_rule.private_inbound",
            "module.tamr_networking.module.vpc.aws_network_acl_rule.private_outbound",
            "module.tamr_networking.module.vpc.aws_network_acl_rule.public_inbound",
            "module.tamr_networking.module.vpc.aws_network_acl_rule.public_outbound",
            "module.tamr_networking.module.vpc.aws_network_acl_rule.redshift_inbound",
            "module.tamr_networking.module.vpc.aws_network_acl_rule.redshift_outbound",
            "module.tamr_networking.module.vpc.aws_redshift_subnet_group.redshift",
            "module.tamr_networking.module.vpc.aws_route.database_internet_gateway",
            "module.tamr_networking.module.vpc.aws_route.database_ipv6_egress",
            "module.tamr_networking.module.vpc.aws_route.database_nat_gateway",
            "module.tamr_networking.module.vpc.aws_route.private_ipv6_egress",
            "module.tamr_networking.module.vpc.aws_route.private_nat_gateway",
            "module.tamr_networking.module.vpc.aws_route.public_internet_gateway",
            "module.tamr_networking.module.vpc.aws_route.public_internet_gateway_ipv6",
            "module.tamr_networking.module.vpc.aws_route_table.database",
            "module.tamr_networking.module.vpc.aws_route_table.elasticache",
            "module.tamr_networking.module.vpc.aws_route_table.intra",
            "module.tamr_networking.module.vpc.aws_route_table.private",
            "module.tamr_networking.module.vpc.aws_route_table.public",
            "module.tamr_networking.module.vpc.aws_route_table.redshift",
            "module.tamr_networking.module.vpc.aws_route_table_association.database",
            "module.tamr_networking.module.vpc.aws_route_table_association.elasticache",
            "module.tamr_networking.module.vpc.aws_route_table_association.intra",
            "module.tamr_networking.module.vpc.aws_route_table_association.outpost",
            "module.tamr_networking.module.vpc.aws_route_table_association.private",
            "module.tamr_networking.module.vpc.aws_route_table_association.public",
            "module.tamr_networking.module.vpc.aws_route_table_association.redshift",
            "module.tamr_networking.module.vpc.aws_route_table_association.redshift_public",
            "module.tamr_networking.module.vpc.aws_subnet.database",
            "module.tamr_networking.module.vpc.aws_subnet.elasticache",
            "module.tamr_networking.module.vpc.aws_subnet.intra",
            "module.tamr_networking.module.vpc.aws_subnet.outpost",
            "module.tamr_networking.module.vpc.aws_subnet.private",
            "module.tamr_networking.module.vpc.aws_subnet.public",
            "module.tamr_networking.module.vpc.aws_subnet.redshift",
            "module.tamr_networking.module.vpc.aws_vpc.this",
            "module.tamr_networking.module.vpc.aws_vpc_dhcp_options.this",
            "module.tamr_networking.module.vpc.aws_vpc_dhcp_options_association.this",
            "module.tamr_networking.module.vpc.aws_vpc_ipv4_cidr_block_association.this",
            "module.tamr_networking.module.vpc.aws_vpn_gateway.this",
            "module.tamr_networking.module.vpc.aws_vpn_gateway_attachment.this",
            "module.tamr_networking.module.vpc.aws_vpn_gateway_route_propagation.intra",
            "module.tamr_networking.module.vpc.aws_vpn_gateway_route_propagation.private",
            "module.tamr_networking.module.vpc.aws_vpn_gateway_route_propagation.public",
            "module.tamr_networking.module.vpc.data.aws_iam_policy_document.flow_log_cloudwatch_assume_role",
            "module.tamr_networking.module.vpc.data.aws_iam_policy_document.vpc_flow_log_cloudwatch"
          ]
        },
        {
          "index_key": "tamr",
          "schema_version": 0,
          "attributes": {
            "arn": "arn:aws:elasticloadbalancing:us-west-1:131578276461:targetgroup/tamr/66abb686ef200f12",
            "arn_suffix": "targetgroup/tamr/66abb686ef200f12",
            "deregistration_delay": 300,
            "health_check": [
              {
                "enabled": true,
                "healthy_threshold": 3,
                "interval": 30,
                "matcher": "200-499",
                "path": "/",
                "port": "traffic-port",
                "protocol": "HTTP",
                "timeout": 5,
                "unhealthy_threshold": 3
              }
            ],
            "id": "arn:aws:elasticloadbalancing:us-west-1:131578276461:targetgroup/tamr/66abb686ef200f12",
            "lambda_multi_value_headers_enabled": false,
            "load_balancing_algorithm_type": "round_robin",
            "name": "tamr",
            "name_prefix": null,
            "port": 9100,
            "preserve_client_ip": null,
            "protocol": "HTTP",
            "protocol_version": "HTTP1",
            "proxy_protocol_v2": false,
            "slow_start": 0,
            "stickiness": [
              {
                "cookie_duration": 86400,
                "cookie_name": "",
                "enabled": false,
                "type": "lb_cookie"
              }
            ],
            "tags": null,
            "tags_all": {},
            "target_type": "instance",
            "vpc_id": "vpc-09ebec0ff9aa91a04"
          },
          "sensitive_attributes": [],
          "private": "bnVsbA==",
          "dependencies": [
            "data.aws_ami.tamr-vm",
            "data.aws_availability_zones.available",
            "data.aws_instances.masters",
            "data.template_file.install_nginx",
            "data.template_file.setup_dms",
            "module.alb.module.sg_https_lb.module.sg.aws_security_group.this",
            "module.alb.module.sg_https_lb.module.sg.aws_security_group.this_name_prefix",
            "module.aws-emr-sg-core.aws_security_group.security-groups-egress-cidr",
            "module.aws-emr-sg-core.aws_security_group.security-groups-egress-sg",
            "module.aws-emr-sg-core.aws_security_group.security-groups-ingress-cidr",
            "module.aws-emr-sg-core.aws_security_group.security-groups-ingress-sg",
            "module.aws-emr-sg-master.aws_security_group.security-groups-egress-cidr",
            "module.aws-emr-sg-master.aws_security_group.security-groups-egress-sg",
            "module.aws-emr-sg-master.aws_security_group.security-groups-ingress-cidr",
            "module.aws-emr-sg-master.aws_security_group.security-groups-ingress-sg",
            "module.aws-emr-sg-service-access.aws_security_group.security-groups-egress-cidr",
            "module.aws-emr-sg-service-access.aws_security_group.security-groups-egress-sg",
            "module.aws-emr-sg-service-access.aws_security_group.security-groups-ingress-cidr",
            "module.aws-emr-sg-service-access.aws_security_group.security-groups-ingress-sg",
            "module.emr-logs-bucket.module.encrypted-bucket.aws_s3_bucket.new_bucket",
            "module.emr-rootdir-bucket.module.encrypted-bucket.aws_s3_bucket.new_bucket",
            "module.emr-spark.module.emr-cluster-config.aws_s3_bucket_object.upload_hbase_config_script",
            "module.emr-spark.module.emr-cluster-config.aws_s3_bucket_object.upload_json_config",
            "module.emr-spark.module.emr-cluster.aws_emr_cluster.emr-cluster",
            "module.emr-spark.module.emr-cluster.data.aws_s3_bucket_object.json_config",
            "module.emr-spark.module.emr-iam.aws_iam_instance_profile.emr_ec2_instance_profile",
            "module.emr-spark.module.emr-iam.aws_iam_role.emr_ec2_instance_profile",
            "module.emr-spark.module.emr-iam.aws_iam_role.emr_service_role",
            "module.emr-spark.module.emr-iam.data.aws_iam_policy_document.ec2_assume_role",
            "module.emr-spark.module.emr-iam.data.aws_iam_policy_document.emr_assume_role",
            "module.emr-spark.module.emr-sgs.aws_security_group.emr_managed_internal",
            "module.sg_vm_web.aws_security_group.security-groups-egress-cidr",
            "module.sg_vm_web.aws_security_group.security-groups-egress-sg",
            "module.sg_vm_web.aws_security_group.security-groups-ingress-cidr",
            "module.sg_vm_web.aws_security_group.security-groups-ingress-sg",
            "module.tamr-vm.module.aws-iam-policies.aws_iam_policy.emr_creator_minimal_policy",
            "module.tamr-vm.module.aws-iam-policies.aws_iam_role_policy_attachment.emr_creator_policy_attachment",
            "module.tamr-vm.module.aws-iam-policies.aws_iam_role_policy_attachment.emrfs_user_s3_policy",
            "module.tamr-vm.module.aws-iam-policies.data.aws_caller_identity.current",
            "module.tamr-vm.module.aws-iam-policies.data.aws_iam_policy_document.emr_creator_policy",
            "module.tamr-vm.module.aws-iam-policies.data.aws_region.current",
            "module.tamr-vm.module.aws-iam-role.aws_iam_instance_profile.tamr_user_instance_profile",
            "module.tamr-vm.module.aws-iam-role.aws_iam_role.tamr_user_iam_role",
            "module.tamr-vm.module.aws-iam-role.data.aws_iam_policy_document.instance-assume-role-policy",
            "module.tamr-vm.module.tamr_instance.aws_instance.tamr-instance",
            "module.tamr-vm.module.tamr_instance.data.template_cloudinit_config.bootstrap-scripts",
            "module.tamr_networking.aws_network_acl.application_subnet",
            "module.tamr_networking.aws_network_acl.compute_subnet",
            "module.tamr_networking.aws_network_acl.data_subnets",
            "module.tamr_networking.aws_network_acl.load_balancing_subnets",
            "module.tamr_networking.aws_network_acl.public_subnets",
            "module.tamr_networking.aws_route_table_association.compute_subnet_rta",
            "module.tamr_networking.aws_subnet.compute_subnet",
            "module.tamr_networking.data.aws_ip_ranges.s3_cidrs",
            "module.tamr_networking.data.aws_region.current",
            "module.tamr_networking.data.aws_route_table.application_subnet_rt",
            "module.tamr_networking.data.aws_subnet.application_subnet",
            "module.tamr_networking.module.endpoints.aws_vpc_endpoint.this",
            "module.tamr_networking.module.endpoints.data.aws_vpc_endpoint_service.this",
            "module.tamr_networking.module.vpc.aws_cloudwatch_log_group.flow_log",
            "module.tamr_networking.module.vpc.aws_customer_gateway.this",
            "module.tamr_networking.module.vpc.aws_db_subnet_group.database",
            "module.tamr_networking.module.vpc.aws_default_network_acl.this",
            "module.tamr_networking.module.vpc.aws_default_route_table.default",
            "module.tamr_networking.module.vpc.aws_default_security_group.this",
            "module.tamr_networking.module.vpc.aws_default_vpc.this",
            "module.tamr_networking.module.vpc.aws_egress_only_internet_gateway.this",
            "module.tamr_networking.module.vpc.aws_eip.nat",
            "module.tamr_networking.module.vpc.aws_elasticache_subnet_group.elasticache",
            "module.tamr_networking.module.vpc.aws_flow_log.this",
            "module.tamr_networking.module.vpc.aws_iam_policy.vpc_flow_log_cloudwatch",
            "module.tamr_networking.module.vpc.aws_iam_role.vpc_flow_log_cloudwatch",
            "module.tamr_networking.module.vpc.aws_iam_role_policy_attachment.vpc_flow_log_cloudwatch",
            "module.tamr_networking.module.vpc.aws_internet_gateway.this",
            "module.tamr_networking.module.vpc.aws_nat_gateway.this",
            "module.tamr_networking.module.vpc.aws_network_acl.database",
            "module.tamr_networking.module.vpc.aws_network_acl.elasticache",
            "module.tamr_networking.module.vpc.aws_network_acl.intra",
            "module.tamr_networking.module.vpc.aws_network_acl.outpost",
            "module.tamr_networking.module.vpc.aws_network_acl.private",
            "module.tamr_networking.module.vpc.aws_network_acl.public",
            "module.tamr_networking.module.vpc.aws_network_acl.redshift",
            "module.tamr_networking.module.vpc.aws_network_acl_rule.database_inbound",
            "module.tamr_networking.module.vpc.aws_network_acl_rule.database_outbound",
            "module.tamr_networking.module.vpc.aws_network_acl_rule.elasticache_inbound",
            "module.tamr_networking.module.vpc.aws_network_acl_rule.elasticache_outbound",
            "module.tamr_networking.module.vpc.aws_network_acl_rule.intra_inbound",
            "module.tamr_networking.module.vpc.aws_network_acl_rule.intra_outbound",
            "module.tamr_networking.module.vpc.aws_network_acl_rule.outpost_inbound",
            "module.tamr_networking.module.vpc.aws_network_acl_rule.outpost_outbound",
            "module.tamr_networking.module.vpc.aws_network_acl_rule.private_inbound",
            "module.tamr_networking.module.vpc.aws_network_acl_rule.private_outbound",
            "module.tamr_networking.module.vpc.aws_network_acl_rule.public_inbound",
            "module.tamr_networking.module.vpc.aws_network_acl_rule.public_outbound",
            "module.tamr_networking.module.vpc.aws_network_acl_rule.redshift_inbound",
            "module.tamr_networking.module.vpc.aws_network_acl_rule.redshift_outbound",
            "module.tamr_networking.module.vpc.aws_redshift_subnet_group.redshift",
            "module.tamr_networking.module.vpc.aws_route.database_internet_gateway",
            "module.tamr_networking.module.vpc.aws_route.database_ipv6_egress",
            "module.tamr_networking.module.vpc.aws_route.database_nat_gateway",
            "module.tamr_networking.module.vpc.aws_route.private_ipv6_egress",
            "module.tamr_networking.module.vpc.aws_route.private_nat_gateway",
            "module.tamr_networking.module.vpc.aws_route.public_internet_gateway",
            "module.tamr_networking.module.vpc.aws_route.public_internet_gateway_ipv6",
            "module.tamr_networking.module.vpc.aws_route_table.database",
            "module.tamr_networking.module.vpc.aws_route_table.elasticache",
            "module.tamr_networking.module.vpc.aws_route_table.intra",
            "module.tamr_networking.module.vpc.aws_route_table.private",
            "module.tamr_networking.module.vpc.aws_route_table.public",
            "module.tamr_networking.module.vpc.aws_route_table.redshift",
            "module.tamr_networking.module.vpc.aws_route_table_association.database",
            "module.tamr_networking.module.vpc.aws_route_table_association.elasticache",
            "module.tamr_networking.module.vpc.aws_route_table_association.intra",
            "module.tamr_networking.module.vpc.aws_route_table_association.outpost",
            "module.tamr_networking.module.vpc.aws_route_table_association.private",
            "module.tamr_networking.module.vpc.aws_route_table_association.public",
            "module.tamr_networking.module.vpc.aws_route_table_association.redshift",
            "module.tamr_networking.module.vpc.aws_route_table_association.redshift_public",
            "module.tamr_networking.module.vpc.aws_subnet.database",
            "module.tamr_networking.module.vpc.aws_subnet.elasticache",
            "module.tamr_networking.module.vpc.aws_subnet.intra",
            "module.tamr_networking.module.vpc.aws_subnet.outpost",
            "module.tamr_networking.module.vpc.aws_subnet.private",
            "module.tamr_networking.module.vpc.aws_subnet.public",
            "module.tamr_networking.module.vpc.aws_subnet.redshift",
            "module.tamr_networking.module.vpc.aws_vpc.this",
            "module.tamr_networking.module.vpc.aws_vpc_dhcp_options.this",
            "module.tamr_networking.module.vpc.aws_vpc_dhcp_options_association.this",
            "module.tamr_networking.module.vpc.aws_vpc_ipv4_cidr_block_association.this",
            "module.tamr_networking.module.vpc.aws_vpn_gateway.this",
            "module.tamr_networking.module.vpc.aws_vpn_gateway_attachment.this",
            "module.tamr_networking.module.vpc.aws_vpn_gateway_route_propagation.intra",
            "module.tamr_networking.module.vpc.aws_vpn_gateway_route_propagation.private",
            "module.tamr_networking.module.vpc.aws_vpn_gateway_route_propagation.public",
            "module.tamr_networking.module.vpc.data.aws_iam_policy_document.flow_log_cloudwatch_assume_role",
            "module.tamr_networking.module.vpc.data.aws_iam_policy_document.vpc_flow_log_cloudwatch"
          ]
        }
      ]
    },
    {
      "module": "module.alb",
      "mode": "managed",
      "type": "aws_lb_target_group_attachment",
      "name": "tg_attachments",
      "provider": "provider[\"registry.terraform.io/hashicorp/aws\"]",
      "instances": [
        {
          "index_key": "0",
          "schema_version": 0,
          "attributes": {
            "availability_zone": null,
            "id": "arn:aws:elasticloadbalancing:us-west-1:131578276461:targetgroup/dms/b7c4e61fee879f22-20211027133633295300000008",
            "port": null,
            "target_group_arn": "arn:aws:elasticloadbalancing:us-west-1:131578276461:targetgroup/dms/b7c4e61fee879f22",
            "target_id": "i-047846b54e9fa5d9c"
          },
          "sensitive_attributes": [],
          "private": "bnVsbA==",
          "dependencies": [
            "data.aws_ami.tamr-vm",
            "data.aws_availability_zones.available",
            "data.aws_instances.masters",
            "data.template_file.install_nginx",
            "data.template_file.setup_dms",
            "module.alb.aws_lb_target_group.target_groups",
            "module.alb.module.sg_https_lb.module.sg.aws_security_group.this",
            "module.alb.module.sg_https_lb.module.sg.aws_security_group.this_name_prefix",
            "module.aws-emr-sg-core.aws_security_group.security-groups-egress-cidr",
            "module.aws-emr-sg-core.aws_security_group.security-groups-egress-sg",
            "module.aws-emr-sg-core.aws_security_group.security-groups-ingress-cidr",
            "module.aws-emr-sg-core.aws_security_group.security-groups-ingress-sg",
            "module.aws-emr-sg-master.aws_security_group.security-groups-egress-cidr",
            "module.aws-emr-sg-master.aws_security_group.security-groups-egress-sg",
            "module.aws-emr-sg-master.aws_security_group.security-groups-ingress-cidr",
            "module.aws-emr-sg-master.aws_security_group.security-groups-ingress-sg",
            "module.aws-emr-sg-service-access.aws_security_group.security-groups-egress-cidr",
            "module.aws-emr-sg-service-access.aws_security_group.security-groups-egress-sg",
            "module.aws-emr-sg-service-access.aws_security_group.security-groups-ingress-cidr",
            "module.aws-emr-sg-service-access.aws_security_group.security-groups-ingress-sg",
            "module.emr-logs-bucket.module.encrypted-bucket.aws_s3_bucket.new_bucket",
            "module.emr-rootdir-bucket.module.encrypted-bucket.aws_s3_bucket.new_bucket",
            "module.emr-spark.module.emr-cluster-config.aws_s3_bucket_object.upload_hbase_config_script",
            "module.emr-spark.module.emr-cluster-config.aws_s3_bucket_object.upload_json_config",
            "module.emr-spark.module.emr-cluster.aws_emr_cluster.emr-cluster",
            "module.emr-spark.module.emr-cluster.data.aws_s3_bucket_object.json_config",
            "module.emr-spark.module.emr-iam.aws_iam_instance_profile.emr_ec2_instance_profile",
            "module.emr-spark.module.emr-iam.aws_iam_role.emr_ec2_instance_profile",
            "module.emr-spark.module.emr-iam.aws_iam_role.emr_service_role",
            "module.emr-spark.module.emr-iam.data.aws_iam_policy_document.ec2_assume_role",
            "module.emr-spark.module.emr-iam.data.aws_iam_policy_document.emr_assume_role",
            "module.emr-spark.module.emr-sgs.aws_security_group.emr_managed_internal",
            "module.sg_vm_web.aws_security_group.security-groups-egress-cidr",
            "module.sg_vm_web.aws_security_group.security-groups-egress-sg",
            "module.sg_vm_web.aws_security_group.security-groups-ingress-cidr",
            "module.sg_vm_web.aws_security_group.security-groups-ingress-sg",
            "module.tamr-vm.module.aws-iam-policies.aws_iam_policy.emr_creator_minimal_policy",
            "module.tamr-vm.module.aws-iam-policies.aws_iam_role_policy_attachment.emr_creator_policy_attachment",
            "module.tamr-vm.module.aws-iam-policies.aws_iam_role_policy_attachment.emrfs_user_s3_policy",
            "module.tamr-vm.module.aws-iam-policies.data.aws_caller_identity.current",
            "module.tamr-vm.module.aws-iam-policies.data.aws_iam_policy_document.emr_creator_policy",
            "module.tamr-vm.module.aws-iam-policies.data.aws_region.current",
            "module.tamr-vm.module.aws-iam-role.aws_iam_instance_profile.tamr_user_instance_profile",
            "module.tamr-vm.module.aws-iam-role.aws_iam_role.tamr_user_iam_role",
            "module.tamr-vm.module.aws-iam-role.data.aws_iam_policy_document.instance-assume-role-policy",
            "module.tamr-vm.module.tamr_instance.aws_instance.tamr-instance",
            "module.tamr-vm.module.tamr_instance.data.template_cloudinit_config.bootstrap-scripts",
            "module.tamr_networking.aws_network_acl.application_subnet",
            "module.tamr_networking.aws_network_acl.compute_subnet",
            "module.tamr_networking.aws_network_acl.data_subnets",
            "module.tamr_networking.aws_network_acl.load_balancing_subnets",
            "module.tamr_networking.aws_network_acl.public_subnets",
            "module.tamr_networking.aws_route_table_association.compute_subnet_rta",
            "module.tamr_networking.aws_subnet.compute_subnet",
            "module.tamr_networking.data.aws_ip_ranges.s3_cidrs",
            "module.tamr_networking.data.aws_region.current",
            "module.tamr_networking.data.aws_route_table.application_subnet_rt",
            "module.tamr_networking.data.aws_subnet.application_subnet",
            "module.tamr_networking.module.endpoints.aws_vpc_endpoint.this",
            "module.tamr_networking.module.endpoints.data.aws_vpc_endpoint_service.this",
            "module.tamr_networking.module.vpc.aws_cloudwatch_log_group.flow_log",
            "module.tamr_networking.module.vpc.aws_customer_gateway.this",
            "module.tamr_networking.module.vpc.aws_db_subnet_group.database",
            "module.tamr_networking.module.vpc.aws_default_network_acl.this",
            "module.tamr_networking.module.vpc.aws_default_route_table.default",
            "module.tamr_networking.module.vpc.aws_default_security_group.this",
            "module.tamr_networking.module.vpc.aws_default_vpc.this",
            "module.tamr_networking.module.vpc.aws_egress_only_internet_gateway.this",
            "module.tamr_networking.module.vpc.aws_eip.nat",
            "module.tamr_networking.module.vpc.aws_elasticache_subnet_group.elasticache",
            "module.tamr_networking.module.vpc.aws_flow_log.this",
            "module.tamr_networking.module.vpc.aws_iam_policy.vpc_flow_log_cloudwatch",
            "module.tamr_networking.module.vpc.aws_iam_role.vpc_flow_log_cloudwatch",
            "module.tamr_networking.module.vpc.aws_iam_role_policy_attachment.vpc_flow_log_cloudwatch",
            "module.tamr_networking.module.vpc.aws_internet_gateway.this",
            "module.tamr_networking.module.vpc.aws_nat_gateway.this",
            "module.tamr_networking.module.vpc.aws_network_acl.database",
            "module.tamr_networking.module.vpc.aws_network_acl.elasticache",
            "module.tamr_networking.module.vpc.aws_network_acl.intra",
            "module.tamr_networking.module.vpc.aws_network_acl.outpost",
            "module.tamr_networking.module.vpc.aws_network_acl.private",
            "module.tamr_networking.module.vpc.aws_network_acl.public",
            "module.tamr_networking.module.vpc.aws_network_acl.redshift",
            "module.tamr_networking.module.vpc.aws_network_acl_rule.database_inbound",
            "module.tamr_networking.module.vpc.aws_network_acl_rule.database_outbound",
            "module.tamr_networking.module.vpc.aws_network_acl_rule.elasticache_inbound",
            "module.tamr_networking.module.vpc.aws_network_acl_rule.elasticache_outbound",
            "module.tamr_networking.module.vpc.aws_network_acl_rule.intra_inbound",
            "module.tamr_networking.module.vpc.aws_network_acl_rule.intra_outbound",
            "module.tamr_networking.module.vpc.aws_network_acl_rule.outpost_inbound",
            "module.tamr_networking.module.vpc.aws_network_acl_rule.outpost_outbound",
            "module.tamr_networking.module.vpc.aws_network_acl_rule.private_inbound",
            "module.tamr_networking.module.vpc.aws_network_acl_rule.private_outbound",
            "module.tamr_networking.module.vpc.aws_network_acl_rule.public_inbound",
            "module.tamr_networking.module.vpc.aws_network_acl_rule.public_outbound",
            "module.tamr_networking.module.vpc.aws_network_acl_rule.redshift_inbound",
            "module.tamr_networking.module.vpc.aws_network_acl_rule.redshift_outbound",
            "module.tamr_networking.module.vpc.aws_redshift_subnet_group.redshift",
            "module.tamr_networking.module.vpc.aws_route.database_internet_gateway",
            "module.tamr_networking.module.vpc.aws_route.database_ipv6_egress",
            "module.tamr_networking.module.vpc.aws_route.database_nat_gateway",
            "module.tamr_networking.module.vpc.aws_route.private_ipv6_egress",
            "module.tamr_networking.module.vpc.aws_route.private_nat_gateway",
            "module.tamr_networking.module.vpc.aws_route.public_internet_gateway",
            "module.tamr_networking.module.vpc.aws_route.public_internet_gateway_ipv6",
            "module.tamr_networking.module.vpc.aws_route_table.database",
            "module.tamr_networking.module.vpc.aws_route_table.elasticache",
            "module.tamr_networking.module.vpc.aws_route_table.intra",
            "module.tamr_networking.module.vpc.aws_route_table.private",
            "module.tamr_networking.module.vpc.aws_route_table.public",
            "module.tamr_networking.module.vpc.aws_route_table.redshift",
            "module.tamr_networking.module.vpc.aws_route_table_association.database",
            "module.tamr_networking.module.vpc.aws_route_table_association.elasticache",
            "module.tamr_networking.module.vpc.aws_route_table_association.intra",
            "module.tamr_networking.module.vpc.aws_route_table_association.outpost",
            "module.tamr_networking.module.vpc.aws_route_table_association.private",
            "module.tamr_networking.module.vpc.aws_route_table_association.public",
            "module.tamr_networking.module.vpc.aws_route_table_association.redshift",
            "module.tamr_networking.module.vpc.aws_route_table_association.redshift_public",
            "module.tamr_networking.module.vpc.aws_subnet.database",
            "module.tamr_networking.module.vpc.aws_subnet.elasticache",
            "module.tamr_networking.module.vpc.aws_subnet.intra",
            "module.tamr_networking.module.vpc.aws_subnet.outpost",
            "module.tamr_networking.module.vpc.aws_subnet.private",
            "module.tamr_networking.module.vpc.aws_subnet.public",
            "module.tamr_networking.module.vpc.aws_subnet.redshift",
            "module.tamr_networking.module.vpc.aws_vpc.this",
            "module.tamr_networking.module.vpc.aws_vpc_dhcp_options.this",
            "module.tamr_networking.module.vpc.aws_vpc_dhcp_options_association.this",
            "module.tamr_networking.module.vpc.aws_vpc_ipv4_cidr_block_association.this",
            "module.tamr_networking.module.vpc.aws_vpn_gateway.this",
            "module.tamr_networking.module.vpc.aws_vpn_gateway_attachment.this",
            "module.tamr_networking.module.vpc.aws_vpn_gateway_route_propagation.intra",
            "module.tamr_networking.module.vpc.aws_vpn_gateway_route_propagation.private",
            "module.tamr_networking.module.vpc.aws_vpn_gateway_route_propagation.public",
            "module.tamr_networking.module.vpc.data.aws_iam_policy_document.flow_log_cloudwatch_assume_role",
            "module.tamr_networking.module.vpc.data.aws_iam_policy_document.vpc_flow_log_cloudwatch"
          ]
        },
        {
          "index_key": "1",
          "schema_version": 0,
          "attributes": {
            "availability_zone": null,
            "id": "arn:aws:elasticloadbalancing:us-west-1:131578276461:targetgroup/ganglia/c250e5ec0d3865d9-20211027133633315600000009",
            "port": null,
            "target_group_arn": "arn:aws:elasticloadbalancing:us-west-1:131578276461:targetgroup/ganglia/c250e5ec0d3865d9",
            "target_id": "i-0376771dd23b36593"
          },
          "sensitive_attributes": [],
          "private": "bnVsbA==",
          "dependencies": [
            "data.aws_ami.tamr-vm",
            "data.aws_availability_zones.available",
            "data.aws_instances.masters",
            "data.template_file.install_nginx",
            "data.template_file.setup_dms",
            "module.alb.aws_lb_target_group.target_groups",
            "module.alb.module.sg_https_lb.module.sg.aws_security_group.this",
            "module.alb.module.sg_https_lb.module.sg.aws_security_group.this_name_prefix",
            "module.aws-emr-sg-core.aws_security_group.security-groups-egress-cidr",
            "module.aws-emr-sg-core.aws_security_group.security-groups-egress-sg",
            "module.aws-emr-sg-core.aws_security_group.security-groups-ingress-cidr",
            "module.aws-emr-sg-core.aws_security_group.security-groups-ingress-sg",
            "module.aws-emr-sg-master.aws_security_group.security-groups-egress-cidr",
            "module.aws-emr-sg-master.aws_security_group.security-groups-egress-sg",
            "module.aws-emr-sg-master.aws_security_group.security-groups-ingress-cidr",
            "module.aws-emr-sg-master.aws_security_group.security-groups-ingress-sg",
            "module.aws-emr-sg-service-access.aws_security_group.security-groups-egress-cidr",
            "module.aws-emr-sg-service-access.aws_security_group.security-groups-egress-sg",
            "module.aws-emr-sg-service-access.aws_security_group.security-groups-ingress-cidr",
            "module.aws-emr-sg-service-access.aws_security_group.security-groups-ingress-sg",
            "module.emr-logs-bucket.module.encrypted-bucket.aws_s3_bucket.new_bucket",
            "module.emr-rootdir-bucket.module.encrypted-bucket.aws_s3_bucket.new_bucket",
            "module.emr-spark.module.emr-cluster-config.aws_s3_bucket_object.upload_hbase_config_script",
            "module.emr-spark.module.emr-cluster-config.aws_s3_bucket_object.upload_json_config",
            "module.emr-spark.module.emr-cluster.aws_emr_cluster.emr-cluster",
            "module.emr-spark.module.emr-cluster.data.aws_s3_bucket_object.json_config",
            "module.emr-spark.module.emr-iam.aws_iam_instance_profile.emr_ec2_instance_profile",
            "module.emr-spark.module.emr-iam.aws_iam_role.emr_ec2_instance_profile",
            "module.emr-spark.module.emr-iam.aws_iam_role.emr_service_role",
            "module.emr-spark.module.emr-iam.data.aws_iam_policy_document.ec2_assume_role",
            "module.emr-spark.module.emr-iam.data.aws_iam_policy_document.emr_assume_role",
            "module.emr-spark.module.emr-sgs.aws_security_group.emr_managed_internal",
            "module.sg_vm_web.aws_security_group.security-groups-egress-cidr",
            "module.sg_vm_web.aws_security_group.security-groups-egress-sg",
            "module.sg_vm_web.aws_security_group.security-groups-ingress-cidr",
            "module.sg_vm_web.aws_security_group.security-groups-ingress-sg",
            "module.tamr-vm.module.aws-iam-policies.aws_iam_policy.emr_creator_minimal_policy",
            "module.tamr-vm.module.aws-iam-policies.aws_iam_role_policy_attachment.emr_creator_policy_attachment",
            "module.tamr-vm.module.aws-iam-policies.aws_iam_role_policy_attachment.emrfs_user_s3_policy",
            "module.tamr-vm.module.aws-iam-policies.data.aws_caller_identity.current",
            "module.tamr-vm.module.aws-iam-policies.data.aws_iam_policy_document.emr_creator_policy",
            "module.tamr-vm.module.aws-iam-policies.data.aws_region.current",
            "module.tamr-vm.module.aws-iam-role.aws_iam_instance_profile.tamr_user_instance_profile",
            "module.tamr-vm.module.aws-iam-role.aws_iam_role.tamr_user_iam_role",
            "module.tamr-vm.module.aws-iam-role.data.aws_iam_policy_document.instance-assume-role-policy",
            "module.tamr-vm.module.tamr_instance.aws_instance.tamr-instance",
            "module.tamr-vm.module.tamr_instance.data.template_cloudinit_config.bootstrap-scripts",
            "module.tamr_networking.aws_network_acl.application_subnet",
            "module.tamr_networking.aws_network_acl.compute_subnet",
            "module.tamr_networking.aws_network_acl.data_subnets",
            "module.tamr_networking.aws_network_acl.load_balancing_subnets",
            "module.tamr_networking.aws_network_acl.public_subnets",
            "module.tamr_networking.aws_route_table_association.compute_subnet_rta",
            "module.tamr_networking.aws_subnet.compute_subnet",
            "module.tamr_networking.data.aws_ip_ranges.s3_cidrs",
            "module.tamr_networking.data.aws_region.current",
            "module.tamr_networking.data.aws_route_table.application_subnet_rt",
            "module.tamr_networking.data.aws_subnet.application_subnet",
            "module.tamr_networking.module.endpoints.aws_vpc_endpoint.this",
            "module.tamr_networking.module.endpoints.data.aws_vpc_endpoint_service.this",
            "module.tamr_networking.module.vpc.aws_cloudwatch_log_group.flow_log",
            "module.tamr_networking.module.vpc.aws_customer_gateway.this",
            "module.tamr_networking.module.vpc.aws_db_subnet_group.database",
            "module.tamr_networking.module.vpc.aws_default_network_acl.this",
            "module.tamr_networking.module.vpc.aws_default_route_table.default",
            "module.tamr_networking.module.vpc.aws_default_security_group.this",
            "module.tamr_networking.module.vpc.aws_default_vpc.this",
            "module.tamr_networking.module.vpc.aws_egress_only_internet_gateway.this",
            "module.tamr_networking.module.vpc.aws_eip.nat",
            "module.tamr_networking.module.vpc.aws_elasticache_subnet_group.elasticache",
            "module.tamr_networking.module.vpc.aws_flow_log.this",
            "module.tamr_networking.module.vpc.aws_iam_policy.vpc_flow_log_cloudwatch",
            "module.tamr_networking.module.vpc.aws_iam_role.vpc_flow_log_cloudwatch",
            "module.tamr_networking.module.vpc.aws_iam_role_policy_attachment.vpc_flow_log_cloudwatch",
            "module.tamr_networking.module.vpc.aws_internet_gateway.this",
            "module.tamr_networking.module.vpc.aws_nat_gateway.this",
            "module.tamr_networking.module.vpc.aws_network_acl.database",
            "module.tamr_networking.module.vpc.aws_network_acl.elasticache",
            "module.tamr_networking.module.vpc.aws_network_acl.intra",
            "module.tamr_networking.module.vpc.aws_network_acl.outpost",
            "module.tamr_networking.module.vpc.aws_network_acl.private",
            "module.tamr_networking.module.vpc.aws_network_acl.public",
            "module.tamr_networking.module.vpc.aws_network_acl.redshift",
            "module.tamr_networking.module.vpc.aws_network_acl_rule.database_inbound",
            "module.tamr_networking.module.vpc.aws_network_acl_rule.database_outbound",
            "module.tamr_networking.module.vpc.aws_network_acl_rule.elasticache_inbound",
            "module.tamr_networking.module.vpc.aws_network_acl_rule.elasticache_outbound",
            "module.tamr_networking.module.vpc.aws_network_acl_rule.intra_inbound",
            "module.tamr_networking.module.vpc.aws_network_acl_rule.intra_outbound",
            "module.tamr_networking.module.vpc.aws_network_acl_rule.outpost_inbound",
            "module.tamr_networking.module.vpc.aws_network_acl_rule.outpost_outbound",
            "module.tamr_networking.module.vpc.aws_network_acl_rule.private_inbound",
            "module.tamr_networking.module.vpc.aws_network_acl_rule.private_outbound",
            "module.tamr_networking.module.vpc.aws_network_acl_rule.public_inbound",
            "module.tamr_networking.module.vpc.aws_network_acl_rule.public_outbound",
            "module.tamr_networking.module.vpc.aws_network_acl_rule.redshift_inbound",
            "module.tamr_networking.module.vpc.aws_network_acl_rule.redshift_outbound",
            "module.tamr_networking.module.vpc.aws_redshift_subnet_group.redshift",
            "module.tamr_networking.module.vpc.aws_route.database_internet_gateway",
            "module.tamr_networking.module.vpc.aws_route.database_ipv6_egress",
            "module.tamr_networking.module.vpc.aws_route.database_nat_gateway",
            "module.tamr_networking.module.vpc.aws_route.private_ipv6_egress",
            "module.tamr_networking.module.vpc.aws_route.private_nat_gateway",
            "module.tamr_networking.module.vpc.aws_route.public_internet_gateway",
            "module.tamr_networking.module.vpc.aws_route.public_internet_gateway_ipv6",
            "module.tamr_networking.module.vpc.aws_route_table.database",
            "module.tamr_networking.module.vpc.aws_route_table.elasticache",
            "module.tamr_networking.module.vpc.aws_route_table.intra",
            "module.tamr_networking.module.vpc.aws_route_table.private",
            "module.tamr_networking.module.vpc.aws_route_table.public",
            "module.tamr_networking.module.vpc.aws_route_table.redshift",
            "module.tamr_networking.module.vpc.aws_route_table_association.database",
            "module.tamr_networking.module.vpc.aws_route_table_association.elasticache",
            "module.tamr_networking.module.vpc.aws_route_table_association.intra",
            "module.tamr_networking.module.vpc.aws_route_table_association.outpost",
            "module.tamr_networking.module.vpc.aws_route_table_association.private",
            "module.tamr_networking.module.vpc.aws_route_table_association.public",
            "module.tamr_networking.module.vpc.aws_route_table_association.redshift",
            "module.tamr_networking.module.vpc.aws_route_table_association.redshift_public",
            "module.tamr_networking.module.vpc.aws_subnet.database",
            "module.tamr_networking.module.vpc.aws_subnet.elasticache",
            "module.tamr_networking.module.vpc.aws_subnet.intra",
            "module.tamr_networking.module.vpc.aws_subnet.outpost",
            "module.tamr_networking.module.vpc.aws_subnet.private",
            "module.tamr_networking.module.vpc.aws_subnet.public",
            "module.tamr_networking.module.vpc.aws_subnet.redshift",
            "module.tamr_networking.module.vpc.aws_vpc.this",
            "module.tamr_networking.module.vpc.aws_vpc_dhcp_options.this",
            "module.tamr_networking.module.vpc.aws_vpc_dhcp_options_association.this",
            "module.tamr_networking.module.vpc.aws_vpc_ipv4_cidr_block_association.this",
            "module.tamr_networking.module.vpc.aws_vpn_gateway.this",
            "module.tamr_networking.module.vpc.aws_vpn_gateway_attachment.this",
            "module.tamr_networking.module.vpc.aws_vpn_gateway_route_propagation.intra",
            "module.tamr_networking.module.vpc.aws_vpn_gateway_route_propagation.private",
            "module.tamr_networking.module.vpc.aws_vpn_gateway_route_propagation.public",
            "module.tamr_networking.module.vpc.data.aws_iam_policy_document.flow_log_cloudwatch_assume_role",
            "module.tamr_networking.module.vpc.data.aws_iam_policy_document.vpc_flow_log_cloudwatch"
          ]
        },
        {
          "index_key": "2",
          "schema_version": 0,
          "attributes": {
            "availability_zone": null,
            "id": "arn:aws:elasticloadbalancing:us-west-1:131578276461:targetgroup/ganglia/c250e5ec0d3865d9-2021102713363372440000000c",
            "port": null,
            "target_group_arn": "arn:aws:elasticloadbalancing:us-west-1:131578276461:targetgroup/ganglia/c250e5ec0d3865d9",
            "target_id": "i-05950c7ac5479b94b"
          },
          "sensitive_attributes": [],
          "private": "bnVsbA==",
          "dependencies": [
            "data.aws_ami.tamr-vm",
            "data.aws_availability_zones.available",
            "data.aws_instances.masters",
            "data.template_file.install_nginx",
            "data.template_file.setup_dms",
            "module.alb.aws_lb_target_group.target_groups",
            "module.alb.module.sg_https_lb.module.sg.aws_security_group.this",
            "module.alb.module.sg_https_lb.module.sg.aws_security_group.this_name_prefix",
            "module.aws-emr-sg-core.aws_security_group.security-groups-egress-cidr",
            "module.aws-emr-sg-core.aws_security_group.security-groups-egress-sg",
            "module.aws-emr-sg-core.aws_security_group.security-groups-ingress-cidr",
            "module.aws-emr-sg-core.aws_security_group.security-groups-ingress-sg",
            "module.aws-emr-sg-master.aws_security_group.security-groups-egress-cidr",
            "module.aws-emr-sg-master.aws_security_group.security-groups-egress-sg",
            "module.aws-emr-sg-master.aws_security_group.security-groups-ingress-cidr",
            "module.aws-emr-sg-master.aws_security_group.security-groups-ingress-sg",
            "module.aws-emr-sg-service-access.aws_security_group.security-groups-egress-cidr",
            "module.aws-emr-sg-service-access.aws_security_group.security-groups-egress-sg",
            "module.aws-emr-sg-service-access.aws_security_group.security-groups-ingress-cidr",
            "module.aws-emr-sg-service-access.aws_security_group.security-groups-ingress-sg",
            "module.emr-logs-bucket.module.encrypted-bucket.aws_s3_bucket.new_bucket",
            "module.emr-rootdir-bucket.module.encrypted-bucket.aws_s3_bucket.new_bucket",
            "module.emr-spark.module.emr-cluster-config.aws_s3_bucket_object.upload_hbase_config_script",
            "module.emr-spark.module.emr-cluster-config.aws_s3_bucket_object.upload_json_config",
            "module.emr-spark.module.emr-cluster.aws_emr_cluster.emr-cluster",
            "module.emr-spark.module.emr-cluster.data.aws_s3_bucket_object.json_config",
            "module.emr-spark.module.emr-iam.aws_iam_instance_profile.emr_ec2_instance_profile",
            "module.emr-spark.module.emr-iam.aws_iam_role.emr_ec2_instance_profile",
            "module.emr-spark.module.emr-iam.aws_iam_role.emr_service_role",
            "module.emr-spark.module.emr-iam.data.aws_iam_policy_document.ec2_assume_role",
            "module.emr-spark.module.emr-iam.data.aws_iam_policy_document.emr_assume_role",
            "module.emr-spark.module.emr-sgs.aws_security_group.emr_managed_internal",
            "module.sg_vm_web.aws_security_group.security-groups-egress-cidr",
            "module.sg_vm_web.aws_security_group.security-groups-egress-sg",
            "module.sg_vm_web.aws_security_group.security-groups-ingress-cidr",
            "module.sg_vm_web.aws_security_group.security-groups-ingress-sg",
            "module.tamr-vm.module.aws-iam-policies.aws_iam_policy.emr_creator_minimal_policy",
            "module.tamr-vm.module.aws-iam-policies.aws_iam_role_policy_attachment.emr_creator_policy_attachment",
            "module.tamr-vm.module.aws-iam-policies.aws_iam_role_policy_attachment.emrfs_user_s3_policy",
            "module.tamr-vm.module.aws-iam-policies.data.aws_caller_identity.current",
            "module.tamr-vm.module.aws-iam-policies.data.aws_iam_policy_document.emr_creator_policy",
            "module.tamr-vm.module.aws-iam-policies.data.aws_region.current",
            "module.tamr-vm.module.aws-iam-role.aws_iam_instance_profile.tamr_user_instance_profile",
            "module.tamr-vm.module.aws-iam-role.aws_iam_role.tamr_user_iam_role",
            "module.tamr-vm.module.aws-iam-role.data.aws_iam_policy_document.instance-assume-role-policy",
            "module.tamr-vm.module.tamr_instance.aws_instance.tamr-instance",
            "module.tamr-vm.module.tamr_instance.data.template_cloudinit_config.bootstrap-scripts",
            "module.tamr_networking.aws_network_acl.application_subnet",
            "module.tamr_networking.aws_network_acl.compute_subnet",
            "module.tamr_networking.aws_network_acl.data_subnets",
            "module.tamr_networking.aws_network_acl.load_balancing_subnets",
            "module.tamr_networking.aws_network_acl.public_subnets",
            "module.tamr_networking.aws_route_table_association.compute_subnet_rta",
            "module.tamr_networking.aws_subnet.compute_subnet",
            "module.tamr_networking.data.aws_ip_ranges.s3_cidrs",
            "module.tamr_networking.data.aws_region.current",
            "module.tamr_networking.data.aws_route_table.application_subnet_rt",
            "module.tamr_networking.data.aws_subnet.application_subnet",
            "module.tamr_networking.module.endpoints.aws_vpc_endpoint.this",
            "module.tamr_networking.module.endpoints.data.aws_vpc_endpoint_service.this",
            "module.tamr_networking.module.vpc.aws_cloudwatch_log_group.flow_log",
            "module.tamr_networking.module.vpc.aws_customer_gateway.this",
            "module.tamr_networking.module.vpc.aws_db_subnet_group.database",
            "module.tamr_networking.module.vpc.aws_default_network_acl.this",
            "module.tamr_networking.module.vpc.aws_default_route_table.default",
            "module.tamr_networking.module.vpc.aws_default_security_group.this",
            "module.tamr_networking.module.vpc.aws_default_vpc.this",
            "module.tamr_networking.module.vpc.aws_egress_only_internet_gateway.this",
            "module.tamr_networking.module.vpc.aws_eip.nat",
            "module.tamr_networking.module.vpc.aws_elasticache_subnet_group.elasticache",
            "module.tamr_networking.module.vpc.aws_flow_log.this",
            "module.tamr_networking.module.vpc.aws_iam_policy.vpc_flow_log_cloudwatch",
            "module.tamr_networking.module.vpc.aws_iam_role.vpc_flow_log_cloudwatch",
            "module.tamr_networking.module.vpc.aws_iam_role_policy_attachment.vpc_flow_log_cloudwatch",
            "module.tamr_networking.module.vpc.aws_internet_gateway.this",
            "module.tamr_networking.module.vpc.aws_nat_gateway.this",
            "module.tamr_networking.module.vpc.aws_network_acl.database",
            "module.tamr_networking.module.vpc.aws_network_acl.elasticache",
            "module.tamr_networking.module.vpc.aws_network_acl.intra",
            "module.tamr_networking.module.vpc.aws_network_acl.outpost",
            "module.tamr_networking.module.vpc.aws_network_acl.private",
            "module.tamr_networking.module.vpc.aws_network_acl.public",
            "module.tamr_networking.module.vpc.aws_network_acl.redshift",
            "module.tamr_networking.module.vpc.aws_network_acl_rule.database_inbound",
            "module.tamr_networking.module.vpc.aws_network_acl_rule.database_outbound",
            "module.tamr_networking.module.vpc.aws_network_acl_rule.elasticache_inbound",
            "module.tamr_networking.module.vpc.aws_network_acl_rule.elasticache_outbound",
            "module.tamr_networking.module.vpc.aws_network_acl_rule.intra_inbound",
            "module.tamr_networking.module.vpc.aws_network_acl_rule.intra_outbound",
            "module.tamr_networking.module.vpc.aws_network_acl_rule.outpost_inbound",
            "module.tamr_networking.module.vpc.aws_network_acl_rule.outpost_outbound",
            "module.tamr_networking.module.vpc.aws_network_acl_rule.private_inbound",
            "module.tamr_networking.module.vpc.aws_network_acl_rule.private_outbound",
            "module.tamr_networking.module.vpc.aws_network_acl_rule.public_inbound",
            "module.tamr_networking.module.vpc.aws_network_acl_rule.public_outbound",
            "module.tamr_networking.module.vpc.aws_network_acl_rule.redshift_inbound",
            "module.tamr_networking.module.vpc.aws_network_acl_rule.redshift_outbound",
            "module.tamr_networking.module.vpc.aws_redshift_subnet_group.redshift",
            "module.tamr_networking.module.vpc.aws_route.database_internet_gateway",
            "module.tamr_networking.module.vpc.aws_route.database_ipv6_egress",
            "module.tamr_networking.module.vpc.aws_route.database_nat_gateway",
            "module.tamr_networking.module.vpc.aws_route.private_ipv6_egress",
            "module.tamr_networking.module.vpc.aws_route.private_nat_gateway",
            "module.tamr_networking.module.vpc.aws_route.public_internet_gateway",
            "module.tamr_networking.module.vpc.aws_route.public_internet_gateway_ipv6",
            "module.tamr_networking.module.vpc.aws_route_table.database",
            "module.tamr_networking.module.vpc.aws_route_table.elasticache",
            "module.tamr_networking.module.vpc.aws_route_table.intra",
            "module.tamr_networking.module.vpc.aws_route_table.private",
            "module.tamr_networking.module.vpc.aws_route_table.public",
            "module.tamr_networking.module.vpc.aws_route_table.redshift",
            "module.tamr_networking.module.vpc.aws_route_table_association.database",
            "module.tamr_networking.module.vpc.aws_route_table_association.elasticache",
            "module.tamr_networking.module.vpc.aws_route_table_association.intra",
            "module.tamr_networking.module.vpc.aws_route_table_association.outpost",
            "module.tamr_networking.module.vpc.aws_route_table_association.private",
            "module.tamr_networking.module.vpc.aws_route_table_association.public",
            "module.tamr_networking.module.vpc.aws_route_table_association.redshift",
            "module.tamr_networking.module.vpc.aws_route_table_association.redshift_public",
            "module.tamr_networking.module.vpc.aws_subnet.database",
            "module.tamr_networking.module.vpc.aws_subnet.elasticache",
            "module.tamr_networking.module.vpc.aws_subnet.intra",
            "module.tamr_networking.module.vpc.aws_subnet.outpost",
            "module.tamr_networking.module.vpc.aws_subnet.private",
            "module.tamr_networking.module.vpc.aws_subnet.public",
            "module.tamr_networking.module.vpc.aws_subnet.redshift",
            "module.tamr_networking.module.vpc.aws_vpc.this",
            "module.tamr_networking.module.vpc.aws_vpc_dhcp_options.this",
            "module.tamr_networking.module.vpc.aws_vpc_dhcp_options_association.this",
            "module.tamr_networking.module.vpc.aws_vpc_ipv4_cidr_block_association.this",
            "module.tamr_networking.module.vpc.aws_vpn_gateway.this",
            "module.tamr_networking.module.vpc.aws_vpn_gateway_attachment.this",
            "module.tamr_networking.module.vpc.aws_vpn_gateway_route_propagation.intra",
            "module.tamr_networking.module.vpc.aws_vpn_gateway_route_propagation.private",
            "module.tamr_networking.module.vpc.aws_vpn_gateway_route_propagation.public",
            "module.tamr_networking.module.vpc.data.aws_iam_policy_document.flow_log_cloudwatch_assume_role",
            "module.tamr_networking.module.vpc.data.aws_iam_policy_document.vpc_flow_log_cloudwatch"
          ]
        },
        {
          "index_key": "3",
          "schema_version": 0,
          "attributes": {
            "availability_zone": null,
            "id": "arn:aws:elasticloadbalancing:us-west-1:131578276461:targetgroup/ganglia/c250e5ec0d3865d9-2021102713363339330000000b",
            "port": null,
            "target_group_arn": "arn:aws:elasticloadbalancing:us-west-1:131578276461:targetgroup/ganglia/c250e5ec0d3865d9",
            "target_id": "i-020c5250eff37ddaa"
          },
          "sensitive_attributes": [],
          "private": "bnVsbA==",
          "dependencies": [
            "data.aws_ami.tamr-vm",
            "data.aws_availability_zones.available",
            "data.aws_instances.masters",
            "data.template_file.install_nginx",
            "data.template_file.setup_dms",
            "module.alb.aws_lb_target_group.target_groups",
            "module.alb.module.sg_https_lb.module.sg.aws_security_group.this",
            "module.alb.module.sg_https_lb.module.sg.aws_security_group.this_name_prefix",
            "module.aws-emr-sg-core.aws_security_group.security-groups-egress-cidr",
            "module.aws-emr-sg-core.aws_security_group.security-groups-egress-sg",
            "module.aws-emr-sg-core.aws_security_group.security-groups-ingress-cidr",
            "module.aws-emr-sg-core.aws_security_group.security-groups-ingress-sg",
            "module.aws-emr-sg-master.aws_security_group.security-groups-egress-cidr",
            "module.aws-emr-sg-master.aws_security_group.security-groups-egress-sg",
            "module.aws-emr-sg-master.aws_security_group.security-groups-ingress-cidr",
            "module.aws-emr-sg-master.aws_security_group.security-groups-ingress-sg",
            "module.aws-emr-sg-service-access.aws_security_group.security-groups-egress-cidr",
            "module.aws-emr-sg-service-access.aws_security_group.security-groups-egress-sg",
            "module.aws-emr-sg-service-access.aws_security_group.security-groups-ingress-cidr",
            "module.aws-emr-sg-service-access.aws_security_group.security-groups-ingress-sg",
            "module.emr-logs-bucket.module.encrypted-bucket.aws_s3_bucket.new_bucket",
            "module.emr-rootdir-bucket.module.encrypted-bucket.aws_s3_bucket.new_bucket",
            "module.emr-spark.module.emr-cluster-config.aws_s3_bucket_object.upload_hbase_config_script",
            "module.emr-spark.module.emr-cluster-config.aws_s3_bucket_object.upload_json_config",
            "module.emr-spark.module.emr-cluster.aws_emr_cluster.emr-cluster",
            "module.emr-spark.module.emr-cluster.data.aws_s3_bucket_object.json_config",
            "module.emr-spark.module.emr-iam.aws_iam_instance_profile.emr_ec2_instance_profile",
            "module.emr-spark.module.emr-iam.aws_iam_role.emr_ec2_instance_profile",
            "module.emr-spark.module.emr-iam.aws_iam_role.emr_service_role",
            "module.emr-spark.module.emr-iam.data.aws_iam_policy_document.ec2_assume_role",
            "module.emr-spark.module.emr-iam.data.aws_iam_policy_document.emr_assume_role",
            "module.emr-spark.module.emr-sgs.aws_security_group.emr_managed_internal",
            "module.sg_vm_web.aws_security_group.security-groups-egress-cidr",
            "module.sg_vm_web.aws_security_group.security-groups-egress-sg",
            "module.sg_vm_web.aws_security_group.security-groups-ingress-cidr",
            "module.sg_vm_web.aws_security_group.security-groups-ingress-sg",
            "module.tamr-vm.module.aws-iam-policies.aws_iam_policy.emr_creator_minimal_policy",
            "module.tamr-vm.module.aws-iam-policies.aws_iam_role_policy_attachment.emr_creator_policy_attachment",
            "module.tamr-vm.module.aws-iam-policies.aws_iam_role_policy_attachment.emrfs_user_s3_policy",
            "module.tamr-vm.module.aws-iam-policies.data.aws_caller_identity.current",
            "module.tamr-vm.module.aws-iam-policies.data.aws_iam_policy_document.emr_creator_policy",
            "module.tamr-vm.module.aws-iam-policies.data.aws_region.current",
            "module.tamr-vm.module.aws-iam-role.aws_iam_instance_profile.tamr_user_instance_profile",
            "module.tamr-vm.module.aws-iam-role.aws_iam_role.tamr_user_iam_role",
            "module.tamr-vm.module.aws-iam-role.data.aws_iam_policy_document.instance-assume-role-policy",
            "module.tamr-vm.module.tamr_instance.aws_instance.tamr-instance",
            "module.tamr-vm.module.tamr_instance.data.template_cloudinit_config.bootstrap-scripts",
            "module.tamr_networking.aws_network_acl.application_subnet",
            "module.tamr_networking.aws_network_acl.compute_subnet",
            "module.tamr_networking.aws_network_acl.data_subnets",
            "module.tamr_networking.aws_network_acl.load_balancing_subnets",
            "module.tamr_networking.aws_network_acl.public_subnets",
            "module.tamr_networking.aws_route_table_association.compute_subnet_rta",
            "module.tamr_networking.aws_subnet.compute_subnet",
            "module.tamr_networking.data.aws_ip_ranges.s3_cidrs",
            "module.tamr_networking.data.aws_region.current",
            "module.tamr_networking.data.aws_route_table.application_subnet_rt",
            "module.tamr_networking.data.aws_subnet.application_subnet",
            "module.tamr_networking.module.endpoints.aws_vpc_endpoint.this",
            "module.tamr_networking.module.endpoints.data.aws_vpc_endpoint_service.this",
            "module.tamr_networking.module.vpc.aws_cloudwatch_log_group.flow_log",
            "module.tamr_networking.module.vpc.aws_customer_gateway.this",
            "module.tamr_networking.module.vpc.aws_db_subnet_group.database",
            "module.tamr_networking.module.vpc.aws_default_network_acl.this",
            "module.tamr_networking.module.vpc.aws_default_route_table.default",
            "module.tamr_networking.module.vpc.aws_default_security_group.this",
            "module.tamr_networking.module.vpc.aws_default_vpc.this",
            "module.tamr_networking.module.vpc.aws_egress_only_internet_gateway.this",
            "module.tamr_networking.module.vpc.aws_eip.nat",
            "module.tamr_networking.module.vpc.aws_elasticache_subnet_group.elasticache",
            "module.tamr_networking.module.vpc.aws_flow_log.this",
            "module.tamr_networking.module.vpc.aws_iam_policy.vpc_flow_log_cloudwatch",
            "module.tamr_networking.module.vpc.aws_iam_role.vpc_flow_log_cloudwatch",
            "module.tamr_networking.module.vpc.aws_iam_role_policy_attachment.vpc_flow_log_cloudwatch",
            "module.tamr_networking.module.vpc.aws_internet_gateway.this",
            "module.tamr_networking.module.vpc.aws_nat_gateway.this",
            "module.tamr_networking.module.vpc.aws_network_acl.database",
            "module.tamr_networking.module.vpc.aws_network_acl.elasticache",
            "module.tamr_networking.module.vpc.aws_network_acl.intra",
            "module.tamr_networking.module.vpc.aws_network_acl.outpost",
            "module.tamr_networking.module.vpc.aws_network_acl.private",
            "module.tamr_networking.module.vpc.aws_network_acl.public",
            "module.tamr_networking.module.vpc.aws_network_acl.redshift",
            "module.tamr_networking.module.vpc.aws_network_acl_rule.database_inbound",
            "module.tamr_networking.module.vpc.aws_network_acl_rule.database_outbound",
            "module.tamr_networking.module.vpc.aws_network_acl_rule.elasticache_inbound",
            "module.tamr_networking.module.vpc.aws_network_acl_rule.elasticache_outbound",
            "module.tamr_networking.module.vpc.aws_network_acl_rule.intra_inbound",
            "module.tamr_networking.module.vpc.aws_network_acl_rule.intra_outbound",
            "module.tamr_networking.module.vpc.aws_network_acl_rule.outpost_inbound",
            "module.tamr_networking.module.vpc.aws_network_acl_rule.outpost_outbound",
            "module.tamr_networking.module.vpc.aws_network_acl_rule.private_inbound",
            "module.tamr_networking.module.vpc.aws_network_acl_rule.private_outbound",
            "module.tamr_networking.module.vpc.aws_network_acl_rule.public_inbound",
            "module.tamr_networking.module.vpc.aws_network_acl_rule.public_outbound",
            "module.tamr_networking.module.vpc.aws_network_acl_rule.redshift_inbound",
            "module.tamr_networking.module.vpc.aws_network_acl_rule.redshift_outbound",
            "module.tamr_networking.module.vpc.aws_redshift_subnet_group.redshift",
            "module.tamr_networking.module.vpc.aws_route.database_internet_gateway",
            "module.tamr_networking.module.vpc.aws_route.database_ipv6_egress",
            "module.tamr_networking.module.vpc.aws_route.database_nat_gateway",
            "module.tamr_networking.module.vpc.aws_route.private_ipv6_egress",
            "module.tamr_networking.module.vpc.aws_route.private_nat_gateway",
            "module.tamr_networking.module.vpc.aws_route.public_internet_gateway",
            "module.tamr_networking.module.vpc.aws_route.public_internet_gateway_ipv6",
            "module.tamr_networking.module.vpc.aws_route_table.database",
            "module.tamr_networking.module.vpc.aws_route_table.elasticache",
            "module.tamr_networking.module.vpc.aws_route_table.intra",
            "module.tamr_networking.module.vpc.aws_route_table.private",
            "module.tamr_networking.module.vpc.aws_route_table.public",
            "module.tamr_networking.module.vpc.aws_route_table.redshift",
            "module.tamr_networking.module.vpc.aws_route_table_association.database",
            "module.tamr_networking.module.vpc.aws_route_table_association.elasticache",
            "module.tamr_networking.module.vpc.aws_route_table_association.intra",
            "module.tamr_networking.module.vpc.aws_route_table_association.outpost",
            "module.tamr_networking.module.vpc.aws_route_table_association.private",
            "module.tamr_networking.module.vpc.aws_route_table_association.public",
            "module.tamr_networking.module.vpc.aws_route_table_association.redshift",
            "module.tamr_networking.module.vpc.aws_route_table_association.redshift_public",
            "module.tamr_networking.module.vpc.aws_subnet.database",
            "module.tamr_networking.module.vpc.aws_subnet.elasticache",
            "module.tamr_networking.module.vpc.aws_subnet.intra",
            "module.tamr_networking.module.vpc.aws_subnet.outpost",
            "module.tamr_networking.module.vpc.aws_subnet.private",
            "module.tamr_networking.module.vpc.aws_subnet.public",
            "module.tamr_networking.module.vpc.aws_subnet.redshift",
            "module.tamr_networking.module.vpc.aws_vpc.this",
            "module.tamr_networking.module.vpc.aws_vpc_dhcp_options.this",
            "module.tamr_networking.module.vpc.aws_vpc_dhcp_options_association.this",
            "module.tamr_networking.module.vpc.aws_vpc_ipv4_cidr_block_association.this",
            "module.tamr_networking.module.vpc.aws_vpn_gateway.this",
            "module.tamr_networking.module.vpc.aws_vpn_gateway_attachment.this",
            "module.tamr_networking.module.vpc.aws_vpn_gateway_route_propagation.intra",
            "module.tamr_networking.module.vpc.aws_vpn_gateway_route_propagation.private",
            "module.tamr_networking.module.vpc.aws_vpn_gateway_route_propagation.public",
            "module.tamr_networking.module.vpc.data.aws_iam_policy_document.flow_log_cloudwatch_assume_role",
            "module.tamr_networking.module.vpc.data.aws_iam_policy_document.vpc_flow_log_cloudwatch"
          ]
        },
        {
          "index_key": "4",
          "schema_version": 0,
          "attributes": {
            "availability_zone": null,
            "id": "arn:aws:elasticloadbalancing:us-west-1:131578276461:targetgroup/hbase/323d5bea025d6e83-2021102713363335550000000a",
            "port": null,
            "target_group_arn": "arn:aws:elasticloadbalancing:us-west-1:131578276461:targetgroup/hbase/323d5bea025d6e83",
            "target_id": "i-0376771dd23b36593"
          },
          "sensitive_attributes": [],
          "private": "bnVsbA==",
          "dependencies": [
            "data.aws_ami.tamr-vm",
            "data.aws_availability_zones.available",
            "data.aws_instances.masters",
            "data.template_file.install_nginx",
            "data.template_file.setup_dms",
            "module.alb.aws_lb_target_group.target_groups",
            "module.alb.module.sg_https_lb.module.sg.aws_security_group.this",
            "module.alb.module.sg_https_lb.module.sg.aws_security_group.this_name_prefix",
            "module.aws-emr-sg-core.aws_security_group.security-groups-egress-cidr",
            "module.aws-emr-sg-core.aws_security_group.security-groups-egress-sg",
            "module.aws-emr-sg-core.aws_security_group.security-groups-ingress-cidr",
            "module.aws-emr-sg-core.aws_security_group.security-groups-ingress-sg",
            "module.aws-emr-sg-master.aws_security_group.security-groups-egress-cidr",
            "module.aws-emr-sg-master.aws_security_group.security-groups-egress-sg",
            "module.aws-emr-sg-master.aws_security_group.security-groups-ingress-cidr",
            "module.aws-emr-sg-master.aws_security_group.security-groups-ingress-sg",
            "module.aws-emr-sg-service-access.aws_security_group.security-groups-egress-cidr",
            "module.aws-emr-sg-service-access.aws_security_group.security-groups-egress-sg",
            "module.aws-emr-sg-service-access.aws_security_group.security-groups-ingress-cidr",
            "module.aws-emr-sg-service-access.aws_security_group.security-groups-ingress-sg",
            "module.emr-logs-bucket.module.encrypted-bucket.aws_s3_bucket.new_bucket",
            "module.emr-rootdir-bucket.module.encrypted-bucket.aws_s3_bucket.new_bucket",
            "module.emr-spark.module.emr-cluster-config.aws_s3_bucket_object.upload_hbase_config_script",
            "module.emr-spark.module.emr-cluster-config.aws_s3_bucket_object.upload_json_config",
            "module.emr-spark.module.emr-cluster.aws_emr_cluster.emr-cluster",
            "module.emr-spark.module.emr-cluster.data.aws_s3_bucket_object.json_config",
            "module.emr-spark.module.emr-iam.aws_iam_instance_profile.emr_ec2_instance_profile",
            "module.emr-spark.module.emr-iam.aws_iam_role.emr_ec2_instance_profile",
            "module.emr-spark.module.emr-iam.aws_iam_role.emr_service_role",
            "module.emr-spark.module.emr-iam.data.aws_iam_policy_document.ec2_assume_role",
            "module.emr-spark.module.emr-iam.data.aws_iam_policy_document.emr_assume_role",
            "module.emr-spark.module.emr-sgs.aws_security_group.emr_managed_internal",
            "module.sg_vm_web.aws_security_group.security-groups-egress-cidr",
            "module.sg_vm_web.aws_security_group.security-groups-egress-sg",
            "module.sg_vm_web.aws_security_group.security-groups-ingress-cidr",
            "module.sg_vm_web.aws_security_group.security-groups-ingress-sg",
            "module.tamr-vm.module.aws-iam-policies.aws_iam_policy.emr_creator_minimal_policy",
            "module.tamr-vm.module.aws-iam-policies.aws_iam_role_policy_attachment.emr_creator_policy_attachment",
            "module.tamr-vm.module.aws-iam-policies.aws_iam_role_policy_attachment.emrfs_user_s3_policy",
            "module.tamr-vm.module.aws-iam-policies.data.aws_caller_identity.current",
            "module.tamr-vm.module.aws-iam-policies.data.aws_iam_policy_document.emr_creator_policy",
            "module.tamr-vm.module.aws-iam-policies.data.aws_region.current",
            "module.tamr-vm.module.aws-iam-role.aws_iam_instance_profile.tamr_user_instance_profile",
            "module.tamr-vm.module.aws-iam-role.aws_iam_role.tamr_user_iam_role",
            "module.tamr-vm.module.aws-iam-role.data.aws_iam_policy_document.instance-assume-role-policy",
            "module.tamr-vm.module.tamr_instance.aws_instance.tamr-instance",
            "module.tamr-vm.module.tamr_instance.data.template_cloudinit_config.bootstrap-scripts",
            "module.tamr_networking.aws_network_acl.application_subnet",
            "module.tamr_networking.aws_network_acl.compute_subnet",
            "module.tamr_networking.aws_network_acl.data_subnets",
            "module.tamr_networking.aws_network_acl.load_balancing_subnets",
            "module.tamr_networking.aws_network_acl.public_subnets",
            "module.tamr_networking.aws_route_table_association.compute_subnet_rta",
            "module.tamr_networking.aws_subnet.compute_subnet",
            "module.tamr_networking.data.aws_ip_ranges.s3_cidrs",
            "module.tamr_networking.data.aws_region.current",
            "module.tamr_networking.data.aws_route_table.application_subnet_rt",
            "module.tamr_networking.data.aws_subnet.application_subnet",
            "module.tamr_networking.module.endpoints.aws_vpc_endpoint.this",
            "module.tamr_networking.module.endpoints.data.aws_vpc_endpoint_service.this",
            "module.tamr_networking.module.vpc.aws_cloudwatch_log_group.flow_log",
            "module.tamr_networking.module.vpc.aws_customer_gateway.this",
            "module.tamr_networking.module.vpc.aws_db_subnet_group.database",
            "module.tamr_networking.module.vpc.aws_default_network_acl.this",
            "module.tamr_networking.module.vpc.aws_default_route_table.default",
            "module.tamr_networking.module.vpc.aws_default_security_group.this",
            "module.tamr_networking.module.vpc.aws_default_vpc.this",
            "module.tamr_networking.module.vpc.aws_egress_only_internet_gateway.this",
            "module.tamr_networking.module.vpc.aws_eip.nat",
            "module.tamr_networking.module.vpc.aws_elasticache_subnet_group.elasticache",
            "module.tamr_networking.module.vpc.aws_flow_log.this",
            "module.tamr_networking.module.vpc.aws_iam_policy.vpc_flow_log_cloudwatch",
            "module.tamr_networking.module.vpc.aws_iam_role.vpc_flow_log_cloudwatch",
            "module.tamr_networking.module.vpc.aws_iam_role_policy_attachment.vpc_flow_log_cloudwatch",
            "module.tamr_networking.module.vpc.aws_internet_gateway.this",
            "module.tamr_networking.module.vpc.aws_nat_gateway.this",
            "module.tamr_networking.module.vpc.aws_network_acl.database",
            "module.tamr_networking.module.vpc.aws_network_acl.elasticache",
            "module.tamr_networking.module.vpc.aws_network_acl.intra",
            "module.tamr_networking.module.vpc.aws_network_acl.outpost",
            "module.tamr_networking.module.vpc.aws_network_acl.private",
            "module.tamr_networking.module.vpc.aws_network_acl.public",
            "module.tamr_networking.module.vpc.aws_network_acl.redshift",
            "module.tamr_networking.module.vpc.aws_network_acl_rule.database_inbound",
            "module.tamr_networking.module.vpc.aws_network_acl_rule.database_outbound",
            "module.tamr_networking.module.vpc.aws_network_acl_rule.elasticache_inbound",
            "module.tamr_networking.module.vpc.aws_network_acl_rule.elasticache_outbound",
            "module.tamr_networking.module.vpc.aws_network_acl_rule.intra_inbound",
            "module.tamr_networking.module.vpc.aws_network_acl_rule.intra_outbound",
            "module.tamr_networking.module.vpc.aws_network_acl_rule.outpost_inbound",
            "module.tamr_networking.module.vpc.aws_network_acl_rule.outpost_outbound",
            "module.tamr_networking.module.vpc.aws_network_acl_rule.private_inbound",
            "module.tamr_networking.module.vpc.aws_network_acl_rule.private_outbound",
            "module.tamr_networking.module.vpc.aws_network_acl_rule.public_inbound",
            "module.tamr_networking.module.vpc.aws_network_acl_rule.public_outbound",
            "module.tamr_networking.module.vpc.aws_network_acl_rule.redshift_inbound",
            "module.tamr_networking.module.vpc.aws_network_acl_rule.redshift_outbound",
            "module.tamr_networking.module.vpc.aws_redshift_subnet_group.redshift",
            "module.tamr_networking.module.vpc.aws_route.database_internet_gateway",
            "module.tamr_networking.module.vpc.aws_route.database_ipv6_egress",
            "module.tamr_networking.module.vpc.aws_route.database_nat_gateway",
            "module.tamr_networking.module.vpc.aws_route.private_ipv6_egress",
            "module.tamr_networking.module.vpc.aws_route.private_nat_gateway",
            "module.tamr_networking.module.vpc.aws_route.public_internet_gateway",
            "module.tamr_networking.module.vpc.aws_route.public_internet_gateway_ipv6",
            "module.tamr_networking.module.vpc.aws_route_table.database",
            "module.tamr_networking.module.vpc.aws_route_table.elasticache",
            "module.tamr_networking.module.vpc.aws_route_table.intra",
            "module.tamr_networking.module.vpc.aws_route_table.private",
            "module.tamr_networking.module.vpc.aws_route_table.public",
            "module.tamr_networking.module.vpc.aws_route_table.redshift",
            "module.tamr_networking.module.vpc.aws_route_table_association.database",
            "module.tamr_networking.module.vpc.aws_route_table_association.elasticache",
            "module.tamr_networking.module.vpc.aws_route_table_association.intra",
            "module.tamr_networking.module.vpc.aws_route_table_association.outpost",
            "module.tamr_networking.module.vpc.aws_route_table_association.private",
            "module.tamr_networking.module.vpc.aws_route_table_association.public",
            "module.tamr_networking.module.vpc.aws_route_table_association.redshift",
            "module.tamr_networking.module.vpc.aws_route_table_association.redshift_public",
            "module.tamr_networking.module.vpc.aws_subnet.database",
            "module.tamr_networking.module.vpc.aws_subnet.elasticache",
            "module.tamr_networking.module.vpc.aws_subnet.intra",
            "module.tamr_networking.module.vpc.aws_subnet.outpost",
            "module.tamr_networking.module.vpc.aws_subnet.private",
            "module.tamr_networking.module.vpc.aws_subnet.public",
            "module.tamr_networking.module.vpc.aws_subnet.redshift",
            "module.tamr_networking.module.vpc.aws_vpc.this",
            "module.tamr_networking.module.vpc.aws_vpc_dhcp_options.this",
            "module.tamr_networking.module.vpc.aws_vpc_dhcp_options_association.this",
            "module.tamr_networking.module.vpc.aws_vpc_ipv4_cidr_block_association.this",
            "module.tamr_networking.module.vpc.aws_vpn_gateway.this",
            "module.tamr_networking.module.vpc.aws_vpn_gateway_attachment.this",
            "module.tamr_networking.module.vpc.aws_vpn_gateway_route_propagation.intra",
            "module.tamr_networking.module.vpc.aws_vpn_gateway_route_propagation.private",
            "module.tamr_networking.module.vpc.aws_vpn_gateway_route_propagation.public",
            "module.tamr_networking.module.vpc.data.aws_iam_policy_document.flow_log_cloudwatch_assume_role",
            "module.tamr_networking.module.vpc.data.aws_iam_policy_document.vpc_flow_log_cloudwatch"
          ]
        }
      ]
    },
    {
      "module": "module.alb.module.alb",
      "mode": "managed",
      "type": "aws_lb",
      "name": "this",
      "provider": "provider[\"registry.terraform.io/hashicorp/aws\"]",
      "instances": [
        {
          "index_key": 0,
          "schema_version": 0,
          "attributes": {
            "access_logs": [
              {
                "bucket": "",
                "enabled": false,
                "prefix": ""
              }
            ],
            "arn": "arn:aws:elasticloadbalancing:us-west-1:131578276461:loadbalancer/app/tamr-ssl-example/1ee9e34c472f8d18",
            "arn_suffix": "app/tamr-ssl-example/1ee9e34c472f8d18",
            "customer_owned_ipv4_pool": "",
            "dns_name": "internal-tamr-ssl-example-1584228959.us-west-1.elb.amazonaws.com",
            "drop_invalid_header_fields": false,
            "enable_cross_zone_load_balancing": null,
            "enable_deletion_protection": false,
            "enable_http2": true,
            "id": "arn:aws:elasticloadbalancing:us-west-1:131578276461:loadbalancer/app/tamr-ssl-example/1ee9e34c472f8d18",
            "idle_timeout": 60,
            "internal": true,
            "ip_address_type": "ipv4",
            "load_balancer_type": "application",
            "name": "tamr-ssl-example",
            "name_prefix": null,
            "security_groups": [
              "sg-0f5837e7f99f40f7b"
            ],
            "subnet_mapping": [
              {
                "allocation_id": "",
                "ipv6_address": "",
                "outpost_id": "",
                "private_ipv4_address": "",
                "subnet_id": "subnet-0d1745767495b720d"
              },
              {
                "allocation_id": "",
                "ipv6_address": "",
                "outpost_id": "",
                "private_ipv4_address": "",
                "subnet_id": "subnet-0de9b78c04aa25189"
              }
            ],
            "subnets": [
              "subnet-0d1745767495b720d",
              "subnet-0de9b78c04aa25189"
            ],
            "tags": {
              "Name": "tamr-ssl-example",
              "owner": "franco"
            },
            "tags_all": {
              "Name": "tamr-ssl-example",
              "owner": "franco"
            },
            "timeouts": {
              "create": "10m",
              "delete": "10m",
              "update": "10m"
            },
            "vpc_id": "vpc-09ebec0ff9aa91a04",
            "zone_id": "Z368ELLRRE2KJ0"
          },
          "sensitive_attributes": [],
          "private": "eyJlMmJmYjczMC1lY2FhLTExZTYtOGY4OC0zNDM2M2JjN2M0YzAiOnsiY3JlYXRlIjo2MDAwMDAwMDAwMDAsImRlbGV0ZSI6NjAwMDAwMDAwMDAwLCJ1cGRhdGUiOjYwMDAwMDAwMDAwMH19",
          "dependencies": [
            "module.alb.module.sg_https_lb.module.sg.aws_security_group.this",
            "module.alb.module.sg_https_lb.module.sg.aws_security_group.this_name_prefix",
            "module.tamr_networking.module.vpc.aws_subnet.private",
            "module.tamr_networking.module.vpc.aws_vpc.this",
            "module.tamr_networking.module.vpc.aws_vpc_ipv4_cidr_block_association.this"
          ],
          "create_before_destroy": true
        }
      ]
    },
    {
      "module": "module.alb.module.alb",
      "mode": "managed",
      "type": "aws_lb_listener",
      "name": "frontend_http_tcp",
      "provider": "provider[\"registry.terraform.io/hashicorp/aws\"]",
      "instances": [
        {
          "index_key": 0,
          "schema_version": 0,
          "attributes": {
            "alpn_policy": null,
            "arn": "arn:aws:elasticloadbalancing:us-west-1:131578276461:listener/app/tamr-ssl-example/1ee9e34c472f8d18/65f0c3c5a391b319",
            "certificate_arn": null,
            "default_action": [
              {
                "authenticate_cognito": [],
                "authenticate_oidc": [],
                "fixed_response": [],
                "forward": [],
                "order": 1,
                "redirect": [
                  {
                    "host": "#{host}",
                    "path": "/#{path}",
                    "port": "443",
                    "protocol": "HTTPS",
                    "query": "#{query}",
                    "status_code": "HTTP_301"
                  }
                ],
                "target_group_arn": "",
                "type": "redirect"
              }
            ],
            "id": "arn:aws:elasticloadbalancing:us-west-1:131578276461:listener/app/tamr-ssl-example/1ee9e34c472f8d18/65f0c3c5a391b319",
            "load_balancer_arn": "arn:aws:elasticloadbalancing:us-west-1:131578276461:loadbalancer/app/tamr-ssl-example/1ee9e34c472f8d18",
            "port": 80,
            "protocol": "HTTP",
            "ssl_policy": "",
            "tags": {
              "owner": "franco"
            },
            "tags_all": {
              "owner": "franco"
            },
            "timeouts": null
          },
          "sensitive_attributes": [],
          "private": "eyJlMmJmYjczMC1lY2FhLTExZTYtOGY4OC0zNDM2M2JjN2M0YzAiOnsicmVhZCI6NjAwMDAwMDAwMDAwfX0=",
          "dependencies": [
            "data.aws_ami.tamr-vm",
            "data.aws_availability_zones.available",
            "data.template_file.install_nginx",
            "data.template_file.setup_dms",
            "module.alb.module.alb.aws_lb.this",
            "module.alb.module.alb.aws_lb_target_group.main",
            "module.alb.module.sg_https_lb.module.sg.aws_security_group.this",
            "module.alb.module.sg_https_lb.module.sg.aws_security_group.this_name_prefix",
            "module.sg_vm_web.aws_security_group.security-groups-egress-cidr",
            "module.sg_vm_web.aws_security_group.security-groups-egress-sg",
            "module.sg_vm_web.aws_security_group.security-groups-ingress-cidr",
            "module.sg_vm_web.aws_security_group.security-groups-ingress-sg",
            "module.tamr-vm.module.aws-iam-policies.aws_iam_policy.emr_creator_minimal_policy",
            "module.tamr-vm.module.aws-iam-policies.aws_iam_role_policy_attachment.emr_creator_policy_attachment",
            "module.tamr-vm.module.aws-iam-policies.aws_iam_role_policy_attachment.emrfs_user_s3_policy",
            "module.tamr-vm.module.aws-iam-policies.data.aws_caller_identity.current",
            "module.tamr-vm.module.aws-iam-policies.data.aws_iam_policy_document.emr_creator_policy",
            "module.tamr-vm.module.aws-iam-policies.data.aws_region.current",
            "module.tamr-vm.module.aws-iam-role.aws_iam_instance_profile.tamr_user_instance_profile",
            "module.tamr-vm.module.aws-iam-role.aws_iam_role.tamr_user_iam_role",
            "module.tamr-vm.module.aws-iam-role.data.aws_iam_policy_document.instance-assume-role-policy",
            "module.tamr-vm.module.tamr_instance.aws_instance.tamr-instance",
            "module.tamr-vm.module.tamr_instance.data.template_cloudinit_config.bootstrap-scripts",
            "module.tamr_networking.aws_network_acl.application_subnet",
            "module.tamr_networking.aws_network_acl.compute_subnet",
            "module.tamr_networking.aws_network_acl.data_subnets",
            "module.tamr_networking.aws_network_acl.load_balancing_subnets",
            "module.tamr_networking.aws_network_acl.public_subnets",
            "module.tamr_networking.aws_route_table_association.compute_subnet_rta",
            "module.tamr_networking.aws_subnet.compute_subnet",
            "module.tamr_networking.data.aws_ip_ranges.s3_cidrs",
            "module.tamr_networking.data.aws_region.current",
            "module.tamr_networking.data.aws_route_table.application_subnet_rt",
            "module.tamr_networking.data.aws_subnet.application_subnet",
            "module.tamr_networking.module.endpoints.aws_vpc_endpoint.this",
            "module.tamr_networking.module.endpoints.data.aws_vpc_endpoint_service.this",
            "module.tamr_networking.module.vpc.aws_cloudwatch_log_group.flow_log",
            "module.tamr_networking.module.vpc.aws_customer_gateway.this",
            "module.tamr_networking.module.vpc.aws_db_subnet_group.database",
            "module.tamr_networking.module.vpc.aws_default_network_acl.this",
            "module.tamr_networking.module.vpc.aws_default_route_table.default",
            "module.tamr_networking.module.vpc.aws_default_security_group.this",
            "module.tamr_networking.module.vpc.aws_default_vpc.this",
            "module.tamr_networking.module.vpc.aws_egress_only_internet_gateway.this",
            "module.tamr_networking.module.vpc.aws_eip.nat",
            "module.tamr_networking.module.vpc.aws_elasticache_subnet_group.elasticache",
            "module.tamr_networking.module.vpc.aws_flow_log.this",
            "module.tamr_networking.module.vpc.aws_iam_policy.vpc_flow_log_cloudwatch",
            "module.tamr_networking.module.vpc.aws_iam_role.vpc_flow_log_cloudwatch",
            "module.tamr_networking.module.vpc.aws_iam_role_policy_attachment.vpc_flow_log_cloudwatch",
            "module.tamr_networking.module.vpc.aws_internet_gateway.this",
            "module.tamr_networking.module.vpc.aws_nat_gateway.this",
            "module.tamr_networking.module.vpc.aws_network_acl.database",
            "module.tamr_networking.module.vpc.aws_network_acl.elasticache",
            "module.tamr_networking.module.vpc.aws_network_acl.intra",
            "module.tamr_networking.module.vpc.aws_network_acl.outpost",
            "module.tamr_networking.module.vpc.aws_network_acl.private",
            "module.tamr_networking.module.vpc.aws_network_acl.public",
            "module.tamr_networking.module.vpc.aws_network_acl.redshift",
            "module.tamr_networking.module.vpc.aws_network_acl_rule.database_inbound",
            "module.tamr_networking.module.vpc.aws_network_acl_rule.database_outbound",
            "module.tamr_networking.module.vpc.aws_network_acl_rule.elasticache_inbound",
            "module.tamr_networking.module.vpc.aws_network_acl_rule.elasticache_outbound",
            "module.tamr_networking.module.vpc.aws_network_acl_rule.intra_inbound",
            "module.tamr_networking.module.vpc.aws_network_acl_rule.intra_outbound",
            "module.tamr_networking.module.vpc.aws_network_acl_rule.outpost_inbound",
            "module.tamr_networking.module.vpc.aws_network_acl_rule.outpost_outbound",
            "module.tamr_networking.module.vpc.aws_network_acl_rule.private_inbound",
            "module.tamr_networking.module.vpc.aws_network_acl_rule.private_outbound",
            "module.tamr_networking.module.vpc.aws_network_acl_rule.public_inbound",
            "module.tamr_networking.module.vpc.aws_network_acl_rule.public_outbound",
            "module.tamr_networking.module.vpc.aws_network_acl_rule.redshift_inbound",
            "module.tamr_networking.module.vpc.aws_network_acl_rule.redshift_outbound",
            "module.tamr_networking.module.vpc.aws_redshift_subnet_group.redshift",
            "module.tamr_networking.module.vpc.aws_route.database_internet_gateway",
            "module.tamr_networking.module.vpc.aws_route.database_ipv6_egress",
            "module.tamr_networking.module.vpc.aws_route.database_nat_gateway",
            "module.tamr_networking.module.vpc.aws_route.private_ipv6_egress",
            "module.tamr_networking.module.vpc.aws_route.private_nat_gateway",
            "module.tamr_networking.module.vpc.aws_route.public_internet_gateway",
            "module.tamr_networking.module.vpc.aws_route.public_internet_gateway_ipv6",
            "module.tamr_networking.module.vpc.aws_route_table.database",
            "module.tamr_networking.module.vpc.aws_route_table.elasticache",
            "module.tamr_networking.module.vpc.aws_route_table.intra",
            "module.tamr_networking.module.vpc.aws_route_table.private",
            "module.tamr_networking.module.vpc.aws_route_table.public",
            "module.tamr_networking.module.vpc.aws_route_table.redshift",
            "module.tamr_networking.module.vpc.aws_route_table_association.database",
            "module.tamr_networking.module.vpc.aws_route_table_association.elasticache",
            "module.tamr_networking.module.vpc.aws_route_table_association.intra",
            "module.tamr_networking.module.vpc.aws_route_table_association.outpost",
            "module.tamr_networking.module.vpc.aws_route_table_association.private",
            "module.tamr_networking.module.vpc.aws_route_table_association.public",
            "module.tamr_networking.module.vpc.aws_route_table_association.redshift",
            "module.tamr_networking.module.vpc.aws_route_table_association.redshift_public",
            "module.tamr_networking.module.vpc.aws_subnet.database",
            "module.tamr_networking.module.vpc.aws_subnet.elasticache",
            "module.tamr_networking.module.vpc.aws_subnet.intra",
            "module.tamr_networking.module.vpc.aws_subnet.outpost",
            "module.tamr_networking.module.vpc.aws_subnet.private",
            "module.tamr_networking.module.vpc.aws_subnet.public",
            "module.tamr_networking.module.vpc.aws_subnet.redshift",
            "module.tamr_networking.module.vpc.aws_vpc.this",
            "module.tamr_networking.module.vpc.aws_vpc_dhcp_options.this",
            "module.tamr_networking.module.vpc.aws_vpc_dhcp_options_association.this",
            "module.tamr_networking.module.vpc.aws_vpc_ipv4_cidr_block_association.this",
            "module.tamr_networking.module.vpc.aws_vpn_gateway.this",
            "module.tamr_networking.module.vpc.aws_vpn_gateway_attachment.this",
            "module.tamr_networking.module.vpc.aws_vpn_gateway_route_propagation.intra",
            "module.tamr_networking.module.vpc.aws_vpn_gateway_route_propagation.private",
            "module.tamr_networking.module.vpc.aws_vpn_gateway_route_propagation.public",
            "module.tamr_networking.module.vpc.data.aws_iam_policy_document.flow_log_cloudwatch_assume_role",
            "module.tamr_networking.module.vpc.data.aws_iam_policy_document.vpc_flow_log_cloudwatch"
          ]
        }
      ]
    },
    {
      "module": "module.alb.module.alb",
      "mode": "managed",
      "type": "aws_lb_listener",
      "name": "frontend_https",
      "provider": "provider[\"registry.terraform.io/hashicorp/aws\"]",
      "instances": [
        {
          "index_key": 0,
          "schema_version": 0,
          "attributes": {
            "alpn_policy": null,
            "arn": "arn:aws:elasticloadbalancing:us-west-1:131578276461:listener/app/tamr-ssl-example/1ee9e34c472f8d18/de9e8d2848054ee8",
            "certificate_arn": "arn:aws:acm:us-west-1:131578276461:certificate/e2d0be40-13b8-4040-861d-54201630e663",
            "default_action": [
              {
                "authenticate_cognito": [],
                "authenticate_oidc": [],
                "fixed_response": [],
                "forward": [],
                "order": 1,
                "redirect": [],
                "target_group_arn": "arn:aws:elasticloadbalancing:us-west-1:131578276461:targetgroup/tamr-default/2b1f8bc4d81fbec8",
                "type": "forward"
              }
            ],
            "id": "arn:aws:elasticloadbalancing:us-west-1:131578276461:listener/app/tamr-ssl-example/1ee9e34c472f8d18/de9e8d2848054ee8",
            "load_balancer_arn": "arn:aws:elasticloadbalancing:us-west-1:131578276461:loadbalancer/app/tamr-ssl-example/1ee9e34c472f8d18",
            "port": 443,
            "protocol": "HTTPS",
            "ssl_policy": "ELBSecurityPolicy-2016-08",
            "tags": {
              "owner": "franco"
            },
            "tags_all": {
              "owner": "franco"
            },
            "timeouts": null
          },
          "sensitive_attributes": [],
          "private": "eyJlMmJmYjczMC1lY2FhLTExZTYtOGY4OC0zNDM2M2JjN2M0YzAiOnsicmVhZCI6NjAwMDAwMDAwMDAwfX0=",
          "dependencies": [
            "data.aws_ami.tamr-vm",
            "data.aws_availability_zones.available",
            "data.template_file.install_nginx",
            "data.template_file.setup_dms",
            "module.alb.module.alb.aws_lb.this",
            "module.alb.module.alb.aws_lb_target_group.main",
            "module.alb.module.sg_https_lb.module.sg.aws_security_group.this",
            "module.alb.module.sg_https_lb.module.sg.aws_security_group.this_name_prefix",
            "module.sg_vm_web.aws_security_group.security-groups-egress-cidr",
            "module.sg_vm_web.aws_security_group.security-groups-egress-sg",
            "module.sg_vm_web.aws_security_group.security-groups-ingress-cidr",
            "module.sg_vm_web.aws_security_group.security-groups-ingress-sg",
            "module.tamr-vm.module.aws-iam-policies.aws_iam_policy.emr_creator_minimal_policy",
            "module.tamr-vm.module.aws-iam-policies.aws_iam_role_policy_attachment.emr_creator_policy_attachment",
            "module.tamr-vm.module.aws-iam-policies.aws_iam_role_policy_attachment.emrfs_user_s3_policy",
            "module.tamr-vm.module.aws-iam-policies.data.aws_caller_identity.current",
            "module.tamr-vm.module.aws-iam-policies.data.aws_iam_policy_document.emr_creator_policy",
            "module.tamr-vm.module.aws-iam-policies.data.aws_region.current",
            "module.tamr-vm.module.aws-iam-role.aws_iam_instance_profile.tamr_user_instance_profile",
            "module.tamr-vm.module.aws-iam-role.aws_iam_role.tamr_user_iam_role",
            "module.tamr-vm.module.aws-iam-role.data.aws_iam_policy_document.instance-assume-role-policy",
            "module.tamr-vm.module.tamr_instance.aws_instance.tamr-instance",
            "module.tamr-vm.module.tamr_instance.data.template_cloudinit_config.bootstrap-scripts",
            "module.tamr_networking.aws_network_acl.application_subnet",
            "module.tamr_networking.aws_network_acl.compute_subnet",
            "module.tamr_networking.aws_network_acl.data_subnets",
            "module.tamr_networking.aws_network_acl.load_balancing_subnets",
            "module.tamr_networking.aws_network_acl.public_subnets",
            "module.tamr_networking.aws_route_table_association.compute_subnet_rta",
            "module.tamr_networking.aws_subnet.compute_subnet",
            "module.tamr_networking.data.aws_ip_ranges.s3_cidrs",
            "module.tamr_networking.data.aws_region.current",
            "module.tamr_networking.data.aws_route_table.application_subnet_rt",
            "module.tamr_networking.data.aws_subnet.application_subnet",
            "module.tamr_networking.module.endpoints.aws_vpc_endpoint.this",
            "module.tamr_networking.module.endpoints.data.aws_vpc_endpoint_service.this",
            "module.tamr_networking.module.vpc.aws_cloudwatch_log_group.flow_log",
            "module.tamr_networking.module.vpc.aws_customer_gateway.this",
            "module.tamr_networking.module.vpc.aws_db_subnet_group.database",
            "module.tamr_networking.module.vpc.aws_default_network_acl.this",
            "module.tamr_networking.module.vpc.aws_default_route_table.default",
            "module.tamr_networking.module.vpc.aws_default_security_group.this",
            "module.tamr_networking.module.vpc.aws_default_vpc.this",
            "module.tamr_networking.module.vpc.aws_egress_only_internet_gateway.this",
            "module.tamr_networking.module.vpc.aws_eip.nat",
            "module.tamr_networking.module.vpc.aws_elasticache_subnet_group.elasticache",
            "module.tamr_networking.module.vpc.aws_flow_log.this",
            "module.tamr_networking.module.vpc.aws_iam_policy.vpc_flow_log_cloudwatch",
            "module.tamr_networking.module.vpc.aws_iam_role.vpc_flow_log_cloudwatch",
            "module.tamr_networking.module.vpc.aws_iam_role_policy_attachment.vpc_flow_log_cloudwatch",
            "module.tamr_networking.module.vpc.aws_internet_gateway.this",
            "module.tamr_networking.module.vpc.aws_nat_gateway.this",
            "module.tamr_networking.module.vpc.aws_network_acl.database",
            "module.tamr_networking.module.vpc.aws_network_acl.elasticache",
            "module.tamr_networking.module.vpc.aws_network_acl.intra",
            "module.tamr_networking.module.vpc.aws_network_acl.outpost",
            "module.tamr_networking.module.vpc.aws_network_acl.private",
            "module.tamr_networking.module.vpc.aws_network_acl.public",
            "module.tamr_networking.module.vpc.aws_network_acl.redshift",
            "module.tamr_networking.module.vpc.aws_network_acl_rule.database_inbound",
            "module.tamr_networking.module.vpc.aws_network_acl_rule.database_outbound",
            "module.tamr_networking.module.vpc.aws_network_acl_rule.elasticache_inbound",
            "module.tamr_networking.module.vpc.aws_network_acl_rule.elasticache_outbound",
            "module.tamr_networking.module.vpc.aws_network_acl_rule.intra_inbound",
            "module.tamr_networking.module.vpc.aws_network_acl_rule.intra_outbound",
            "module.tamr_networking.module.vpc.aws_network_acl_rule.outpost_inbound",
            "module.tamr_networking.module.vpc.aws_network_acl_rule.outpost_outbound",
            "module.tamr_networking.module.vpc.aws_network_acl_rule.private_inbound",
            "module.tamr_networking.module.vpc.aws_network_acl_rule.private_outbound",
            "module.tamr_networking.module.vpc.aws_network_acl_rule.public_inbound",
            "module.tamr_networking.module.vpc.aws_network_acl_rule.public_outbound",
            "module.tamr_networking.module.vpc.aws_network_acl_rule.redshift_inbound",
            "module.tamr_networking.module.vpc.aws_network_acl_rule.redshift_outbound",
            "module.tamr_networking.module.vpc.aws_redshift_subnet_group.redshift",
            "module.tamr_networking.module.vpc.aws_route.database_internet_gateway",
            "module.tamr_networking.module.vpc.aws_route.database_ipv6_egress",
            "module.tamr_networking.module.vpc.aws_route.database_nat_gateway",
            "module.tamr_networking.module.vpc.aws_route.private_ipv6_egress",
            "module.tamr_networking.module.vpc.aws_route.private_nat_gateway",
            "module.tamr_networking.module.vpc.aws_route.public_internet_gateway",
            "module.tamr_networking.module.vpc.aws_route.public_internet_gateway_ipv6",
            "module.tamr_networking.module.vpc.aws_route_table.database",
            "module.tamr_networking.module.vpc.aws_route_table.elasticache",
            "module.tamr_networking.module.vpc.aws_route_table.intra",
            "module.tamr_networking.module.vpc.aws_route_table.private",
            "module.tamr_networking.module.vpc.aws_route_table.public",
            "module.tamr_networking.module.vpc.aws_route_table.redshift",
            "module.tamr_networking.module.vpc.aws_route_table_association.database",
            "module.tamr_networking.module.vpc.aws_route_table_association.elasticache",
            "module.tamr_networking.module.vpc.aws_route_table_association.intra",
            "module.tamr_networking.module.vpc.aws_route_table_association.outpost",
            "module.tamr_networking.module.vpc.aws_route_table_association.private",
            "module.tamr_networking.module.vpc.aws_route_table_association.public",
            "module.tamr_networking.module.vpc.aws_route_table_association.redshift",
            "module.tamr_networking.module.vpc.aws_route_table_association.redshift_public",
            "module.tamr_networking.module.vpc.aws_subnet.database",
            "module.tamr_networking.module.vpc.aws_subnet.elasticache",
            "module.tamr_networking.module.vpc.aws_subnet.intra",
            "module.tamr_networking.module.vpc.aws_subnet.outpost",
            "module.tamr_networking.module.vpc.aws_subnet.private",
            "module.tamr_networking.module.vpc.aws_subnet.public",
            "module.tamr_networking.module.vpc.aws_subnet.redshift",
            "module.tamr_networking.module.vpc.aws_vpc.this",
            "module.tamr_networking.module.vpc.aws_vpc_dhcp_options.this",
            "module.tamr_networking.module.vpc.aws_vpc_dhcp_options_association.this",
            "module.tamr_networking.module.vpc.aws_vpc_ipv4_cidr_block_association.this",
            "module.tamr_networking.module.vpc.aws_vpn_gateway.this",
            "module.tamr_networking.module.vpc.aws_vpn_gateway_attachment.this",
            "module.tamr_networking.module.vpc.aws_vpn_gateway_route_propagation.intra",
            "module.tamr_networking.module.vpc.aws_vpn_gateway_route_propagation.private",
            "module.tamr_networking.module.vpc.aws_vpn_gateway_route_propagation.public",
            "module.tamr_networking.module.vpc.data.aws_iam_policy_document.flow_log_cloudwatch_assume_role",
            "module.tamr_networking.module.vpc.data.aws_iam_policy_document.vpc_flow_log_cloudwatch"
          ]
        }
      ]
    },
    {
      "module": "module.alb.module.alb",
      "mode": "managed",
      "type": "aws_lb_target_group",
      "name": "main",
      "provider": "provider[\"registry.terraform.io/hashicorp/aws\"]",
      "instances": [
        {
          "index_key": 0,
          "schema_version": 0,
          "attributes": {
            "arn": "arn:aws:elasticloadbalancing:us-west-1:131578276461:targetgroup/tamr-default/2b1f8bc4d81fbec8",
            "arn_suffix": "targetgroup/tamr-default/2b1f8bc4d81fbec8",
            "deregistration_delay": 300,
            "health_check": [
              {
                "enabled": true,
                "healthy_threshold": 5,
                "interval": 30,
                "matcher": "200",
                "path": "/",
                "port": "traffic-port",
                "protocol": "HTTP",
                "timeout": 5,
                "unhealthy_threshold": 2
              }
            ],
            "id": "arn:aws:elasticloadbalancing:us-west-1:131578276461:targetgroup/tamr-default/2b1f8bc4d81fbec8",
            "lambda_multi_value_headers_enabled": false,
            "load_balancing_algorithm_type": "round_robin",
            "name": "tamr-default",
            "name_prefix": null,
            "port": 9100,
            "preserve_client_ip": null,
            "protocol": "HTTP",
            "protocol_version": "HTTP1",
            "proxy_protocol_v2": false,
            "slow_start": 0,
            "stickiness": [
              {
                "cookie_duration": 86400,
                "cookie_name": "",
                "enabled": false,
                "type": "lb_cookie"
              }
            ],
            "tags": {
              "Name": "tamr-default",
              "owner": "franco"
            },
            "tags_all": {
              "Name": "tamr-default",
              "owner": "franco"
            },
            "target_type": "instance",
            "vpc_id": "vpc-09ebec0ff9aa91a04"
          },
          "sensitive_attributes": [],
          "private": "bnVsbA==",
          "dependencies": [
            "data.aws_ami.tamr-vm",
            "data.aws_availability_zones.available",
            "data.template_file.install_nginx",
            "data.template_file.setup_dms",
            "module.alb.module.alb.aws_lb.this",
            "module.alb.module.sg_https_lb.module.sg.aws_security_group.this",
            "module.alb.module.sg_https_lb.module.sg.aws_security_group.this_name_prefix",
            "module.sg_vm_web.aws_security_group.security-groups-egress-cidr",
            "module.sg_vm_web.aws_security_group.security-groups-egress-sg",
            "module.sg_vm_web.aws_security_group.security-groups-ingress-cidr",
            "module.sg_vm_web.aws_security_group.security-groups-ingress-sg",
            "module.tamr-vm.module.aws-iam-policies.aws_iam_policy.emr_creator_minimal_policy",
            "module.tamr-vm.module.aws-iam-policies.aws_iam_role_policy_attachment.emr_creator_policy_attachment",
            "module.tamr-vm.module.aws-iam-policies.aws_iam_role_policy_attachment.emrfs_user_s3_policy",
            "module.tamr-vm.module.aws-iam-policies.data.aws_caller_identity.current",
            "module.tamr-vm.module.aws-iam-policies.data.aws_iam_policy_document.emr_creator_policy",
            "module.tamr-vm.module.aws-iam-policies.data.aws_region.current",
            "module.tamr-vm.module.aws-iam-role.aws_iam_instance_profile.tamr_user_instance_profile",
            "module.tamr-vm.module.aws-iam-role.aws_iam_role.tamr_user_iam_role",
            "module.tamr-vm.module.aws-iam-role.data.aws_iam_policy_document.instance-assume-role-policy",
            "module.tamr-vm.module.tamr_instance.aws_instance.tamr-instance",
            "module.tamr-vm.module.tamr_instance.data.template_cloudinit_config.bootstrap-scripts",
            "module.tamr_networking.aws_network_acl.application_subnet",
            "module.tamr_networking.aws_network_acl.compute_subnet",
            "module.tamr_networking.aws_network_acl.data_subnets",
            "module.tamr_networking.aws_network_acl.load_balancing_subnets",
            "module.tamr_networking.aws_network_acl.public_subnets",
            "module.tamr_networking.aws_route_table_association.compute_subnet_rta",
            "module.tamr_networking.aws_subnet.compute_subnet",
            "module.tamr_networking.data.aws_ip_ranges.s3_cidrs",
            "module.tamr_networking.data.aws_region.current",
            "module.tamr_networking.data.aws_route_table.application_subnet_rt",
            "module.tamr_networking.data.aws_subnet.application_subnet",
            "module.tamr_networking.module.endpoints.aws_vpc_endpoint.this",
            "module.tamr_networking.module.endpoints.data.aws_vpc_endpoint_service.this",
            "module.tamr_networking.module.vpc.aws_cloudwatch_log_group.flow_log",
            "module.tamr_networking.module.vpc.aws_customer_gateway.this",
            "module.tamr_networking.module.vpc.aws_db_subnet_group.database",
            "module.tamr_networking.module.vpc.aws_default_network_acl.this",
            "module.tamr_networking.module.vpc.aws_default_route_table.default",
            "module.tamr_networking.module.vpc.aws_default_security_group.this",
            "module.tamr_networking.module.vpc.aws_default_vpc.this",
            "module.tamr_networking.module.vpc.aws_egress_only_internet_gateway.this",
            "module.tamr_networking.module.vpc.aws_eip.nat",
            "module.tamr_networking.module.vpc.aws_elasticache_subnet_group.elasticache",
            "module.tamr_networking.module.vpc.aws_flow_log.this",
            "module.tamr_networking.module.vpc.aws_iam_policy.vpc_flow_log_cloudwatch",
            "module.tamr_networking.module.vpc.aws_iam_role.vpc_flow_log_cloudwatch",
            "module.tamr_networking.module.vpc.aws_iam_role_policy_attachment.vpc_flow_log_cloudwatch",
            "module.tamr_networking.module.vpc.aws_internet_gateway.this",
            "module.tamr_networking.module.vpc.aws_nat_gateway.this",
            "module.tamr_networking.module.vpc.aws_network_acl.database",
            "module.tamr_networking.module.vpc.aws_network_acl.elasticache",
            "module.tamr_networking.module.vpc.aws_network_acl.intra",
            "module.tamr_networking.module.vpc.aws_network_acl.outpost",
            "module.tamr_networking.module.vpc.aws_network_acl.private",
            "module.tamr_networking.module.vpc.aws_network_acl.public",
            "module.tamr_networking.module.vpc.aws_network_acl.redshift",
            "module.tamr_networking.module.vpc.aws_network_acl_rule.database_inbound",
            "module.tamr_networking.module.vpc.aws_network_acl_rule.database_outbound",
            "module.tamr_networking.module.vpc.aws_network_acl_rule.elasticache_inbound",
            "module.tamr_networking.module.vpc.aws_network_acl_rule.elasticache_outbound",
            "module.tamr_networking.module.vpc.aws_network_acl_rule.intra_inbound",
            "module.tamr_networking.module.vpc.aws_network_acl_rule.intra_outbound",
            "module.tamr_networking.module.vpc.aws_network_acl_rule.outpost_inbound",
            "module.tamr_networking.module.vpc.aws_network_acl_rule.outpost_outbound",
            "module.tamr_networking.module.vpc.aws_network_acl_rule.private_inbound",
            "module.tamr_networking.module.vpc.aws_network_acl_rule.private_outbound",
            "module.tamr_networking.module.vpc.aws_network_acl_rule.public_inbound",
            "module.tamr_networking.module.vpc.aws_network_acl_rule.public_outbound",
            "module.tamr_networking.module.vpc.aws_network_acl_rule.redshift_inbound",
            "module.tamr_networking.module.vpc.aws_network_acl_rule.redshift_outbound",
            "module.tamr_networking.module.vpc.aws_redshift_subnet_group.redshift",
            "module.tamr_networking.module.vpc.aws_route.database_internet_gateway",
            "module.tamr_networking.module.vpc.aws_route.database_ipv6_egress",
            "module.tamr_networking.module.vpc.aws_route.database_nat_gateway",
            "module.tamr_networking.module.vpc.aws_route.private_ipv6_egress",
            "module.tamr_networking.module.vpc.aws_route.private_nat_gateway",
            "module.tamr_networking.module.vpc.aws_route.public_internet_gateway",
            "module.tamr_networking.module.vpc.aws_route.public_internet_gateway_ipv6",
            "module.tamr_networking.module.vpc.aws_route_table.database",
            "module.tamr_networking.module.vpc.aws_route_table.elasticache",
            "module.tamr_networking.module.vpc.aws_route_table.intra",
            "module.tamr_networking.module.vpc.aws_route_table.private",
            "module.tamr_networking.module.vpc.aws_route_table.public",
            "module.tamr_networking.module.vpc.aws_route_table.redshift",
            "module.tamr_networking.module.vpc.aws_route_table_association.database",
            "module.tamr_networking.module.vpc.aws_route_table_association.elasticache",
            "module.tamr_networking.module.vpc.aws_route_table_association.intra",
            "module.tamr_networking.module.vpc.aws_route_table_association.outpost",
            "module.tamr_networking.module.vpc.aws_route_table_association.private",
            "module.tamr_networking.module.vpc.aws_route_table_association.public",
            "module.tamr_networking.module.vpc.aws_route_table_association.redshift",
            "module.tamr_networking.module.vpc.aws_route_table_association.redshift_public",
            "module.tamr_networking.module.vpc.aws_subnet.database",
            "module.tamr_networking.module.vpc.aws_subnet.elasticache",
            "module.tamr_networking.module.vpc.aws_subnet.intra",
            "module.tamr_networking.module.vpc.aws_subnet.outpost",
            "module.tamr_networking.module.vpc.aws_subnet.private",
            "module.tamr_networking.module.vpc.aws_subnet.public",
            "module.tamr_networking.module.vpc.aws_subnet.redshift",
            "module.tamr_networking.module.vpc.aws_vpc.this",
            "module.tamr_networking.module.vpc.aws_vpc_dhcp_options.this",
            "module.tamr_networking.module.vpc.aws_vpc_dhcp_options_association.this",
            "module.tamr_networking.module.vpc.aws_vpc_ipv4_cidr_block_association.this",
            "module.tamr_networking.module.vpc.aws_vpn_gateway.this",
            "module.tamr_networking.module.vpc.aws_vpn_gateway_attachment.this",
            "module.tamr_networking.module.vpc.aws_vpn_gateway_route_propagation.intra",
            "module.tamr_networking.module.vpc.aws_vpn_gateway_route_propagation.private",
            "module.tamr_networking.module.vpc.aws_vpn_gateway_route_propagation.public",
            "module.tamr_networking.module.vpc.data.aws_iam_policy_document.flow_log_cloudwatch_assume_role",
            "module.tamr_networking.module.vpc.data.aws_iam_policy_document.vpc_flow_log_cloudwatch"
          ],
          "create_before_destroy": true
        }
      ]
    },
    {
      "module": "module.alb.module.alb",
      "mode": "managed",
      "type": "aws_lb_target_group_attachment",
      "name": "this",
      "provider": "provider[\"registry.terraform.io/hashicorp/aws\"]",
      "instances": [
        {
          "index_key": "0.0",
          "schema_version": 0,
          "attributes": {
            "availability_zone": null,
            "id": "arn:aws:elasticloadbalancing:us-west-1:131578276461:targetgroup/tamr-default/2b1f8bc4d81fbec8-20211027132953238900000007",
            "port": 9100,
            "target_group_arn": "arn:aws:elasticloadbalancing:us-west-1:131578276461:targetgroup/tamr-default/2b1f8bc4d81fbec8",
            "target_id": "i-047846b54e9fa5d9c"
          },
          "sensitive_attributes": [],
          "private": "bnVsbA==",
          "dependencies": [
            "data.aws_ami.tamr-vm",
            "data.aws_availability_zones.available",
            "data.template_file.install_nginx",
            "data.template_file.setup_dms",
            "module.alb.module.alb.aws_lb.this",
            "module.alb.module.alb.aws_lb_target_group.main",
            "module.alb.module.sg_https_lb.module.sg.aws_security_group.this",
            "module.alb.module.sg_https_lb.module.sg.aws_security_group.this_name_prefix",
            "module.sg_vm_web.aws_security_group.security-groups-egress-cidr",
            "module.sg_vm_web.aws_security_group.security-groups-egress-sg",
            "module.sg_vm_web.aws_security_group.security-groups-ingress-cidr",
            "module.sg_vm_web.aws_security_group.security-groups-ingress-sg",
            "module.tamr-vm.module.aws-iam-policies.aws_iam_policy.emr_creator_minimal_policy",
            "module.tamr-vm.module.aws-iam-policies.aws_iam_role_policy_attachment.emr_creator_policy_attachment",
            "module.tamr-vm.module.aws-iam-policies.aws_iam_role_policy_attachment.emrfs_user_s3_policy",
            "module.tamr-vm.module.aws-iam-policies.data.aws_caller_identity.current",
            "module.tamr-vm.module.aws-iam-policies.data.aws_iam_policy_document.emr_creator_policy",
            "module.tamr-vm.module.aws-iam-policies.data.aws_region.current",
            "module.tamr-vm.module.aws-iam-role.aws_iam_instance_profile.tamr_user_instance_profile",
            "module.tamr-vm.module.aws-iam-role.aws_iam_role.tamr_user_iam_role",
            "module.tamr-vm.module.aws-iam-role.data.aws_iam_policy_document.instance-assume-role-policy",
            "module.tamr-vm.module.tamr_instance.aws_instance.tamr-instance",
            "module.tamr-vm.module.tamr_instance.data.template_cloudinit_config.bootstrap-scripts",
            "module.tamr_networking.aws_network_acl.application_subnet",
            "module.tamr_networking.aws_network_acl.compute_subnet",
            "module.tamr_networking.aws_network_acl.data_subnets",
            "module.tamr_networking.aws_network_acl.load_balancing_subnets",
            "module.tamr_networking.aws_network_acl.public_subnets",
            "module.tamr_networking.aws_route_table_association.compute_subnet_rta",
            "module.tamr_networking.aws_subnet.compute_subnet",
            "module.tamr_networking.data.aws_ip_ranges.s3_cidrs",
            "module.tamr_networking.data.aws_region.current",
            "module.tamr_networking.data.aws_route_table.application_subnet_rt",
            "module.tamr_networking.data.aws_subnet.application_subnet",
            "module.tamr_networking.module.endpoints.aws_vpc_endpoint.this",
            "module.tamr_networking.module.endpoints.data.aws_vpc_endpoint_service.this",
            "module.tamr_networking.module.vpc.aws_cloudwatch_log_group.flow_log",
            "module.tamr_networking.module.vpc.aws_customer_gateway.this",
            "module.tamr_networking.module.vpc.aws_db_subnet_group.database",
            "module.tamr_networking.module.vpc.aws_default_network_acl.this",
            "module.tamr_networking.module.vpc.aws_default_route_table.default",
            "module.tamr_networking.module.vpc.aws_default_security_group.this",
            "module.tamr_networking.module.vpc.aws_default_vpc.this",
            "module.tamr_networking.module.vpc.aws_egress_only_internet_gateway.this",
            "module.tamr_networking.module.vpc.aws_eip.nat",
            "module.tamr_networking.module.vpc.aws_elasticache_subnet_group.elasticache",
            "module.tamr_networking.module.vpc.aws_flow_log.this",
            "module.tamr_networking.module.vpc.aws_iam_policy.vpc_flow_log_cloudwatch",
            "module.tamr_networking.module.vpc.aws_iam_role.vpc_flow_log_cloudwatch",
            "module.tamr_networking.module.vpc.aws_iam_role_policy_attachment.vpc_flow_log_cloudwatch",
            "module.tamr_networking.module.vpc.aws_internet_gateway.this",
            "module.tamr_networking.module.vpc.aws_nat_gateway.this",
            "module.tamr_networking.module.vpc.aws_network_acl.database",
            "module.tamr_networking.module.vpc.aws_network_acl.elasticache",
            "module.tamr_networking.module.vpc.aws_network_acl.intra",
            "module.tamr_networking.module.vpc.aws_network_acl.outpost",
            "module.tamr_networking.module.vpc.aws_network_acl.private",
            "module.tamr_networking.module.vpc.aws_network_acl.public",
            "module.tamr_networking.module.vpc.aws_network_acl.redshift",
            "module.tamr_networking.module.vpc.aws_network_acl_rule.database_inbound",
            "module.tamr_networking.module.vpc.aws_network_acl_rule.database_outbound",
            "module.tamr_networking.module.vpc.aws_network_acl_rule.elasticache_inbound",
            "module.tamr_networking.module.vpc.aws_network_acl_rule.elasticache_outbound",
            "module.tamr_networking.module.vpc.aws_network_acl_rule.intra_inbound",
            "module.tamr_networking.module.vpc.aws_network_acl_rule.intra_outbound",
            "module.tamr_networking.module.vpc.aws_network_acl_rule.outpost_inbound",
            "module.tamr_networking.module.vpc.aws_network_acl_rule.outpost_outbound",
            "module.tamr_networking.module.vpc.aws_network_acl_rule.private_inbound",
            "module.tamr_networking.module.vpc.aws_network_acl_rule.private_outbound",
            "module.tamr_networking.module.vpc.aws_network_acl_rule.public_inbound",
            "module.tamr_networking.module.vpc.aws_network_acl_rule.public_outbound",
            "module.tamr_networking.module.vpc.aws_network_acl_rule.redshift_inbound",
            "module.tamr_networking.module.vpc.aws_network_acl_rule.redshift_outbound",
            "module.tamr_networking.module.vpc.aws_redshift_subnet_group.redshift",
            "module.tamr_networking.module.vpc.aws_route.database_internet_gateway",
            "module.tamr_networking.module.vpc.aws_route.database_ipv6_egress",
            "module.tamr_networking.module.vpc.aws_route.database_nat_gateway",
            "module.tamr_networking.module.vpc.aws_route.private_ipv6_egress",
            "module.tamr_networking.module.vpc.aws_route.private_nat_gateway",
            "module.tamr_networking.module.vpc.aws_route.public_internet_gateway",
            "module.tamr_networking.module.vpc.aws_route.public_internet_gateway_ipv6",
            "module.tamr_networking.module.vpc.aws_route_table.database",
            "module.tamr_networking.module.vpc.aws_route_table.elasticache",
            "module.tamr_networking.module.vpc.aws_route_table.intra",
            "module.tamr_networking.module.vpc.aws_route_table.private",
            "module.tamr_networking.module.vpc.aws_route_table.public",
            "module.tamr_networking.module.vpc.aws_route_table.redshift",
            "module.tamr_networking.module.vpc.aws_route_table_association.database",
            "module.tamr_networking.module.vpc.aws_route_table_association.elasticache",
            "module.tamr_networking.module.vpc.aws_route_table_association.intra",
            "module.tamr_networking.module.vpc.aws_route_table_association.outpost",
            "module.tamr_networking.module.vpc.aws_route_table_association.private",
            "module.tamr_networking.module.vpc.aws_route_table_association.public",
            "module.tamr_networking.module.vpc.aws_route_table_association.redshift",
            "module.tamr_networking.module.vpc.aws_route_table_association.redshift_public",
            "module.tamr_networking.module.vpc.aws_subnet.database",
            "module.tamr_networking.module.vpc.aws_subnet.elasticache",
            "module.tamr_networking.module.vpc.aws_subnet.intra",
            "module.tamr_networking.module.vpc.aws_subnet.outpost",
            "module.tamr_networking.module.vpc.aws_subnet.private",
            "module.tamr_networking.module.vpc.aws_subnet.public",
            "module.tamr_networking.module.vpc.aws_subnet.redshift",
            "module.tamr_networking.module.vpc.aws_vpc.this",
            "module.tamr_networking.module.vpc.aws_vpc_dhcp_options.this",
            "module.tamr_networking.module.vpc.aws_vpc_dhcp_options_association.this",
            "module.tamr_networking.module.vpc.aws_vpc_ipv4_cidr_block_association.this",
            "module.tamr_networking.module.vpc.aws_vpn_gateway.this",
            "module.tamr_networking.module.vpc.aws_vpn_gateway_attachment.this",
            "module.tamr_networking.module.vpc.aws_vpn_gateway_route_propagation.intra",
            "module.tamr_networking.module.vpc.aws_vpn_gateway_route_propagation.private",
            "module.tamr_networking.module.vpc.aws_vpn_gateway_route_propagation.public",
            "module.tamr_networking.module.vpc.data.aws_iam_policy_document.flow_log_cloudwatch_assume_role",
            "module.tamr_networking.module.vpc.data.aws_iam_policy_document.vpc_flow_log_cloudwatch"
          ]
        }
      ]
    },
    {
      "module": "module.alb.module.sg_https_lb.module.sg",
      "mode": "managed",
      "type": "aws_security_group",
      "name": "this_name_prefix",
      "provider": "provider[\"registry.terraform.io/hashicorp/aws\"]",
      "instances": [
        {
          "index_key": 0,
          "schema_version": 1,
          "attributes": {
            "arn": "arn:aws:ec2:us-west-1:131578276461:security-group/sg-0f5837e7f99f40f7b",
            "description": "Security group for tamr-vm with HTTPS ports open within VPC",
            "egress": [],
            "id": "sg-0f5837e7f99f40f7b",
            "ingress": [],
            "name": "web-20211027132638464000000004",
            "name_prefix": "web-",
            "owner_id": "131578276461",
            "revoke_rules_on_delete": false,
            "tags": {
              "Name": "web",
              "owner": "franco"
            },
            "tags_all": {
              "Name": "web",
              "owner": "franco"
            },
            "timeouts": null,
            "vpc_id": "vpc-09ebec0ff9aa91a04"
          },
          "sensitive_attributes": [],
          "private": "eyJlMmJmYjczMC1lY2FhLTExZTYtOGY4OC0zNDM2M2JjN2M0YzAiOnsiY3JlYXRlIjo2MDAwMDAwMDAwMDAsImRlbGV0ZSI6OTAwMDAwMDAwMDAwfSwic2NoZW1hX3ZlcnNpb24iOiIxIn0=",
          "dependencies": [
            "module.tamr_networking.module.vpc.aws_vpc.this"
          ],
          "create_before_destroy": true
        }
      ]
    },
    {
      "module": "module.alb.module.sg_https_lb.module.sg",
      "mode": "managed",
      "type": "aws_security_group_rule",
      "name": "egress_rules",
      "provider": "provider[\"registry.terraform.io/hashicorp/aws\"]",
      "instances": [
        {
          "index_key": 0,
          "schema_version": 2,
          "attributes": {
            "cidr_blocks": [
              "0.0.0.0/0"
            ],
            "description": "All protocols",
            "from_port": -1,
            "id": "sgrule-4207633635",
            "ipv6_cidr_blocks": [
              "::/0"
            ],
            "prefix_list_ids": [],
            "protocol": "-1",
            "security_group_id": "sg-0f5837e7f99f40f7b",
            "self": false,
            "source_security_group_id": null,
            "to_port": -1,
            "type": "egress"
          },
          "sensitive_attributes": [],
          "private": "eyJzY2hlbWFfdmVyc2lvbiI6IjIifQ==",
          "dependencies": [
            "module.alb.module.sg_https_lb.module.sg.aws_security_group.this",
            "module.alb.module.sg_https_lb.module.sg.aws_security_group.this_name_prefix",
            "module.tamr_networking.module.vpc.aws_vpc.this"
          ]
        }
      ]
    },
    {
      "module": "module.alb.module.sg_https_lb.module.sg",
      "mode": "managed",
      "type": "aws_security_group_rule",
      "name": "egress_with_source_security_group_id",
      "provider": "provider[\"registry.terraform.io/hashicorp/aws\"]",
      "instances": [
        {
          "index_key": 0,
          "schema_version": 2,
          "attributes": {
            "cidr_blocks": null,
            "description": "Web from the load balancer",
            "from_port": 9100,
            "id": "sgrule-43653326",
            "ipv6_cidr_blocks": null,
            "prefix_list_ids": [],
            "protocol": "tcp",
            "security_group_id": "sg-0f5837e7f99f40f7b",
            "self": false,
            "source_security_group_id": "sg-03cbfc14661a33b59",
            "to_port": 9100,
            "type": "egress"
          },
          "sensitive_attributes": [],
          "private": "eyJzY2hlbWFfdmVyc2lvbiI6IjIifQ==",
          "dependencies": [
            "data.aws_ami.tamr-vm",
            "data.aws_availability_zones.available",
            "data.template_file.install_nginx",
            "data.template_file.setup_dms",
            "module.alb.data.aws_instance.tamr-vm",
            "module.alb.module.sg_https_lb.module.sg.aws_security_group.this",
            "module.alb.module.sg_https_lb.module.sg.aws_security_group.this_name_prefix",
            "module.sg_vm_web.aws_security_group.security-groups-egress-cidr",
            "module.sg_vm_web.aws_security_group.security-groups-egress-sg",
            "module.sg_vm_web.aws_security_group.security-groups-ingress-cidr",
            "module.sg_vm_web.aws_security_group.security-groups-ingress-sg",
            "module.tamr-vm.module.aws-iam-policies.aws_iam_policy.emr_creator_minimal_policy",
            "module.tamr-vm.module.aws-iam-policies.aws_iam_role_policy_attachment.emr_creator_policy_attachment",
            "module.tamr-vm.module.aws-iam-policies.aws_iam_role_policy_attachment.emrfs_user_s3_policy",
            "module.tamr-vm.module.aws-iam-policies.data.aws_caller_identity.current",
            "module.tamr-vm.module.aws-iam-policies.data.aws_iam_policy_document.emr_creator_policy",
            "module.tamr-vm.module.aws-iam-policies.data.aws_region.current",
            "module.tamr-vm.module.aws-iam-role.aws_iam_instance_profile.tamr_user_instance_profile",
            "module.tamr-vm.module.aws-iam-role.aws_iam_role.tamr_user_iam_role",
            "module.tamr-vm.module.aws-iam-role.data.aws_iam_policy_document.instance-assume-role-policy",
            "module.tamr-vm.module.tamr_instance.aws_instance.tamr-instance",
            "module.tamr-vm.module.tamr_instance.data.template_cloudinit_config.bootstrap-scripts",
            "module.tamr_networking.aws_network_acl.application_subnet",
            "module.tamr_networking.aws_network_acl.compute_subnet",
            "module.tamr_networking.aws_network_acl.data_subnets",
            "module.tamr_networking.aws_network_acl.load_balancing_subnets",
            "module.tamr_networking.aws_network_acl.public_subnets",
            "module.tamr_networking.aws_route_table_association.compute_subnet_rta",
            "module.tamr_networking.aws_subnet.compute_subnet",
            "module.tamr_networking.data.aws_ip_ranges.s3_cidrs",
            "module.tamr_networking.data.aws_region.current",
            "module.tamr_networking.data.aws_route_table.application_subnet_rt",
            "module.tamr_networking.data.aws_subnet.application_subnet",
            "module.tamr_networking.module.endpoints.aws_vpc_endpoint.this",
            "module.tamr_networking.module.endpoints.data.aws_vpc_endpoint_service.this",
            "module.tamr_networking.module.vpc.aws_cloudwatch_log_group.flow_log",
            "module.tamr_networking.module.vpc.aws_customer_gateway.this",
            "module.tamr_networking.module.vpc.aws_db_subnet_group.database",
            "module.tamr_networking.module.vpc.aws_default_network_acl.this",
            "module.tamr_networking.module.vpc.aws_default_route_table.default",
            "module.tamr_networking.module.vpc.aws_default_security_group.this",
            "module.tamr_networking.module.vpc.aws_default_vpc.this",
            "module.tamr_networking.module.vpc.aws_egress_only_internet_gateway.this",
            "module.tamr_networking.module.vpc.aws_eip.nat",
            "module.tamr_networking.module.vpc.aws_elasticache_subnet_group.elasticache",
            "module.tamr_networking.module.vpc.aws_flow_log.this",
            "module.tamr_networking.module.vpc.aws_iam_policy.vpc_flow_log_cloudwatch",
            "module.tamr_networking.module.vpc.aws_iam_role.vpc_flow_log_cloudwatch",
            "module.tamr_networking.module.vpc.aws_iam_role_policy_attachment.vpc_flow_log_cloudwatch",
            "module.tamr_networking.module.vpc.aws_internet_gateway.this",
            "module.tamr_networking.module.vpc.aws_nat_gateway.this",
            "module.tamr_networking.module.vpc.aws_network_acl.database",
            "module.tamr_networking.module.vpc.aws_network_acl.elasticache",
            "module.tamr_networking.module.vpc.aws_network_acl.intra",
            "module.tamr_networking.module.vpc.aws_network_acl.outpost",
            "module.tamr_networking.module.vpc.aws_network_acl.private",
            "module.tamr_networking.module.vpc.aws_network_acl.public",
            "module.tamr_networking.module.vpc.aws_network_acl.redshift",
            "module.tamr_networking.module.vpc.aws_network_acl_rule.database_inbound",
            "module.tamr_networking.module.vpc.aws_network_acl_rule.database_outbound",
            "module.tamr_networking.module.vpc.aws_network_acl_rule.elasticache_inbound",
            "module.tamr_networking.module.vpc.aws_network_acl_rule.elasticache_outbound",
            "module.tamr_networking.module.vpc.aws_network_acl_rule.intra_inbound",
            "module.tamr_networking.module.vpc.aws_network_acl_rule.intra_outbound",
            "module.tamr_networking.module.vpc.aws_network_acl_rule.outpost_inbound",
            "module.tamr_networking.module.vpc.aws_network_acl_rule.outpost_outbound",
            "module.tamr_networking.module.vpc.aws_network_acl_rule.private_inbound",
            "module.tamr_networking.module.vpc.aws_network_acl_rule.private_outbound",
            "module.tamr_networking.module.vpc.aws_network_acl_rule.public_inbound",
            "module.tamr_networking.module.vpc.aws_network_acl_rule.public_outbound",
            "module.tamr_networking.module.vpc.aws_network_acl_rule.redshift_inbound",
            "module.tamr_networking.module.vpc.aws_network_acl_rule.redshift_outbound",
            "module.tamr_networking.module.vpc.aws_redshift_subnet_group.redshift",
            "module.tamr_networking.module.vpc.aws_route.database_internet_gateway",
            "module.tamr_networking.module.vpc.aws_route.database_ipv6_egress",
            "module.tamr_networking.module.vpc.aws_route.database_nat_gateway",
            "module.tamr_networking.module.vpc.aws_route.private_ipv6_egress",
            "module.tamr_networking.module.vpc.aws_route.private_nat_gateway",
            "module.tamr_networking.module.vpc.aws_route.public_internet_gateway",
            "module.tamr_networking.module.vpc.aws_route.public_internet_gateway_ipv6",
            "module.tamr_networking.module.vpc.aws_route_table.database",
            "module.tamr_networking.module.vpc.aws_route_table.elasticache",
            "module.tamr_networking.module.vpc.aws_route_table.intra",
            "module.tamr_networking.module.vpc.aws_route_table.private",
            "module.tamr_networking.module.vpc.aws_route_table.public",
            "module.tamr_networking.module.vpc.aws_route_table.redshift",
            "module.tamr_networking.module.vpc.aws_route_table_association.database",
            "module.tamr_networking.module.vpc.aws_route_table_association.elasticache",
            "module.tamr_networking.module.vpc.aws_route_table_association.intra",
            "module.tamr_networking.module.vpc.aws_route_table_association.outpost",
            "module.tamr_networking.module.vpc.aws_route_table_association.private",
            "module.tamr_networking.module.vpc.aws_route_table_association.public",
            "module.tamr_networking.module.vpc.aws_route_table_association.redshift",
            "module.tamr_networking.module.vpc.aws_route_table_association.redshift_public",
            "module.tamr_networking.module.vpc.aws_subnet.database",
            "module.tamr_networking.module.vpc.aws_subnet.elasticache",
            "module.tamr_networking.module.vpc.aws_subnet.intra",
            "module.tamr_networking.module.vpc.aws_subnet.outpost",
            "module.tamr_networking.module.vpc.aws_subnet.private",
            "module.tamr_networking.module.vpc.aws_subnet.public",
            "module.tamr_networking.module.vpc.aws_subnet.redshift",
            "module.tamr_networking.module.vpc.aws_vpc.this",
            "module.tamr_networking.module.vpc.aws_vpc_dhcp_options.this",
            "module.tamr_networking.module.vpc.aws_vpc_dhcp_options_association.this",
            "module.tamr_networking.module.vpc.aws_vpc_ipv4_cidr_block_association.this",
            "module.tamr_networking.module.vpc.aws_vpn_gateway.this",
            "module.tamr_networking.module.vpc.aws_vpn_gateway_attachment.this",
            "module.tamr_networking.module.vpc.aws_vpn_gateway_route_propagation.intra",
            "module.tamr_networking.module.vpc.aws_vpn_gateway_route_propagation.private",
            "module.tamr_networking.module.vpc.aws_vpn_gateway_route_propagation.public",
            "module.tamr_networking.module.vpc.data.aws_iam_policy_document.flow_log_cloudwatch_assume_role",
            "module.tamr_networking.module.vpc.data.aws_iam_policy_document.vpc_flow_log_cloudwatch"
          ]
        }
      ]
    },
    {
      "module": "module.alb.module.sg_https_lb.module.sg",
      "mode": "managed",
      "type": "aws_security_group_rule",
      "name": "ingress_rules",
      "provider": "provider[\"registry.terraform.io/hashicorp/aws\"]",
      "instances": [
        {
          "index_key": 0,
          "schema_version": 2,
          "attributes": {
            "cidr_blocks": [
              "0.0.0.0/0"
            ],
            "description": "HTTPS",
            "from_port": 443,
            "id": "sgrule-2446875355",
            "ipv6_cidr_blocks": [],
            "prefix_list_ids": [],
            "protocol": "tcp",
            "security_group_id": "sg-0f5837e7f99f40f7b",
            "self": false,
            "source_security_group_id": null,
            "to_port": 443,
            "type": "ingress"
          },
          "sensitive_attributes": [],
          "private": "eyJzY2hlbWFfdmVyc2lvbiI6IjIifQ==",
          "dependencies": [
            "module.alb.module.sg_https_lb.module.sg.aws_security_group.this",
            "module.alb.module.sg_https_lb.module.sg.aws_security_group.this_name_prefix",
            "module.tamr_networking.module.vpc.aws_vpc.this"
          ]
        }
      ]
    },
    {
      "module": "module.alb.module.sg_https_lb.module.sg",
      "mode": "managed",
      "type": "aws_security_group_rule",
      "name": "ingress_with_self",
      "provider": "provider[\"registry.terraform.io/hashicorp/aws\"]",
      "instances": [
        {
          "index_key": 0,
          "schema_version": 2,
          "attributes": {
            "cidr_blocks": null,
            "description": "Ingress Rule",
            "from_port": -1,
            "id": "sgrule-3398285075",
            "ipv6_cidr_blocks": null,
            "prefix_list_ids": [],
            "protocol": "-1",
            "security_group_id": "sg-0f5837e7f99f40f7b",
            "self": true,
            "source_security_group_id": null,
            "to_port": -1,
            "type": "ingress"
          },
          "sensitive_attributes": [],
          "private": "eyJzY2hlbWFfdmVyc2lvbiI6IjIifQ==",
          "dependencies": [
            "module.alb.module.sg_https_lb.module.sg.aws_security_group.this",
            "module.alb.module.sg_https_lb.module.sg.aws_security_group.this_name_prefix",
            "module.tamr_networking.module.vpc.aws_vpc.this"
          ]
        }
      ]
    },
    {
      "module": "module.aws-emr-sg-core",
      "mode": "managed",
      "type": "aws_security_group",
      "name": "security-groups-egress-cidr",
      "provider": "provider[\"registry.terraform.io/hashicorp/aws\"]",
      "instances": [
        {
          "index_key": 0,
          "schema_version": 1,
          "attributes": {
            "arn": "arn:aws:ec2:us-west-1:131578276461:security-group/sg-0a2a881b87c564d11",
            "description": "Egress security group for Tamr (CIDR)",
            "egress": [],
            "id": "sg-0a2a881b87c564d11",
            "ingress": [],
            "name": "example-complete--core-egress-cidr-0",
            "name_prefix": "",
            "owner_id": "131578276461",
            "revoke_rules_on_delete": false,
            "tags": null,
            "tags_all": {},
            "timeouts": null,
            "vpc_id": "vpc-09ebec0ff9aa91a04"
          },
          "sensitive_attributes": [],
          "private": "eyJlMmJmYjczMC1lY2FhLTExZTYtOGY4OC0zNDM2M2JjN2M0YzAiOnsiY3JlYXRlIjo2MDAwMDAwMDAwMDAsImRlbGV0ZSI6OTAwMDAwMDAwMDAwfSwic2NoZW1hX3ZlcnNpb24iOiIxIn0=",
          "dependencies": [
            "module.tamr_networking.module.vpc.aws_vpc.this"
          ]
        }
      ]
    },
    {
      "module": "module.aws-emr-sg-core",
      "mode": "managed",
      "type": "aws_security_group",
      "name": "security-groups-ingress-cidr",
      "provider": "provider[\"registry.terraform.io/hashicorp/aws\"]",
      "instances": [
        {
          "index_key": 0,
          "schema_version": 1,
          "attributes": {
            "arn": "arn:aws:ec2:us-west-1:131578276461:security-group/sg-0cf48756cb00743c2",
            "description": "Ingress security group for Tamr (CIDR)",
            "egress": [],
            "id": "sg-0cf48756cb00743c2",
            "ingress": [],
            "name": "example-complete--core-ingress-cidr-0",
            "name_prefix": "",
            "owner_id": "131578276461",
            "revoke_rules_on_delete": false,
            "tags": null,
            "tags_all": {},
            "timeouts": null,
            "vpc_id": "vpc-09ebec0ff9aa91a04"
          },
          "sensitive_attributes": [],
          "private": "eyJlMmJmYjczMC1lY2FhLTExZTYtOGY4OC0zNDM2M2JjN2M0YzAiOnsiY3JlYXRlIjo2MDAwMDAwMDAwMDAsImRlbGV0ZSI6OTAwMDAwMDAwMDAwfSwic2NoZW1hX3ZlcnNpb24iOiIxIn0=",
          "dependencies": [
            "module.tamr_networking.module.vpc.aws_vpc.this"
          ]
        }
      ]
    },
    {
      "module": "module.aws-emr-sg-core",
      "mode": "managed",
      "type": "aws_security_group_rule",
      "name": "egress_cidr_rules",
      "provider": "provider[\"registry.terraform.io/hashicorp/aws\"]",
      "instances": [
        {
          "index_key": 0,
          "schema_version": 2,
          "attributes": {
            "cidr_blocks": [
              "0.0.0.0/0"
            ],
            "description": "Tamr egress CIDR rule 0",
            "from_port": 0,
            "id": "sgrule-533257184",
            "ipv6_cidr_blocks": null,
            "prefix_list_ids": null,
            "protocol": "-1",
            "security_group_id": "sg-0a2a881b87c564d11",
            "self": false,
            "source_security_group_id": null,
            "to_port": 0,
            "type": "egress"
          },
          "sensitive_attributes": [],
          "private": "eyJzY2hlbWFfdmVyc2lvbiI6IjIifQ==",
          "dependencies": [
            "module.aws-emr-sg-core.aws_security_group.security-groups-egress-cidr",
            "module.tamr_networking.module.vpc.aws_vpc.this"
          ]
        }
      ]
    },
    {
      "module": "module.aws-emr-sg-core",
      "mode": "managed",
      "type": "aws_security_group_rule",
      "name": "ingress_cidr_rules",
      "provider": "provider[\"registry.terraform.io/hashicorp/aws\"]",
      "instances": [
        {
          "index_key": 0,
          "schema_version": 2,
          "attributes": {
            "cidr_blocks": [
              "0.0.0.0/0"
            ],
            "description": "Tamr ingress CIDR rule 0 for port 8042",
            "from_port": 8042,
            "id": "sgrule-2641328025",
            "ipv6_cidr_blocks": null,
            "prefix_list_ids": null,
            "protocol": "tcp",
            "security_group_id": "sg-0cf48756cb00743c2",
            "self": false,
            "source_security_group_id": null,
            "to_port": 8042,
            "type": "ingress"
          },
          "sensitive_attributes": [],
          "private": "eyJzY2hlbWFfdmVyc2lvbiI6IjIifQ==",
          "dependencies": [
            "module.aws-emr-sg-core.aws_security_group.security-groups-ingress-cidr",
            "module.tamr_networking.module.vpc.aws_vpc.this"
          ]
        },
        {
          "index_key": 1,
          "schema_version": 2,
          "attributes": {
            "cidr_blocks": [
              "0.0.0.0/0"
            ],
            "description": "Tamr ingress CIDR rule 1 for port 16020",
            "from_port": 16020,
            "id": "sgrule-4018485306",
            "ipv6_cidr_blocks": null,
            "prefix_list_ids": null,
            "protocol": "tcp",
            "security_group_id": "sg-0cf48756cb00743c2",
            "self": false,
            "source_security_group_id": null,
            "to_port": 16020,
            "type": "ingress"
          },
          "sensitive_attributes": [],
          "private": "eyJzY2hlbWFfdmVyc2lvbiI6IjIifQ==",
          "dependencies": [
            "module.aws-emr-sg-core.aws_security_group.security-groups-ingress-cidr",
            "module.tamr_networking.module.vpc.aws_vpc.this"
          ]
        },
        {
          "index_key": 2,
          "schema_version": 2,
          "attributes": {
            "cidr_blocks": [
              "0.0.0.0/0"
            ],
            "description": "Tamr ingress CIDR rule 2 for port 16030",
            "from_port": 16030,
            "id": "sgrule-1156137189",
            "ipv6_cidr_blocks": null,
            "prefix_list_ids": null,
            "protocol": "tcp",
            "security_group_id": "sg-0cf48756cb00743c2",
            "self": false,
            "source_security_group_id": null,
            "to_port": 16030,
            "type": "ingress"
          },
          "sensitive_attributes": [],
          "private": "eyJzY2hlbWFfdmVyc2lvbiI6IjIifQ==",
          "dependencies": [
            "module.aws-emr-sg-core.aws_security_group.security-groups-ingress-cidr",
            "module.tamr_networking.module.vpc.aws_vpc.this"
          ]
        },
        {
          "index_key": 3,
          "schema_version": 2,
          "attributes": {
            "cidr_blocks": [
              "0.0.0.0/0"
            ],
            "description": "Tamr ingress CIDR rule 3 for port 50010",
            "from_port": 50010,
            "id": "sgrule-1474836571",
            "ipv6_cidr_blocks": null,
            "prefix_list_ids": null,
            "protocol": "tcp",
            "security_group_id": "sg-0cf48756cb00743c2",
            "self": false,
            "source_security_group_id": null,
            "to_port": 50010,
            "type": "ingress"
          },
          "sensitive_attributes": [],
          "private": "eyJzY2hlbWFfdmVyc2lvbiI6IjIifQ==",
          "dependencies": [
            "module.aws-emr-sg-core.aws_security_group.security-groups-ingress-cidr",
            "module.tamr_networking.module.vpc.aws_vpc.this"
          ]
        },
        {
          "index_key": 4,
          "schema_version": 2,
          "attributes": {
            "cidr_blocks": [
              "0.0.0.0/0"
            ],
            "description": "Tamr ingress CIDR rule 4 for port 50075",
            "from_port": 50075,
            "id": "sgrule-1067692619",
            "ipv6_cidr_blocks": null,
            "prefix_list_ids": null,
            "protocol": "tcp",
            "security_group_id": "sg-0cf48756cb00743c2",
            "self": false,
            "source_security_group_id": null,
            "to_port": 50075,
            "type": "ingress"
          },
          "sensitive_attributes": [],
          "private": "eyJzY2hlbWFfdmVyc2lvbiI6IjIifQ==",
          "dependencies": [
            "module.aws-emr-sg-core.aws_security_group.security-groups-ingress-cidr",
            "module.tamr_networking.module.vpc.aws_vpc.this"
          ]
        }
      ]
    },
    {
      "module": "module.aws-emr-sg-master",
      "mode": "managed",
      "type": "aws_security_group",
      "name": "security-groups-egress-cidr",
      "provider": "provider[\"registry.terraform.io/hashicorp/aws\"]",
      "instances": [
        {
          "index_key": 0,
          "schema_version": 1,
          "attributes": {
            "arn": "arn:aws:ec2:us-west-1:131578276461:security-group/sg-091e4c401d038bbc3",
            "description": "Egress security group for Tamr (CIDR)",
            "egress": [],
            "id": "sg-091e4c401d038bbc3",
            "ingress": [],
            "name": "example-complete--master-egress-cidr-0",
            "name_prefix": "",
            "owner_id": "131578276461",
            "revoke_rules_on_delete": false,
            "tags": null,
            "tags_all": {},
            "timeouts": null,
            "vpc_id": "vpc-09ebec0ff9aa91a04"
          },
          "sensitive_attributes": [],
          "private": "eyJlMmJmYjczMC1lY2FhLTExZTYtOGY4OC0zNDM2M2JjN2M0YzAiOnsiY3JlYXRlIjo2MDAwMDAwMDAwMDAsImRlbGV0ZSI6OTAwMDAwMDAwMDAwfSwic2NoZW1hX3ZlcnNpb24iOiIxIn0=",
          "dependencies": [
            "module.tamr_networking.module.vpc.aws_vpc.this"
          ]
        }
      ]
    },
    {
      "module": "module.aws-emr-sg-master",
      "mode": "managed",
      "type": "aws_security_group",
      "name": "security-groups-ingress-cidr",
      "provider": "provider[\"registry.terraform.io/hashicorp/aws\"]",
      "instances": [
        {
          "index_key": 0,
          "schema_version": 1,
          "attributes": {
            "arn": "arn:aws:ec2:us-west-1:131578276461:security-group/sg-0e95baf4e123de6c7",
            "description": "Ingress security group for Tamr (CIDR)",
            "egress": [],
            "id": "sg-0e95baf4e123de6c7",
            "ingress": [],
            "name": "example-complete--master-ingress-cidr-0",
            "name_prefix": "",
            "owner_id": "131578276461",
            "revoke_rules_on_delete": false,
            "tags": null,
            "tags_all": {},
            "timeouts": null,
            "vpc_id": "vpc-09ebec0ff9aa91a04"
          },
          "sensitive_attributes": [],
          "private": "eyJlMmJmYjczMC1lY2FhLTExZTYtOGY4OC0zNDM2M2JjN2M0YzAiOnsiY3JlYXRlIjo2MDAwMDAwMDAwMDAsImRlbGV0ZSI6OTAwMDAwMDAwMDAwfSwic2NoZW1hX3ZlcnNpb24iOiIxIn0=",
          "dependencies": [
            "module.tamr_networking.module.vpc.aws_vpc.this"
          ]
        }
      ]
    },
    {
      "module": "module.aws-emr-sg-master",
      "mode": "managed",
      "type": "aws_security_group_rule",
      "name": "egress_cidr_rules",
      "provider": "provider[\"registry.terraform.io/hashicorp/aws\"]",
      "instances": [
        {
          "index_key": 0,
          "schema_version": 2,
          "attributes": {
            "cidr_blocks": [
              "0.0.0.0/0"
            ],
            "description": "Tamr egress CIDR rule 0",
            "from_port": 0,
            "id": "sgrule-1012525465",
            "ipv6_cidr_blocks": null,
            "prefix_list_ids": null,
            "protocol": "-1",
            "security_group_id": "sg-091e4c401d038bbc3",
            "self": false,
            "source_security_group_id": null,
            "to_port": 0,
            "type": "egress"
          },
          "sensitive_attributes": [],
          "private": "eyJzY2hlbWFfdmVyc2lvbiI6IjIifQ==",
          "dependencies": [
            "module.aws-emr-sg-master.aws_security_group.security-groups-egress-cidr",
            "module.tamr_networking.module.vpc.aws_vpc.this"
          ]
        }
      ]
    },
    {
      "module": "module.aws-emr-sg-master",
      "mode": "managed",
      "type": "aws_security_group_rule",
      "name": "ingress_cidr_rules",
      "provider": "provider[\"registry.terraform.io/hashicorp/aws\"]",
      "instances": [
        {
          "index_key": 0,
          "schema_version": 2,
          "attributes": {
            "cidr_blocks": [
              "0.0.0.0/0"
            ],
            "description": "Tamr ingress CIDR rule 0 for port 80",
            "from_port": 80,
            "id": "sgrule-3399708756",
            "ipv6_cidr_blocks": null,
            "prefix_list_ids": null,
            "protocol": "tcp",
            "security_group_id": "sg-0e95baf4e123de6c7",
            "self": false,
            "source_security_group_id": null,
            "to_port": 80,
            "type": "ingress"
          },
          "sensitive_attributes": [],
          "private": "eyJzY2hlbWFfdmVyc2lvbiI6IjIifQ==",
          "dependencies": [
            "module.aws-emr-sg-master.aws_security_group.security-groups-ingress-cidr",
            "module.tamr_networking.module.vpc.aws_vpc.this"
          ]
        },
        {
          "index_key": 1,
          "schema_version": 2,
          "attributes": {
            "cidr_blocks": [
              "0.0.0.0/0"
            ],
            "description": "Tamr ingress CIDR rule 1 for port 2181",
            "from_port": 2181,
            "id": "sgrule-4104876985",
            "ipv6_cidr_blocks": null,
            "prefix_list_ids": null,
            "protocol": "tcp",
            "security_group_id": "sg-0e95baf4e123de6c7",
            "self": false,
            "source_security_group_id": null,
            "to_port": 2181,
            "type": "ingress"
          },
          "sensitive_attributes": [],
          "private": "eyJzY2hlbWFfdmVyc2lvbiI6IjIifQ==",
          "dependencies": [
            "module.aws-emr-sg-master.aws_security_group.security-groups-ingress-cidr",
            "module.tamr_networking.module.vpc.aws_vpc.this"
          ]
        },
        {
          "index_key": 2,
          "schema_version": 2,
          "attributes": {
            "cidr_blocks": [
              "0.0.0.0/0"
            ],
            "description": "Tamr ingress CIDR rule 2 for port 8020",
            "from_port": 8020,
            "id": "sgrule-3353490766",
            "ipv6_cidr_blocks": null,
            "prefix_list_ids": null,
            "protocol": "tcp",
            "security_group_id": "sg-0e95baf4e123de6c7",
            "self": false,
            "source_security_group_id": null,
            "to_port": 8020,
            "type": "ingress"
          },
          "sensitive_attributes": [],
          "private": "eyJzY2hlbWFfdmVyc2lvbiI6IjIifQ==",
          "dependencies": [
            "module.aws-emr-sg-master.aws_security_group.security-groups-ingress-cidr",
            "module.tamr_networking.module.vpc.aws_vpc.this"
          ]
        },
        {
          "index_key": 3,
          "schema_version": 2,
          "attributes": {
            "cidr_blocks": [
              "0.0.0.0/0"
            ],
            "description": "Tamr ingress CIDR rule 3 for port 8070",
            "from_port": 8070,
            "id": "sgrule-1412923539",
            "ipv6_cidr_blocks": null,
            "prefix_list_ids": null,
            "protocol": "tcp",
            "security_group_id": "sg-0e95baf4e123de6c7",
            "self": false,
            "source_security_group_id": null,
            "to_port": 8070,
            "type": "ingress"
          },
          "sensitive_attributes": [],
          "private": "eyJzY2hlbWFfdmVyc2lvbiI6IjIifQ==",
          "dependencies": [
            "module.aws-emr-sg-master.aws_security_group.security-groups-ingress-cidr",
            "module.tamr_networking.module.vpc.aws_vpc.this"
          ]
        },
        {
          "index_key": 4,
          "schema_version": 2,
          "attributes": {
            "cidr_blocks": [
              "0.0.0.0/0"
            ],
            "description": "Tamr ingress CIDR rule 4 for port 8085",
            "from_port": 8085,
            "id": "sgrule-3883014200",
            "ipv6_cidr_blocks": null,
            "prefix_list_ids": null,
            "protocol": "tcp",
            "security_group_id": "sg-0e95baf4e123de6c7",
            "self": false,
            "source_security_group_id": null,
            "to_port": 8085,
            "type": "ingress"
          },
          "sensitive_attributes": [],
          "private": "eyJzY2hlbWFfdmVyc2lvbiI6IjIifQ==",
          "dependencies": [
            "module.aws-emr-sg-master.aws_security_group.security-groups-ingress-cidr",
            "module.tamr_networking.module.vpc.aws_vpc.this"
          ]
        },
        {
          "index_key": 5,
          "schema_version": 2,
          "attributes": {
            "cidr_blocks": [
              "0.0.0.0/0"
            ],
            "description": "Tamr ingress CIDR rule 5 for port 8088",
            "from_port": 8088,
            "id": "sgrule-1206493609",
            "ipv6_cidr_blocks": null,
            "prefix_list_ids": null,
            "protocol": "tcp",
            "security_group_id": "sg-0e95baf4e123de6c7",
            "self": false,
            "source_security_group_id": null,
            "to_port": 8088,
            "type": "ingress"
          },
          "sensitive_attributes": [],
          "private": "eyJzY2hlbWFfdmVyc2lvbiI6IjIifQ==",
          "dependencies": [
            "module.aws-emr-sg-master.aws_security_group.security-groups-ingress-cidr",
            "module.tamr_networking.module.vpc.aws_vpc.this"
          ]
        },
        {
          "index_key": 6,
          "schema_version": 2,
          "attributes": {
            "cidr_blocks": [
              "0.0.0.0/0"
            ],
            "description": "Tamr ingress CIDR rule 6 for port 8443",
            "from_port": 8443,
            "id": "sgrule-3378963462",
            "ipv6_cidr_blocks": null,
            "prefix_list_ids": null,
            "protocol": "tcp",
            "security_group_id": "sg-0e95baf4e123de6c7",
            "self": false,
            "source_security_group_id": null,
            "to_port": 8443,
            "type": "ingress"
          },
          "sensitive_attributes": [],
          "private": "eyJzY2hlbWFfdmVyc2lvbiI6IjIifQ==",
          "dependencies": [
            "module.aws-emr-sg-master.aws_security_group.security-groups-ingress-cidr",
            "module.tamr_networking.module.vpc.aws_vpc.this"
          ]
        },
        {
          "index_key": 7,
          "schema_version": 2,
          "attributes": {
            "cidr_blocks": [
              "0.0.0.0/0"
            ],
            "description": "Tamr ingress CIDR rule 7 for port 9090",
            "from_port": 9090,
            "id": "sgrule-1032140120",
            "ipv6_cidr_blocks": null,
            "prefix_list_ids": null,
            "protocol": "tcp",
            "security_group_id": "sg-0e95baf4e123de6c7",
            "self": false,
            "source_security_group_id": null,
            "to_port": 9090,
            "type": "ingress"
          },
          "sensitive_attributes": [],
          "private": "eyJzY2hlbWFfdmVyc2lvbiI6IjIifQ==",
          "dependencies": [
            "module.aws-emr-sg-master.aws_security_group.security-groups-ingress-cidr",
            "module.tamr_networking.module.vpc.aws_vpc.this"
          ]
        },
        {
          "index_key": 8,
          "schema_version": 2,
          "attributes": {
            "cidr_blocks": [
              "0.0.0.0/0"
            ],
            "description": "Tamr ingress CIDR rule 8 for port 9095",
            "from_port": 9095,
            "id": "sgrule-3788469717",
            "ipv6_cidr_blocks": null,
            "prefix_list_ids": null,
            "protocol": "tcp",
            "security_group_id": "sg-0e95baf4e123de6c7",
            "self": false,
            "source_security_group_id": null,
            "to_port": 9095,
            "type": "ingress"
          },
          "sensitive_attributes": [],
          "private": "eyJzY2hlbWFfdmVyc2lvbiI6IjIifQ==",
          "dependencies": [
            "module.aws-emr-sg-master.aws_security_group.security-groups-ingress-cidr",
            "module.tamr_networking.module.vpc.aws_vpc.this"
          ]
        },
        {
          "index_key": 9,
          "schema_version": 2,
          "attributes": {
            "cidr_blocks": [
              "0.0.0.0/0"
            ],
            "description": "Tamr ingress CIDR rule 9 for port 16000",
            "from_port": 16000,
            "id": "sgrule-3373544985",
            "ipv6_cidr_blocks": null,
            "prefix_list_ids": null,
            "protocol": "tcp",
            "security_group_id": "sg-0e95baf4e123de6c7",
            "self": false,
            "source_security_group_id": null,
            "to_port": 16000,
            "type": "ingress"
          },
          "sensitive_attributes": [],
          "private": "eyJzY2hlbWFfdmVyc2lvbiI6IjIifQ==",
          "dependencies": [
            "module.aws-emr-sg-master.aws_security_group.security-groups-ingress-cidr",
            "module.tamr_networking.module.vpc.aws_vpc.this"
          ]
        },
        {
          "index_key": 10,
          "schema_version": 2,
          "attributes": {
            "cidr_blocks": [
              "0.0.0.0/0"
            ],
            "description": "Tamr ingress CIDR rule 10 for port 16010",
            "from_port": 16010,
            "id": "sgrule-1652051654",
            "ipv6_cidr_blocks": null,
            "prefix_list_ids": null,
            "protocol": "tcp",
            "security_group_id": "sg-0e95baf4e123de6c7",
            "self": false,
            "source_security_group_id": null,
            "to_port": 16010,
            "type": "ingress"
          },
          "sensitive_attributes": [],
          "private": "eyJzY2hlbWFfdmVyc2lvbiI6IjIifQ==",
          "dependencies": [
            "module.aws-emr-sg-master.aws_security_group.security-groups-ingress-cidr",
            "module.tamr_networking.module.vpc.aws_vpc.this"
          ]
        },
        {
          "index_key": 11,
          "schema_version": 2,
          "attributes": {
            "cidr_blocks": [
              "0.0.0.0/0"
            ],
            "description": "Tamr ingress CIDR rule 11 for port 18080",
            "from_port": 18080,
            "id": "sgrule-909216664",
            "ipv6_cidr_blocks": null,
            "prefix_list_ids": null,
            "protocol": "tcp",
            "security_group_id": "sg-0e95baf4e123de6c7",
            "self": false,
            "source_security_group_id": null,
            "to_port": 18080,
            "type": "ingress"
          },
          "sensitive_attributes": [],
          "private": "eyJzY2hlbWFfdmVyc2lvbiI6IjIifQ==",
          "dependencies": [
            "module.aws-emr-sg-master.aws_security_group.security-groups-ingress-cidr",
            "module.tamr_networking.module.vpc.aws_vpc.this"
          ]
        },
        {
          "index_key": 12,
          "schema_version": 2,
          "attributes": {
            "cidr_blocks": [
              "0.0.0.0/0"
            ],
            "description": "Tamr ingress CIDR rule 12 for port 19888",
            "from_port": 19888,
            "id": "sgrule-839465853",
            "ipv6_cidr_blocks": null,
            "prefix_list_ids": null,
            "protocol": "tcp",
            "security_group_id": "sg-0e95baf4e123de6c7",
            "self": false,
            "source_security_group_id": null,
            "to_port": 19888,
            "type": "ingress"
          },
          "sensitive_attributes": [],
          "private": "eyJzY2hlbWFfdmVyc2lvbiI6IjIifQ==",
          "dependencies": [
            "module.aws-emr-sg-master.aws_security_group.security-groups-ingress-cidr",
            "module.tamr_networking.module.vpc.aws_vpc.this"
          ]
        },
        {
          "index_key": 13,
          "schema_version": 2,
          "attributes": {
            "cidr_blocks": [
              "0.0.0.0/0"
            ],
            "description": "Tamr ingress CIDR rule 13 for port 20888",
            "from_port": 20888,
            "id": "sgrule-2873627617",
            "ipv6_cidr_blocks": null,
            "prefix_list_ids": null,
            "protocol": "tcp",
            "security_group_id": "sg-0e95baf4e123de6c7",
            "self": false,
            "source_security_group_id": null,
            "to_port": 20888,
            "type": "ingress"
          },
          "sensitive_attributes": [],
          "private": "eyJzY2hlbWFfdmVyc2lvbiI6IjIifQ==",
          "dependencies": [
            "module.aws-emr-sg-master.aws_security_group.security-groups-ingress-cidr",
            "module.tamr_networking.module.vpc.aws_vpc.this"
          ]
        },
        {
          "index_key": 14,
          "schema_version": 2,
          "attributes": {
            "cidr_blocks": [
              "0.0.0.0/0"
            ],
            "description": "Tamr ingress CIDR rule 14 for port 50070",
            "from_port": 50070,
            "id": "sgrule-2975588295",
            "ipv6_cidr_blocks": null,
            "prefix_list_ids": null,
            "protocol": "tcp",
            "security_group_id": "sg-0e95baf4e123de6c7",
            "self": false,
            "source_security_group_id": null,
            "to_port": 50070,
            "type": "ingress"
          },
          "sensitive_attributes": [],
          "private": "eyJzY2hlbWFfdmVyc2lvbiI6IjIifQ==",
          "dependencies": [
            "module.aws-emr-sg-master.aws_security_group.security-groups-ingress-cidr",
            "module.tamr_networking.module.vpc.aws_vpc.this"
          ]
        }
      ]
    },
    {
      "module": "module.aws-emr-sg-service-access",
      "mode": "managed",
      "type": "aws_security_group",
      "name": "security-groups-egress-cidr",
      "provider": "provider[\"registry.terraform.io/hashicorp/aws\"]",
      "instances": [
        {
          "index_key": 0,
          "schema_version": 1,
          "attributes": {
            "arn": "arn:aws:ec2:us-west-1:131578276461:security-group/sg-077849fd1eaff1b07",
            "description": "Egress security group for Tamr (CIDR)",
            "egress": [],
            "id": "sg-077849fd1eaff1b07",
            "ingress": [],
            "name": "example-complete--service-access-egress-cidr-0",
            "name_prefix": "",
            "owner_id": "131578276461",
            "revoke_rules_on_delete": false,
            "tags": null,
            "tags_all": {},
            "timeouts": null,
            "vpc_id": "vpc-09ebec0ff9aa91a04"
          },
          "sensitive_attributes": [],
          "private": "eyJlMmJmYjczMC1lY2FhLTExZTYtOGY4OC0zNDM2M2JjN2M0YzAiOnsiY3JlYXRlIjo2MDAwMDAwMDAwMDAsImRlbGV0ZSI6OTAwMDAwMDAwMDAwfSwic2NoZW1hX3ZlcnNpb24iOiIxIn0=",
          "dependencies": [
            "module.tamr_networking.module.vpc.aws_vpc.this"
          ]
        }
      ]
    },
    {
      "module": "module.aws-emr-sg-service-access",
      "mode": "managed",
      "type": "aws_security_group",
      "name": "security-groups-ingress-cidr",
      "provider": "provider[\"registry.terraform.io/hashicorp/aws\"]",
      "instances": [
        {
          "index_key": 0,
          "schema_version": 1,
          "attributes": {
            "arn": "arn:aws:ec2:us-west-1:131578276461:security-group/sg-09c6d4fa12fab039f",
            "description": "Ingress security group for Tamr (CIDR)",
            "egress": [],
            "id": "sg-09c6d4fa12fab039f",
            "ingress": [],
            "name": "example-complete--service-access-ingress-cidr-0",
            "name_prefix": "",
            "owner_id": "131578276461",
            "revoke_rules_on_delete": false,
            "tags": null,
            "tags_all": {},
            "timeouts": null,
            "vpc_id": "vpc-09ebec0ff9aa91a04"
          },
          "sensitive_attributes": [],
          "private": "eyJlMmJmYjczMC1lY2FhLTExZTYtOGY4OC0zNDM2M2JjN2M0YzAiOnsiY3JlYXRlIjo2MDAwMDAwMDAwMDAsImRlbGV0ZSI6OTAwMDAwMDAwMDAwfSwic2NoZW1hX3ZlcnNpb24iOiIxIn0=",
          "dependencies": [
            "module.tamr_networking.module.vpc.aws_vpc.this"
          ]
        }
      ]
    },
    {
      "module": "module.aws-emr-sg-service-access",
      "mode": "managed",
      "type": "aws_security_group_rule",
      "name": "egress_cidr_rules",
      "provider": "provider[\"registry.terraform.io/hashicorp/aws\"]",
      "instances": [
        {
          "index_key": 0,
          "schema_version": 2,
          "attributes": {
            "cidr_blocks": [
              "0.0.0.0/0"
            ],
            "description": "Tamr egress CIDR rule 0",
            "from_port": 0,
            "id": "sgrule-587670949",
            "ipv6_cidr_blocks": null,
            "prefix_list_ids": null,
            "protocol": "-1",
            "security_group_id": "sg-077849fd1eaff1b07",
            "self": false,
            "source_security_group_id": null,
            "to_port": 0,
            "type": "egress"
          },
          "sensitive_attributes": [],
          "private": "eyJzY2hlbWFfdmVyc2lvbiI6IjIifQ==",
          "dependencies": [
            "module.aws-emr-sg-service-access.aws_security_group.security-groups-egress-cidr",
            "module.tamr_networking.module.vpc.aws_vpc.this"
          ]
        }
      ]
    },
    {
      "module": "module.aws-emr-sg-service-access",
      "mode": "managed",
      "type": "aws_security_group_rule",
      "name": "ingress_cidr_rules",
      "provider": "provider[\"registry.terraform.io/hashicorp/aws\"]",
      "instances": [
        {
          "index_key": 0,
          "schema_version": 2,
          "attributes": {
            "cidr_blocks": [
              "0.0.0.0/0"
            ],
            "description": "Tamr ingress CIDR rule 0 for port 22",
            "from_port": 22,
            "id": "sgrule-1383059835",
            "ipv6_cidr_blocks": null,
            "prefix_list_ids": null,
            "protocol": "tcp",
            "security_group_id": "sg-09c6d4fa12fab039f",
            "self": false,
            "source_security_group_id": null,
            "to_port": 22,
            "type": "ingress"
          },
          "sensitive_attributes": [],
          "private": "eyJzY2hlbWFfdmVyc2lvbiI6IjIifQ==",
          "dependencies": [
            "module.aws-emr-sg-service-access.aws_security_group.security-groups-ingress-cidr",
            "module.tamr_networking.module.vpc.aws_vpc.this"
          ]
        },
        {
          "index_key": 1,
          "schema_version": 2,
          "attributes": {
            "cidr_blocks": [
              "0.0.0.0/0"
            ],
            "description": "Tamr ingress CIDR rule 1 for port 9443",
            "from_port": 9443,
            "id": "sgrule-1122407637",
            "ipv6_cidr_blocks": null,
            "prefix_list_ids": null,
            "protocol": "tcp",
            "security_group_id": "sg-09c6d4fa12fab039f",
            "self": false,
            "source_security_group_id": null,
            "to_port": 9443,
            "type": "ingress"
          },
          "sensitive_attributes": [],
          "private": "eyJzY2hlbWFfdmVyc2lvbiI6IjIifQ==",
          "dependencies": [
            "module.aws-emr-sg-service-access.aws_security_group.security-groups-ingress-cidr",
            "module.tamr_networking.module.vpc.aws_vpc.this"
          ]
        }
      ]
    },
    {
      "module": "module.emr-logs-bucket.module.bucket-iam-policy",
      "mode": "data",
      "type": "aws_iam_policy_document",
      "name": "path_specific_rw_doc",
      "provider": "provider[\"registry.terraform.io/hashicorp/aws\"]",
      "instances": [
        {
          "index_key": 0,
          "schema_version": 0,
          "attributes": {
            "id": "2294494115",
            "json": "{\n  \"Version\": \"2012-10-17\",\n  \"Statement\": [\n    {\n      \"Sid\": \"ReadWritePolicy0\",\n      \"Effect\": \"Allow\",\n      \"Action\": [\n        \"s3:PutObject\",\n        \"s3:HeadBucket\"\n      ],\n      \"Resource\": [\n        \"arn:aws:s3:::franco-logs//*\",\n        \"arn:aws:s3:::franco-logs/\"\n      ]\n    }\n  ]\n}",
            "override_json": null,
            "override_policy_documents": null,
            "policy_id": null,
            "source_json": "{\n  \"Version\": \"2012-10-17\",\n  \"Statement\": [\n    {\n      \"Sid\": \"ReadWritePolicy0\",\n      \"Effect\": \"Allow\",\n      \"Action\": [\n        \"s3:PutObject\",\n        \"s3:HeadBucket\"\n      ],\n      \"Resource\": [\n        \"arn:aws:s3:::franco-logs/*\",\n        \"arn:aws:s3:::franco-logs\"\n      ]\n    }\n  ]\n}",
            "source_policy_documents": null,
            "statement": [
              {
                "actions": [
                  "s3:HeadBucket",
                  "s3:PutObject"
                ],
                "condition": [],
                "effect": "Allow",
                "not_actions": [],
                "not_principals": [],
                "not_resources": [],
                "principals": [],
                "resources": [
                  "arn:aws:s3:::franco-logs/",
                  "arn:aws:s3:::franco-logs//*"
                ],
                "sid": "ReadWritePolicy0"
              }
            ],
            "version": "2012-10-17"
          },
          "sensitive_attributes": []
        }
      ]
    },
    {
      "module": "module.emr-logs-bucket.module.bucket-iam-policy",
      "mode": "data",
      "type": "aws_iam_policy_document",
      "name": "rw_source_policy_doc",
      "provider": "provider[\"registry.terraform.io/hashicorp/aws\"]",
      "instances": [
        {
          "index_key": 0,
          "schema_version": 0,
          "attributes": {
            "id": "1027772455",
            "json": "{\n  \"Version\": \"2012-10-17\",\n  \"Statement\": [\n    {\n      \"Sid\": \"ReadWritePolicy0\",\n      \"Effect\": \"Allow\",\n      \"Action\": [\n        \"s3:PutObject\",\n        \"s3:HeadBucket\"\n      ],\n      \"Resource\": [\n        \"arn:aws:s3:::franco-logs/*\",\n        \"arn:aws:s3:::franco-logs\"\n      ]\n    }\n  ]\n}",
            "override_json": null,
            "override_policy_documents": null,
            "policy_id": null,
            "source_json": null,
            "source_policy_documents": null,
            "statement": [
              {
                "actions": [
                  "s3:HeadBucket",
                  "s3:PutObject"
                ],
                "condition": [],
                "effect": "Allow",
                "not_actions": [],
                "not_principals": [],
                "not_resources": [],
                "principals": [],
                "resources": [
                  "arn:aws:s3:::franco-logs",
                  "arn:aws:s3:::franco-logs/*"
                ],
                "sid": "ReadWritePolicy0"
              }
            ],
            "version": "2012-10-17"
          },
          "sensitive_attributes": []
        }
      ]
    },
    {
      "module": "module.emr-logs-bucket.module.bucket-iam-policy",
      "mode": "managed",
      "type": "aws_iam_policy",
      "name": "rw_policy",
      "provider": "provider[\"registry.terraform.io/hashicorp/aws\"]",
      "instances": [
        {
          "index_key": 0,
          "schema_version": 0,
          "attributes": {
            "arn": "arn:aws:iam::131578276461:policy/franco-logs-read-write-QWHl8p",
            "description": "",
            "id": "arn:aws:iam::131578276461:policy/franco-logs-read-write-QWHl8p",
            "name": "franco-logs-read-write-QWHl8p",
            "name_prefix": null,
            "path": "/",
            "policy": "{\n  \"Version\": \"2012-10-17\",\n  \"Statement\": [\n    {\n      \"Sid\": \"ReadWritePolicy0\",\n      \"Effect\": \"Allow\",\n      \"Action\": [\n        \"s3:PutObject\",\n        \"s3:HeadBucket\"\n      ],\n      \"Resource\": [\n        \"arn:aws:s3:::franco-logs/*\",\n        \"arn:aws:s3:::franco-logs\"\n      ]\n    }\n  ]\n}",
            "policy_id": "ANPAR5IVNFJW2AZKEYNAO",
            "tags": {
              "owner": "franco"
            },
            "tags_all": {
              "owner": "franco"
            }
          },
          "sensitive_attributes": [],
          "private": "bnVsbA==",
          "dependencies": [
            "module.emr-logs-bucket.module.bucket-iam-policy.data.aws_iam_policy_document.path_specific_rw_doc",
            "module.emr-logs-bucket.module.bucket-iam-policy.data.aws_iam_policy_document.rw_source_policy_doc",
            "module.emr-logs-bucket.module.bucket-iam-policy.random_string.rand"
          ]
        }
      ]
    },
    {
      "module": "module.emr-logs-bucket.module.bucket-iam-policy",
      "mode": "managed",
      "type": "random_string",
      "name": "rand",
      "provider": "provider[\"registry.terraform.io/hashicorp/random\"]",
      "instances": [
        {
          "schema_version": 1,
          "attributes": {
            "id": "QWHl8p",
            "keepers": null,
            "length": 6,
            "lower": true,
            "min_lower": 0,
            "min_numeric": 0,
            "min_special": 0,
            "min_upper": 0,
            "number": true,
            "override_special": null,
            "result": "QWHl8p",
            "special": false,
            "upper": true
          },
          "sensitive_attributes": [],
          "private": "eyJzY2hlbWFfdmVyc2lvbiI6IjEifQ=="
        }
      ]
    },
    {
      "module": "module.emr-logs-bucket.module.encrypted-bucket",
      "mode": "managed",
      "type": "aws_s3_bucket",
      "name": "new_bucket",
      "provider": "provider[\"registry.terraform.io/hashicorp/aws\"]",
      "instances": [
        {
          "schema_version": 0,
          "attributes": {
            "acceleration_status": "",
            "acl": "private",
            "arn": "arn:aws:s3:::franco-logs",
            "bucket": "franco-logs",
            "bucket_domain_name": "franco-logs.s3.amazonaws.com",
            "bucket_prefix": null,
            "bucket_regional_domain_name": "franco-logs.s3.us-west-1.amazonaws.com",
            "cors_rule": [],
            "force_destroy": true,
            "grant": [],
            "hosted_zone_id": "Z2F56UZL2M1ACD",
            "id": "franco-logs",
            "lifecycle_rule": [],
            "logging": [],
            "object_lock_configuration": [],
            "policy": null,
            "region": "us-west-1",
            "replication_configuration": [],
            "request_payer": "BucketOwner",
            "server_side_encryption_configuration": [
              {
                "rule": [
                  {
                    "apply_server_side_encryption_by_default": [
                      {
                        "kms_master_key_id": "",
                        "sse_algorithm": "AES256"
                      }
                    ],
                    "bucket_key_enabled": false
                  }
                ]
              }
            ],
            "tags": {
              "owner": "franco"
            },
            "tags_all": {
              "owner": "franco"
            },
            "versioning": [
              {
                "enabled": false,
                "mfa_delete": false
              }
            ],
            "website": [],
            "website_domain": null,
            "website_endpoint": null
          },
          "sensitive_attributes": [],
          "private": "bnVsbA=="
        }
      ]
    },
    {
      "module": "module.emr-logs-bucket.module.encrypted-bucket",
      "mode": "managed",
      "type": "aws_s3_bucket_policy",
      "name": "sse_bucket_policy",
      "provider": "provider[\"registry.terraform.io/hashicorp/aws\"]",
      "instances": [
        {
          "schema_version": 0,
          "attributes": {
            "bucket": "franco-logs",
            "id": "franco-logs",
            "policy": "{\n    \"Version\": \"2012-10-17\",\n    \"Id\": \"PutObjectPolicy\",\n    \"Statement\": [\n      {\n        \"Sid\": \"DenyIncorrectEncryptionHeader\",\n        \"Effect\": \"Deny\",\n        \"Principal\": \"*\",\n        \"Action\": \"s3:PutObject\",\n        \"Resource\": \"arn:aws:s3:::franco-logs/*\",\n        \"Condition\": {\n          \"StringNotEquals\": {\n            \"s3:x-amz-server-side-encryption\": \"AES256\"\n          }\n        }\n      },\n      {\n        \"Sid\": \"DenyUnencryptedObjectUploads\",\n        \"Effect\": \"Deny\",\n        \"Principal\": \"*\",\n        \"Action\": \"s3:PutObject\",\n        \"Resource\": \"arn:aws:s3:::franco-logs/*\",\n        \"Condition\": {\n          \"Null\": {\n            \"s3:x-amz-server-side-encryption\": \"true\"\n          }\n        }\n      }\n    ]\n}\n"
          },
          "sensitive_attributes": [],
          "private": "bnVsbA==",
          "dependencies": [
            "module.emr-logs-bucket.module.encrypted-bucket.aws_s3_bucket.new_bucket"
          ]
        }
      ]
    },
    {
      "module": "module.emr-rootdir-bucket.module.bucket-iam-policy",
      "mode": "data",
      "type": "aws_iam_policy_document",
      "name": "path_specific_rw_doc",
      "provider": "provider[\"registry.terraform.io/hashicorp/aws\"]",
      "instances": [
        {
          "index_key": 0,
          "schema_version": 0,
          "attributes": {
            "id": "3184962289",
            "json": "{\n  \"Version\": \"2012-10-17\",\n  \"Statement\": [\n    {\n      \"Sid\": \"ReadWritePolicy0\",\n      \"Effect\": \"Allow\",\n      \"Action\": [\n        \"s3:PutObjectTagging\",\n        \"s3:PutObject\",\n        \"s3:ListObjectsV2\",\n        \"s3:ListObjects\",\n        \"s3:ListMultipartUploadParts\",\n        \"s3:ListBucketMultipartUploads\",\n        \"s3:ListBucketByTags\",\n        \"s3:ListBucket\",\n        \"s3:HeadBucket\",\n        \"s3:GetObjectVersionForReplication\",\n        \"s3:GetObjectVersion\",\n        \"s3:GetObjectTagging\",\n        \"s3:GetObject\",\n        \"s3:GetBucketTagging\",\n        \"s3:GetBucketLocation\",\n        \"s3:GetBucketCORS\",\n        \"s3:DeleteObject\"\n      ],\n      \"Resource\": [\n        \"arn:aws:s3:::franco-root//*\",\n        \"arn:aws:s3:::franco-root/\"\n      ]\n    }\n  ]\n}",
            "override_json": null,
            "override_policy_documents": null,
            "policy_id": null,
            "source_json": "{\n  \"Version\": \"2012-10-17\",\n  \"Statement\": [\n    {\n      \"Sid\": \"ReadWritePolicy0\",\n      \"Effect\": \"Allow\",\n      \"Action\": [\n        \"s3:PutObjectTagging\",\n        \"s3:PutObject\",\n        \"s3:ListObjectsV2\",\n        \"s3:ListObjects\",\n        \"s3:ListMultipartUploadParts\",\n        \"s3:ListBucketMultipartUploads\",\n        \"s3:ListBucketByTags\",\n        \"s3:ListBucket\",\n        \"s3:HeadBucket\",\n        \"s3:GetObjectVersionForReplication\",\n        \"s3:GetObjectVersion\",\n        \"s3:GetObjectTagging\",\n        \"s3:GetObject\",\n        \"s3:GetBucketTagging\",\n        \"s3:GetBucketLocation\",\n        \"s3:GetBucketCORS\",\n        \"s3:DeleteObject\"\n      ],\n      \"Resource\": [\n        \"arn:aws:s3:::franco-root/*\",\n        \"arn:aws:s3:::franco-root\"\n      ]\n    }\n  ]\n}",
            "source_policy_documents": null,
            "statement": [
              {
                "actions": [
                  "s3:DeleteObject",
                  "s3:GetBucketCORS",
                  "s3:GetBucketLocation",
                  "s3:GetBucketTagging",
                  "s3:GetObject",
                  "s3:GetObjectTagging",
                  "s3:GetObjectVersion",
                  "s3:GetObjectVersionForReplication",
                  "s3:HeadBucket",
                  "s3:ListBucket",
                  "s3:ListBucketByTags",
                  "s3:ListBucketMultipartUploads",
                  "s3:ListMultipartUploadParts",
                  "s3:ListObjects",
                  "s3:ListObjectsV2",
                  "s3:PutObject",
                  "s3:PutObjectTagging"
                ],
                "condition": [],
                "effect": "Allow",
                "not_actions": [],
                "not_principals": [],
                "not_resources": [],
                "principals": [],
                "resources": [
                  "arn:aws:s3:::franco-root/",
                  "arn:aws:s3:::franco-root//*"
                ],
                "sid": "ReadWritePolicy0"
              }
            ],
            "version": "2012-10-17"
          },
          "sensitive_attributes": []
        }
      ]
    },
    {
      "module": "module.emr-rootdir-bucket.module.bucket-iam-policy",
      "mode": "data",
      "type": "aws_iam_policy_document",
      "name": "rw_source_policy_doc",
      "provider": "provider[\"registry.terraform.io/hashicorp/aws\"]",
      "instances": [
        {
          "index_key": 0,
          "schema_version": 0,
          "attributes": {
            "id": "2974864469",
            "json": "{\n  \"Version\": \"2012-10-17\",\n  \"Statement\": [\n    {\n      \"Sid\": \"ReadWritePolicy0\",\n      \"Effect\": \"Allow\",\n      \"Action\": [\n        \"s3:PutObjectTagging\",\n        \"s3:PutObject\",\n        \"s3:ListObjectsV2\",\n        \"s3:ListObjects\",\n        \"s3:ListMultipartUploadParts\",\n        \"s3:ListBucketMultipartUploads\",\n        \"s3:ListBucketByTags\",\n        \"s3:ListBucket\",\n        \"s3:HeadBucket\",\n        \"s3:GetObjectVersionForReplication\",\n        \"s3:GetObjectVersion\",\n        \"s3:GetObjectTagging\",\n        \"s3:GetObject\",\n        \"s3:GetBucketTagging\",\n        \"s3:GetBucketLocation\",\n        \"s3:GetBucketCORS\",\n        \"s3:DeleteObject\"\n      ],\n      \"Resource\": [\n        \"arn:aws:s3:::franco-root/*\",\n        \"arn:aws:s3:::franco-root\"\n      ]\n    }\n  ]\n}",
            "override_json": null,
            "override_policy_documents": null,
            "policy_id": null,
            "source_json": null,
            "source_policy_documents": null,
            "statement": [
              {
                "actions": [
                  "s3:DeleteObject",
                  "s3:GetBucketCORS",
                  "s3:GetBucketLocation",
                  "s3:GetBucketTagging",
                  "s3:GetObject",
                  "s3:GetObjectTagging",
                  "s3:GetObjectVersion",
                  "s3:GetObjectVersionForReplication",
                  "s3:HeadBucket",
                  "s3:ListBucket",
                  "s3:ListBucketByTags",
                  "s3:ListBucketMultipartUploads",
                  "s3:ListMultipartUploadParts",
                  "s3:ListObjects",
                  "s3:ListObjectsV2",
                  "s3:PutObject",
                  "s3:PutObjectTagging"
                ],
                "condition": [],
                "effect": "Allow",
                "not_actions": [],
                "not_principals": [],
                "not_resources": [],
                "principals": [],
                "resources": [
                  "arn:aws:s3:::franco-root",
                  "arn:aws:s3:::franco-root/*"
                ],
                "sid": "ReadWritePolicy0"
              }
            ],
            "version": "2012-10-17"
          },
          "sensitive_attributes": []
        }
      ]
    },
    {
      "module": "module.emr-rootdir-bucket.module.bucket-iam-policy",
      "mode": "managed",
      "type": "aws_iam_policy",
      "name": "rw_policy",
      "provider": "provider[\"registry.terraform.io/hashicorp/aws\"]",
      "instances": [
        {
          "index_key": 0,
          "schema_version": 0,
          "attributes": {
            "arn": "arn:aws:iam::131578276461:policy/franco-root-read-write-XJFppJ",
            "description": "",
            "id": "arn:aws:iam::131578276461:policy/franco-root-read-write-XJFppJ",
            "name": "franco-root-read-write-XJFppJ",
            "name_prefix": null,
            "path": "/",
            "policy": "{\n  \"Version\": \"2012-10-17\",\n  \"Statement\": [\n    {\n      \"Sid\": \"ReadWritePolicy0\",\n      \"Effect\": \"Allow\",\n      \"Action\": [\n        \"s3:PutObjectTagging\",\n        \"s3:PutObject\",\n        \"s3:ListObjectsV2\",\n        \"s3:ListObjects\",\n        \"s3:ListMultipartUploadParts\",\n        \"s3:ListBucketMultipartUploads\",\n        \"s3:ListBucketByTags\",\n        \"s3:ListBucket\",\n        \"s3:HeadBucket\",\n        \"s3:GetObjectVersionForReplication\",\n        \"s3:GetObjectVersion\",\n        \"s3:GetObjectTagging\",\n        \"s3:GetObject\",\n        \"s3:GetBucketTagging\",\n        \"s3:GetBucketLocation\",\n        \"s3:GetBucketCORS\",\n        \"s3:DeleteObject\"\n      ],\n      \"Resource\": [\n        \"arn:aws:s3:::franco-root/*\",\n        \"arn:aws:s3:::franco-root\"\n      ]\n    }\n  ]\n}",
            "policy_id": "ANPAR5IVNFJW6R36JR2T7",
            "tags": {
              "owner": "franco"
            },
            "tags_all": {
              "owner": "franco"
            }
          },
          "sensitive_attributes": [],
          "private": "bnVsbA==",
          "dependencies": [
            "module.emr-rootdir-bucket.module.bucket-iam-policy.data.aws_iam_policy_document.path_specific_rw_doc",
            "module.emr-rootdir-bucket.module.bucket-iam-policy.data.aws_iam_policy_document.rw_source_policy_doc",
            "module.emr-rootdir-bucket.module.bucket-iam-policy.random_string.rand"
          ]
        }
      ]
    },
    {
      "module": "module.emr-rootdir-bucket.module.bucket-iam-policy",
      "mode": "managed",
      "type": "random_string",
      "name": "rand",
      "provider": "provider[\"registry.terraform.io/hashicorp/random\"]",
      "instances": [
        {
          "schema_version": 1,
          "attributes": {
            "id": "XJFppJ",
            "keepers": null,
            "length": 6,
            "lower": true,
            "min_lower": 0,
            "min_numeric": 0,
            "min_special": 0,
            "min_upper": 0,
            "number": true,
            "override_special": null,
            "result": "XJFppJ",
            "special": false,
            "upper": true
          },
          "sensitive_attributes": [],
          "private": "eyJzY2hlbWFfdmVyc2lvbiI6IjEifQ=="
        }
      ]
    },
    {
      "module": "module.emr-rootdir-bucket.module.encrypted-bucket",
      "mode": "managed",
      "type": "aws_s3_bucket",
      "name": "new_bucket",
      "provider": "provider[\"registry.terraform.io/hashicorp/aws\"]",
      "instances": [
        {
          "schema_version": 0,
          "attributes": {
            "acceleration_status": "",
            "acl": "private",
            "arn": "arn:aws:s3:::franco-root",
            "bucket": "franco-root",
            "bucket_domain_name": "franco-root.s3.amazonaws.com",
            "bucket_prefix": null,
            "bucket_regional_domain_name": "franco-root.s3.us-west-1.amazonaws.com",
            "cors_rule": [],
            "force_destroy": true,
            "grant": [],
            "hosted_zone_id": "Z2F56UZL2M1ACD",
            "id": "franco-root",
            "lifecycle_rule": [],
            "logging": [],
            "object_lock_configuration": [],
            "policy": null,
            "region": "us-west-1",
            "replication_configuration": [],
            "request_payer": "BucketOwner",
            "server_side_encryption_configuration": [
              {
                "rule": [
                  {
                    "apply_server_side_encryption_by_default": [
                      {
                        "kms_master_key_id": "",
                        "sse_algorithm": "AES256"
                      }
                    ],
                    "bucket_key_enabled": false
                  }
                ]
              }
            ],
            "tags": {
              "owner": "franco"
            },
            "tags_all": {
              "owner": "franco"
            },
            "versioning": [
              {
                "enabled": false,
                "mfa_delete": false
              }
            ],
            "website": [],
            "website_domain": null,
            "website_endpoint": null
          },
          "sensitive_attributes": [],
          "private": "bnVsbA=="
        }
      ]
    },
    {
      "module": "module.emr-rootdir-bucket.module.encrypted-bucket",
      "mode": "managed",
      "type": "aws_s3_bucket_policy",
      "name": "sse_bucket_policy",
      "provider": "provider[\"registry.terraform.io/hashicorp/aws\"]",
      "instances": [
        {
          "schema_version": 0,
          "attributes": {
            "bucket": "franco-root",
            "id": "franco-root",
            "policy": "{\n    \"Version\": \"2012-10-17\",\n    \"Id\": \"PutObjectPolicy\",\n    \"Statement\": [\n      {\n        \"Sid\": \"DenyIncorrectEncryptionHeader\",\n        \"Effect\": \"Deny\",\n        \"Principal\": \"*\",\n        \"Action\": \"s3:PutObject\",\n        \"Resource\": \"arn:aws:s3:::franco-root/*\",\n        \"Condition\": {\n          \"StringNotEquals\": {\n            \"s3:x-amz-server-side-encryption\": \"AES256\"\n          }\n        }\n      },\n      {\n        \"Sid\": \"DenyUnencryptedObjectUploads\",\n        \"Effect\": \"Deny\",\n        \"Principal\": \"*\",\n        \"Action\": \"s3:PutObject\",\n        \"Resource\": \"arn:aws:s3:::franco-root/*\",\n        \"Condition\": {\n          \"Null\": {\n            \"s3:x-amz-server-side-encryption\": \"true\"\n          }\n        }\n      }\n    ]\n}\n"
          },
          "sensitive_attributes": [],
          "private": "bnVsbA==",
          "dependencies": [
            "module.emr-rootdir-bucket.module.encrypted-bucket.aws_s3_bucket.new_bucket"
          ]
        }
      ]
    },
    {
      "module": "module.emr-spark.module.emr-cluster",
      "mode": "data",
      "type": "aws_s3_bucket_object",
      "name": "json_config",
      "provider": "provider[\"registry.terraform.io/hashicorp/aws\"]",
      "instances": [
        {
          "schema_version": 0,
          "attributes": {
            "body": "[\n    {\n      \"Classification\":\"emrfs-site\",\n      \"Properties\":{\n        \"fs.s3.consistent\":\"false\",\n        \"fs.s3.enableServerSideEncryption\": \"true\",\n        \"fs.s3a.enableServerSideEncryption\":\"true\"\n      }\n    },\n    {\n      \"Classification\": \"hbase-site\",\n      \"Properties\": {\n        \"hbase.rootdir\": \"s3://franco-root/hbase-data/\",\n        \"hbase.client.scanner.timeout.period\":\"600000\",\n        \"hbase.hstore.blockingStoreFiles\":\"200\",\n        \"hbase.hregion.memstore.block.multiplier\":\"8\",\n        \"hbase.hregion.memstore.flush.size\":\"536870912\",\n        \"hbase.rpc.timeout\":\"600000\",\n        \"hbase.zookeeper.property.tickTime\":\"3000\",\n        \"zookeeper.session.timeout\":\"60000\"\n      }\n    },\n    {\n       \"Classification\": \"spark-env\",\n       \"Configurations\": [\n         {\n           \"Classification\": \"export\",\n           \"Properties\": {\n              \"PYSPARK_PYTHON\": \"/usr/bin/python3\"\n            }\n         }\n      ]\n    },\n    {\n      \"Classification\": \"hbase\",\n      \"Properties\": {\n        \"hbase.emr.storageMode\":\"s3\"\n      }\n    }\n  ]\n",
            "bucket": "franco-root",
            "bucket_key_enabled": false,
            "cache_control": "",
            "content_disposition": "",
            "content_encoding": "",
            "content_language": "",
            "content_length": 1064,
            "content_type": "application/json",
            "etag": "399edfce8b4831dd07925ca9bcf8c403",
            "expiration": "",
            "expires": "",
            "id": "franco-root/config.json",
            "key": "config.json",
            "last_modified": "Wed, 27 Oct 2021 13:26:18 UTC",
            "metadata": {},
            "object_lock_legal_hold_status": "",
            "object_lock_mode": "",
            "object_lock_retain_until_date": "",
            "range": null,
            "server_side_encryption": "AES256",
            "sse_kms_key_id": "",
            "storage_class": "STANDARD",
            "tags": {},
            "version_id": "",
            "website_redirect_location": ""
          },
          "sensitive_attributes": []
        }
      ]
    },
    {
      "module": "module.emr-spark.module.emr-cluster",
      "mode": "managed",
      "type": "aws_emr_cluster",
      "name": "emr-cluster",
      "provider": "provider[\"registry.terraform.io/hashicorp/aws\"]",
      "instances": [
        {
          "index_key": 0,
          "schema_version": 0,
          "attributes": {
            "additional_info": null,
            "applications": [
              "ganglia",
              "hbase",
              "spark"
            ],
            "arn": "arn:aws:elasticmapreduce:us-west-1:131578276461:cluster/j-23G76UK1A9U14",
            "autoscaling_role": "",
            "bootstrap_action": [],
            "cluster_state": "RUNNING",
            "configurations": null,
            "configurations_json": "[{\"Classification\":\"emrfs-site\",\"Properties\":{\"fs.s3.consistent\":\"false\",\"fs.s3.enableServerSideEncryption\":\"true\",\"fs.s3a.enableServerSideEncryption\":\"true\"}},{\"Classification\":\"hbase-site\",\"Properties\":{\"hbase.client.scanner.timeout.period\":\"600000\",\"hbase.hregion.memstore.block.multiplier\":\"8\",\"hbase.hregion.memstore.flush.size\":\"536870912\",\"hbase.hstore.blockingStoreFiles\":\"200\",\"hbase.rootdir\":\"s3://franco-root/hbase-data/\",\"hbase.rpc.timeout\":\"600000\",\"hbase.zookeeper.property.tickTime\":\"3000\",\"zookeeper.session.timeout\":\"60000\"}},{\"Classification\":\"spark-env\",\"Configurations\":[{\"Classification\":\"export\",\"Properties\":{\"PYSPARK_PYTHON\":\"/usr/bin/python3\"}}],\"Properties\":{}},{\"Classification\":\"hbase\",\"Properties\":{\"hbase.emr.storageMode\":\"s3\"}}]",
            "core_instance_fleet": null,
            "core_instance_group": [
              {
                "autoscaling_policy": "",
                "bid_price": "",
                "ebs_config": [
                  {
                    "iops": null,
                    "size": 50,
                    "type": "gp2",
                    "volumes_per_instance": 1
                  }
                ],
                "id": "ig-3S8S907WFW690",
                "instance_count": 2,
                "instance_type": "r5.xlarge",
                "name": "example-complete--CoreInstanceFleet"
              }
            ],
            "custom_ami_id": null,
            "ebs_root_volume_size": 0,
            "ec2_attributes": [
              {
                "additional_master_security_groups": "sg-0e95baf4e123de6c7,sg-091e4c401d038bbc3",
                "additional_slave_security_groups": "sg-0cf48756cb00743c2,sg-0a2a881b87c564d11",
                "emr_managed_master_security_group": "sg-06193addb36ad0ed2",
                "emr_managed_slave_security_group": "sg-06193addb36ad0ed2",
                "instance_profile": "arn:aws:iam::131578276461:instance-profile/example-complete--instance-profile",
                "key_name": "tamr-vm-test",
                "service_access_security_group": "sg-09c6d4fa12fab039f",
                "subnet_id": "subnet-0b126f4580f7a4088",
                "subnet_ids": [
                  "subnet-0b126f4580f7a4088"
                ]
              }
            ],
            "id": "j-23G76UK1A9U14",
            "keep_job_flow_alive_when_no_steps": true,
            "kerberos_attributes": [],
            "log_uri": "s3n://franco-logs/logs/spark-example-complete-cluster/",
            "master_instance_fleet": null,
            "master_instance_group": [
              {
                "bid_price": "",
                "ebs_config": [
                  {
                    "iops": null,
                    "size": 50,
                    "type": "gp2",
                    "volumes_per_instance": 1
                  }
                ],
                "id": "ig-2YSUGHFYV7YL3",
                "instance_count": 3,
                "instance_type": "m4.large",
                "name": "example-complete--MasterInstanceFleet"
              }
            ],
            "master_public_dns": "ip-10-0-1-87.us-west-1.compute.internal",
            "name": "example-complete--EMR-Cluster",
            "release_label": "emr-5.29.0",
            "scale_down_behavior": "TERMINATE_AT_TASK_COMPLETION",
            "security_configuration": "",
            "service_role": "arn:aws:iam::131578276461:role/example-complete--service-role",
            "step": [
              {
                "action_on_failure": "TERMINATE_CLUSTER",
                "hadoop_jar_step": [
                  {
                    "args": [
                      "bash",
                      "-c",
                      " aws s3 cp s3://franco-root/util/upload_hbase_config.sh ./upload_hbase_config.sh; chmod +x upload_hbase_config.sh; ./upload_hbase_config.sh hbase"
                    ],
                    "jar": "command-runner.jar",
                    "main_class": "",
                    "properties": null
                  }
                ],
                "name": "Sync HBase/Hadoop configuration to S3"
              }
            ],
            "step_concurrency_level": 1,
            "tags": {
              "owner": "franco"
            },
            "tags_all": {
              "owner": "franco"
            },
            "termination_protection": false,
            "visible_to_all_users": true
          },
          "sensitive_attributes": [],
          "private": "bnVsbA==",
          "dependencies": [
            "module.aws-emr-sg-core.aws_security_group.security-groups-egress-cidr",
            "module.aws-emr-sg-core.aws_security_group.security-groups-egress-sg",
            "module.aws-emr-sg-core.aws_security_group.security-groups-ingress-cidr",
            "module.aws-emr-sg-core.aws_security_group.security-groups-ingress-sg",
            "module.aws-emr-sg-master.aws_security_group.security-groups-egress-cidr",
            "module.aws-emr-sg-master.aws_security_group.security-groups-egress-sg",
            "module.aws-emr-sg-master.aws_security_group.security-groups-ingress-cidr",
            "module.aws-emr-sg-master.aws_security_group.security-groups-ingress-sg",
            "module.aws-emr-sg-service-access.aws_security_group.security-groups-egress-cidr",
            "module.aws-emr-sg-service-access.aws_security_group.security-groups-egress-sg",
            "module.aws-emr-sg-service-access.aws_security_group.security-groups-ingress-cidr",
            "module.aws-emr-sg-service-access.aws_security_group.security-groups-ingress-sg",
            "module.emr-logs-bucket.module.encrypted-bucket.aws_s3_bucket.new_bucket",
            "module.emr-rootdir-bucket.module.encrypted-bucket.aws_s3_bucket.new_bucket",
            "module.emr-spark.module.emr-cluster-config.aws_s3_bucket_object.upload_hbase_config_script",
            "module.emr-spark.module.emr-cluster-config.aws_s3_bucket_object.upload_json_config",
            "module.emr-spark.module.emr-cluster.data.aws_s3_bucket_object.json_config",
            "module.emr-spark.module.emr-iam.aws_iam_instance_profile.emr_ec2_instance_profile",
            "module.emr-spark.module.emr-iam.aws_iam_role.emr_ec2_instance_profile",
            "module.emr-spark.module.emr-iam.aws_iam_role.emr_service_role",
            "module.emr-spark.module.emr-iam.data.aws_iam_policy_document.ec2_assume_role",
            "module.emr-spark.module.emr-iam.data.aws_iam_policy_document.emr_assume_role",
            "module.emr-spark.module.emr-sgs.aws_security_group.emr_managed_internal",
            "module.tamr_networking.aws_subnet.compute_subnet",
            "module.tamr_networking.data.aws_subnet.application_subnet",
            "module.tamr_networking.module.vpc.aws_subnet.private",
            "module.tamr_networking.module.vpc.aws_vpc.this",
            "module.tamr_networking.module.vpc.aws_vpc_ipv4_cidr_block_association.this"
          ]
        }
      ]
    },
    {
      "module": "module.emr-spark.module.emr-cluster-config",
      "mode": "managed",
      "type": "aws_s3_bucket_object",
      "name": "upload_hbase_config_script",
      "provider": "provider[\"registry.terraform.io/hashicorp/aws\"]",
      "instances": [
        {
          "index_key": 0,
          "schema_version": 0,
          "attributes": {
            "acl": "private",
            "bucket": "franco-root",
            "bucket_key_enabled": false,
            "cache_control": "",
            "content": "#!/bin/bash\nset -e\n\napp=$1\n\nif [[ $app == 'hbase' ]]; then\n    # Sync contents of /etc/hbase/conf.dist directory to s3\n    aws s3 sync /etc/hbase/conf.dist/ s3://franco-root/config/hbase/conf.dist/ --sse AES256\nfi\n\n# Sync contents of /etc/hadoop/conf directory to s3\naws s3 sync /etc/hadoop/conf/ s3://franco-root/config/hadoop/conf/ --sse AES256\n",
            "content_base64": null,
            "content_disposition": "",
            "content_encoding": "",
            "content_language": "",
            "content_type": "binary/octet-stream",
            "etag": "4b7e30a3c4b222fe2c5b68d61c28bdb5",
            "force_destroy": false,
            "id": "util/upload_hbase_config.sh",
            "key": "util/upload_hbase_config.sh",
            "kms_key_id": null,
            "metadata": null,
            "object_lock_legal_hold_status": "",
            "object_lock_mode": "",
            "object_lock_retain_until_date": "",
            "server_side_encryption": "AES256",
            "source": null,
            "storage_class": "STANDARD",
            "tags": null,
            "tags_all": {},
            "version_id": "",
            "website_redirect": ""
          },
          "sensitive_attributes": [],
          "private": "bnVsbA==",
          "dependencies": [
            "module.emr-rootdir-bucket.module.encrypted-bucket.aws_s3_bucket.new_bucket"
          ]
        }
      ]
    },
    {
      "module": "module.emr-spark.module.emr-cluster-config",
      "mode": "managed",
      "type": "aws_s3_bucket_object",
      "name": "upload_json_config",
      "provider": "provider[\"registry.terraform.io/hashicorp/aws\"]",
      "instances": [
        {
          "schema_version": 0,
          "attributes": {
            "acl": "private",
            "bucket": "franco-root",
            "bucket_key_enabled": false,
            "cache_control": "",
            "content": "[\n    {\n      \"Classification\":\"emrfs-site\",\n      \"Properties\":{\n        \"fs.s3.consistent\":\"false\",\n        \"fs.s3.enableServerSideEncryption\": \"true\",\n        \"fs.s3a.enableServerSideEncryption\":\"true\"\n      }\n    },\n    {\n      \"Classification\": \"hbase-site\",\n      \"Properties\": {\n        \"hbase.rootdir\": \"s3://franco-root/hbase-data/\",\n        \"hbase.client.scanner.timeout.period\":\"600000\",\n        \"hbase.hstore.blockingStoreFiles\":\"200\",\n        \"hbase.hregion.memstore.block.multiplier\":\"8\",\n        \"hbase.hregion.memstore.flush.size\":\"536870912\",\n        \"hbase.rpc.timeout\":\"600000\",\n        \"hbase.zookeeper.property.tickTime\":\"3000\",\n        \"zookeeper.session.timeout\":\"60000\"\n      }\n    },\n    {\n       \"Classification\": \"spark-env\",\n       \"Configurations\": [\n         {\n           \"Classification\": \"export\",\n           \"Properties\": {\n              \"PYSPARK_PYTHON\": \"/usr/bin/python3\"\n            }\n         }\n      ]\n    },\n    {\n      \"Classification\": \"hbase\",\n      \"Properties\": {\n        \"hbase.emr.storageMode\":\"s3\"\n      }\n    }\n  ]\n",
            "content_base64": null,
            "content_disposition": "",
            "content_encoding": "",
            "content_language": "",
            "content_type": "application/json",
            "etag": "399edfce8b4831dd07925ca9bcf8c403",
            "force_destroy": false,
            "id": "config.json",
            "key": "config.json",
            "kms_key_id": null,
            "metadata": null,
            "object_lock_legal_hold_status": "",
            "object_lock_mode": "",
            "object_lock_retain_until_date": "",
            "server_side_encryption": "AES256",
            "source": null,
            "storage_class": "STANDARD",
            "tags": null,
            "tags_all": {},
            "version_id": "",
            "website_redirect": ""
          },
          "sensitive_attributes": [],
          "private": "bnVsbA==",
          "dependencies": [
            "module.emr-rootdir-bucket.module.encrypted-bucket.aws_s3_bucket.new_bucket"
          ]
        }
      ]
    },
    {
      "module": "module.emr-spark.module.emr-iam",
      "mode": "data",
      "type": "aws_caller_identity",
      "name": "current",
      "provider": "provider[\"registry.terraform.io/hashicorp/aws\"]",
      "instances": [
        {
          "schema_version": 0,
          "attributes": {
            "account_id": "131578276461",
            "arn": "arn:aws:sts::131578276461:assumed-role/AWSReservedSSO_AdministratorAccess_370d0a9b30d49146/franco.martin@caylent.com",
            "id": "131578276461",
            "user_id": "AROAR5IVNFJWR3TGYHEYV:franco.martin@caylent.com"
          },
          "sensitive_attributes": []
        }
      ]
    },
    {
      "module": "module.emr-spark.module.emr-iam",
      "mode": "data",
      "type": "aws_iam_policy_document",
      "name": "ec2_assume_role",
      "provider": "provider[\"registry.terraform.io/hashicorp/aws\"]",
      "instances": [
        {
          "schema_version": 0,
          "attributes": {
            "id": "1903849331",
            "json": "{\n  \"Version\": \"2012-10-17\",\n  \"Statement\": [\n    {\n      \"Sid\": \"\",\n      \"Effect\": \"Allow\",\n      \"Action\": \"sts:AssumeRole\",\n      \"Principal\": {\n        \"Service\": \"ec2.amazonaws.com\"\n      }\n    }\n  ]\n}",
            "override_json": null,
            "override_policy_documents": null,
            "policy_id": null,
            "source_json": null,
            "source_policy_documents": null,
            "statement": [
              {
                "actions": [
                  "sts:AssumeRole"
                ],
                "condition": [],
                "effect": "Allow",
                "not_actions": [],
                "not_principals": [],
                "not_resources": [],
                "principals": [
                  {
                    "identifiers": [
                      "ec2.amazonaws.com"
                    ],
                    "type": "Service"
                  }
                ],
                "resources": [],
                "sid": ""
              }
            ],
            "version": "2012-10-17"
          },
          "sensitive_attributes": []
        }
      ]
    },
    {
      "module": "module.emr-spark.module.emr-iam",
      "mode": "data",
      "type": "aws_iam_policy_document",
      "name": "emr_assume_role",
      "provider": "provider[\"registry.terraform.io/hashicorp/aws\"]",
      "instances": [
        {
          "schema_version": 0,
          "attributes": {
            "id": "3008486542",
            "json": "{\n  \"Version\": \"2012-10-17\",\n  \"Statement\": [\n    {\n      \"Sid\": \"\",\n      \"Effect\": \"Allow\",\n      \"Action\": \"sts:AssumeRole\",\n      \"Principal\": {\n        \"Service\": \"elasticmapreduce.amazonaws.com\"\n      }\n    }\n  ]\n}",
            "override_json": null,
            "override_policy_documents": null,
            "policy_id": null,
            "source_json": null,
            "source_policy_documents": null,
            "statement": [
              {
                "actions": [
                  "sts:AssumeRole"
                ],
                "condition": [],
                "effect": "Allow",
                "not_actions": [],
                "not_principals": [],
                "not_resources": [],
                "principals": [
                  {
                    "identifiers": [
                      "elasticmapreduce.amazonaws.com"
                    ],
                    "type": "Service"
                  }
                ],
                "resources": [],
                "sid": ""
              }
            ],
            "version": "2012-10-17"
          },
          "sensitive_attributes": []
        }
      ]
    },
    {
      "module": "module.emr-spark.module.emr-iam",
      "mode": "data",
      "type": "aws_iam_policy_document",
      "name": "emr_service_policy_1",
      "provider": "provider[\"registry.terraform.io/hashicorp/aws\"]",
      "instances": [
        {
          "schema_version": 0,
          "attributes": {
            "id": "4033789107",
            "json": "{\n  \"Version\": \"2012-10-17\",\n  \"Statement\": [\n    {\n      \"Sid\": \"\",\n      \"Effect\": \"Allow\",\n      \"Action\": [\n        \"ec2:DescribeVpcs\",\n        \"ec2:DescribeVpcEndpoints\",\n        \"ec2:DescribeVpcAttribute\",\n        \"ec2:DescribeVolumes\",\n        \"ec2:DescribeVolumeStatus\",\n        \"ec2:DescribeSubnets\",\n        \"ec2:DescribeSecurityGroups\",\n        \"ec2:DescribeRouteTables\",\n        \"ec2:DescribePlacementGroups\",\n        \"ec2:DescribeNetworkInterfaces\",\n        \"ec2:DescribeNetworkAcls\",\n        \"ec2:DescribeLaunchTemplates\",\n        \"ec2:DescribeInstances\",\n        \"ec2:DescribeDhcpOptions\",\n        \"ec2:DescribeCapacityReservations\",\n        \"ec2:DescribeAccountAttributes\"\n      ],\n      \"Resource\": \"*\"\n    },\n    {\n      \"Sid\": \"ManageTagsOnEMRTaggedResources\",\n      \"Effect\": \"Allow\",\n      \"Action\": [\n        \"ec2:DeleteTags\",\n        \"ec2:CreateTags\"\n      ],\n      \"Resource\": [\n        \"arn:aws:ec2:us-west-1:131578276461:volume/*\",\n        \"arn:aws:ec2:us-west-1:131578276461:network-interface/*\",\n        \"arn:aws:ec2:us-west-1:131578276461:launch-template/*\",\n        \"arn:aws:ec2:us-west-1:131578276461:instance/*\"\n      ]\n    },\n    {\n      \"Sid\": \"TagOnCreateTaggedEMRResources\",\n      \"Effect\": \"Allow\",\n      \"Action\": \"ec2:CreateTags\",\n      \"Resource\": [\n        \"arn:aws:ec2:us-west-1:131578276461:volume/*\",\n        \"arn:aws:ec2:us-west-1:131578276461:network-interface/*\",\n        \"arn:aws:ec2:us-west-1:131578276461:launch-template/*\",\n        \"arn:aws:ec2:us-west-1:131578276461:instance/*\"\n      ],\n      \"Condition\": {\n        \"StringEquals\": {\n          \"ec2:CreateAction\": [\n            \"RunInstances\",\n            \"CreateFleet\",\n            \"CreateLaunchTemplate\",\n            \"CreateNetworkInterface\"\n          ]\n        }\n      }\n    },\n    {\n      \"Sid\": \"CreateSecurityGroups\",\n      \"Effect\": \"Allow\",\n      \"Action\": \"ec2:CreateSecurityGroup\",\n      \"Resource\": [\n        \"arn:aws:ec2:us-west-1:131578276461:vpc/vpc-09ebec0ff9aa91a04\",\n        \"arn:aws:ec2:us-west-1:131578276461:security-group/*\"\n      ]\n    },\n    {\n      \"Sid\": \"TagManagedSecurityGroup\",\n      \"Effect\": \"Allow\",\n      \"Action\": \"ec2:CreateTags\",\n      \"Resource\": \"arn:aws:ec2:us-west-1:131578276461:security-group/*\",\n      \"Condition\": {\n        \"StringEquals\": {\n          \"aws:RequestTag/for-use-with-amazon-emr-managed-policies\": [\n            \"true\"\n          ],\n          \"ec2:CreateAction\": [\n            \"CreateSecurityGroup\"\n          ]\n        }\n      }\n    },\n    {\n      \"Sid\": \"CreateManagedSecurityGroup\",\n      \"Effect\": \"Allow\",\n      \"Action\": \"ec2:CreateSecurityGroup\",\n      \"Resource\": [\n        \"arn:aws:ec2:us-west-1:131578276461:vpc/vpc-09ebec0ff9aa91a04\",\n        \"arn:aws:ec2:us-west-1:131578276461:security-group/*\"\n      ],\n      \"Condition\": {\n        \"StringEquals\": {\n          \"aws:RequestTag/for-use-with-amazon-emr-managed-policies\": [\n            \"true\"\n          ]\n        }\n      }\n    },\n    {\n      \"Sid\": \"ManageSecurityGroups\",\n      \"Effect\": \"Allow\",\n      \"Action\": [\n        \"ec2:RevokeSecurityGroupIngress\",\n        \"ec2:RevokeSecurityGroupEgress\",\n        \"ec2:AuthorizeSecurityGroupIngress\",\n        \"ec2:AuthorizeSecurityGroupEgress\"\n      ],\n      \"Resource\": \"arn:aws:ec2:us-west-1:131578276461:security-group/*\"\n    },\n    {\n      \"Sid\": \"ManageManagedSecurityGroup\",\n      \"Effect\": \"Allow\",\n      \"Action\": [\n        \"ec2:RevokeSecurityGroupIngress\",\n        \"ec2:RevokeSecurityGroupEgress\",\n        \"ec2:AuthorizeSecurityGroupIngress\",\n        \"ec2:AuthorizeSecurityGroupEgress\"\n      ],\n      \"Resource\": \"arn:aws:ec2:us-west-1:131578276461:security-group/*\",\n      \"Condition\": {\n        \"StringEquals\": {\n          \"aws:ResourceTag/for-use-with-amazon-emr-managed-policies\": [\n            \"true\"\n          ]\n        }\n      }\n    },\n    {\n      \"Sid\": \"CancelTaggedSpotRequests\",\n      \"Effect\": \"Allow\",\n      \"Action\": \"ec2:CancelSpotInstanceRequests\",\n      \"Resource\": \"arn:aws:ec2:us-west-1:131578276461:spot-instances-request/*\"\n    },\n    {\n      \"Sid\": \"CreateTaggedSpotRequests\",\n      \"Effect\": \"Allow\",\n      \"Action\": \"ec2:RequestSpotInstances\",\n      \"Resource\": \"arn:aws:ec2:us-west-1:131578276461:spot-instances-request/*\"\n    },\n    {\n      \"Sid\": \"\",\n      \"Effect\": \"Allow\",\n      \"Action\": \"ec2:RequestSpotInstances\",\n      \"Resource\": \"arn:aws:ec2:us-west-1:131578276461:security-group/*\"\n    },\n    {\n      \"Sid\": \"\",\n      \"Effect\": \"Allow\",\n      \"Action\": \"ec2:RequestSpotInstances\",\n      \"Resource\": \"arn:aws:ec2:us-west-1:131578276461:subnet/*\"\n    },\n    {\n      \"Sid\": \"\",\n      \"Effect\": \"Allow\",\n      \"Action\": \"ec2:RequestSpotInstances\",\n      \"Resource\": [\n        \"arn:aws:ec2:us-west-1::image/*\",\n        \"arn:aws:ec2:us-west-1:131578276461:key-pair/*\"\n      ]\n    },\n    {\n      \"Sid\": \"CreateInTaggedNetworkSG\",\n      \"Effect\": \"Allow\",\n      \"Action\": [\n        \"ec2:RunInstances\",\n        \"ec2:CreateNetworkInterface\",\n        \"ec2:CreateLaunchTemplateVersion\",\n        \"ec2:CreateLaunchTemplate\",\n        \"ec2:CreateFleet\"\n      ],\n      \"Resource\": \"arn:aws:ec2:us-west-1:131578276461:security-group/*\"\n    },\n    {\n      \"Sid\": \"CreateInTaggedNetworkSubnet\",\n      \"Effect\": \"Allow\",\n      \"Action\": [\n        \"ec2:RunInstances\",\n        \"ec2:CreateNetworkInterface\",\n        \"ec2:CreateLaunchTemplateVersion\",\n        \"ec2:CreateLaunchTemplate\",\n        \"ec2:CreateFleet\"\n      ],\n      \"Resource\": \"arn:aws:ec2:us-west-1:131578276461:subnet/*\"\n    },\n    {\n      \"Sid\": \"RunInstanceUsingManagedSecurityGroup\",\n      \"Effect\": \"Allow\",\n      \"Action\": \"ec2:RunInstances\",\n      \"Resource\": \"arn:aws:ec2:us-west-1:131578276461:security-group/*\"\n    },\n    {\n      \"Sid\": \"CreateNetworkInterfaceNeededForPrivateSubnet\",\n      \"Effect\": \"Allow\",\n      \"Action\": \"ec2:CreateNetworkInterface\",\n      \"Resource\": \"arn:aws:ec2:us-west-1:131578276461:network-interface/*\"\n    },\n    {\n      \"Sid\": \"CreateManagedNetworkInterfaceNeededForPrivateSubnet\",\n      \"Effect\": \"Allow\",\n      \"Action\": \"ec2:CreateNetworkInterface\",\n      \"Resource\": [\n        \"arn:aws:ec2:us-west-1:131578276461:security-group/*\",\n        \"arn:aws:ec2:us-west-1:131578276461:network-interface/*\"\n      ]\n    },\n    {\n      \"Sid\": \"\",\n      \"Effect\": \"Allow\",\n      \"Action\": \"ec2:DetachNetworkInterface\",\n      \"Resource\": [\n        \"arn:aws:ec2:us-west-1:131578276461:network-interface/*\",\n        \"arn:aws:ec2:us-west-1:131578276461:instance/*\"\n      ]\n    },\n    {\n      \"Sid\": \"\",\n      \"Effect\": \"Allow\",\n      \"Action\": \"ec2:ModifyImageAttribute\",\n      \"Resource\": \"arn:aws:ec2:us-west-1::image/*\"\n    }\n  ]\n}",
            "override_json": null,
            "override_policy_documents": null,
            "policy_id": null,
            "source_json": null,
            "source_policy_documents": null,
            "statement": [
              {
                "actions": [
                  "ec2:DescribeAccountAttributes",
                  "ec2:DescribeCapacityReservations",
                  "ec2:DescribeDhcpOptions",
                  "ec2:DescribeInstances",
                  "ec2:DescribeLaunchTemplates",
                  "ec2:DescribeNetworkAcls",
                  "ec2:DescribeNetworkInterfaces",
                  "ec2:DescribePlacementGroups",
                  "ec2:DescribeRouteTables",
                  "ec2:DescribeSecurityGroups",
                  "ec2:DescribeSubnets",
                  "ec2:DescribeVolumeStatus",
                  "ec2:DescribeVolumes",
                  "ec2:DescribeVpcAttribute",
                  "ec2:DescribeVpcEndpoints",
                  "ec2:DescribeVpcs"
                ],
                "condition": [],
                "effect": "Allow",
                "not_actions": [],
                "not_principals": [],
                "not_resources": [],
                "principals": [],
                "resources": [
                  "*"
                ],
                "sid": ""
              },
              {
                "actions": [
                  "ec2:CreateTags",
                  "ec2:DeleteTags"
                ],
                "condition": [],
                "effect": "Allow",
                "not_actions": [],
                "not_principals": [],
                "not_resources": [],
                "principals": [],
                "resources": [
                  "arn:aws:ec2:us-west-1:131578276461:instance/*",
                  "arn:aws:ec2:us-west-1:131578276461:launch-template/*",
                  "arn:aws:ec2:us-west-1:131578276461:network-interface/*",
                  "arn:aws:ec2:us-west-1:131578276461:volume/*"
                ],
                "sid": "ManageTagsOnEMRTaggedResources"
              },
              {
                "actions": [
                  "ec2:CreateTags"
                ],
                "condition": [
                  {
                    "test": "StringEquals",
                    "values": [
                      "RunInstances",
                      "CreateFleet",
                      "CreateLaunchTemplate",
                      "CreateNetworkInterface"
                    ],
                    "variable": "ec2:CreateAction"
                  }
                ],
                "effect": "Allow",
                "not_actions": [],
                "not_principals": [],
                "not_resources": [],
                "principals": [],
                "resources": [
                  "arn:aws:ec2:us-west-1:131578276461:instance/*",
                  "arn:aws:ec2:us-west-1:131578276461:launch-template/*",
                  "arn:aws:ec2:us-west-1:131578276461:network-interface/*",
                  "arn:aws:ec2:us-west-1:131578276461:volume/*"
                ],
                "sid": "TagOnCreateTaggedEMRResources"
              },
              {
                "actions": [
                  "ec2:CreateSecurityGroup"
                ],
                "condition": [],
                "effect": "Allow",
                "not_actions": [],
                "not_principals": [],
                "not_resources": [],
                "principals": [],
                "resources": [
                  "arn:aws:ec2:us-west-1:131578276461:security-group/*",
                  "arn:aws:ec2:us-west-1:131578276461:vpc/vpc-09ebec0ff9aa91a04"
                ],
                "sid": "CreateSecurityGroups"
              },
              {
                "actions": [
                  "ec2:CreateTags"
                ],
                "condition": [
                  {
                    "test": "StringEquals",
                    "values": [
                      "CreateSecurityGroup"
                    ],
                    "variable": "ec2:CreateAction"
                  },
                  {
                    "test": "StringEquals",
                    "values": [
                      "true"
                    ],
                    "variable": "aws:RequestTag/for-use-with-amazon-emr-managed-policies"
                  }
                ],
                "effect": "Allow",
                "not_actions": [],
                "not_principals": [],
                "not_resources": [],
                "principals": [],
                "resources": [
                  "arn:aws:ec2:us-west-1:131578276461:security-group/*"
                ],
                "sid": "TagManagedSecurityGroup"
              },
              {
                "actions": [
                  "ec2:CreateSecurityGroup"
                ],
                "condition": [
                  {
                    "test": "StringEquals",
                    "values": [
                      "true"
                    ],
                    "variable": "aws:RequestTag/for-use-with-amazon-emr-managed-policies"
                  }
                ],
                "effect": "Allow",
                "not_actions": [],
                "not_principals": [],
                "not_resources": [],
                "principals": [],
                "resources": [
                  "arn:aws:ec2:us-west-1:131578276461:security-group/*",
                  "arn:aws:ec2:us-west-1:131578276461:vpc/vpc-09ebec0ff9aa91a04"
                ],
                "sid": "CreateManagedSecurityGroup"
              },
              {
                "actions": [
                  "ec2:AuthorizeSecurityGroupEgress",
                  "ec2:AuthorizeSecurityGroupIngress",
                  "ec2:RevokeSecurityGroupEgress",
                  "ec2:RevokeSecurityGroupIngress"
                ],
                "condition": [],
                "effect": "Allow",
                "not_actions": [],
                "not_principals": [],
                "not_resources": [],
                "principals": [],
                "resources": [
                  "arn:aws:ec2:us-west-1:131578276461:security-group/*"
                ],
                "sid": "ManageSecurityGroups"
              },
              {
                "actions": [
                  "ec2:AuthorizeSecurityGroupEgress",
                  "ec2:AuthorizeSecurityGroupIngress",
                  "ec2:RevokeSecurityGroupEgress",
                  "ec2:RevokeSecurityGroupIngress"
                ],
                "condition": [
                  {
                    "test": "StringEquals",
                    "values": [
                      "true"
                    ],
                    "variable": "aws:ResourceTag/for-use-with-amazon-emr-managed-policies"
                  }
                ],
                "effect": "Allow",
                "not_actions": [],
                "not_principals": [],
                "not_resources": [],
                "principals": [],
                "resources": [
                  "arn:aws:ec2:us-west-1:131578276461:security-group/*"
                ],
                "sid": "ManageManagedSecurityGroup"
              },
              {
                "actions": [
                  "ec2:CancelSpotInstanceRequests"
                ],
                "condition": [],
                "effect": "Allow",
                "not_actions": [],
                "not_principals": [],
                "not_resources": [],
                "principals": [],
                "resources": [
                  "arn:aws:ec2:us-west-1:131578276461:spot-instances-request/*"
                ],
                "sid": "CancelTaggedSpotRequests"
              },
              {
                "actions": [
                  "ec2:RequestSpotInstances"
                ],
                "condition": [],
                "effect": "Allow",
                "not_actions": [],
                "not_principals": [],
                "not_resources": [],
                "principals": [],
                "resources": [
                  "arn:aws:ec2:us-west-1:131578276461:spot-instances-request/*"
                ],
                "sid": "CreateTaggedSpotRequests"
              },
              {
                "actions": [
                  "ec2:RequestSpotInstances"
                ],
                "condition": [],
                "effect": "Allow",
                "not_actions": [],
                "not_principals": [],
                "not_resources": [],
                "principals": [],
                "resources": [
                  "arn:aws:ec2:us-west-1:131578276461:security-group/*"
                ],
                "sid": ""
              },
              {
                "actions": [
                  "ec2:RequestSpotInstances"
                ],
                "condition": [],
                "effect": "Allow",
                "not_actions": [],
                "not_principals": [],
                "not_resources": [],
                "principals": [],
                "resources": [
                  "arn:aws:ec2:us-west-1:131578276461:subnet/*"
                ],
                "sid": ""
              },
              {
                "actions": [
                  "ec2:RequestSpotInstances"
                ],
                "condition": [],
                "effect": "Allow",
                "not_actions": [],
                "not_principals": [],
                "not_resources": [],
                "principals": [],
                "resources": [
                  "arn:aws:ec2:us-west-1:131578276461:key-pair/*",
                  "arn:aws:ec2:us-west-1::image/*"
                ],
                "sid": ""
              },
              {
                "actions": [
                  "ec2:CreateFleet",
                  "ec2:CreateLaunchTemplate",
                  "ec2:CreateLaunchTemplateVersion",
                  "ec2:CreateNetworkInterface",
                  "ec2:RunInstances"
                ],
                "condition": [],
                "effect": "Allow",
                "not_actions": [],
                "not_principals": [],
                "not_resources": [],
                "principals": [],
                "resources": [
                  "arn:aws:ec2:us-west-1:131578276461:security-group/*"
                ],
                "sid": "CreateInTaggedNetworkSG"
              },
              {
                "actions": [
                  "ec2:CreateFleet",
                  "ec2:CreateLaunchTemplate",
                  "ec2:CreateLaunchTemplateVersion",
                  "ec2:CreateNetworkInterface",
                  "ec2:RunInstances"
                ],
                "condition": [],
                "effect": "Allow",
                "not_actions": [],
                "not_principals": [],
                "not_resources": [],
                "principals": [],
                "resources": [
                  "arn:aws:ec2:us-west-1:131578276461:subnet/*"
                ],
                "sid": "CreateInTaggedNetworkSubnet"
              },
              {
                "actions": [
                  "ec2:RunInstances"
                ],
                "condition": [],
                "effect": "Allow",
                "not_actions": [],
                "not_principals": [],
                "not_resources": [],
                "principals": [],
                "resources": [
                  "arn:aws:ec2:us-west-1:131578276461:security-group/*"
                ],
                "sid": "RunInstanceUsingManagedSecurityGroup"
              },
              {
                "actions": [
                  "ec2:CreateNetworkInterface"
                ],
                "condition": [],
                "effect": "Allow",
                "not_actions": [],
                "not_principals": [],
                "not_resources": [],
                "principals": [],
                "resources": [
                  "arn:aws:ec2:us-west-1:131578276461:network-interface/*"
                ],
                "sid": "CreateNetworkInterfaceNeededForPrivateSubnet"
              },
              {
                "actions": [
                  "ec2:CreateNetworkInterface"
                ],
                "condition": [],
                "effect": "Allow",
                "not_actions": [],
                "not_principals": [],
                "not_resources": [],
                "principals": [],
                "resources": [
                  "arn:aws:ec2:us-west-1:131578276461:network-interface/*",
                  "arn:aws:ec2:us-west-1:131578276461:security-group/*"
                ],
                "sid": "CreateManagedNetworkInterfaceNeededForPrivateSubnet"
              },
              {
                "actions": [
                  "ec2:DetachNetworkInterface"
                ],
                "condition": [],
                "effect": "Allow",
                "not_actions": [],
                "not_principals": [],
                "not_resources": [],
                "principals": [],
                "resources": [
                  "arn:aws:ec2:us-west-1:131578276461:instance/*",
                  "arn:aws:ec2:us-west-1:131578276461:network-interface/*"
                ],
                "sid": ""
              },
              {
                "actions": [
                  "ec2:ModifyImageAttribute"
                ],
                "condition": [],
                "effect": "Allow",
                "not_actions": [],
                "not_principals": [],
                "not_resources": [],
                "principals": [],
                "resources": [
                  "arn:aws:ec2:us-west-1::image/*"
                ],
                "sid": ""
              }
            ],
            "version": "2012-10-17"
          },
          "sensitive_attributes": []
        }
      ]
    },
    {
      "module": "module.emr-spark.module.emr-iam",
      "mode": "data",
      "type": "aws_iam_policy_document",
      "name": "emr_service_policy_2",
      "provider": "provider[\"registry.terraform.io/hashicorp/aws\"]",
      "instances": [
        {
          "schema_version": 0,
          "attributes": {
            "id": "2511921025",
            "json": "{\n  \"Version\": \"2012-10-17\",\n  \"Statement\": [\n    {\n      \"Sid\": \"ManageEMRTaggedResources\",\n      \"Effect\": \"Allow\",\n      \"Action\": [\n        \"ec2:TerminateInstances\",\n        \"ec2:ModifyInstanceAttribute\",\n        \"ec2:DeleteNetworkInterface\",\n        \"ec2:DeleteLaunchTemplate\",\n        \"ec2:CreateLaunchTemplateVersion\"\n      ],\n      \"Resource\": \"arn:aws:ec2:us-west-1:131578276461:*\"\n    },\n    {\n      \"Sid\": \"\",\n      \"Effect\": \"Allow\",\n      \"Action\": \"ec2:DeleteVolume\",\n      \"Resource\": \"arn:aws:ec2:us-west-1:131578276461:volume/*\"\n    },\n    {\n      \"Sid\": \"\",\n      \"Effect\": \"Allow\",\n      \"Action\": \"ec2:DetachVolume\",\n      \"Resource\": [\n        \"arn:aws:ec2:us-west-1:131578276461:volume/*\",\n        \"arn:aws:ec2:us-west-1:131578276461:instance/*\"\n      ]\n    },\n    {\n      \"Sid\": \"CreateWithEMRTaggedLaunchTemplate\",\n      \"Effect\": \"Allow\",\n      \"Action\": [\n        \"ec2:RunInstances\",\n        \"ec2:CreateLaunchTemplateVersion\",\n        \"ec2:CreateFleet\"\n      ],\n      \"Resource\": \"arn:aws:ec2:us-west-1:131578276461:launch-template/*\"\n    },\n    {\n      \"Sid\": \"CreateEMRTaggedLaunchTemplate\",\n      \"Effect\": \"Allow\",\n      \"Action\": \"ec2:CreateLaunchTemplate\",\n      \"Resource\": \"arn:aws:ec2:us-west-1:131578276461:launch-template/*\"\n    },\n    {\n      \"Sid\": \"CreateEMRTaggedInstancesAndVolumes\",\n      \"Effect\": \"Allow\",\n      \"Action\": [\n        \"ec2:RunInstances\",\n        \"ec2:CreateFleet\"\n      ],\n      \"Resource\": [\n        \"arn:aws:ec2:us-west-1:131578276461:volume/*\",\n        \"arn:aws:ec2:us-west-1:131578276461:instance/*\"\n      ]\n    },\n    {\n      \"Sid\": \"ResourcesToLaunchEC2\",\n      \"Effect\": \"Allow\",\n      \"Action\": [\n        \"ec2:RunInstances\",\n        \"ec2:CreateLaunchTemplateVersion\",\n        \"ec2:CreateLaunchTemplate\",\n        \"ec2:CreateFleet\"\n      ],\n      \"Resource\": [\n        \"arn:aws:ec2:us-west-1::image/*\",\n        \"arn:aws:ec2:us-west-1:131578276461:network-interface/*\",\n        \"arn:aws:ec2:us-west-1:131578276461:key-pair/*\",\n        \"arn:aws:ec2:us-west-1:131578276461:fleet/*\"\n      ]\n    },\n    {\n      \"Sid\": \"\",\n      \"Effect\": \"Allow\",\n      \"Action\": [\n        \"cloudwatch:PutMetricAlarm\",\n        \"cloudwatch:DescribeAlarms\",\n        \"cloudwatch:DeleteAlarms\"\n      ],\n      \"Resource\": \"arn:aws:cloudwatch:us-west-1:131578276461:alarm:*_EMR_Auto_Scaling\"\n    },\n    {\n      \"Sid\": \"\",\n      \"Effect\": \"Allow\",\n      \"Action\": [\n        \"s3:PutObjectTagging\",\n        \"s3:PutObject\",\n        \"s3:ListStorageLensConfigurations\",\n        \"s3:ListMultipartUploadParts\",\n        \"s3:ListJobs\",\n        \"s3:ListBucketVersions\",\n        \"s3:ListBucketMultipartUploads\",\n        \"s3:ListBucket\",\n        \"s3:ListAllMyBuckets\",\n        \"s3:ListAccessPointsForObjectLambda\",\n        \"s3:ListAccessPoints\",\n        \"s3:GetStorageLensDashboard\",\n        \"s3:GetStorageLensConfigurationTagging\",\n        \"s3:GetStorageLensConfiguration\",\n        \"s3:GetReplicationConfiguration\",\n        \"s3:GetObjectVersionTorrent\",\n        \"s3:GetObjectVersionTagging\",\n        \"s3:GetObjectVersionForReplication\",\n        \"s3:GetObjectVersionAcl\",\n        \"s3:GetObjectVersion\",\n        \"s3:GetObjectTorrent\",\n        \"s3:GetObjectTagging\",\n        \"s3:GetObjectRetention\",\n        \"s3:GetObjectLegalHold\",\n        \"s3:GetObjectAcl\",\n        \"s3:GetObject\",\n        \"s3:GetMetricsConfiguration\",\n        \"s3:GetLifecycleConfiguration\",\n        \"s3:GetJobTagging\",\n        \"s3:GetInventoryConfiguration\",\n        \"s3:GetIntelligentTieringConfiguration\",\n        \"s3:GetEncryptionConfiguration\",\n        \"s3:GetBucketWebsite\",\n        \"s3:GetBucketVersioning\",\n        \"s3:GetBucketTagging\",\n        \"s3:GetBucketRequestPayment\",\n        \"s3:GetBucketPublicAccessBlock\",\n        \"s3:GetBucketPolicyStatus\",\n        \"s3:GetBucketPolicy\",\n        \"s3:GetBucketOwnershipControls\",\n        \"s3:GetBucketObjectLockConfiguration\",\n        \"s3:GetBucketNotification\",\n        \"s3:GetBucketLogging\",\n        \"s3:GetBucketLocation\",\n        \"s3:GetBucketCORS\",\n        \"s3:GetBucketAcl\",\n        \"s3:GetAnalyticsConfiguration\",\n        \"s3:GetAccountPublicAccessBlock\",\n        \"s3:GetAccessPointPolicyStatusForObjectLambda\",\n        \"s3:GetAccessPointPolicyStatus\",\n        \"s3:GetAccessPointPolicyForObjectLambda\",\n        \"s3:GetAccessPointPolicy\",\n        \"s3:GetAccessPointForObjectLambda\",\n        \"s3:GetAccessPointConfigurationForObjectLambda\",\n        \"s3:GetAccessPoint\",\n        \"s3:GetAccelerateConfiguration\"\n      ],\n      \"Resource\": [\n        \"arn:aws:s3:::franco-logs/*\",\n        \"arn:aws:s3:::franco-logs\"\n      ]\n    },\n    {\n      \"Sid\": \"\",\n      \"Effect\": \"Allow\",\n      \"Action\": \"iam:PassRole\",\n      \"Resource\": \"arn:aws:iam::131578276461:role/example-complete--ec2-role\",\n      \"Condition\": {\n        \"StringLike\": {\n          \"iam:PassedToService\": [\n            \"ec2.amazonaws.com*\"\n          ]\n        }\n      }\n    }\n  ]\n}",
            "override_json": null,
            "override_policy_documents": null,
            "policy_id": null,
            "source_json": null,
            "source_policy_documents": null,
            "statement": [
              {
                "actions": [
                  "ec2:CreateLaunchTemplateVersion",
                  "ec2:DeleteLaunchTemplate",
                  "ec2:DeleteNetworkInterface",
                  "ec2:ModifyInstanceAttribute",
                  "ec2:TerminateInstances"
                ],
                "condition": [],
                "effect": "Allow",
                "not_actions": [],
                "not_principals": [],
                "not_resources": [],
                "principals": [],
                "resources": [
                  "arn:aws:ec2:us-west-1:131578276461:*"
                ],
                "sid": "ManageEMRTaggedResources"
              },
              {
                "actions": [
                  "ec2:DeleteVolume"
                ],
                "condition": [],
                "effect": "Allow",
                "not_actions": [],
                "not_principals": [],
                "not_resources": [],
                "principals": [],
                "resources": [
                  "arn:aws:ec2:us-west-1:131578276461:volume/*"
                ],
                "sid": ""
              },
              {
                "actions": [
                  "ec2:DetachVolume"
                ],
                "condition": [],
                "effect": "Allow",
                "not_actions": [],
                "not_principals": [],
                "not_resources": [],
                "principals": [],
                "resources": [
                  "arn:aws:ec2:us-west-1:131578276461:instance/*",
                  "arn:aws:ec2:us-west-1:131578276461:volume/*"
                ],
                "sid": ""
              },
              {
                "actions": [
                  "ec2:CreateFleet",
                  "ec2:CreateLaunchTemplateVersion",
                  "ec2:RunInstances"
                ],
                "condition": [],
                "effect": "Allow",
                "not_actions": [],
                "not_principals": [],
                "not_resources": [],
                "principals": [],
                "resources": [
                  "arn:aws:ec2:us-west-1:131578276461:launch-template/*"
                ],
                "sid": "CreateWithEMRTaggedLaunchTemplate"
              },
              {
                "actions": [
                  "ec2:CreateLaunchTemplate"
                ],
                "condition": [],
                "effect": "Allow",
                "not_actions": [],
                "not_principals": [],
                "not_resources": [],
                "principals": [],
                "resources": [
                  "arn:aws:ec2:us-west-1:131578276461:launch-template/*"
                ],
                "sid": "CreateEMRTaggedLaunchTemplate"
              },
              {
                "actions": [
                  "ec2:CreateFleet",
                  "ec2:RunInstances"
                ],
                "condition": [],
                "effect": "Allow",
                "not_actions": [],
                "not_principals": [],
                "not_resources": [],
                "principals": [],
                "resources": [
                  "arn:aws:ec2:us-west-1:131578276461:instance/*",
                  "arn:aws:ec2:us-west-1:131578276461:volume/*"
                ],
                "sid": "CreateEMRTaggedInstancesAndVolumes"
              },
              {
                "actions": [
                  "ec2:CreateFleet",
                  "ec2:CreateLaunchTemplate",
                  "ec2:CreateLaunchTemplateVersion",
                  "ec2:RunInstances"
                ],
                "condition": [],
                "effect": "Allow",
                "not_actions": [],
                "not_principals": [],
                "not_resources": [],
                "principals": [],
                "resources": [
                  "arn:aws:ec2:us-west-1:131578276461:fleet/*",
                  "arn:aws:ec2:us-west-1:131578276461:key-pair/*",
                  "arn:aws:ec2:us-west-1:131578276461:network-interface/*",
                  "arn:aws:ec2:us-west-1::image/*"
                ],
                "sid": "ResourcesToLaunchEC2"
              },
              {
                "actions": [
                  "cloudwatch:DeleteAlarms",
                  "cloudwatch:DescribeAlarms",
                  "cloudwatch:PutMetricAlarm"
                ],
                "condition": [],
                "effect": "Allow",
                "not_actions": [],
                "not_principals": [],
                "not_resources": [],
                "principals": [],
                "resources": [
                  "arn:aws:cloudwatch:us-west-1:131578276461:alarm:*_EMR_Auto_Scaling"
                ],
                "sid": ""
              },
              {
                "actions": [
                  "s3:GetAccelerateConfiguration",
                  "s3:GetAccessPoint",
                  "s3:GetAccessPointConfigurationForObjectLambda",
                  "s3:GetAccessPointForObjectLambda",
                  "s3:GetAccessPointPolicy",
                  "s3:GetAccessPointPolicyForObjectLambda",
                  "s3:GetAccessPointPolicyStatus",
                  "s3:GetAccessPointPolicyStatusForObjectLambda",
                  "s3:GetAccountPublicAccessBlock",
                  "s3:GetAnalyticsConfiguration",
                  "s3:GetBucketAcl",
                  "s3:GetBucketCORS",
                  "s3:GetBucketLocation",
                  "s3:GetBucketLogging",
                  "s3:GetBucketNotification",
                  "s3:GetBucketObjectLockConfiguration",
                  "s3:GetBucketOwnershipControls",
                  "s3:GetBucketPolicy",
                  "s3:GetBucketPolicyStatus",
                  "s3:GetBucketPublicAccessBlock",
                  "s3:GetBucketRequestPayment",
                  "s3:GetBucketTagging",
                  "s3:GetBucketVersioning",
                  "s3:GetBucketWebsite",
                  "s3:GetEncryptionConfiguration",
                  "s3:GetIntelligentTieringConfiguration",
                  "s3:GetInventoryConfiguration",
                  "s3:GetJobTagging",
                  "s3:GetLifecycleConfiguration",
                  "s3:GetMetricsConfiguration",
                  "s3:GetObject",
                  "s3:GetObjectAcl",
                  "s3:GetObjectLegalHold",
                  "s3:GetObjectRetention",
                  "s3:GetObjectTagging",
                  "s3:GetObjectTorrent",
                  "s3:GetObjectVersion",
                  "s3:GetObjectVersionAcl",
                  "s3:GetObjectVersionForReplication",
                  "s3:GetObjectVersionTagging",
                  "s3:GetObjectVersionTorrent",
                  "s3:GetReplicationConfiguration",
                  "s3:GetStorageLensConfiguration",
                  "s3:GetStorageLensConfigurationTagging",
                  "s3:GetStorageLensDashboard",
                  "s3:ListAccessPoints",
                  "s3:ListAccessPointsForObjectLambda",
                  "s3:ListAllMyBuckets",
                  "s3:ListBucket",
                  "s3:ListBucketMultipartUploads",
                  "s3:ListBucketVersions",
                  "s3:ListJobs",
                  "s3:ListMultipartUploadParts",
                  "s3:ListStorageLensConfigurations",
                  "s3:PutObject",
                  "s3:PutObjectTagging"
                ],
                "condition": [],
                "effect": "Allow",
                "not_actions": [],
                "not_principals": [],
                "not_resources": [],
                "principals": [],
                "resources": [
                  "arn:aws:s3:::franco-logs",
                  "arn:aws:s3:::franco-logs/*"
                ],
                "sid": ""
              },
              {
                "actions": [
                  "iam:PassRole"
                ],
                "condition": [
                  {
                    "test": "StringLike",
                    "values": [
                      "ec2.amazonaws.com*"
                    ],
                    "variable": "iam:PassedToService"
                  }
                ],
                "effect": "Allow",
                "not_actions": [],
                "not_principals": [],
                "not_resources": [],
                "principals": [],
                "resources": [
                  "arn:aws:iam::131578276461:role/example-complete--ec2-role"
                ],
                "sid": ""
              }
            ],
            "version": "2012-10-17"
          },
          "sensitive_attributes": []
        }
      ]
    },
    {
      "module": "module.emr-spark.module.emr-iam",
      "mode": "data",
      "type": "aws_region",
      "name": "current",
      "provider": "provider[\"registry.terraform.io/hashicorp/aws\"]",
      "instances": [
        {
          "schema_version": 0,
          "attributes": {
            "description": "US West (N. California)",
            "endpoint": "ec2.us-west-1.amazonaws.com",
            "id": "us-west-1",
            "name": "us-west-1"
          },
          "sensitive_attributes": []
        }
      ]
    },
    {
      "module": "module.emr-spark.module.emr-iam",
      "mode": "managed",
      "type": "aws_iam_instance_profile",
      "name": "emr_ec2_instance_profile",
      "provider": "provider[\"registry.terraform.io/hashicorp/aws\"]",
      "instances": [
        {
          "schema_version": 0,
          "attributes": {
            "arn": "arn:aws:iam::131578276461:instance-profile/example-complete--instance-profile",
            "create_date": "2021-10-27T13:26:12Z",
            "id": "example-complete--instance-profile",
            "name": "example-complete--instance-profile",
            "name_prefix": null,
            "path": "/",
            "role": "example-complete--ec2-role",
            "tags": {
              "owner": "franco"
            },
            "tags_all": {
              "owner": "franco"
            },
            "unique_id": "AIPAR5IVNFJWSV2D37VLH"
          },
          "sensitive_attributes": [],
          "private": "bnVsbA==",
          "dependencies": [
            "module.emr-spark.module.emr-iam.aws_iam_role.emr_ec2_instance_profile",
            "module.emr-spark.module.emr-iam.data.aws_iam_policy_document.ec2_assume_role"
          ]
        }
      ]
    },
    {
      "module": "module.emr-spark.module.emr-iam",
      "mode": "managed",
      "type": "aws_iam_policy",
      "name": "emr_service_policy_1",
      "provider": "provider[\"registry.terraform.io/hashicorp/aws\"]",
      "instances": [
        {
          "schema_version": 0,
          "attributes": {
            "arn": "arn:aws:iam::131578276461:policy/example-complete--service-policy-1",
            "description": "",
            "id": "arn:aws:iam::131578276461:policy/example-complete--service-policy-1",
            "name": "example-complete--service-policy-1",
            "name_prefix": null,
            "path": "/",
            "policy": "{\n  \"Version\": \"2012-10-17\",\n  \"Statement\": [\n    {\n      \"Sid\": \"\",\n      \"Effect\": \"Allow\",\n      \"Action\": [\n        \"ec2:DescribeVpcs\",\n        \"ec2:DescribeVpcEndpoints\",\n        \"ec2:DescribeVpcAttribute\",\n        \"ec2:DescribeVolumes\",\n        \"ec2:DescribeVolumeStatus\",\n        \"ec2:DescribeSubnets\",\n        \"ec2:DescribeSecurityGroups\",\n        \"ec2:DescribeRouteTables\",\n        \"ec2:DescribePlacementGroups\",\n        \"ec2:DescribeNetworkInterfaces\",\n        \"ec2:DescribeNetworkAcls\",\n        \"ec2:DescribeLaunchTemplates\",\n        \"ec2:DescribeInstances\",\n        \"ec2:DescribeDhcpOptions\",\n        \"ec2:DescribeCapacityReservations\",\n        \"ec2:DescribeAccountAttributes\"\n      ],\n      \"Resource\": \"*\"\n    },\n    {\n      \"Sid\": \"ManageTagsOnEMRTaggedResources\",\n      \"Effect\": \"Allow\",\n      \"Action\": [\n        \"ec2:DeleteTags\",\n        \"ec2:CreateTags\"\n      ],\n      \"Resource\": [\n        \"arn:aws:ec2:us-west-1:131578276461:volume/*\",\n        \"arn:aws:ec2:us-west-1:131578276461:network-interface/*\",\n        \"arn:aws:ec2:us-west-1:131578276461:launch-template/*\",\n        \"arn:aws:ec2:us-west-1:131578276461:instance/*\"\n      ]\n    },\n    {\n      \"Sid\": \"TagOnCreateTaggedEMRResources\",\n      \"Effect\": \"Allow\",\n      \"Action\": \"ec2:CreateTags\",\n      \"Resource\": [\n        \"arn:aws:ec2:us-west-1:131578276461:volume/*\",\n        \"arn:aws:ec2:us-west-1:131578276461:network-interface/*\",\n        \"arn:aws:ec2:us-west-1:131578276461:launch-template/*\",\n        \"arn:aws:ec2:us-west-1:131578276461:instance/*\"\n      ],\n      \"Condition\": {\n        \"StringEquals\": {\n          \"ec2:CreateAction\": [\n            \"RunInstances\",\n            \"CreateFleet\",\n            \"CreateLaunchTemplate\",\n            \"CreateNetworkInterface\"\n          ]\n        }\n      }\n    },\n    {\n      \"Sid\": \"CreateSecurityGroups\",\n      \"Effect\": \"Allow\",\n      \"Action\": \"ec2:CreateSecurityGroup\",\n      \"Resource\": [\n        \"arn:aws:ec2:us-west-1:131578276461:vpc/vpc-09ebec0ff9aa91a04\",\n        \"arn:aws:ec2:us-west-1:131578276461:security-group/*\"\n      ]\n    },\n    {\n      \"Sid\": \"TagManagedSecurityGroup\",\n      \"Effect\": \"Allow\",\n      \"Action\": \"ec2:CreateTags\",\n      \"Resource\": \"arn:aws:ec2:us-west-1:131578276461:security-group/*\",\n      \"Condition\": {\n        \"StringEquals\": {\n          \"aws:RequestTag/for-use-with-amazon-emr-managed-policies\": [\n            \"true\"\n          ],\n          \"ec2:CreateAction\": [\n            \"CreateSecurityGroup\"\n          ]\n        }\n      }\n    },\n    {\n      \"Sid\": \"CreateManagedSecurityGroup\",\n      \"Effect\": \"Allow\",\n      \"Action\": \"ec2:CreateSecurityGroup\",\n      \"Resource\": [\n        \"arn:aws:ec2:us-west-1:131578276461:vpc/vpc-09ebec0ff9aa91a04\",\n        \"arn:aws:ec2:us-west-1:131578276461:security-group/*\"\n      ],\n      \"Condition\": {\n        \"StringEquals\": {\n          \"aws:RequestTag/for-use-with-amazon-emr-managed-policies\": [\n            \"true\"\n          ]\n        }\n      }\n    },\n    {\n      \"Sid\": \"ManageSecurityGroups\",\n      \"Effect\": \"Allow\",\n      \"Action\": [\n        \"ec2:RevokeSecurityGroupIngress\",\n        \"ec2:RevokeSecurityGroupEgress\",\n        \"ec2:AuthorizeSecurityGroupIngress\",\n        \"ec2:AuthorizeSecurityGroupEgress\"\n      ],\n      \"Resource\": \"arn:aws:ec2:us-west-1:131578276461:security-group/*\"\n    },\n    {\n      \"Sid\": \"ManageManagedSecurityGroup\",\n      \"Effect\": \"Allow\",\n      \"Action\": [\n        \"ec2:RevokeSecurityGroupIngress\",\n        \"ec2:RevokeSecurityGroupEgress\",\n        \"ec2:AuthorizeSecurityGroupIngress\",\n        \"ec2:AuthorizeSecurityGroupEgress\"\n      ],\n      \"Resource\": \"arn:aws:ec2:us-west-1:131578276461:security-group/*\",\n      \"Condition\": {\n        \"StringEquals\": {\n          \"aws:ResourceTag/for-use-with-amazon-emr-managed-policies\": [\n            \"true\"\n          ]\n        }\n      }\n    },\n    {\n      \"Sid\": \"CancelTaggedSpotRequests\",\n      \"Effect\": \"Allow\",\n      \"Action\": \"ec2:CancelSpotInstanceRequests\",\n      \"Resource\": \"arn:aws:ec2:us-west-1:131578276461:spot-instances-request/*\"\n    },\n    {\n      \"Sid\": \"CreateTaggedSpotRequests\",\n      \"Effect\": \"Allow\",\n      \"Action\": \"ec2:RequestSpotInstances\",\n      \"Resource\": \"arn:aws:ec2:us-west-1:131578276461:spot-instances-request/*\"\n    },\n    {\n      \"Sid\": \"\",\n      \"Effect\": \"Allow\",\n      \"Action\": \"ec2:RequestSpotInstances\",\n      \"Resource\": \"arn:aws:ec2:us-west-1:131578276461:security-group/*\"\n    },\n    {\n      \"Sid\": \"\",\n      \"Effect\": \"Allow\",\n      \"Action\": \"ec2:RequestSpotInstances\",\n      \"Resource\": \"arn:aws:ec2:us-west-1:131578276461:subnet/*\"\n    },\n    {\n      \"Sid\": \"\",\n      \"Effect\": \"Allow\",\n      \"Action\": \"ec2:RequestSpotInstances\",\n      \"Resource\": [\n        \"arn:aws:ec2:us-west-1::image/*\",\n        \"arn:aws:ec2:us-west-1:131578276461:key-pair/*\"\n      ]\n    },\n    {\n      \"Sid\": \"CreateInTaggedNetworkSG\",\n      \"Effect\": \"Allow\",\n      \"Action\": [\n        \"ec2:RunInstances\",\n        \"ec2:CreateNetworkInterface\",\n        \"ec2:CreateLaunchTemplateVersion\",\n        \"ec2:CreateLaunchTemplate\",\n        \"ec2:CreateFleet\"\n      ],\n      \"Resource\": \"arn:aws:ec2:us-west-1:131578276461:security-group/*\"\n    },\n    {\n      \"Sid\": \"CreateInTaggedNetworkSubnet\",\n      \"Effect\": \"Allow\",\n      \"Action\": [\n        \"ec2:RunInstances\",\n        \"ec2:CreateNetworkInterface\",\n        \"ec2:CreateLaunchTemplateVersion\",\n        \"ec2:CreateLaunchTemplate\",\n        \"ec2:CreateFleet\"\n      ],\n      \"Resource\": \"arn:aws:ec2:us-west-1:131578276461:subnet/*\"\n    },\n    {\n      \"Sid\": \"RunInstanceUsingManagedSecurityGroup\",\n      \"Effect\": \"Allow\",\n      \"Action\": \"ec2:RunInstances\",\n      \"Resource\": \"arn:aws:ec2:us-west-1:131578276461:security-group/*\"\n    },\n    {\n      \"Sid\": \"CreateNetworkInterfaceNeededForPrivateSubnet\",\n      \"Effect\": \"Allow\",\n      \"Action\": \"ec2:CreateNetworkInterface\",\n      \"Resource\": \"arn:aws:ec2:us-west-1:131578276461:network-interface/*\"\n    },\n    {\n      \"Sid\": \"CreateManagedNetworkInterfaceNeededForPrivateSubnet\",\n      \"Effect\": \"Allow\",\n      \"Action\": \"ec2:CreateNetworkInterface\",\n      \"Resource\": [\n        \"arn:aws:ec2:us-west-1:131578276461:security-group/*\",\n        \"arn:aws:ec2:us-west-1:131578276461:network-interface/*\"\n      ]\n    },\n    {\n      \"Sid\": \"\",\n      \"Effect\": \"Allow\",\n      \"Action\": \"ec2:DetachNetworkInterface\",\n      \"Resource\": [\n        \"arn:aws:ec2:us-west-1:131578276461:network-interface/*\",\n        \"arn:aws:ec2:us-west-1:131578276461:instance/*\"\n      ]\n    },\n    {\n      \"Sid\": \"\",\n      \"Effect\": \"Allow\",\n      \"Action\": \"ec2:ModifyImageAttribute\",\n      \"Resource\": \"arn:aws:ec2:us-west-1::image/*\"\n    }\n  ]\n}",
            "policy_id": "ANPAR5IVNFJWQY75ZXSAF",
            "tags": {
              "owner": "franco"
            },
            "tags_all": {
              "owner": "franco"
            }
          },
          "sensitive_attributes": [],
          "private": "bnVsbA==",
          "dependencies": [
            "module.emr-spark.module.emr-iam.data.aws_caller_identity.current",
            "module.emr-spark.module.emr-iam.data.aws_iam_policy_document.emr_service_policy_1",
            "module.emr-spark.module.emr-iam.data.aws_region.current",
            "module.tamr_networking.module.vpc.aws_vpc.this"
          ]
        }
      ]
    },
    {
      "module": "module.emr-spark.module.emr-iam",
      "mode": "managed",
      "type": "aws_iam_policy",
      "name": "emr_service_policy_2",
      "provider": "provider[\"registry.terraform.io/hashicorp/aws\"]",
      "instances": [
        {
          "schema_version": 0,
          "attributes": {
            "arn": "arn:aws:iam::131578276461:policy/example-complete--service-policy-2",
            "description": "",
            "id": "arn:aws:iam::131578276461:policy/example-complete--service-policy-2",
            "name": "example-complete--service-policy-2",
            "name_prefix": null,
            "path": "/",
            "policy": "{\n  \"Version\": \"2012-10-17\",\n  \"Statement\": [\n    {\n      \"Sid\": \"ManageEMRTaggedResources\",\n      \"Effect\": \"Allow\",\n      \"Action\": [\n        \"ec2:TerminateInstances\",\n        \"ec2:ModifyInstanceAttribute\",\n        \"ec2:DeleteNetworkInterface\",\n        \"ec2:DeleteLaunchTemplate\",\n        \"ec2:CreateLaunchTemplateVersion\"\n      ],\n      \"Resource\": \"arn:aws:ec2:us-west-1:131578276461:*\"\n    },\n    {\n      \"Sid\": \"\",\n      \"Effect\": \"Allow\",\n      \"Action\": \"ec2:DeleteVolume\",\n      \"Resource\": \"arn:aws:ec2:us-west-1:131578276461:volume/*\"\n    },\n    {\n      \"Sid\": \"\",\n      \"Effect\": \"Allow\",\n      \"Action\": \"ec2:DetachVolume\",\n      \"Resource\": [\n        \"arn:aws:ec2:us-west-1:131578276461:volume/*\",\n        \"arn:aws:ec2:us-west-1:131578276461:instance/*\"\n      ]\n    },\n    {\n      \"Sid\": \"CreateWithEMRTaggedLaunchTemplate\",\n      \"Effect\": \"Allow\",\n      \"Action\": [\n        \"ec2:RunInstances\",\n        \"ec2:CreateLaunchTemplateVersion\",\n        \"ec2:CreateFleet\"\n      ],\n      \"Resource\": \"arn:aws:ec2:us-west-1:131578276461:launch-template/*\"\n    },\n    {\n      \"Sid\": \"CreateEMRTaggedLaunchTemplate\",\n      \"Effect\": \"Allow\",\n      \"Action\": \"ec2:CreateLaunchTemplate\",\n      \"Resource\": \"arn:aws:ec2:us-west-1:131578276461:launch-template/*\"\n    },\n    {\n      \"Sid\": \"CreateEMRTaggedInstancesAndVolumes\",\n      \"Effect\": \"Allow\",\n      \"Action\": [\n        \"ec2:RunInstances\",\n        \"ec2:CreateFleet\"\n      ],\n      \"Resource\": [\n        \"arn:aws:ec2:us-west-1:131578276461:volume/*\",\n        \"arn:aws:ec2:us-west-1:131578276461:instance/*\"\n      ]\n    },\n    {\n      \"Sid\": \"ResourcesToLaunchEC2\",\n      \"Effect\": \"Allow\",\n      \"Action\": [\n        \"ec2:RunInstances\",\n        \"ec2:CreateLaunchTemplateVersion\",\n        \"ec2:CreateLaunchTemplate\",\n        \"ec2:CreateFleet\"\n      ],\n      \"Resource\": [\n        \"arn:aws:ec2:us-west-1::image/*\",\n        \"arn:aws:ec2:us-west-1:131578276461:network-interface/*\",\n        \"arn:aws:ec2:us-west-1:131578276461:key-pair/*\",\n        \"arn:aws:ec2:us-west-1:131578276461:fleet/*\"\n      ]\n    },\n    {\n      \"Sid\": \"\",\n      \"Effect\": \"Allow\",\n      \"Action\": [\n        \"cloudwatch:PutMetricAlarm\",\n        \"cloudwatch:DescribeAlarms\",\n        \"cloudwatch:DeleteAlarms\"\n      ],\n      \"Resource\": \"arn:aws:cloudwatch:us-west-1:131578276461:alarm:*_EMR_Auto_Scaling\"\n    },\n    {\n      \"Sid\": \"\",\n      \"Effect\": \"Allow\",\n      \"Action\": [\n        \"s3:PutObjectTagging\",\n        \"s3:PutObject\",\n        \"s3:ListStorageLensConfigurations\",\n        \"s3:ListMultipartUploadParts\",\n        \"s3:ListJobs\",\n        \"s3:ListBucketVersions\",\n        \"s3:ListBucketMultipartUploads\",\n        \"s3:ListBucket\",\n        \"s3:ListAllMyBuckets\",\n        \"s3:ListAccessPointsForObjectLambda\",\n        \"s3:ListAccessPoints\",\n        \"s3:GetStorageLensDashboard\",\n        \"s3:GetStorageLensConfigurationTagging\",\n        \"s3:GetStorageLensConfiguration\",\n        \"s3:GetReplicationConfiguration\",\n        \"s3:GetObjectVersionTorrent\",\n        \"s3:GetObjectVersionTagging\",\n        \"s3:GetObjectVersionForReplication\",\n        \"s3:GetObjectVersionAcl\",\n        \"s3:GetObjectVersion\",\n        \"s3:GetObjectTorrent\",\n        \"s3:GetObjectTagging\",\n        \"s3:GetObjectRetention\",\n        \"s3:GetObjectLegalHold\",\n        \"s3:GetObjectAcl\",\n        \"s3:GetObject\",\n        \"s3:GetMetricsConfiguration\",\n        \"s3:GetLifecycleConfiguration\",\n        \"s3:GetJobTagging\",\n        \"s3:GetInventoryConfiguration\",\n        \"s3:GetIntelligentTieringConfiguration\",\n        \"s3:GetEncryptionConfiguration\",\n        \"s3:GetBucketWebsite\",\n        \"s3:GetBucketVersioning\",\n        \"s3:GetBucketTagging\",\n        \"s3:GetBucketRequestPayment\",\n        \"s3:GetBucketPublicAccessBlock\",\n        \"s3:GetBucketPolicyStatus\",\n        \"s3:GetBucketPolicy\",\n        \"s3:GetBucketOwnershipControls\",\n        \"s3:GetBucketObjectLockConfiguration\",\n        \"s3:GetBucketNotification\",\n        \"s3:GetBucketLogging\",\n        \"s3:GetBucketLocation\",\n        \"s3:GetBucketCORS\",\n        \"s3:GetBucketAcl\",\n        \"s3:GetAnalyticsConfiguration\",\n        \"s3:GetAccountPublicAccessBlock\",\n        \"s3:GetAccessPointPolicyStatusForObjectLambda\",\n        \"s3:GetAccessPointPolicyStatus\",\n        \"s3:GetAccessPointPolicyForObjectLambda\",\n        \"s3:GetAccessPointPolicy\",\n        \"s3:GetAccessPointForObjectLambda\",\n        \"s3:GetAccessPointConfigurationForObjectLambda\",\n        \"s3:GetAccessPoint\",\n        \"s3:GetAccelerateConfiguration\"\n      ],\n      \"Resource\": [\n        \"arn:aws:s3:::franco-logs/*\",\n        \"arn:aws:s3:::franco-logs\"\n      ]\n    },\n    {\n      \"Sid\": \"\",\n      \"Effect\": \"Allow\",\n      \"Action\": \"iam:PassRole\",\n      \"Resource\": \"arn:aws:iam::131578276461:role/example-complete--ec2-role\",\n      \"Condition\": {\n        \"StringLike\": {\n          \"iam:PassedToService\": [\n            \"ec2.amazonaws.com*\"\n          ]\n        }\n      }\n    }\n  ]\n}",
            "policy_id": "ANPAR5IVNFJWVL75N4FNZ",
            "tags": {
              "owner": "franco"
            },
            "tags_all": {
              "owner": "franco"
            }
          },
          "sensitive_attributes": [],
          "private": "bnVsbA==",
          "dependencies": [
            "module.emr-logs-bucket.module.encrypted-bucket.aws_s3_bucket.new_bucket",
            "module.emr-spark.module.emr-iam.aws_iam_role.emr_ec2_instance_profile",
            "module.emr-spark.module.emr-iam.data.aws_caller_identity.current",
            "module.emr-spark.module.emr-iam.data.aws_iam_policy_document.ec2_assume_role",
            "module.emr-spark.module.emr-iam.data.aws_iam_policy_document.emr_service_policy_2",
            "module.emr-spark.module.emr-iam.data.aws_region.current"
          ]
        }
      ]
    },
    {
      "module": "module.emr-spark.module.emr-iam",
      "mode": "managed",
      "type": "aws_iam_role",
      "name": "emr_ec2_instance_profile",
      "provider": "provider[\"registry.terraform.io/hashicorp/aws\"]",
      "instances": [
        {
          "schema_version": 0,
          "attributes": {
            "arn": "arn:aws:iam::131578276461:role/example-complete--ec2-role",
            "assume_role_policy": "{\"Version\":\"2012-10-17\",\"Statement\":[{\"Sid\":\"\",\"Effect\":\"Allow\",\"Principal\":{\"Service\":\"ec2.amazonaws.com\"},\"Action\":\"sts:AssumeRole\"}]}",
            "create_date": "2021-10-27T13:26:11Z",
            "description": "",
            "force_detach_policies": false,
            "id": "example-complete--ec2-role",
            "inline_policy": [
              {
                "name": "",
                "policy": ""
              }
            ],
            "managed_policy_arns": [],
            "max_session_duration": 3600,
            "name": "example-complete--ec2-role",
            "name_prefix": null,
            "path": "/",
            "permissions_boundary": null,
            "tags": {
              "owner": "franco"
            },
            "tags_all": {
              "owner": "franco"
            },
            "unique_id": "AROAR5IVNFJW4LWVT3LC7"
          },
          "sensitive_attributes": [],
          "private": "bnVsbA==",
          "dependencies": [
            "module.emr-spark.module.emr-iam.data.aws_iam_policy_document.ec2_assume_role"
          ]
        }
      ]
    },
    {
      "module": "module.emr-spark.module.emr-iam",
      "mode": "managed",
      "type": "aws_iam_role",
      "name": "emr_service_role",
      "provider": "provider[\"registry.terraform.io/hashicorp/aws\"]",
      "instances": [
        {
          "schema_version": 0,
          "attributes": {
            "arn": "arn:aws:iam::131578276461:role/example-complete--service-role",
            "assume_role_policy": "{\"Version\":\"2012-10-17\",\"Statement\":[{\"Sid\":\"\",\"Effect\":\"Allow\",\"Principal\":{\"Service\":\"elasticmapreduce.amazonaws.com\"},\"Action\":\"sts:AssumeRole\"}]}",
            "create_date": "2021-10-27T13:26:11Z",
            "description": "",
            "force_detach_policies": false,
            "id": "example-complete--service-role",
            "inline_policy": [
              {
                "name": "",
                "policy": ""
              }
            ],
            "managed_policy_arns": [],
            "max_session_duration": 3600,
            "name": "example-complete--service-role",
            "name_prefix": null,
            "path": "/",
            "permissions_boundary": null,
            "tags": {
              "owner": "franco"
            },
            "tags_all": {
              "owner": "franco"
            },
            "unique_id": "AROAR5IVNFJWUFRG4PNPE"
          },
          "sensitive_attributes": [],
          "private": "bnVsbA==",
          "dependencies": [
            "module.emr-spark.module.emr-iam.data.aws_iam_policy_document.emr_assume_role"
          ]
        }
      ]
    },
    {
      "module": "module.emr-spark.module.emr-iam",
      "mode": "managed",
      "type": "aws_iam_role_policy_attachment",
      "name": "emr_ec2_s3_policies",
      "provider": "provider[\"registry.terraform.io/hashicorp/aws\"]",
      "instances": [
        {
          "index_key": 0,
          "schema_version": 0,
          "attributes": {
            "id": "example-complete--ec2-role-20211027132612012200000001",
            "policy_arn": "arn:aws:iam::131578276461:policy/franco-logs-read-write-QWHl8p",
            "role": "example-complete--ec2-role"
          },
          "sensitive_attributes": [],
          "private": "bnVsbA==",
          "dependencies": [
            "module.emr-logs-bucket.module.bucket-iam-policy.aws_iam_policy.rw_policy",
            "module.emr-logs-bucket.module.bucket-iam-policy.data.aws_iam_policy_document.path_specific_rw_doc",
            "module.emr-logs-bucket.module.bucket-iam-policy.data.aws_iam_policy_document.rw_source_policy_doc",
            "module.emr-logs-bucket.module.bucket-iam-policy.random_string.rand",
            "module.emr-rootdir-bucket.module.bucket-iam-policy.aws_iam_policy.rw_policy",
            "module.emr-rootdir-bucket.module.bucket-iam-policy.data.aws_iam_policy_document.path_specific_rw_doc",
            "module.emr-rootdir-bucket.module.bucket-iam-policy.data.aws_iam_policy_document.rw_source_policy_doc",
            "module.emr-rootdir-bucket.module.bucket-iam-policy.random_string.rand",
            "module.emr-spark.module.emr-iam.aws_iam_role.emr_ec2_instance_profile",
            "module.emr-spark.module.emr-iam.data.aws_iam_policy_document.ec2_assume_role"
          ]
        },
        {
          "index_key": 1,
          "schema_version": 0,
          "attributes": {
            "id": "example-complete--ec2-role-20211027132612012300000002",
            "policy_arn": "arn:aws:iam::131578276461:policy/franco-root-read-write-XJFppJ",
            "role": "example-complete--ec2-role"
          },
          "sensitive_attributes": [],
          "private": "bnVsbA==",
          "dependencies": [
            "module.emr-logs-bucket.module.bucket-iam-policy.aws_iam_policy.rw_policy",
            "module.emr-logs-bucket.module.bucket-iam-policy.data.aws_iam_policy_document.path_specific_rw_doc",
            "module.emr-logs-bucket.module.bucket-iam-policy.data.aws_iam_policy_document.rw_source_policy_doc",
            "module.emr-logs-bucket.module.bucket-iam-policy.random_string.rand",
            "module.emr-rootdir-bucket.module.bucket-iam-policy.aws_iam_policy.rw_policy",
            "module.emr-rootdir-bucket.module.bucket-iam-policy.data.aws_iam_policy_document.path_specific_rw_doc",
            "module.emr-rootdir-bucket.module.bucket-iam-policy.data.aws_iam_policy_document.rw_source_policy_doc",
            "module.emr-rootdir-bucket.module.bucket-iam-policy.random_string.rand",
            "module.emr-spark.module.emr-iam.aws_iam_role.emr_ec2_instance_profile",
            "module.emr-spark.module.emr-iam.data.aws_iam_policy_document.ec2_assume_role"
          ]
        }
      ]
    },
    {
      "module": "module.emr-spark.module.emr-iam",
      "mode": "managed",
      "type": "aws_iam_role_policy_attachment",
      "name": "emr_service_role_policy_1",
      "provider": "provider[\"registry.terraform.io/hashicorp/aws\"]",
      "instances": [
        {
          "schema_version": 0,
          "attributes": {
            "id": "example-complete--service-role-20211027132649114200000005",
            "policy_arn": "arn:aws:iam::131578276461:policy/example-complete--service-policy-1",
            "role": "example-complete--service-role"
          },
          "sensitive_attributes": [],
          "private": "bnVsbA==",
          "dependencies": [
            "module.emr-spark.module.emr-iam.aws_iam_policy.emr_service_policy_1",
            "module.emr-spark.module.emr-iam.aws_iam_role.emr_service_role",
            "module.emr-spark.module.emr-iam.data.aws_caller_identity.current",
            "module.emr-spark.module.emr-iam.data.aws_iam_policy_document.emr_assume_role",
            "module.emr-spark.module.emr-iam.data.aws_iam_policy_document.emr_service_policy_1",
            "module.emr-spark.module.emr-iam.data.aws_region.current",
            "module.tamr_networking.module.vpc.aws_vpc.this"
          ]
        }
      ]
    },
    {
      "module": "module.emr-spark.module.emr-iam",
      "mode": "managed",
      "type": "aws_iam_role_policy_attachment",
      "name": "emr_service_role_policy_2",
      "provider": "provider[\"registry.terraform.io/hashicorp/aws\"]",
      "instances": [
        {
          "schema_version": 0,
          "attributes": {
            "id": "example-complete--service-role-20211027132623948600000003",
            "policy_arn": "arn:aws:iam::131578276461:policy/example-complete--service-policy-2",
            "role": "example-complete--service-role"
          },
          "sensitive_attributes": [],
          "private": "bnVsbA==",
          "dependencies": [
            "module.emr-logs-bucket.module.encrypted-bucket.aws_s3_bucket.new_bucket",
            "module.emr-spark.module.emr-iam.aws_iam_policy.emr_service_policy_2",
            "module.emr-spark.module.emr-iam.aws_iam_role.emr_ec2_instance_profile",
            "module.emr-spark.module.emr-iam.aws_iam_role.emr_service_role",
            "module.emr-spark.module.emr-iam.data.aws_caller_identity.current",
            "module.emr-spark.module.emr-iam.data.aws_iam_policy_document.ec2_assume_role",
            "module.emr-spark.module.emr-iam.data.aws_iam_policy_document.emr_assume_role",
            "module.emr-spark.module.emr-iam.data.aws_iam_policy_document.emr_service_policy_2",
            "module.emr-spark.module.emr-iam.data.aws_region.current"
          ]
        }
      ]
    },
    {
      "module": "module.emr-spark.module.emr-sgs",
      "mode": "managed",
      "type": "aws_security_group",
      "name": "emr_managed_internal",
      "provider": "provider[\"registry.terraform.io/hashicorp/aws\"]",
      "instances": [
        {
          "schema_version": 1,
          "attributes": {
            "arn": "arn:aws:ec2:us-west-1:131578276461:security-group/sg-06193addb36ad0ed2",
            "description": "EMR Managed Security Group",
            "egress": [],
            "id": "sg-06193addb36ad0ed2",
            "ingress": [],
            "name": "TAMR-EMR-Internal",
            "name_prefix": "",
            "owner_id": "131578276461",
            "revoke_rules_on_delete": true,
            "tags": {
              "owner": "franco"
            },
            "tags_all": {
              "owner": "franco"
            },
            "timeouts": null,
            "vpc_id": "vpc-09ebec0ff9aa91a04"
          },
          "sensitive_attributes": [],
          "private": "eyJlMmJmYjczMC1lY2FhLTExZTYtOGY4OC0zNDM2M2JjN2M0YzAiOnsiY3JlYXRlIjo2MDAwMDAwMDAwMDAsImRlbGV0ZSI6OTAwMDAwMDAwMDAwfSwic2NoZW1hX3ZlcnNpb24iOiIxIn0=",
          "dependencies": [
            "module.tamr_networking.module.vpc.aws_vpc.this"
          ]
        }
      ]
    },
    {
      "module": "module.emr-spark.module.emr-sgs",
      "mode": "managed",
      "type": "aws_security_group_rule",
      "name": "all_ports_for_internal_sg",
      "provider": "provider[\"registry.terraform.io/hashicorp/aws\"]",
      "instances": [
        {
          "schema_version": 2,
          "attributes": {
            "cidr_blocks": null,
            "description": "Combined TCP/UDP/ICMP",
            "from_port": 0,
            "id": "sgrule-2807025710",
            "ipv6_cidr_blocks": null,
            "prefix_list_ids": null,
            "protocol": "-1",
            "security_group_id": "sg-06193addb36ad0ed2",
            "self": false,
            "source_security_group_id": "sg-06193addb36ad0ed2",
            "to_port": 0,
            "type": "ingress"
          },
          "sensitive_attributes": [],
          "private": "eyJzY2hlbWFfdmVyc2lvbiI6IjIifQ==",
          "dependencies": [
            "module.emr-spark.module.emr-sgs.aws_security_group.emr_managed_internal",
            "module.tamr_networking.module.vpc.aws_vpc.this"
          ]
        }
      ]
    },
    {
      "module": "module.emr-spark.module.emr-sgs",
      "mode": "managed",
      "type": "aws_security_group_rule",
      "name": "egress_for_internal_sg",
      "provider": "provider[\"registry.terraform.io/hashicorp/aws\"]",
      "instances": [
        {
          "schema_version": 2,
          "attributes": {
            "cidr_blocks": [
              "0.0.0.0/0"
            ],
            "description": "Egress rule for EMR Managed Internal SG",
            "from_port": 0,
            "id": "sgrule-635396700",
            "ipv6_cidr_blocks": null,
            "prefix_list_ids": null,
            "protocol": "-1",
            "security_group_id": "sg-06193addb36ad0ed2",
            "self": false,
            "source_security_group_id": null,
            "to_port": 0,
            "type": "egress"
          },
          "sensitive_attributes": [],
          "private": "eyJzY2hlbWFfdmVyc2lvbiI6IjIifQ==",
          "dependencies": [
            "module.emr-spark.module.emr-sgs.aws_security_group.emr_managed_internal",
            "module.tamr_networking.module.vpc.aws_vpc.this"
          ]
        }
      ]
    },
    {
      "module": "module.emr-spark.module.emr-sgs",
      "mode": "managed",
      "type": "aws_security_group_rule",
      "name": "service_access_ingress_rule",
      "provider": "provider[\"registry.terraform.io/hashicorp/aws\"]",
      "instances": [
        {
          "index_key": 0,
          "schema_version": 2,
          "attributes": {
            "cidr_blocks": null,
            "description": "Ingress on port 9443 from the master sg",
            "from_port": 9443,
            "id": "sgrule-3470368278",
            "ipv6_cidr_blocks": null,
            "prefix_list_ids": null,
            "protocol": "tcp",
            "security_group_id": "sg-09c6d4fa12fab039f",
            "self": false,
            "source_security_group_id": "sg-06193addb36ad0ed2",
            "to_port": 9443,
            "type": "ingress"
          },
          "sensitive_attributes": [],
          "private": "eyJzY2hlbWFfdmVyc2lvbiI6IjIifQ==",
          "dependencies": [
            "module.aws-emr-sg-service-access.aws_security_group.security-groups-egress-cidr",
            "module.aws-emr-sg-service-access.aws_security_group.security-groups-egress-sg",
            "module.aws-emr-sg-service-access.aws_security_group.security-groups-ingress-cidr",
            "module.aws-emr-sg-service-access.aws_security_group.security-groups-ingress-sg",
            "module.emr-spark.module.emr-sgs.aws_security_group.emr_managed_internal",
            "module.tamr_networking.module.vpc.aws_vpc.this"
          ]
        },
        {
          "index_key": 1,
          "schema_version": 2,
          "attributes": {
            "cidr_blocks": null,
            "description": "Ingress on port 9443 from the master sg",
            "from_port": 9443,
            "id": "sgrule-2444637409",
            "ipv6_cidr_blocks": null,
            "prefix_list_ids": null,
            "protocol": "tcp",
            "security_group_id": "sg-077849fd1eaff1b07",
            "self": false,
            "source_security_group_id": "sg-06193addb36ad0ed2",
            "to_port": 9443,
            "type": "ingress"
          },
          "sensitive_attributes": [],
          "private": "eyJzY2hlbWFfdmVyc2lvbiI6IjIifQ==",
          "dependencies": [
            "module.aws-emr-sg-service-access.aws_security_group.security-groups-egress-cidr",
            "module.aws-emr-sg-service-access.aws_security_group.security-groups-egress-sg",
            "module.aws-emr-sg-service-access.aws_security_group.security-groups-ingress-cidr",
            "module.aws-emr-sg-service-access.aws_security_group.security-groups-ingress-sg",
            "module.emr-spark.module.emr-sgs.aws_security_group.emr_managed_internal",
            "module.tamr_networking.module.vpc.aws_vpc.this"
          ]
        }
      ]
    },
    {
      "module": "module.sg_vm_web",
      "mode": "managed",
      "type": "aws_security_group",
      "name": "security-groups-egress-cidr",
      "provider": "provider[\"registry.terraform.io/hashicorp/aws\"]",
      "instances": [
        {
          "index_key": 0,
          "schema_version": 1,
          "attributes": {
            "arn": "arn:aws:ec2:us-west-1:131578276461:security-group/sg-03cbfc14661a33b59",
            "description": "Egress security group for Tamr (CIDR)",
            "egress": [],
            "id": "sg-03cbfc14661a33b59",
            "ingress": [],
            "name": "example-complete-tamr-vm-egress-cidr-0",
            "name_prefix": "",
            "owner_id": "131578276461",
            "revoke_rules_on_delete": false,
            "tags": null,
            "tags_all": {},
            "timeouts": null,
            "vpc_id": "vpc-09ebec0ff9aa91a04"
          },
          "sensitive_attributes": [],
          "private": "eyJlMmJmYjczMC1lY2FhLTExZTYtOGY4OC0zNDM2M2JjN2M0YzAiOnsiY3JlYXRlIjo2MDAwMDAwMDAwMDAsImRlbGV0ZSI6OTAwMDAwMDAwMDAwfSwic2NoZW1hX3ZlcnNpb24iOiIxIn0=",
          "dependencies": [
            "module.tamr_networking.module.vpc.aws_vpc.this"
          ],
          "create_before_destroy": true
        }
      ]
    },
    {
      "module": "module.sg_vm_web",
      "mode": "managed",
      "type": "aws_security_group",
      "name": "security-groups-ingress-sg",
      "provider": "provider[\"registry.terraform.io/hashicorp/aws\"]",
      "instances": [
        {
          "index_key": 0,
          "schema_version": 1,
          "attributes": {
            "arn": "arn:aws:ec2:us-west-1:131578276461:security-group/sg-05085835d823ab597",
            "description": "Ingress security group for Tamr (SG)",
            "egress": [],
            "id": "sg-05085835d823ab597",
            "ingress": [],
            "name": "example-complete-tamr-vm-ingress-sg-0",
            "name_prefix": "",
            "owner_id": "131578276461",
            "revoke_rules_on_delete": false,
            "tags": null,
            "tags_all": {},
            "timeouts": null,
            "vpc_id": "vpc-09ebec0ff9aa91a04"
          },
          "sensitive_attributes": [],
          "private": "eyJlMmJmYjczMC1lY2FhLTExZTYtOGY4OC0zNDM2M2JjN2M0YzAiOnsiY3JlYXRlIjo2MDAwMDAwMDAwMDAsImRlbGV0ZSI6OTAwMDAwMDAwMDAwfSwic2NoZW1hX3ZlcnNpb24iOiIxIn0=",
          "dependencies": [
            "module.alb.module.sg_https_lb.module.sg.aws_security_group.this",
            "module.alb.module.sg_https_lb.module.sg.aws_security_group.this_name_prefix",
            "module.tamr_networking.module.vpc.aws_vpc.this"
          ],
          "create_before_destroy": true
        }
      ]
    },
    {
      "module": "module.sg_vm_web",
      "mode": "managed",
      "type": "aws_security_group_rule",
      "name": "egress_cidr_rules",
      "provider": "provider[\"registry.terraform.io/hashicorp/aws\"]",
      "instances": [
        {
          "index_key": 0,
          "schema_version": 2,
          "attributes": {
            "cidr_blocks": [
              "0.0.0.0/0"
            ],
            "description": "Tamr egress CIDR rule 0",
            "from_port": 0,
            "id": "sgrule-1731503431",
            "ipv6_cidr_blocks": null,
            "prefix_list_ids": null,
            "protocol": "-1",
            "security_group_id": "sg-03cbfc14661a33b59",
            "self": false,
            "source_security_group_id": null,
            "to_port": 0,
            "type": "egress"
          },
          "sensitive_attributes": [],
          "private": "eyJzY2hlbWFfdmVyc2lvbiI6IjIifQ==",
          "dependencies": [
            "module.sg_vm_web.aws_security_group.security-groups-egress-cidr",
            "module.tamr_networking.module.vpc.aws_vpc.this"
          ]
        }
      ]
    },
    {
      "module": "module.sg_vm_web",
      "mode": "managed",
      "type": "aws_security_group_rule",
      "name": "ingress_sg_rules",
      "provider": "provider[\"registry.terraform.io/hashicorp/aws\"]",
      "instances": [
        {
          "index_key": 0,
          "schema_version": 2,
          "attributes": {
            "cidr_blocks": null,
            "description": "Tamr ingress SG rule 0 for port 9100",
            "from_port": 9100,
            "id": "sgrule-1285855565",
            "ipv6_cidr_blocks": null,
            "prefix_list_ids": null,
            "protocol": "tcp",
            "security_group_id": "sg-05085835d823ab597",
            "self": false,
            "source_security_group_id": "sg-0f5837e7f99f40f7b",
            "to_port": 9100,
            "type": "ingress"
          },
          "sensitive_attributes": [],
          "private": "eyJzY2hlbWFfdmVyc2lvbiI6IjIifQ==",
          "dependencies": [
            "module.alb.module.sg_https_lb.module.sg.aws_security_group.this",
            "module.alb.module.sg_https_lb.module.sg.aws_security_group.this_name_prefix",
            "module.sg_vm_web.aws_security_group.security-groups-ingress-sg",
            "module.tamr_networking.module.vpc.aws_vpc.this"
          ]
        },
        {
          "index_key": 1,
          "schema_version": 2,
          "attributes": {
            "cidr_blocks": null,
            "description": "Tamr ingress SG rule 1 for port 9155",
            "from_port": 9155,
            "id": "sgrule-3116373981",
            "ipv6_cidr_blocks": null,
            "prefix_list_ids": null,
            "protocol": "tcp",
            "security_group_id": "sg-05085835d823ab597",
            "self": false,
            "source_security_group_id": "sg-0f5837e7f99f40f7b",
            "to_port": 9155,
            "type": "ingress"
          },
          "sensitive_attributes": [],
          "private": "eyJzY2hlbWFfdmVyc2lvbiI6IjIifQ==",
          "dependencies": [
            "module.alb.module.sg_https_lb.module.sg.aws_security_group.this",
            "module.alb.module.sg_https_lb.module.sg.aws_security_group.this_name_prefix",
            "module.sg_vm_web.aws_security_group.security-groups-ingress-sg",
            "module.tamr_networking.module.vpc.aws_vpc.this"
          ]
        }
      ]
    },
    {
      "module": "module.tamr-vm.module.aws-iam-policies",
      "mode": "data",
      "type": "aws_caller_identity",
      "name": "current",
      "provider": "provider[\"registry.terraform.io/hashicorp/aws\"]",
      "instances": [
        {
          "schema_version": 0,
          "attributes": {
            "account_id": "131578276461",
            "arn": "arn:aws:sts::131578276461:assumed-role/AWSReservedSSO_AdministratorAccess_370d0a9b30d49146/franco.martin@caylent.com",
            "id": "131578276461",
            "user_id": "AROAR5IVNFJWR3TGYHEYV:franco.martin@caylent.com"
          },
          "sensitive_attributes": []
        }
      ]
    },
    {
      "module": "module.tamr-vm.module.aws-iam-policies",
      "mode": "data",
      "type": "aws_iam_policy_document",
      "name": "emr_creator_policy",
      "provider": "provider[\"registry.terraform.io/hashicorp/aws\"]",
      "instances": [
        {
          "schema_version": 0,
          "attributes": {
            "id": "3003624245",
            "json": "{\n  \"Version\": \"2012-10-17\",\n  \"Statement\": [\n    {\n      \"Sid\": \"\",\n      \"Effect\": \"Allow\",\n      \"Action\": [\n        \"iam:PassRole\",\n        \"elasticmapreduce:TerminateJobFlows\",\n        \"elasticmapreduce:ListSteps\",\n        \"elasticmapreduce:ListInstances\",\n        \"elasticmapreduce:ListInstanceGroups\",\n        \"elasticmapreduce:ListBootstrapActions\",\n        \"elasticmapreduce:AddJobFlowSteps\",\n        \"elasticmapreduce:AddInstanceGroups\"\n      ],\n      \"Resource\": [\n        \"arn:aws:iam::131578276461:role/*\",\n        \"arn:aws:elasticmapreduce:us-west-1:131578276461:cluster/*\"\n      ]\n    },\n    {\n      \"Sid\": \"\",\n      \"Effect\": \"Allow\",\n      \"Action\": [\n        \"elasticmapreduce:RunJobFlow\",\n        \"elasticmapreduce:DescribeSecurityConfiguration\",\n        \"elasticmapreduce:DescribeRepository\"\n      ],\n      \"Resource\": \"arn:aws:elasticmapreduce:*\"\n    },\n    {\n      \"Sid\": \"\",\n      \"Effect\": \"Allow\",\n      \"Action\": \"elasticmapreduce:ListClusters\",\n      \"Resource\": \"*\"\n    },\n    {\n      \"Sid\": \"\",\n      \"Effect\": \"Allow\",\n      \"Action\": [\n        \"elasticmapreduce:DescribeStep\",\n        \"elasticmapreduce:DescribeJobFlows\",\n        \"elasticmapreduce:DescribeCluster\"\n      ],\n      \"Resource\": \"arn:aws:elasticmapreduce:us-west-1:131578276461:cluster/*\"\n    }\n  ]\n}",
            "override_json": null,
            "override_policy_documents": null,
            "policy_id": null,
            "source_json": null,
            "source_policy_documents": null,
            "statement": [
              {
                "actions": [
                  "elasticmapreduce:AddInstanceGroups",
                  "elasticmapreduce:AddJobFlowSteps",
                  "elasticmapreduce:ListBootstrapActions",
                  "elasticmapreduce:ListInstanceGroups",
                  "elasticmapreduce:ListInstances",
                  "elasticmapreduce:ListSteps",
                  "elasticmapreduce:TerminateJobFlows",
                  "iam:PassRole"
                ],
                "condition": [],
                "effect": "Allow",
                "not_actions": [],
                "not_principals": [],
                "not_resources": [],
                "principals": [],
                "resources": [
                  "arn:aws:elasticmapreduce:us-west-1:131578276461:cluster/*",
                  "arn:aws:iam::131578276461:role/*"
                ],
                "sid": ""
              },
              {
                "actions": [
                  "elasticmapreduce:DescribeRepository",
                  "elasticmapreduce:DescribeSecurityConfiguration",
                  "elasticmapreduce:RunJobFlow"
                ],
                "condition": [],
                "effect": "Allow",
                "not_actions": [],
                "not_principals": [],
                "not_resources": [],
                "principals": [],
                "resources": [
                  "arn:aws:elasticmapreduce:*"
                ],
                "sid": ""
              },
              {
                "actions": [
                  "elasticmapreduce:ListClusters"
                ],
                "condition": [],
                "effect": "Allow",
                "not_actions": [],
                "not_principals": [],
                "not_resources": [],
                "principals": [],
                "resources": [
                  "*"
                ],
                "sid": ""
              },
              {
                "actions": [
                  "elasticmapreduce:DescribeCluster",
                  "elasticmapreduce:DescribeJobFlows",
                  "elasticmapreduce:DescribeStep"
                ],
                "condition": [],
                "effect": "Allow",
                "not_actions": [],
                "not_principals": [],
                "not_resources": [],
                "principals": [],
                "resources": [
                  "arn:aws:elasticmapreduce:us-west-1:131578276461:cluster/*"
                ],
                "sid": ""
              }
            ],
            "version": "2012-10-17"
          },
          "sensitive_attributes": []
        }
      ]
    },
    {
      "module": "module.tamr-vm.module.aws-iam-policies",
      "mode": "data",
      "type": "aws_region",
      "name": "current",
      "provider": "provider[\"registry.terraform.io/hashicorp/aws\"]",
      "instances": [
        {
          "schema_version": 0,
          "attributes": {
            "description": "US West (N. California)",
            "endpoint": "ec2.us-west-1.amazonaws.com",
            "id": "us-west-1",
            "name": "us-west-1"
          },
          "sensitive_attributes": []
        }
      ]
    },
    {
      "module": "module.tamr-vm.module.aws-iam-policies",
      "mode": "managed",
      "type": "aws_iam_policy",
      "name": "emr_creator_minimal_policy",
      "provider": "provider[\"registry.terraform.io/hashicorp/aws\"]",
      "instances": [
        {
          "schema_version": 0,
          "attributes": {
            "arn": "arn:aws:iam::131578276461:policy/tamr-EmrCreatorPolicy",
            "description": "",
            "id": "arn:aws:iam::131578276461:policy/tamr-EmrCreatorPolicy",
            "name": "tamr-EmrCreatorPolicy",
            "name_prefix": null,
            "path": "/",
            "policy": "{\n  \"Version\": \"2012-10-17\",\n  \"Statement\": [\n    {\n      \"Sid\": \"\",\n      \"Effect\": \"Allow\",\n      \"Action\": [\n        \"iam:PassRole\",\n        \"elasticmapreduce:TerminateJobFlows\",\n        \"elasticmapreduce:ListSteps\",\n        \"elasticmapreduce:ListInstances\",\n        \"elasticmapreduce:ListInstanceGroups\",\n        \"elasticmapreduce:ListBootstrapActions\",\n        \"elasticmapreduce:AddJobFlowSteps\",\n        \"elasticmapreduce:AddInstanceGroups\"\n      ],\n      \"Resource\": [\n        \"arn:aws:iam::131578276461:role/*\",\n        \"arn:aws:elasticmapreduce:us-west-1:131578276461:cluster/*\"\n      ]\n    },\n    {\n      \"Sid\": \"\",\n      \"Effect\": \"Allow\",\n      \"Action\": [\n        \"elasticmapreduce:RunJobFlow\",\n        \"elasticmapreduce:DescribeSecurityConfiguration\",\n        \"elasticmapreduce:DescribeRepository\"\n      ],\n      \"Resource\": \"arn:aws:elasticmapreduce:*\"\n    },\n    {\n      \"Sid\": \"\",\n      \"Effect\": \"Allow\",\n      \"Action\": \"elasticmapreduce:ListClusters\",\n      \"Resource\": \"*\"\n    },\n    {\n      \"Sid\": \"\",\n      \"Effect\": \"Allow\",\n      \"Action\": [\n        \"elasticmapreduce:DescribeStep\",\n        \"elasticmapreduce:DescribeJobFlows\",\n        \"elasticmapreduce:DescribeCluster\"\n      ],\n      \"Resource\": \"arn:aws:elasticmapreduce:us-west-1:131578276461:cluster/*\"\n    }\n  ]\n}",
            "policy_id": "ANPAR5IVNFJW5JMSYY4GH",
            "tags": {
              "owner": "franco"
            },
            "tags_all": {
              "owner": "franco"
            }
          },
          "sensitive_attributes": [],
          "private": "bnVsbA==",
          "dependencies": [
            "module.tamr-vm.module.aws-iam-policies.data.aws_caller_identity.current",
            "module.tamr-vm.module.aws-iam-policies.data.aws_iam_policy_document.emr_creator_policy",
            "module.tamr-vm.module.aws-iam-policies.data.aws_region.current",
            "module.tamr_networking.aws_network_acl.application_subnet",
            "module.tamr_networking.aws_network_acl.compute_subnet",
            "module.tamr_networking.aws_network_acl.data_subnets",
            "module.tamr_networking.aws_network_acl.load_balancing_subnets",
            "module.tamr_networking.aws_network_acl.public_subnets",
            "module.tamr_networking.aws_route_table_association.compute_subnet_rta",
            "module.tamr_networking.aws_subnet.compute_subnet",
            "module.tamr_networking.data.aws_ip_ranges.s3_cidrs",
            "module.tamr_networking.data.aws_region.current",
            "module.tamr_networking.data.aws_route_table.application_subnet_rt",
            "module.tamr_networking.data.aws_subnet.application_subnet",
            "module.tamr_networking.module.endpoints.aws_vpc_endpoint.this",
            "module.tamr_networking.module.endpoints.data.aws_vpc_endpoint_service.this",
            "module.tamr_networking.module.vpc.aws_cloudwatch_log_group.flow_log",
            "module.tamr_networking.module.vpc.aws_customer_gateway.this",
            "module.tamr_networking.module.vpc.aws_db_subnet_group.database",
            "module.tamr_networking.module.vpc.aws_default_network_acl.this",
            "module.tamr_networking.module.vpc.aws_default_route_table.default",
            "module.tamr_networking.module.vpc.aws_default_security_group.this",
            "module.tamr_networking.module.vpc.aws_default_vpc.this",
            "module.tamr_networking.module.vpc.aws_egress_only_internet_gateway.this",
            "module.tamr_networking.module.vpc.aws_eip.nat",
            "module.tamr_networking.module.vpc.aws_elasticache_subnet_group.elasticache",
            "module.tamr_networking.module.vpc.aws_flow_log.this",
            "module.tamr_networking.module.vpc.aws_iam_policy.vpc_flow_log_cloudwatch",
            "module.tamr_networking.module.vpc.aws_iam_role.vpc_flow_log_cloudwatch",
            "module.tamr_networking.module.vpc.aws_iam_role_policy_attachment.vpc_flow_log_cloudwatch",
            "module.tamr_networking.module.vpc.aws_internet_gateway.this",
            "module.tamr_networking.module.vpc.aws_nat_gateway.this",
            "module.tamr_networking.module.vpc.aws_network_acl.database",
            "module.tamr_networking.module.vpc.aws_network_acl.elasticache",
            "module.tamr_networking.module.vpc.aws_network_acl.intra",
            "module.tamr_networking.module.vpc.aws_network_acl.outpost",
            "module.tamr_networking.module.vpc.aws_network_acl.private",
            "module.tamr_networking.module.vpc.aws_network_acl.public",
            "module.tamr_networking.module.vpc.aws_network_acl.redshift",
            "module.tamr_networking.module.vpc.aws_network_acl_rule.database_inbound",
            "module.tamr_networking.module.vpc.aws_network_acl_rule.database_outbound",
            "module.tamr_networking.module.vpc.aws_network_acl_rule.elasticache_inbound",
            "module.tamr_networking.module.vpc.aws_network_acl_rule.elasticache_outbound",
            "module.tamr_networking.module.vpc.aws_network_acl_rule.intra_inbound",
            "module.tamr_networking.module.vpc.aws_network_acl_rule.intra_outbound",
            "module.tamr_networking.module.vpc.aws_network_acl_rule.outpost_inbound",
            "module.tamr_networking.module.vpc.aws_network_acl_rule.outpost_outbound",
            "module.tamr_networking.module.vpc.aws_network_acl_rule.private_inbound",
            "module.tamr_networking.module.vpc.aws_network_acl_rule.private_outbound",
            "module.tamr_networking.module.vpc.aws_network_acl_rule.public_inbound",
            "module.tamr_networking.module.vpc.aws_network_acl_rule.public_outbound",
            "module.tamr_networking.module.vpc.aws_network_acl_rule.redshift_inbound",
            "module.tamr_networking.module.vpc.aws_network_acl_rule.redshift_outbound",
            "module.tamr_networking.module.vpc.aws_redshift_subnet_group.redshift",
            "module.tamr_networking.module.vpc.aws_route.database_internet_gateway",
            "module.tamr_networking.module.vpc.aws_route.database_ipv6_egress",
            "module.tamr_networking.module.vpc.aws_route.database_nat_gateway",
            "module.tamr_networking.module.vpc.aws_route.private_ipv6_egress",
            "module.tamr_networking.module.vpc.aws_route.private_nat_gateway",
            "module.tamr_networking.module.vpc.aws_route.public_internet_gateway",
            "module.tamr_networking.module.vpc.aws_route.public_internet_gateway_ipv6",
            "module.tamr_networking.module.vpc.aws_route_table.database",
            "module.tamr_networking.module.vpc.aws_route_table.elasticache",
            "module.tamr_networking.module.vpc.aws_route_table.intra",
            "module.tamr_networking.module.vpc.aws_route_table.private",
            "module.tamr_networking.module.vpc.aws_route_table.public",
            "module.tamr_networking.module.vpc.aws_route_table.redshift",
            "module.tamr_networking.module.vpc.aws_route_table_association.database",
            "module.tamr_networking.module.vpc.aws_route_table_association.elasticache",
            "module.tamr_networking.module.vpc.aws_route_table_association.intra",
            "module.tamr_networking.module.vpc.aws_route_table_association.outpost",
            "module.tamr_networking.module.vpc.aws_route_table_association.private",
            "module.tamr_networking.module.vpc.aws_route_table_association.public",
            "module.tamr_networking.module.vpc.aws_route_table_association.redshift",
            "module.tamr_networking.module.vpc.aws_route_table_association.redshift_public",
            "module.tamr_networking.module.vpc.aws_subnet.database",
            "module.tamr_networking.module.vpc.aws_subnet.elasticache",
            "module.tamr_networking.module.vpc.aws_subnet.intra",
            "module.tamr_networking.module.vpc.aws_subnet.outpost",
            "module.tamr_networking.module.vpc.aws_subnet.private",
            "module.tamr_networking.module.vpc.aws_subnet.public",
            "module.tamr_networking.module.vpc.aws_subnet.redshift",
            "module.tamr_networking.module.vpc.aws_vpc.this",
            "module.tamr_networking.module.vpc.aws_vpc_dhcp_options.this",
            "module.tamr_networking.module.vpc.aws_vpc_dhcp_options_association.this",
            "module.tamr_networking.module.vpc.aws_vpc_ipv4_cidr_block_association.this",
            "module.tamr_networking.module.vpc.aws_vpn_gateway.this",
            "module.tamr_networking.module.vpc.aws_vpn_gateway_attachment.this",
            "module.tamr_networking.module.vpc.aws_vpn_gateway_route_propagation.intra",
            "module.tamr_networking.module.vpc.aws_vpn_gateway_route_propagation.private",
            "module.tamr_networking.module.vpc.aws_vpn_gateway_route_propagation.public",
            "module.tamr_networking.module.vpc.data.aws_iam_policy_document.flow_log_cloudwatch_assume_role",
            "module.tamr_networking.module.vpc.data.aws_iam_policy_document.vpc_flow_log_cloudwatch"
          ],
          "create_before_destroy": true
        }
      ]
    },
    {
      "module": "module.tamr-vm.module.aws-iam-policies",
      "mode": "managed",
      "type": "aws_iam_role_policy_attachment",
      "name": "emr_creator_policy_attachment",
      "provider": "provider[\"registry.terraform.io/hashicorp/aws\"]",
      "instances": [
        {
          "schema_version": 0,
          "attributes": {
            "id": "tamr--tamr-ec2-role-20211027132849021600000006",
            "policy_arn": "arn:aws:iam::131578276461:policy/tamr-EmrCreatorPolicy",
            "role": "tamr--tamr-ec2-role"
          },
          "sensitive_attributes": [],
          "private": "bnVsbA==",
          "dependencies": [
            "module.tamr-vm.module.aws-iam-policies.aws_iam_policy.emr_creator_minimal_policy",
            "module.tamr-vm.module.aws-iam-policies.data.aws_caller_identity.current",
            "module.tamr-vm.module.aws-iam-policies.data.aws_iam_policy_document.emr_creator_policy",
            "module.tamr-vm.module.aws-iam-policies.data.aws_region.current",
            "module.tamr-vm.module.aws-iam-role.aws_iam_role.tamr_user_iam_role",
            "module.tamr-vm.module.aws-iam-role.data.aws_iam_policy_document.instance-assume-role-policy",
            "module.tamr_networking.aws_network_acl.application_subnet",
            "module.tamr_networking.aws_network_acl.compute_subnet",
            "module.tamr_networking.aws_network_acl.data_subnets",
            "module.tamr_networking.aws_network_acl.load_balancing_subnets",
            "module.tamr_networking.aws_network_acl.public_subnets",
            "module.tamr_networking.aws_route_table_association.compute_subnet_rta",
            "module.tamr_networking.aws_subnet.compute_subnet",
            "module.tamr_networking.data.aws_ip_ranges.s3_cidrs",
            "module.tamr_networking.data.aws_region.current",
            "module.tamr_networking.data.aws_route_table.application_subnet_rt",
            "module.tamr_networking.data.aws_subnet.application_subnet",
            "module.tamr_networking.module.endpoints.aws_vpc_endpoint.this",
            "module.tamr_networking.module.endpoints.data.aws_vpc_endpoint_service.this",
            "module.tamr_networking.module.vpc.aws_cloudwatch_log_group.flow_log",
            "module.tamr_networking.module.vpc.aws_customer_gateway.this",
            "module.tamr_networking.module.vpc.aws_db_subnet_group.database",
            "module.tamr_networking.module.vpc.aws_default_network_acl.this",
            "module.tamr_networking.module.vpc.aws_default_route_table.default",
            "module.tamr_networking.module.vpc.aws_default_security_group.this",
            "module.tamr_networking.module.vpc.aws_default_vpc.this",
            "module.tamr_networking.module.vpc.aws_egress_only_internet_gateway.this",
            "module.tamr_networking.module.vpc.aws_eip.nat",
            "module.tamr_networking.module.vpc.aws_elasticache_subnet_group.elasticache",
            "module.tamr_networking.module.vpc.aws_flow_log.this",
            "module.tamr_networking.module.vpc.aws_iam_policy.vpc_flow_log_cloudwatch",
            "module.tamr_networking.module.vpc.aws_iam_role.vpc_flow_log_cloudwatch",
            "module.tamr_networking.module.vpc.aws_iam_role_policy_attachment.vpc_flow_log_cloudwatch",
            "module.tamr_networking.module.vpc.aws_internet_gateway.this",
            "module.tamr_networking.module.vpc.aws_nat_gateway.this",
            "module.tamr_networking.module.vpc.aws_network_acl.database",
            "module.tamr_networking.module.vpc.aws_network_acl.elasticache",
            "module.tamr_networking.module.vpc.aws_network_acl.intra",
            "module.tamr_networking.module.vpc.aws_network_acl.outpost",
            "module.tamr_networking.module.vpc.aws_network_acl.private",
            "module.tamr_networking.module.vpc.aws_network_acl.public",
            "module.tamr_networking.module.vpc.aws_network_acl.redshift",
            "module.tamr_networking.module.vpc.aws_network_acl_rule.database_inbound",
            "module.tamr_networking.module.vpc.aws_network_acl_rule.database_outbound",
            "module.tamr_networking.module.vpc.aws_network_acl_rule.elasticache_inbound",
            "module.tamr_networking.module.vpc.aws_network_acl_rule.elasticache_outbound",
            "module.tamr_networking.module.vpc.aws_network_acl_rule.intra_inbound",
            "module.tamr_networking.module.vpc.aws_network_acl_rule.intra_outbound",
            "module.tamr_networking.module.vpc.aws_network_acl_rule.outpost_inbound",
            "module.tamr_networking.module.vpc.aws_network_acl_rule.outpost_outbound",
            "module.tamr_networking.module.vpc.aws_network_acl_rule.private_inbound",
            "module.tamr_networking.module.vpc.aws_network_acl_rule.private_outbound",
            "module.tamr_networking.module.vpc.aws_network_acl_rule.public_inbound",
            "module.tamr_networking.module.vpc.aws_network_acl_rule.public_outbound",
            "module.tamr_networking.module.vpc.aws_network_acl_rule.redshift_inbound",
            "module.tamr_networking.module.vpc.aws_network_acl_rule.redshift_outbound",
            "module.tamr_networking.module.vpc.aws_redshift_subnet_group.redshift",
            "module.tamr_networking.module.vpc.aws_route.database_internet_gateway",
            "module.tamr_networking.module.vpc.aws_route.database_ipv6_egress",
            "module.tamr_networking.module.vpc.aws_route.database_nat_gateway",
            "module.tamr_networking.module.vpc.aws_route.private_ipv6_egress",
            "module.tamr_networking.module.vpc.aws_route.private_nat_gateway",
            "module.tamr_networking.module.vpc.aws_route.public_internet_gateway",
            "module.tamr_networking.module.vpc.aws_route.public_internet_gateway_ipv6",
            "module.tamr_networking.module.vpc.aws_route_table.database",
            "module.tamr_networking.module.vpc.aws_route_table.elasticache",
            "module.tamr_networking.module.vpc.aws_route_table.intra",
            "module.tamr_networking.module.vpc.aws_route_table.private",
            "module.tamr_networking.module.vpc.aws_route_table.public",
            "module.tamr_networking.module.vpc.aws_route_table.redshift",
            "module.tamr_networking.module.vpc.aws_route_table_association.database",
            "module.tamr_networking.module.vpc.aws_route_table_association.elasticache",
            "module.tamr_networking.module.vpc.aws_route_table_association.intra",
            "module.tamr_networking.module.vpc.aws_route_table_association.outpost",
            "module.tamr_networking.module.vpc.aws_route_table_association.private",
            "module.tamr_networking.module.vpc.aws_route_table_association.public",
            "module.tamr_networking.module.vpc.aws_route_table_association.redshift",
            "module.tamr_networking.module.vpc.aws_route_table_association.redshift_public",
            "module.tamr_networking.module.vpc.aws_subnet.database",
            "module.tamr_networking.module.vpc.aws_subnet.elasticache",
            "module.tamr_networking.module.vpc.aws_subnet.intra",
            "module.tamr_networking.module.vpc.aws_subnet.outpost",
            "module.tamr_networking.module.vpc.aws_subnet.private",
            "module.tamr_networking.module.vpc.aws_subnet.public",
            "module.tamr_networking.module.vpc.aws_subnet.redshift",
            "module.tamr_networking.module.vpc.aws_vpc.this",
            "module.tamr_networking.module.vpc.aws_vpc_dhcp_options.this",
            "module.tamr_networking.module.vpc.aws_vpc_dhcp_options_association.this",
            "module.tamr_networking.module.vpc.aws_vpc_ipv4_cidr_block_association.this",
            "module.tamr_networking.module.vpc.aws_vpn_gateway.this",
            "module.tamr_networking.module.vpc.aws_vpn_gateway_attachment.this",
            "module.tamr_networking.module.vpc.aws_vpn_gateway_route_propagation.intra",
            "module.tamr_networking.module.vpc.aws_vpn_gateway_route_propagation.private",
            "module.tamr_networking.module.vpc.aws_vpn_gateway_route_propagation.public",
            "module.tamr_networking.module.vpc.data.aws_iam_policy_document.flow_log_cloudwatch_assume_role",
            "module.tamr_networking.module.vpc.data.aws_iam_policy_document.vpc_flow_log_cloudwatch"
          ],
          "create_before_destroy": true
        }
      ]
    },
    {
      "module": "module.tamr-vm.module.aws-iam-role",
      "mode": "data",
      "type": "aws_iam_policy_document",
      "name": "instance-assume-role-policy",
      "provider": "provider[\"registry.terraform.io/hashicorp/aws\"]",
      "instances": [
        {
          "schema_version": 0,
          "attributes": {
            "id": "1903849331",
            "json": "{\n  \"Version\": \"2012-10-17\",\n  \"Statement\": [\n    {\n      \"Sid\": \"\",\n      \"Effect\": \"Allow\",\n      \"Action\": \"sts:AssumeRole\",\n      \"Principal\": {\n        \"Service\": \"ec2.amazonaws.com\"\n      }\n    }\n  ]\n}",
            "override_json": null,
            "override_policy_documents": null,
            "policy_id": null,
            "source_json": null,
            "source_policy_documents": null,
            "statement": [
              {
                "actions": [
                  "sts:AssumeRole"
                ],
                "condition": [],
                "effect": "Allow",
                "not_actions": [],
                "not_principals": [],
                "not_resources": [],
                "principals": [
                  {
                    "identifiers": [
                      "ec2.amazonaws.com"
                    ],
                    "type": "Service"
                  }
                ],
                "resources": [],
                "sid": ""
              }
            ],
            "version": "2012-10-17"
          },
          "sensitive_attributes": []
        }
      ]
    },
    {
      "module": "module.tamr-vm.module.aws-iam-role",
      "mode": "managed",
      "type": "aws_iam_instance_profile",
      "name": "tamr_user_instance_profile",
      "provider": "provider[\"registry.terraform.io/hashicorp/aws\"]",
      "instances": [
        {
          "schema_version": 0,
          "attributes": {
            "arn": "arn:aws:iam::131578276461:instance-profile/tamr--tamr-ec2-instance-profile",
            "create_date": "2021-10-27T13:28:49Z",
            "id": "tamr--tamr-ec2-instance-profile",
            "name": "tamr--tamr-ec2-instance-profile",
            "name_prefix": null,
            "path": "/",
            "role": "tamr--tamr-ec2-role",
            "tags": {
              "owner": "franco"
            },
            "tags_all": {
              "owner": "franco"
            },
            "unique_id": "AIPAR5IVNFJWRWEEZVCB7"
          },
          "sensitive_attributes": [],
          "private": "bnVsbA==",
          "dependencies": [
            "module.tamr-vm.module.aws-iam-role.aws_iam_role.tamr_user_iam_role",
            "module.tamr-vm.module.aws-iam-role.data.aws_iam_policy_document.instance-assume-role-policy",
            "module.tamr_networking.aws_network_acl.application_subnet",
            "module.tamr_networking.aws_network_acl.compute_subnet",
            "module.tamr_networking.aws_network_acl.data_subnets",
            "module.tamr_networking.aws_network_acl.load_balancing_subnets",
            "module.tamr_networking.aws_network_acl.public_subnets",
            "module.tamr_networking.aws_route_table_association.compute_subnet_rta",
            "module.tamr_networking.aws_subnet.compute_subnet",
            "module.tamr_networking.data.aws_ip_ranges.s3_cidrs",
            "module.tamr_networking.data.aws_region.current",
            "module.tamr_networking.data.aws_route_table.application_subnet_rt",
            "module.tamr_networking.data.aws_subnet.application_subnet",
            "module.tamr_networking.module.endpoints.aws_vpc_endpoint.this",
            "module.tamr_networking.module.endpoints.data.aws_vpc_endpoint_service.this",
            "module.tamr_networking.module.vpc.aws_cloudwatch_log_group.flow_log",
            "module.tamr_networking.module.vpc.aws_customer_gateway.this",
            "module.tamr_networking.module.vpc.aws_db_subnet_group.database",
            "module.tamr_networking.module.vpc.aws_default_network_acl.this",
            "module.tamr_networking.module.vpc.aws_default_route_table.default",
            "module.tamr_networking.module.vpc.aws_default_security_group.this",
            "module.tamr_networking.module.vpc.aws_default_vpc.this",
            "module.tamr_networking.module.vpc.aws_egress_only_internet_gateway.this",
            "module.tamr_networking.module.vpc.aws_eip.nat",
            "module.tamr_networking.module.vpc.aws_elasticache_subnet_group.elasticache",
            "module.tamr_networking.module.vpc.aws_flow_log.this",
            "module.tamr_networking.module.vpc.aws_iam_policy.vpc_flow_log_cloudwatch",
            "module.tamr_networking.module.vpc.aws_iam_role.vpc_flow_log_cloudwatch",
            "module.tamr_networking.module.vpc.aws_iam_role_policy_attachment.vpc_flow_log_cloudwatch",
            "module.tamr_networking.module.vpc.aws_internet_gateway.this",
            "module.tamr_networking.module.vpc.aws_nat_gateway.this",
            "module.tamr_networking.module.vpc.aws_network_acl.database",
            "module.tamr_networking.module.vpc.aws_network_acl.elasticache",
            "module.tamr_networking.module.vpc.aws_network_acl.intra",
            "module.tamr_networking.module.vpc.aws_network_acl.outpost",
            "module.tamr_networking.module.vpc.aws_network_acl.private",
            "module.tamr_networking.module.vpc.aws_network_acl.public",
            "module.tamr_networking.module.vpc.aws_network_acl.redshift",
            "module.tamr_networking.module.vpc.aws_network_acl_rule.database_inbound",
            "module.tamr_networking.module.vpc.aws_network_acl_rule.database_outbound",
            "module.tamr_networking.module.vpc.aws_network_acl_rule.elasticache_inbound",
            "module.tamr_networking.module.vpc.aws_network_acl_rule.elasticache_outbound",
            "module.tamr_networking.module.vpc.aws_network_acl_rule.intra_inbound",
            "module.tamr_networking.module.vpc.aws_network_acl_rule.intra_outbound",
            "module.tamr_networking.module.vpc.aws_network_acl_rule.outpost_inbound",
            "module.tamr_networking.module.vpc.aws_network_acl_rule.outpost_outbound",
            "module.tamr_networking.module.vpc.aws_network_acl_rule.private_inbound",
            "module.tamr_networking.module.vpc.aws_network_acl_rule.private_outbound",
            "module.tamr_networking.module.vpc.aws_network_acl_rule.public_inbound",
            "module.tamr_networking.module.vpc.aws_network_acl_rule.public_outbound",
            "module.tamr_networking.module.vpc.aws_network_acl_rule.redshift_inbound",
            "module.tamr_networking.module.vpc.aws_network_acl_rule.redshift_outbound",
            "module.tamr_networking.module.vpc.aws_redshift_subnet_group.redshift",
            "module.tamr_networking.module.vpc.aws_route.database_internet_gateway",
            "module.tamr_networking.module.vpc.aws_route.database_ipv6_egress",
            "module.tamr_networking.module.vpc.aws_route.database_nat_gateway",
            "module.tamr_networking.module.vpc.aws_route.private_ipv6_egress",
            "module.tamr_networking.module.vpc.aws_route.private_nat_gateway",
            "module.tamr_networking.module.vpc.aws_route.public_internet_gateway",
            "module.tamr_networking.module.vpc.aws_route.public_internet_gateway_ipv6",
            "module.tamr_networking.module.vpc.aws_route_table.database",
            "module.tamr_networking.module.vpc.aws_route_table.elasticache",
            "module.tamr_networking.module.vpc.aws_route_table.intra",
            "module.tamr_networking.module.vpc.aws_route_table.private",
            "module.tamr_networking.module.vpc.aws_route_table.public",
            "module.tamr_networking.module.vpc.aws_route_table.redshift",
            "module.tamr_networking.module.vpc.aws_route_table_association.database",
            "module.tamr_networking.module.vpc.aws_route_table_association.elasticache",
            "module.tamr_networking.module.vpc.aws_route_table_association.intra",
            "module.tamr_networking.module.vpc.aws_route_table_association.outpost",
            "module.tamr_networking.module.vpc.aws_route_table_association.private",
            "module.tamr_networking.module.vpc.aws_route_table_association.public",
            "module.tamr_networking.module.vpc.aws_route_table_association.redshift",
            "module.tamr_networking.module.vpc.aws_route_table_association.redshift_public",
            "module.tamr_networking.module.vpc.aws_subnet.database",
            "module.tamr_networking.module.vpc.aws_subnet.elasticache",
            "module.tamr_networking.module.vpc.aws_subnet.intra",
            "module.tamr_networking.module.vpc.aws_subnet.outpost",
            "module.tamr_networking.module.vpc.aws_subnet.private",
            "module.tamr_networking.module.vpc.aws_subnet.public",
            "module.tamr_networking.module.vpc.aws_subnet.redshift",
            "module.tamr_networking.module.vpc.aws_vpc.this",
            "module.tamr_networking.module.vpc.aws_vpc_dhcp_options.this",
            "module.tamr_networking.module.vpc.aws_vpc_dhcp_options_association.this",
            "module.tamr_networking.module.vpc.aws_vpc_ipv4_cidr_block_association.this",
            "module.tamr_networking.module.vpc.aws_vpn_gateway.this",
            "module.tamr_networking.module.vpc.aws_vpn_gateway_attachment.this",
            "module.tamr_networking.module.vpc.aws_vpn_gateway_route_propagation.intra",
            "module.tamr_networking.module.vpc.aws_vpn_gateway_route_propagation.private",
            "module.tamr_networking.module.vpc.aws_vpn_gateway_route_propagation.public",
            "module.tamr_networking.module.vpc.data.aws_iam_policy_document.flow_log_cloudwatch_assume_role",
            "module.tamr_networking.module.vpc.data.aws_iam_policy_document.vpc_flow_log_cloudwatch"
          ],
          "create_before_destroy": true
        }
      ]
    },
    {
      "module": "module.tamr-vm.module.aws-iam-role",
      "mode": "managed",
      "type": "aws_iam_role",
      "name": "tamr_user_iam_role",
      "provider": "provider[\"registry.terraform.io/hashicorp/aws\"]",
      "instances": [
        {
          "schema_version": 0,
          "attributes": {
            "arn": "arn:aws:iam::131578276461:role/tamr--tamr-ec2-role",
            "assume_role_policy": "{\"Version\":\"2012-10-17\",\"Statement\":[{\"Sid\":\"\",\"Effect\":\"Allow\",\"Principal\":{\"Service\":\"ec2.amazonaws.com\"},\"Action\":\"sts:AssumeRole\"}]}",
            "create_date": "2021-10-27T13:28:48Z",
            "description": "",
            "force_detach_policies": false,
            "id": "tamr--tamr-ec2-role",
            "inline_policy": [
              {
                "name": "",
                "policy": ""
              }
            ],
            "managed_policy_arns": [],
            "max_session_duration": 3600,
            "name": "tamr--tamr-ec2-role",
            "name_prefix": null,
            "path": "/",
            "permissions_boundary": null,
            "tags": {
              "owner": "franco"
            },
            "tags_all": {
              "owner": "franco"
            },
            "unique_id": "AROAR5IVNFJWR3YASU5PR"
          },
          "sensitive_attributes": [],
          "private": "bnVsbA==",
          "dependencies": [
            "module.tamr-vm.module.aws-iam-role.data.aws_iam_policy_document.instance-assume-role-policy",
            "module.tamr_networking.aws_network_acl.application_subnet",
            "module.tamr_networking.aws_network_acl.compute_subnet",
            "module.tamr_networking.aws_network_acl.data_subnets",
            "module.tamr_networking.aws_network_acl.load_balancing_subnets",
            "module.tamr_networking.aws_network_acl.public_subnets",
            "module.tamr_networking.aws_route_table_association.compute_subnet_rta",
            "module.tamr_networking.aws_subnet.compute_subnet",
            "module.tamr_networking.data.aws_ip_ranges.s3_cidrs",
            "module.tamr_networking.data.aws_region.current",
            "module.tamr_networking.data.aws_route_table.application_subnet_rt",
            "module.tamr_networking.data.aws_subnet.application_subnet",
            "module.tamr_networking.module.endpoints.aws_vpc_endpoint.this",
            "module.tamr_networking.module.endpoints.data.aws_vpc_endpoint_service.this",
            "module.tamr_networking.module.vpc.aws_cloudwatch_log_group.flow_log",
            "module.tamr_networking.module.vpc.aws_customer_gateway.this",
            "module.tamr_networking.module.vpc.aws_db_subnet_group.database",
            "module.tamr_networking.module.vpc.aws_default_network_acl.this",
            "module.tamr_networking.module.vpc.aws_default_route_table.default",
            "module.tamr_networking.module.vpc.aws_default_security_group.this",
            "module.tamr_networking.module.vpc.aws_default_vpc.this",
            "module.tamr_networking.module.vpc.aws_egress_only_internet_gateway.this",
            "module.tamr_networking.module.vpc.aws_eip.nat",
            "module.tamr_networking.module.vpc.aws_elasticache_subnet_group.elasticache",
            "module.tamr_networking.module.vpc.aws_flow_log.this",
            "module.tamr_networking.module.vpc.aws_iam_policy.vpc_flow_log_cloudwatch",
            "module.tamr_networking.module.vpc.aws_iam_role.vpc_flow_log_cloudwatch",
            "module.tamr_networking.module.vpc.aws_iam_role_policy_attachment.vpc_flow_log_cloudwatch",
            "module.tamr_networking.module.vpc.aws_internet_gateway.this",
            "module.tamr_networking.module.vpc.aws_nat_gateway.this",
            "module.tamr_networking.module.vpc.aws_network_acl.database",
            "module.tamr_networking.module.vpc.aws_network_acl.elasticache",
            "module.tamr_networking.module.vpc.aws_network_acl.intra",
            "module.tamr_networking.module.vpc.aws_network_acl.outpost",
            "module.tamr_networking.module.vpc.aws_network_acl.private",
            "module.tamr_networking.module.vpc.aws_network_acl.public",
            "module.tamr_networking.module.vpc.aws_network_acl.redshift",
            "module.tamr_networking.module.vpc.aws_network_acl_rule.database_inbound",
            "module.tamr_networking.module.vpc.aws_network_acl_rule.database_outbound",
            "module.tamr_networking.module.vpc.aws_network_acl_rule.elasticache_inbound",
            "module.tamr_networking.module.vpc.aws_network_acl_rule.elasticache_outbound",
            "module.tamr_networking.module.vpc.aws_network_acl_rule.intra_inbound",
            "module.tamr_networking.module.vpc.aws_network_acl_rule.intra_outbound",
            "module.tamr_networking.module.vpc.aws_network_acl_rule.outpost_inbound",
            "module.tamr_networking.module.vpc.aws_network_acl_rule.outpost_outbound",
            "module.tamr_networking.module.vpc.aws_network_acl_rule.private_inbound",
            "module.tamr_networking.module.vpc.aws_network_acl_rule.private_outbound",
            "module.tamr_networking.module.vpc.aws_network_acl_rule.public_inbound",
            "module.tamr_networking.module.vpc.aws_network_acl_rule.public_outbound",
            "module.tamr_networking.module.vpc.aws_network_acl_rule.redshift_inbound",
            "module.tamr_networking.module.vpc.aws_network_acl_rule.redshift_outbound",
            "module.tamr_networking.module.vpc.aws_redshift_subnet_group.redshift",
            "module.tamr_networking.module.vpc.aws_route.database_internet_gateway",
            "module.tamr_networking.module.vpc.aws_route.database_ipv6_egress",
            "module.tamr_networking.module.vpc.aws_route.database_nat_gateway",
            "module.tamr_networking.module.vpc.aws_route.private_ipv6_egress",
            "module.tamr_networking.module.vpc.aws_route.private_nat_gateway",
            "module.tamr_networking.module.vpc.aws_route.public_internet_gateway",
            "module.tamr_networking.module.vpc.aws_route.public_internet_gateway_ipv6",
            "module.tamr_networking.module.vpc.aws_route_table.database",
            "module.tamr_networking.module.vpc.aws_route_table.elasticache",
            "module.tamr_networking.module.vpc.aws_route_table.intra",
            "module.tamr_networking.module.vpc.aws_route_table.private",
            "module.tamr_networking.module.vpc.aws_route_table.public",
            "module.tamr_networking.module.vpc.aws_route_table.redshift",
            "module.tamr_networking.module.vpc.aws_route_table_association.database",
            "module.tamr_networking.module.vpc.aws_route_table_association.elasticache",
            "module.tamr_networking.module.vpc.aws_route_table_association.intra",
            "module.tamr_networking.module.vpc.aws_route_table_association.outpost",
            "module.tamr_networking.module.vpc.aws_route_table_association.private",
            "module.tamr_networking.module.vpc.aws_route_table_association.public",
            "module.tamr_networking.module.vpc.aws_route_table_association.redshift",
            "module.tamr_networking.module.vpc.aws_route_table_association.redshift_public",
            "module.tamr_networking.module.vpc.aws_subnet.database",
            "module.tamr_networking.module.vpc.aws_subnet.elasticache",
            "module.tamr_networking.module.vpc.aws_subnet.intra",
            "module.tamr_networking.module.vpc.aws_subnet.outpost",
            "module.tamr_networking.module.vpc.aws_subnet.private",
            "module.tamr_networking.module.vpc.aws_subnet.public",
            "module.tamr_networking.module.vpc.aws_subnet.redshift",
            "module.tamr_networking.module.vpc.aws_vpc.this",
            "module.tamr_networking.module.vpc.aws_vpc_dhcp_options.this",
            "module.tamr_networking.module.vpc.aws_vpc_dhcp_options_association.this",
            "module.tamr_networking.module.vpc.aws_vpc_ipv4_cidr_block_association.this",
            "module.tamr_networking.module.vpc.aws_vpn_gateway.this",
            "module.tamr_networking.module.vpc.aws_vpn_gateway_attachment.this",
            "module.tamr_networking.module.vpc.aws_vpn_gateway_route_propagation.intra",
            "module.tamr_networking.module.vpc.aws_vpn_gateway_route_propagation.private",
            "module.tamr_networking.module.vpc.aws_vpn_gateway_route_propagation.public",
            "module.tamr_networking.module.vpc.data.aws_iam_policy_document.flow_log_cloudwatch_assume_role",
            "module.tamr_networking.module.vpc.data.aws_iam_policy_document.vpc_flow_log_cloudwatch"
          ],
          "create_before_destroy": true
        }
      ]
    },
    {
      "module": "module.tamr-vm.module.tamr_instance",
      "mode": "data",
      "type": "template_cloudinit_config",
      "name": "bootstrap-scripts",
      "provider": "provider[\"registry.terraform.io/hashicorp/template\"]",
      "instances": [
        {
          "index_key": 0,
          "schema_version": 0,
          "attributes": {
            "base64_encode": true,
            "gzip": true,
            "id": "888962258",
            "part": [
              {
                "content": "#!/bin/bash\nsleep 30\nsudo apt update\nsudo apt install nginx -y\nsudo echo 'server { listen 9100 default_server; root /var/www/html; index index.nginx-debian.html; server_name _; location / { try_files $uri $uri/ =404;}}' \u003e /etc/nginx/sites-enabled/default\nsudo chmod 777 /var/www/html/index.nginx-debian.html\nsudo echo 'server { listen 9155 default_server; root /var/www/test; index index.nginx-debian.html; server_name _; location / { try_files $uri $uri/ =404;}}' \u003e\u003e /etc/nginx/sites-enabled/default\nsudo mkdir /var/www/test\nsudo echo \"\u003ch1\u003eThis is a test site\u003c/h1\u003e\u003ch2\u003e Please uninstall nginx before starting tamr\u003c/h2\u003e\" \u003e /var/www/html/index.nginx-debian.html\nsudo echo \"\u003ch1\u003eThis is a test site for DMS\u003c/h1\u003e\u003ch2\u003e Please uninstall nginx before starting tamr\u003c/h2\u003e\" \u003e /var/www/test/index.nginx-debian.html\nsudo systemctl restart nginx\n",
                "content_type": "text/x-shellscript",
                "filename": "",
                "merge_type": ""
              }
            ],
            "rendered": "H4sIAAAAAAAA/7ST0WsTQRDG3w/yP4xR6NNmk9oSTNKA2j74EBWtgk9h73aSHdzbPXbmmhyl/7vcnWhCaVWwLwPDN/fN77vdfRuDYBB13VQ4g7L2QpVJokvao51DHutgTWouhqt3q6s3H768v3z96dswazv1FRNTDDOYjMaDbJApdTg0yH55JxN4g0ldhSJaCtsZTHOSg4FuueBe9F6xQ++5SFTJIFtRiff2PH+mcwo6N+wy9ogVvBxnXNsIphKoK2sEf/cUWIz3ELYU9qCaXsHCRThhTDeY4BY8sWCAV5PxGCxuTO1l3YtzSDEK6BuT9G63005KPwcKFvd9HXXGymJOJox6uf90HUyJsJ6Dj4URigE03IKkZr0hjwwv6kRd0XBxNj6b392dwBI0SqE7T80kyAqDyT1a/ZOr5y9cGS1Mp9NjMv0A0uOhz8//EFqQ5SlD/23q8ruldIx1kGy4cJPltSMGYjDQqtCaLbSbLBfudAkfPRpGqMPxpchxExMCi0lCYQtiyrTQ7nQ5bM/jH//vQxSwiQkuV5//E03r+zgNNyxYFuIhYWfW+997qEoNsh8BAAD//5vzKqwHBAAA"
          },
          "sensitive_attributes": []
        }
      ]
    },
    {
      "module": "module.tamr-vm.module.tamr_instance",
      "mode": "managed",
      "type": "aws_instance",
      "name": "tamr-instance",
      "provider": "provider[\"registry.terraform.io/hashicorp/aws\"]",
      "instances": [
        {
          "schema_version": 1,
          "attributes": {
            "ami": "ami-0c642cafba927bde2",
            "arn": "arn:aws:ec2:us-west-1:131578276461:instance/i-047846b54e9fa5d9c",
            "associate_public_ip_address": false,
            "availability_zone": "us-west-1a",
            "capacity_reservation_specification": [
              {
                "capacity_reservation_preference": "open",
                "capacity_reservation_target": []
              }
            ],
            "cpu_core_count": 4,
            "cpu_threads_per_core": 2,
            "credit_specification": [],
            "disable_api_termination": false,
            "ebs_block_device": [],
            "ebs_optimized": false,
            "enclave_options": [
              {
                "enabled": false
              }
            ],
            "ephemeral_block_device": [],
            "get_password_data": false,
            "hibernation": false,
            "host_id": null,
            "iam_instance_profile": "tamr--tamr-ec2-instance-profile",
            "id": "i-047846b54e9fa5d9c",
            "instance_initiated_shutdown_behavior": "stop",
            "instance_state": "running",
            "instance_type": "r5.2xlarge",
            "ipv6_address_count": 0,
            "ipv6_addresses": [],
            "key_name": "tamr-vm-test",
            "metadata_options": [
              {
                "http_endpoint": "enabled",
                "http_put_response_hop_limit": 1,
                "http_tokens": "optional"
              }
            ],
            "monitoring": false,
            "network_interface": [],
            "outpost_arn": "",
            "password_data": "",
            "placement_group": "",
            "primary_network_interface_id": "eni-0e9869f115c675a8f",
            "private_dns": "ip-10-0-0-195.us-west-1.compute.internal",
            "private_ip": "10.0.0.195",
            "public_dns": "",
            "public_ip": "",
            "root_block_device": [
              {
                "delete_on_termination": true,
                "device_name": "/dev/sda1",
                "encrypted": true,
                "iops": 300,
                "kms_key_id": "arn:aws:kms:us-west-1:131578276461:key/5d89e4a2-e049-41a7-a83a-0add63e61aca",
                "tags": null,
                "throughput": 0,
                "volume_id": "vol-04ac157e480439d63",
                "volume_size": 100,
                "volume_type": "gp2"
              }
            ],
            "secondary_private_ips": [],
            "security_groups": [],
            "source_dest_check": true,
            "subnet_id": "subnet-06b81188e3083264d",
            "tags": {
              "Author": "Tamr",
              "Name": "Tamr VM",
              "owner": "franco"
            },
            "tags_all": {
              "Author": "Tamr",
              "Name": "Tamr VM",
              "owner": "franco"
            },
            "tenancy": "default",
            "timeouts": null,
            "user_data": "e84600faa5bef8e04ea59c49bd4175f10a823772",
            "user_data_base64": null,
            "volume_tags": null,
            "vpc_security_group_ids": [
              "sg-03cbfc14661a33b59",
              "sg-05085835d823ab597"
            ]
          },
          "sensitive_attributes": [],
          "private": "eyJlMmJmYjczMC1lY2FhLTExZTYtOGY4OC0zNDM2M2JjN2M0YzAiOnsiY3JlYXRlIjo2MDAwMDAwMDAwMDAsImRlbGV0ZSI6MTIwMDAwMDAwMDAwMCwidXBkYXRlIjo2MDAwMDAwMDAwMDB9LCJzY2hlbWFfdmVyc2lvbiI6IjEifQ==",
          "dependencies": [
            "data.aws_ami.tamr-vm",
            "data.aws_availability_zones.available",
            "data.template_file.install_nginx",
            "data.template_file.setup_dms",
            "module.alb.module.sg_https_lb.module.sg.aws_security_group.this",
            "module.alb.module.sg_https_lb.module.sg.aws_security_group.this_name_prefix",
            "module.sg_vm_web.aws_security_group.security-groups-egress-cidr",
            "module.sg_vm_web.aws_security_group.security-groups-egress-sg",
            "module.sg_vm_web.aws_security_group.security-groups-ingress-cidr",
            "module.sg_vm_web.aws_security_group.security-groups-ingress-sg",
            "module.tamr-vm.module.aws-iam-policies.aws_iam_policy.emr_creator_minimal_policy",
            "module.tamr-vm.module.aws-iam-policies.aws_iam_role_policy_attachment.emr_creator_policy_attachment",
            "module.tamr-vm.module.aws-iam-policies.aws_iam_role_policy_attachment.emrfs_user_s3_policy",
            "module.tamr-vm.module.aws-iam-policies.data.aws_caller_identity.current",
            "module.tamr-vm.module.aws-iam-policies.data.aws_iam_policy_document.emr_creator_policy",
            "module.tamr-vm.module.aws-iam-policies.data.aws_region.current",
            "module.tamr-vm.module.aws-iam-role.aws_iam_instance_profile.tamr_user_instance_profile",
            "module.tamr-vm.module.aws-iam-role.aws_iam_role.tamr_user_iam_role",
            "module.tamr-vm.module.aws-iam-role.data.aws_iam_policy_document.instance-assume-role-policy",
            "module.tamr-vm.module.tamr_instance.data.template_cloudinit_config.bootstrap-scripts",
            "module.tamr_networking.aws_network_acl.application_subnet",
            "module.tamr_networking.aws_network_acl.compute_subnet",
            "module.tamr_networking.aws_network_acl.data_subnets",
            "module.tamr_networking.aws_network_acl.load_balancing_subnets",
            "module.tamr_networking.aws_network_acl.public_subnets",
            "module.tamr_networking.aws_route_table_association.compute_subnet_rta",
            "module.tamr_networking.aws_subnet.compute_subnet",
            "module.tamr_networking.data.aws_ip_ranges.s3_cidrs",
            "module.tamr_networking.data.aws_region.current",
            "module.tamr_networking.data.aws_route_table.application_subnet_rt",
            "module.tamr_networking.data.aws_subnet.application_subnet",
            "module.tamr_networking.module.endpoints.aws_vpc_endpoint.this",
            "module.tamr_networking.module.endpoints.data.aws_vpc_endpoint_service.this",
            "module.tamr_networking.module.vpc.aws_cloudwatch_log_group.flow_log",
            "module.tamr_networking.module.vpc.aws_customer_gateway.this",
            "module.tamr_networking.module.vpc.aws_db_subnet_group.database",
            "module.tamr_networking.module.vpc.aws_default_network_acl.this",
            "module.tamr_networking.module.vpc.aws_default_route_table.default",
            "module.tamr_networking.module.vpc.aws_default_security_group.this",
            "module.tamr_networking.module.vpc.aws_default_vpc.this",
            "module.tamr_networking.module.vpc.aws_egress_only_internet_gateway.this",
            "module.tamr_networking.module.vpc.aws_eip.nat",
            "module.tamr_networking.module.vpc.aws_elasticache_subnet_group.elasticache",
            "module.tamr_networking.module.vpc.aws_flow_log.this",
            "module.tamr_networking.module.vpc.aws_iam_policy.vpc_flow_log_cloudwatch",
            "module.tamr_networking.module.vpc.aws_iam_role.vpc_flow_log_cloudwatch",
            "module.tamr_networking.module.vpc.aws_iam_role_policy_attachment.vpc_flow_log_cloudwatch",
            "module.tamr_networking.module.vpc.aws_internet_gateway.this",
            "module.tamr_networking.module.vpc.aws_nat_gateway.this",
            "module.tamr_networking.module.vpc.aws_network_acl.database",
            "module.tamr_networking.module.vpc.aws_network_acl.elasticache",
            "module.tamr_networking.module.vpc.aws_network_acl.intra",
            "module.tamr_networking.module.vpc.aws_network_acl.outpost",
            "module.tamr_networking.module.vpc.aws_network_acl.private",
            "module.tamr_networking.module.vpc.aws_network_acl.public",
            "module.tamr_networking.module.vpc.aws_network_acl.redshift",
            "module.tamr_networking.module.vpc.aws_network_acl_rule.database_inbound",
            "module.tamr_networking.module.vpc.aws_network_acl_rule.database_outbound",
            "module.tamr_networking.module.vpc.aws_network_acl_rule.elasticache_inbound",
            "module.tamr_networking.module.vpc.aws_network_acl_rule.elasticache_outbound",
            "module.tamr_networking.module.vpc.aws_network_acl_rule.intra_inbound",
            "module.tamr_networking.module.vpc.aws_network_acl_rule.intra_outbound",
            "module.tamr_networking.module.vpc.aws_network_acl_rule.outpost_inbound",
            "module.tamr_networking.module.vpc.aws_network_acl_rule.outpost_outbound",
            "module.tamr_networking.module.vpc.aws_network_acl_rule.private_inbound",
            "module.tamr_networking.module.vpc.aws_network_acl_rule.private_outbound",
            "module.tamr_networking.module.vpc.aws_network_acl_rule.public_inbound",
            "module.tamr_networking.module.vpc.aws_network_acl_rule.public_outbound",
            "module.tamr_networking.module.vpc.aws_network_acl_rule.redshift_inbound",
            "module.tamr_networking.module.vpc.aws_network_acl_rule.redshift_outbound",
            "module.tamr_networking.module.vpc.aws_redshift_subnet_group.redshift",
            "module.tamr_networking.module.vpc.aws_route.database_internet_gateway",
            "module.tamr_networking.module.vpc.aws_route.database_ipv6_egress",
            "module.tamr_networking.module.vpc.aws_route.database_nat_gateway",
            "module.tamr_networking.module.vpc.aws_route.private_ipv6_egress",
            "module.tamr_networking.module.vpc.aws_route.private_nat_gateway",
            "module.tamr_networking.module.vpc.aws_route.public_internet_gateway",
            "module.tamr_networking.module.vpc.aws_route.public_internet_gateway_ipv6",
            "module.tamr_networking.module.vpc.aws_route_table.database",
            "module.tamr_networking.module.vpc.aws_route_table.elasticache",
            "module.tamr_networking.module.vpc.aws_route_table.intra",
            "module.tamr_networking.module.vpc.aws_route_table.private",
            "module.tamr_networking.module.vpc.aws_route_table.public",
            "module.tamr_networking.module.vpc.aws_route_table.redshift",
            "module.tamr_networking.module.vpc.aws_route_table_association.database",
            "module.tamr_networking.module.vpc.aws_route_table_association.elasticache",
            "module.tamr_networking.module.vpc.aws_route_table_association.intra",
            "module.tamr_networking.module.vpc.aws_route_table_association.outpost",
            "module.tamr_networking.module.vpc.aws_route_table_association.private",
            "module.tamr_networking.module.vpc.aws_route_table_association.public",
            "module.tamr_networking.module.vpc.aws_route_table_association.redshift",
            "module.tamr_networking.module.vpc.aws_route_table_association.redshift_public",
            "module.tamr_networking.module.vpc.aws_subnet.database",
            "module.tamr_networking.module.vpc.aws_subnet.elasticache",
            "module.tamr_networking.module.vpc.aws_subnet.intra",
            "module.tamr_networking.module.vpc.aws_subnet.outpost",
            "module.tamr_networking.module.vpc.aws_subnet.private",
            "module.tamr_networking.module.vpc.aws_subnet.public",
            "module.tamr_networking.module.vpc.aws_subnet.redshift",
            "module.tamr_networking.module.vpc.aws_vpc.this",
            "module.tamr_networking.module.vpc.aws_vpc_dhcp_options.this",
            "module.tamr_networking.module.vpc.aws_vpc_dhcp_options_association.this",
            "module.tamr_networking.module.vpc.aws_vpc_ipv4_cidr_block_association.this",
            "module.tamr_networking.module.vpc.aws_vpn_gateway.this",
            "module.tamr_networking.module.vpc.aws_vpn_gateway_attachment.this",
            "module.tamr_networking.module.vpc.aws_vpn_gateway_route_propagation.intra",
            "module.tamr_networking.module.vpc.aws_vpn_gateway_route_propagation.private",
            "module.tamr_networking.module.vpc.aws_vpn_gateway_route_propagation.public",
            "module.tamr_networking.module.vpc.data.aws_iam_policy_document.flow_log_cloudwatch_assume_role",
            "module.tamr_networking.module.vpc.data.aws_iam_policy_document.vpc_flow_log_cloudwatch"
          ],
          "create_before_destroy": true
        }
      ]
    },
    {
      "module": "module.tamr_networking",
      "mode": "data",
      "type": "aws_ip_ranges",
      "name": "s3_cidrs",
      "provider": "provider[\"registry.terraform.io/hashicorp/aws\"]",
      "instances": [
        {
          "schema_version": 0,
          "attributes": {
            "cidr_blocks": [
              "3.101.163.64/28",
              "3.101.163.80/28",
              "3.101.163.96/28",
              "3.5.160.0/22",
              "52.219.112.0/21",
              "52.219.120.0/22",
              "52.219.192.0/23",
              "52.219.194.0/24",
              "52.219.24.0/21"
            ],
            "create_date": "2021-10-27-06-03-16",
            "id": "1635314596",
            "ipv6_cidr_blocks": [
              "2600:1fa0:c000::/40",
              "2600:1ff0:c000::/40",
              "2600:1ff8:c000::/40",
              "2600:1ff9:c000::/40",
              "2600:1ffa:c000::/40"
            ],
            "regions": [
              "us-west-1"
            ],
            "services": [
              "s3"
            ],
            "sync_token": 1635314596,
            "url": "https://ip-ranges.amazonaws.com/ip-ranges.json"
          },
          "sensitive_attributes": []
        }
      ]
    },
    {
      "module": "module.tamr_networking",
      "mode": "data",
      "type": "aws_region",
      "name": "current",
      "provider": "provider[\"registry.terraform.io/hashicorp/aws\"]",
      "instances": [
        {
          "schema_version": 0,
          "attributes": {
            "description": "US West (N. California)",
            "endpoint": "ec2.us-west-1.amazonaws.com",
            "id": "us-west-1",
            "name": "us-west-1"
          },
          "sensitive_attributes": []
        }
      ]
    },
    {
      "module": "module.tamr_networking",
      "mode": "data",
      "type": "aws_route_table",
      "name": "application_subnet_rt",
      "provider": "provider[\"registry.terraform.io/hashicorp/aws\"]",
      "instances": [
        {
          "schema_version": 0,
          "attributes": {
            "arn": "arn:aws:ec2:us-west-1:131578276461:route-table/rtb-0532d0c81de1ac803",
            "associations": [
              {
                "gateway_id": "",
                "main": false,
                "route_table_association_id": "rtbassoc-0ac47b5b468c568c0",
                "route_table_id": "rtb-0532d0c81de1ac803",
                "subnet_id": "subnet-0d1745767495b720d"
              },
              {
                "gateway_id": "",
                "main": false,
                "route_table_association_id": "rtbassoc-0f88223a9b6579d14",
                "route_table_id": "rtb-0532d0c81de1ac803",
                "subnet_id": "subnet-06b81188e3083264d"
              },
              {
                "gateway_id": "",
                "main": false,
                "route_table_association_id": "rtbassoc-0b263f67b69f5f180",
                "route_table_id": "rtb-0532d0c81de1ac803",
                "subnet_id": "subnet-0de9b78c04aa25189"
              }
            ],
            "filter": null,
            "gateway_id": null,
            "id": "rtb-0532d0c81de1ac803",
            "owner_id": "131578276461",
            "route_table_id": "rtb-0532d0c81de1ac803",
            "routes": [],
            "subnet_id": "subnet-06b81188e3083264d",
            "tags": {
              "Name": "tamr-vpc-private",
              "owner": "franco"
            },
            "vpc_id": "vpc-09ebec0ff9aa91a04"
          },
          "sensitive_attributes": []
        }
      ]
    },
    {
      "module": "module.tamr_networking",
      "mode": "data",
      "type": "aws_subnet",
      "name": "application_subnet",
      "provider": "provider[\"registry.terraform.io/hashicorp/aws\"]",
      "instances": [
        {
          "schema_version": 0,
          "attributes": {
            "arn": "arn:aws:ec2:us-west-1:131578276461:subnet/subnet-06b81188e3083264d",
            "assign_ipv6_address_on_creation": false,
            "availability_zone": "us-west-1a",
            "availability_zone_id": "usw1-az3",
            "available_ip_address_count": 251,
            "cidr_block": "10.0.0.0/24",
            "customer_owned_ipv4_pool": "",
            "default_for_az": false,
            "filter": null,
            "id": "subnet-06b81188e3083264d",
            "ipv6_cidr_block": null,
            "ipv6_cidr_block_association_id": null,
            "map_customer_owned_ip_on_launch": false,
            "map_public_ip_on_launch": false,
            "outpost_arn": "",
            "owner_id": "131578276461",
            "state": "available",
            "tags": {
              "Name": "tamr-vpc-private-us-west-1a",
              "owner": "franco"
            },
            "vpc_id": "vpc-09ebec0ff9aa91a04"
          },
          "sensitive_attributes": []
        }
      ]
    },
    {
      "module": "module.tamr_networking",
      "mode": "managed",
      "type": "aws_network_acl",
      "name": "application_subnet",
      "provider": "provider[\"registry.terraform.io/hashicorp/aws\"]",
      "instances": [
        {
          "schema_version": 0,
          "attributes": {
            "arn": "arn:aws:ec2:us-west-1:131578276461:network-acl/acl-01fe0956cef066f7d",
            "egress": [
              {
                "action": "allow",
                "cidr_block": "0.0.0.0/0",
                "from_port": 443,
                "icmp_code": null,
                "icmp_type": null,
                "ipv6_cidr_block": "",
                "protocol": "tcp",
                "rule_no": 201,
                "to_port": 443
              },
              {
                "action": "allow",
                "cidr_block": "0.0.0.0/0",
                "from_port": 443,
                "icmp_code": null,
                "icmp_type": null,
                "ipv6_cidr_block": "",
                "protocol": "tcp",
                "rule_no": 401,
                "to_port": 443
              },
              {
                "action": "allow",
                "cidr_block": "0.0.0.0/0",
                "from_port": 80,
                "icmp_code": null,
                "icmp_type": null,
                "ipv6_cidr_block": "",
                "protocol": "tcp",
                "rule_no": 200,
                "to_port": 80
              },
              {
                "action": "allow",
                "cidr_block": "10.0.0.0/16",
                "from_port": 0,
                "icmp_code": 0,
                "icmp_type": 0,
                "ipv6_cidr_block": "",
                "protocol": "-1",
                "rule_no": 100,
                "to_port": 0
              }
            ],
            "id": "acl-01fe0956cef066f7d",
            "ingress": [
              {
                "action": "allow",
                "cidr_block": "0.0.0.0/0",
                "from_port": 1024,
                "icmp_code": null,
                "icmp_type": null,
                "ipv6_cidr_block": "",
                "protocol": "tcp",
                "rule_no": 202,
                "to_port": 65535
              },
              {
                "action": "allow",
                "cidr_block": "10.0.0.0/16",
                "from_port": 0,
                "icmp_code": 0,
                "icmp_type": 0,
                "ipv6_cidr_block": "",
                "protocol": "-1",
                "rule_no": 101,
                "to_port": 0
              },
              {
                "action": "allow",
                "cidr_block": "3.101.163.64/28",
                "from_port": 1024,
                "icmp_code": null,
                "icmp_type": null,
                "ipv6_cidr_block": "",
                "protocol": "tcp",
                "rule_no": 420,
                "to_port": 65535
              },
              {
                "action": "allow",
                "cidr_block": "3.101.163.80/28",
                "from_port": 1024,
                "icmp_code": null,
                "icmp_type": null,
                "ipv6_cidr_block": "",
                "protocol": "tcp",
                "rule_no": 421,
                "to_port": 65535
              },
              {
                "action": "allow",
                "cidr_block": "3.101.163.96/28",
                "from_port": 1024,
                "icmp_code": null,
                "icmp_type": null,
                "ipv6_cidr_block": "",
                "protocol": "tcp",
                "rule_no": 422,
                "to_port": 65535
              },
              {
                "action": "allow",
                "cidr_block": "3.5.160.0/22",
                "from_port": 1024,
                "icmp_code": null,
                "icmp_type": null,
                "ipv6_cidr_block": "",
                "protocol": "tcp",
                "rule_no": 423,
                "to_port": 65535
              },
              {
                "action": "allow",
                "cidr_block": "52.219.112.0/21",
                "from_port": 1024,
                "icmp_code": null,
                "icmp_type": null,
                "ipv6_cidr_block": "",
                "protocol": "tcp",
                "rule_no": 424,
                "to_port": 65535
              },
              {
                "action": "allow",
                "cidr_block": "52.219.120.0/22",
                "from_port": 1024,
                "icmp_code": null,
                "icmp_type": null,
                "ipv6_cidr_block": "",
                "protocol": "tcp",
                "rule_no": 425,
                "to_port": 65535
              },
              {
                "action": "allow",
                "cidr_block": "52.219.192.0/23",
                "from_port": 1024,
                "icmp_code": null,
                "icmp_type": null,
                "ipv6_cidr_block": "",
                "protocol": "tcp",
                "rule_no": 426,
                "to_port": 65535
              },
              {
                "action": "allow",
                "cidr_block": "52.219.194.0/24",
                "from_port": 1024,
                "icmp_code": null,
                "icmp_type": null,
                "ipv6_cidr_block": "",
                "protocol": "tcp",
                "rule_no": 427,
                "to_port": 65535
              },
              {
                "action": "allow",
                "cidr_block": "52.219.24.0/21",
                "from_port": 1024,
                "icmp_code": null,
                "icmp_type": null,
                "ipv6_cidr_block": "",
                "protocol": "tcp",
                "rule_no": 428,
                "to_port": 65535
              }
            ],
            "owner_id": "131578276461",
            "subnet_ids": [
              "subnet-06b81188e3083264d"
            ],
            "tags": {
              "owner": "franco"
            },
            "tags_all": {
              "owner": "franco"
            },
            "vpc_id": "vpc-09ebec0ff9aa91a04"
          },
          "sensitive_attributes": [],
          "private": "bnVsbA==",
          "dependencies": [
            "module.tamr_networking.data.aws_ip_ranges.s3_cidrs",
            "module.tamr_networking.module.vpc.aws_subnet.private",
            "module.tamr_networking.module.vpc.aws_vpc.this",
            "module.tamr_networking.module.vpc.aws_vpc_ipv4_cidr_block_association.this"
          ],
          "create_before_destroy": true
        }
      ]
    },
    {
      "module": "module.tamr_networking",
      "mode": "managed",
      "type": "aws_network_acl",
      "name": "compute_subnet",
      "provider": "provider[\"registry.terraform.io/hashicorp/aws\"]",
      "instances": [
        {
          "schema_version": 0,
          "attributes": {
            "arn": "arn:aws:ec2:us-west-1:131578276461:network-acl/acl-0b927ff5c6ebfe5ae",
            "egress": [
              {
                "action": "allow",
                "cidr_block": "0.0.0.0/0",
                "from_port": 443,
                "icmp_code": null,
                "icmp_type": null,
                "ipv6_cidr_block": "",
                "protocol": "tcp",
                "rule_no": 201,
                "to_port": 443
              },
              {
                "action": "allow",
                "cidr_block": "0.0.0.0/0",
                "from_port": 80,
                "icmp_code": null,
                "icmp_type": null,
                "ipv6_cidr_block": "",
                "protocol": "tcp",
                "rule_no": 200,
                "to_port": 80
              },
              {
                "action": "allow",
                "cidr_block": "10.0.0.0/16",
                "from_port": 0,
                "icmp_code": 0,
                "icmp_type": 0,
                "ipv6_cidr_block": "",
                "protocol": "-1",
                "rule_no": 100,
                "to_port": 0
              }
            ],
            "id": "acl-0b927ff5c6ebfe5ae",
            "ingress": [
              {
                "action": "allow",
                "cidr_block": "0.0.0.0/0",
                "from_port": 1024,
                "icmp_code": null,
                "icmp_type": null,
                "ipv6_cidr_block": "",
                "protocol": "tcp",
                "rule_no": 300,
                "to_port": 65535
              },
              {
                "action": "allow",
                "cidr_block": "10.0.0.0/16",
                "from_port": 0,
                "icmp_code": 0,
                "icmp_type": 0,
                "ipv6_cidr_block": "",
                "protocol": "-1",
                "rule_no": 101,
                "to_port": 0
              },
              {
                "action": "allow",
                "cidr_block": "3.101.163.64/28",
                "from_port": 1024,
                "icmp_code": null,
                "icmp_type": null,
                "ipv6_cidr_block": "",
                "protocol": "tcp",
                "rule_no": 220,
                "to_port": 65535
              },
              {
                "action": "allow",
                "cidr_block": "3.101.163.80/28",
                "from_port": 1024,
                "icmp_code": null,
                "icmp_type": null,
                "ipv6_cidr_block": "",
                "protocol": "tcp",
                "rule_no": 221,
                "to_port": 65535
              },
              {
                "action": "allow",
                "cidr_block": "3.101.163.96/28",
                "from_port": 1024,
                "icmp_code": null,
                "icmp_type": null,
                "ipv6_cidr_block": "",
                "protocol": "tcp",
                "rule_no": 222,
                "to_port": 65535
              },
              {
                "action": "allow",
                "cidr_block": "3.5.160.0/22",
                "from_port": 1024,
                "icmp_code": null,
                "icmp_type": null,
                "ipv6_cidr_block": "",
                "protocol": "tcp",
                "rule_no": 223,
                "to_port": 65535
              },
              {
                "action": "allow",
                "cidr_block": "52.219.112.0/21",
                "from_port": 1024,
                "icmp_code": null,
                "icmp_type": null,
                "ipv6_cidr_block": "",
                "protocol": "tcp",
                "rule_no": 224,
                "to_port": 65535
              },
              {
                "action": "allow",
                "cidr_block": "52.219.120.0/22",
                "from_port": 1024,
                "icmp_code": null,
                "icmp_type": null,
                "ipv6_cidr_block": "",
                "protocol": "tcp",
                "rule_no": 225,
                "to_port": 65535
              },
              {
                "action": "allow",
                "cidr_block": "52.219.192.0/23",
                "from_port": 1024,
                "icmp_code": null,
                "icmp_type": null,
                "ipv6_cidr_block": "",
                "protocol": "tcp",
                "rule_no": 226,
                "to_port": 65535
              },
              {
                "action": "allow",
                "cidr_block": "52.219.194.0/24",
                "from_port": 1024,
                "icmp_code": null,
                "icmp_type": null,
                "ipv6_cidr_block": "",
                "protocol": "tcp",
                "rule_no": 227,
                "to_port": 65535
              },
              {
                "action": "allow",
                "cidr_block": "52.219.24.0/21",
                "from_port": 1024,
                "icmp_code": null,
                "icmp_type": null,
                "ipv6_cidr_block": "",
                "protocol": "tcp",
                "rule_no": 228,
                "to_port": 65535
              }
            ],
            "owner_id": "131578276461",
            "subnet_ids": [
              "subnet-0b126f4580f7a4088"
            ],
            "tags": {
              "owner": "franco"
            },
            "tags_all": {
              "owner": "franco"
            },
            "vpc_id": "vpc-09ebec0ff9aa91a04"
          },
          "sensitive_attributes": [],
          "private": "bnVsbA==",
          "dependencies": [
            "module.tamr_networking.aws_subnet.compute_subnet",
            "module.tamr_networking.data.aws_ip_ranges.s3_cidrs",
            "module.tamr_networking.data.aws_subnet.application_subnet",
            "module.tamr_networking.module.vpc.aws_subnet.private",
            "module.tamr_networking.module.vpc.aws_subnet.public",
            "module.tamr_networking.module.vpc.aws_vpc.this",
            "module.tamr_networking.module.vpc.aws_vpc_ipv4_cidr_block_association.this"
          ],
          "create_before_destroy": true
        }
      ]
    },
    {
      "module": "module.tamr_networking",
      "mode": "managed",
      "type": "aws_network_acl",
      "name": "data_subnets",
      "provider": "provider[\"registry.terraform.io/hashicorp/aws\"]",
      "instances": [
        {
          "schema_version": 0,
          "attributes": {
            "arn": "arn:aws:ec2:us-west-1:131578276461:network-acl/acl-0116081ab6491f27b",
            "egress": [
              {
                "action": "allow",
                "cidr_block": "10.0.0.0/16",
                "from_port": 0,
                "icmp_code": 0,
                "icmp_type": 0,
                "ipv6_cidr_block": "",
                "protocol": "-1",
                "rule_no": 100,
                "to_port": 0
              }
            ],
            "id": "acl-0116081ab6491f27b",
            "ingress": [
              {
                "action": "allow",
                "cidr_block": "10.0.0.0/16",
                "from_port": 0,
                "icmp_code": 0,
                "icmp_type": 0,
                "ipv6_cidr_block": "",
                "protocol": "-1",
                "rule_no": 101,
                "to_port": 0
              },
              {
                "action": "deny",
                "cidr_block": "10.0.6.0/24",
                "from_port": 0,
                "icmp_code": null,
                "icmp_type": null,
                "ipv6_cidr_block": "",
                "protocol": "tcp",
                "rule_no": 200,
                "to_port": 65535
              },
              {
                "action": "deny",
                "cidr_block": "10.0.7.0/24",
                "from_port": 0,
                "icmp_code": null,
                "icmp_type": null,
                "ipv6_cidr_block": "",
                "protocol": "tcp",
                "rule_no": 201,
                "to_port": 65535
              }
            ],
            "owner_id": "131578276461",
            "subnet_ids": [
              "subnet-01bfc58da54a69859",
              "subnet-055e1a33e784ef727"
            ],
            "tags": {
              "owner": "franco"
            },
            "tags_all": {
              "owner": "franco"
            },
            "vpc_id": "vpc-09ebec0ff9aa91a04"
          },
          "sensitive_attributes": [],
          "private": "bnVsbA==",
          "dependencies": [
            "module.tamr_networking.module.vpc.aws_subnet.intra",
            "module.tamr_networking.module.vpc.aws_subnet.public",
            "module.tamr_networking.module.vpc.aws_vpc.this",
            "module.tamr_networking.module.vpc.aws_vpc_ipv4_cidr_block_association.this"
          ],
          "create_before_destroy": true
        }
      ]
    },
    {
      "module": "module.tamr_networking",
      "mode": "managed",
      "type": "aws_network_acl",
      "name": "load_balancing_subnets",
      "provider": "provider[\"registry.terraform.io/hashicorp/aws\"]",
      "instances": [
        {
          "schema_version": 0,
          "attributes": {
            "arn": "arn:aws:ec2:us-west-1:131578276461:network-acl/acl-0e30766da29b623a3",
            "egress": [
              {
                "action": "allow",
                "cidr_block": "0.0.0.0/0",
                "from_port": 0,
                "icmp_code": 0,
                "icmp_type": 0,
                "ipv6_cidr_block": "",
                "protocol": "-1",
                "rule_no": 100,
                "to_port": 0
              },
              {
                "action": "allow",
                "cidr_block": "10.0.0.0/16",
                "from_port": 0,
                "icmp_code": 0,
                "icmp_type": 0,
                "ipv6_cidr_block": "",
                "protocol": "-1",
                "rule_no": 200,
                "to_port": 0
              }
            ],
            "id": "acl-0e30766da29b623a3",
            "ingress": [
              {
                "action": "allow",
                "cidr_block": "0.0.0.0/0",
                "from_port": 0,
                "icmp_code": 0,
                "icmp_type": 0,
                "ipv6_cidr_block": "",
                "protocol": "-1",
                "rule_no": 110,
                "to_port": 0
              },
              {
                "action": "allow",
                "cidr_block": "10.0.0.0/16",
                "from_port": 0,
                "icmp_code": 0,
                "icmp_type": 0,
                "ipv6_cidr_block": "",
                "protocol": "-1",
                "rule_no": 201,
                "to_port": 0
              }
            ],
            "owner_id": "131578276461",
            "subnet_ids": [
              "subnet-0d1745767495b720d",
              "subnet-0de9b78c04aa25189"
            ],
            "tags": {
              "owner": "franco"
            },
            "tags_all": {
              "owner": "franco"
            },
            "vpc_id": "vpc-09ebec0ff9aa91a04"
          },
          "sensitive_attributes": [],
          "private": "bnVsbA==",
          "dependencies": [
            "module.tamr_networking.module.vpc.aws_subnet.private",
            "module.tamr_networking.module.vpc.aws_vpc.this",
            "module.tamr_networking.module.vpc.aws_vpc_ipv4_cidr_block_association.this"
          ],
          "create_before_destroy": true
        }
      ]
    },
    {
      "module": "module.tamr_networking",
      "mode": "managed",
      "type": "aws_network_acl",
      "name": "public_subnets",
      "provider": "provider[\"registry.terraform.io/hashicorp/aws\"]",
      "instances": [
        {
          "schema_version": 0,
          "attributes": {
            "arn": "arn:aws:ec2:us-west-1:131578276461:network-acl/acl-07b7604db39944cfb",
            "egress": [
              {
                "action": "allow",
                "cidr_block": "0.0.0.0/0",
                "from_port": 0,
                "icmp_code": 0,
                "icmp_type": 0,
                "ipv6_cidr_block": "",
                "protocol": "-1",
                "rule_no": 100,
                "to_port": 0
              },
              {
                "action": "allow",
                "cidr_block": "0.0.0.0/0",
                "from_port": 443,
                "icmp_code": null,
                "icmp_type": null,
                "ipv6_cidr_block": "",
                "protocol": "tcp",
                "rule_no": 301,
                "to_port": 443
              },
              {
                "action": "allow",
                "cidr_block": "0.0.0.0/0",
                "from_port": 80,
                "icmp_code": null,
                "icmp_type": null,
                "ipv6_cidr_block": "",
                "protocol": "tcp",
                "rule_no": 300,
                "to_port": 80
              },
              {
                "action": "allow",
                "cidr_block": "10.0.0.0/16",
                "from_port": 0,
                "icmp_code": 0,
                "icmp_type": 0,
                "ipv6_cidr_block": "",
                "protocol": "-1",
                "rule_no": 200,
                "to_port": 0
              }
            ],
            "id": "acl-07b7604db39944cfb",
            "ingress": [
              {
                "action": "allow",
                "cidr_block": "0.0.0.0/0",
                "from_port": 0,
                "icmp_code": 0,
                "icmp_type": 0,
                "ipv6_cidr_block": "",
                "protocol": "-1",
                "rule_no": 110,
                "to_port": 0
              },
              {
                "action": "allow",
                "cidr_block": "0.0.0.0/0",
                "from_port": 1024,
                "icmp_code": null,
                "icmp_type": null,
                "ipv6_cidr_block": "",
                "protocol": "tcp",
                "rule_no": 300,
                "to_port": 65535
              },
              {
                "action": "allow",
                "cidr_block": "10.0.0.0/16",
                "from_port": 0,
                "icmp_code": 0,
                "icmp_type": 0,
                "ipv6_cidr_block": "",
                "protocol": "-1",
                "rule_no": 201,
                "to_port": 0
              }
            ],
            "owner_id": "131578276461",
            "subnet_ids": [
              "subnet-054aefea9cc154777",
              "subnet-0836e8614915fc031"
            ],
            "tags": {
              "owner": "franco"
            },
            "tags_all": {
              "owner": "franco"
            },
            "vpc_id": "vpc-09ebec0ff9aa91a04"
          },
          "sensitive_attributes": [],
          "private": "bnVsbA==",
          "dependencies": [
            "module.tamr_networking.module.vpc.aws_subnet.public",
            "module.tamr_networking.module.vpc.aws_vpc.this",
            "module.tamr_networking.module.vpc.aws_vpc_ipv4_cidr_block_association.this"
          ],
          "create_before_destroy": true
        }
      ]
    },
    {
      "module": "module.tamr_networking",
      "mode": "managed",
      "type": "aws_route_table_association",
      "name": "compute_subnet_rta",
      "provider": "provider[\"registry.terraform.io/hashicorp/aws\"]",
      "instances": [
        {
          "schema_version": 0,
          "attributes": {
            "gateway_id": "",
            "id": "rtbassoc-0924a47cc40c92ce0",
            "route_table_id": "rtb-0532d0c81de1ac803",
            "subnet_id": "subnet-0b126f4580f7a4088"
          },
          "sensitive_attributes": [],
          "private": "bnVsbA==",
          "dependencies": [
            "module.tamr_networking.aws_subnet.compute_subnet",
            "module.tamr_networking.data.aws_route_table.application_subnet_rt",
            "module.tamr_networking.data.aws_subnet.application_subnet",
            "module.tamr_networking.module.vpc.aws_subnet.private",
            "module.tamr_networking.module.vpc.aws_vpc.this",
            "module.tamr_networking.module.vpc.aws_vpc_ipv4_cidr_block_association.this"
          ],
          "create_before_destroy": true
        }
      ]
    },
    {
      "module": "module.tamr_networking",
      "mode": "managed",
      "type": "aws_subnet",
      "name": "compute_subnet",
      "provider": "provider[\"registry.terraform.io/hashicorp/aws\"]",
      "instances": [
        {
          "schema_version": 1,
          "attributes": {
            "arn": "arn:aws:ec2:us-west-1:131578276461:subnet/subnet-0b126f4580f7a4088",
            "assign_ipv6_address_on_creation": false,
            "availability_zone": "us-west-1a",
            "availability_zone_id": "usw1-az3",
            "cidr_block": "10.0.1.0/24",
            "customer_owned_ipv4_pool": "",
            "id": "subnet-0b126f4580f7a4088",
            "ipv6_cidr_block": "",
            "ipv6_cidr_block_association_id": "",
            "map_customer_owned_ip_on_launch": false,
            "map_public_ip_on_launch": false,
            "outpost_arn": "",
            "owner_id": "131578276461",
            "tags": {
              "owner": "franco"
            },
            "tags_all": {
              "owner": "franco"
            },
            "timeouts": null,
            "vpc_id": "vpc-09ebec0ff9aa91a04"
          },
          "sensitive_attributes": [],
          "private": "eyJlMmJmYjczMC1lY2FhLTExZTYtOGY4OC0zNDM2M2JjN2M0YzAiOnsiY3JlYXRlIjo2MDAwMDAwMDAwMDAsImRlbGV0ZSI6MTIwMDAwMDAwMDAwMH0sInNjaGVtYV92ZXJzaW9uIjoiMSJ9",
          "dependencies": [
            "module.tamr_networking.data.aws_subnet.application_subnet",
            "module.tamr_networking.module.vpc.aws_subnet.private",
            "module.tamr_networking.module.vpc.aws_vpc.this",
            "module.tamr_networking.module.vpc.aws_vpc_ipv4_cidr_block_association.this"
          ],
          "create_before_destroy": true
        }
      ]
    },
    {
      "module": "module.tamr_networking.module.endpoints",
      "mode": "data",
      "type": "aws_vpc_endpoint_service",
      "name": "this",
      "provider": "provider[\"registry.terraform.io/hashicorp/aws\"]",
      "instances": [
        {
          "index_key": "s3",
          "schema_version": 0,
          "attributes": {
            "acceptance_required": false,
            "arn": "arn:aws:ec2:us-west-1:131578276461:vpc-endpoint-service/vpce-svc-0143d7f867930f164",
            "availability_zones": [
              "us-west-1a",
              "us-west-1b"
            ],
            "base_endpoint_dns_names": [
              "s3.us-west-1.amazonaws.com"
            ],
            "filter": [
              {
                "name": "service-type",
                "values": [
                  "Gateway"
                ]
              }
            ],
            "id": "232243903",
            "manages_vpc_endpoints": false,
            "owner": "amazon",
            "private_dns_name": "",
            "service": "s3",
            "service_id": "vpce-svc-0143d7f867930f164",
            "service_name": "com.amazonaws.us-west-1.s3",
            "service_type": "Gateway",
            "tags": {},
            "vpc_endpoint_policy_supported": true
          },
          "sensitive_attributes": []
        }
      ]
    },
    {
      "module": "module.tamr_networking.module.endpoints",
      "mode": "managed",
      "type": "aws_vpc_endpoint",
      "name": "this",
      "provider": "provider[\"registry.terraform.io/hashicorp/aws\"]",
      "instances": [
        {
          "index_key": "s3",
          "schema_version": 0,
          "attributes": {
            "arn": "arn:aws:ec2:us-west-1:131578276461:vpc-endpoint/vpce-0df41e21c0cd55350",
            "auto_accept": null,
            "cidr_blocks": [
              "52.219.120.0/22",
              "52.219.24.0/21",
              "52.219.112.0/21",
              "3.5.160.0/22"
            ],
            "dns_entry": [],
            "id": "vpce-0df41e21c0cd55350",
            "network_interface_ids": [],
            "owner_id": "131578276461",
            "policy": "{\"Statement\":[{\"Action\":\"*\",\"Effect\":\"Allow\",\"Principal\":\"*\",\"Resource\":\"*\"}],\"Version\":\"2008-10-17\"}",
            "prefix_list_id": "pl-6ba54002",
            "private_dns_enabled": false,
            "requester_managed": false,
            "route_table_ids": [
              "rtb-0532d0c81de1ac803"
            ],
            "security_group_ids": [],
            "service_name": "com.amazonaws.us-west-1.s3",
            "state": "available",
            "subnet_ids": [],
            "tags": {
              "Name": "s3-vpc-endpoint",
              "owner": "franco"
            },
            "tags_all": {
              "Name": "s3-vpc-endpoint",
              "owner": "franco"
            },
            "timeouts": {
              "create": "10m",
              "delete": "10m",
              "update": "10m"
            },
            "vpc_endpoint_type": "Gateway",
            "vpc_id": "vpc-09ebec0ff9aa91a04"
          },
          "sensitive_attributes": [],
          "private": "eyJlMmJmYjczMC1lY2FhLTExZTYtOGY4OC0zNDM2M2JjN2M0YzAiOnsiY3JlYXRlIjo2MDAwMDAwMDAwMDAsImRlbGV0ZSI6NjAwMDAwMDAwMDAwLCJ1cGRhdGUiOjYwMDAwMDAwMDAwMH19",
          "dependencies": [
            "module.tamr_networking.module.endpoints.data.aws_vpc_endpoint_service.this",
            "module.tamr_networking.module.vpc.aws_route_table.private",
            "module.tamr_networking.module.vpc.aws_vpc.this",
            "module.tamr_networking.module.vpc.aws_vpc_ipv4_cidr_block_association.this"
          ],
          "create_before_destroy": true
        }
      ]
    },
    {
      "module": "module.tamr_networking.module.vpc",
      "mode": "managed",
      "type": "aws_default_route_table",
      "name": "default",
      "provider": "provider[\"registry.terraform.io/hashicorp/aws\"]",
      "instances": [
        {
          "index_key": 0,
          "schema_version": 0,
          "attributes": {
            "arn": "arn:aws:ec2:us-west-1:131578276461:route-table/rtb-00f62d7ceb7f33870",
            "default_route_table_id": "rtb-00f62d7ceb7f33870",
            "id": "rtb-00f62d7ceb7f33870",
            "owner_id": "131578276461",
            "propagating_vgws": null,
            "route": [],
            "tags": {
              "Name": "tamr-vpc",
              "owner": "franco"
            },
            "tags_all": {
              "Name": "tamr-vpc",
              "owner": "franco"
            },
            "vpc_id": "vpc-09ebec0ff9aa91a04"
          },
          "sensitive_attributes": [],
          "private": "bnVsbA==",
          "dependencies": [
            "module.tamr_networking.module.vpc.aws_vpc.this"
          ],
          "create_before_destroy": true
        }
      ]
    },
    {
      "module": "module.tamr_networking.module.vpc",
      "mode": "managed",
      "type": "aws_eip",
      "name": "nat",
      "provider": "provider[\"registry.terraform.io/hashicorp/aws\"]",
      "instances": [
        {
          "index_key": 0,
          "schema_version": 0,
          "attributes": {
            "address": null,
            "allocation_id": null,
            "associate_with_private_ip": null,
            "association_id": "",
            "carrier_ip": "",
            "customer_owned_ip": "",
            "customer_owned_ipv4_pool": "",
            "domain": "vpc",
            "id": "eipalloc-01324d1d",
            "instance": "",
            "network_border_group": "us-west-1",
            "network_interface": "",
            "private_dns": null,
            "private_ip": "",
            "public_dns": "ec2-3-101-8-234.us-west-1.compute.amazonaws.com",
            "public_ip": "3.101.8.234",
            "public_ipv4_pool": "amazon",
            "tags": {
              "Name": "tamr-vpc-us-west-1a",
              "owner": "franco"
            },
            "tags_all": {
              "Name": "tamr-vpc-us-west-1a",
              "owner": "franco"
            },
            "timeouts": null,
            "vpc": true
          },
          "sensitive_attributes": [],
          "private": "eyJlMmJmYjczMC1lY2FhLTExZTYtOGY4OC0zNDM2M2JjN2M0YzAiOnsiZGVsZXRlIjoxODAwMDAwMDAwMDAsInJlYWQiOjkwMDAwMDAwMDAwMCwidXBkYXRlIjozMDAwMDAwMDAwMDB9fQ==",
          "create_before_destroy": true
        }
      ]
    },
    {
      "module": "module.tamr_networking.module.vpc",
      "mode": "managed",
      "type": "aws_internet_gateway",
      "name": "this",
      "provider": "provider[\"registry.terraform.io/hashicorp/aws\"]",
      "instances": [
        {
          "index_key": 0,
          "schema_version": 0,
          "attributes": {
            "arn": "arn:aws:ec2:us-west-1:131578276461:internet-gateway/igw-031290970428a364a",
            "id": "igw-031290970428a364a",
            "owner_id": "131578276461",
            "tags": {
              "Name": "tamr-vpc",
              "owner": "franco"
            },
            "tags_all": {
              "Name": "tamr-vpc",
              "owner": "franco"
            },
            "vpc_id": "vpc-09ebec0ff9aa91a04"
          },
          "sensitive_attributes": [],
          "private": "bnVsbA==",
          "dependencies": [
            "module.tamr_networking.module.vpc.aws_vpc.this",
            "module.tamr_networking.module.vpc.aws_vpc_ipv4_cidr_block_association.this"
          ],
          "create_before_destroy": true
        }
      ]
    },
    {
      "module": "module.tamr_networking.module.vpc",
      "mode": "managed",
      "type": "aws_nat_gateway",
      "name": "this",
      "provider": "provider[\"registry.terraform.io/hashicorp/aws\"]",
      "instances": [
        {
          "index_key": 0,
          "schema_version": 0,
          "attributes": {
            "allocation_id": "eipalloc-01324d1d",
            "connectivity_type": "public",
            "id": "nat-03277708685cb3e1d",
            "network_interface_id": "eni-00cbbb0317555e099",
            "private_ip": "10.0.6.138",
            "public_ip": "3.101.8.234",
            "subnet_id": "subnet-054aefea9cc154777",
            "tags": {
              "Name": "tamr-vpc-us-west-1a",
              "owner": "franco"
            },
            "tags_all": {
              "Name": "tamr-vpc-us-west-1a",
              "owner": "franco"
            }
          },
          "sensitive_attributes": [],
          "private": "bnVsbA==",
          "dependencies": [
            "module.tamr_networking.module.vpc.aws_eip.nat",
            "module.tamr_networking.module.vpc.aws_internet_gateway.this",
            "module.tamr_networking.module.vpc.aws_subnet.public",
            "module.tamr_networking.module.vpc.aws_vpc.this",
            "module.tamr_networking.module.vpc.aws_vpc_ipv4_cidr_block_association.this"
          ],
          "create_before_destroy": true
        }
      ]
    },
    {
      "module": "module.tamr_networking.module.vpc",
      "mode": "managed",
      "type": "aws_route",
      "name": "private_nat_gateway",
      "provider": "provider[\"registry.terraform.io/hashicorp/aws\"]",
      "instances": [
        {
          "index_key": 0,
          "schema_version": 0,
          "attributes": {
            "carrier_gateway_id": "",
            "destination_cidr_block": "0.0.0.0/0",
            "destination_ipv6_cidr_block": "",
            "destination_prefix_list_id": "",
            "egress_only_gateway_id": "",
            "gateway_id": "",
            "id": "r-rtb-0532d0c81de1ac8031080289494",
            "instance_id": "",
            "instance_owner_id": "",
            "local_gateway_id": "",
            "nat_gateway_id": "nat-03277708685cb3e1d",
            "network_interface_id": "",
            "origin": "CreateRoute",
            "route_table_id": "rtb-0532d0c81de1ac803",
            "state": "active",
            "timeouts": {
              "create": "5m",
              "delete": null
            },
            "transit_gateway_id": "",
            "vpc_endpoint_id": "",
            "vpc_peering_connection_id": ""
          },
          "sensitive_attributes": [],
          "private": "eyJlMmJmYjczMC1lY2FhLTExZTYtOGY4OC0zNDM2M2JjN2M0YzAiOnsiY3JlYXRlIjozMDAwMDAwMDAwMDAsImRlbGV0ZSI6MzAwMDAwMDAwMDAwfX0=",
          "dependencies": [
            "module.tamr_networking.module.vpc.aws_eip.nat",
            "module.tamr_networking.module.vpc.aws_internet_gateway.this",
            "module.tamr_networking.module.vpc.aws_nat_gateway.this",
            "module.tamr_networking.module.vpc.aws_route_table.private",
            "module.tamr_networking.module.vpc.aws_subnet.public",
            "module.tamr_networking.module.vpc.aws_vpc.this",
            "module.tamr_networking.module.vpc.aws_vpc_ipv4_cidr_block_association.this"
          ],
          "create_before_destroy": true
        }
      ]
    },
    {
      "module": "module.tamr_networking.module.vpc",
      "mode": "managed",
      "type": "aws_route",
      "name": "public_internet_gateway",
      "provider": "provider[\"registry.terraform.io/hashicorp/aws\"]",
      "instances": [
        {
          "index_key": 0,
          "schema_version": 0,
          "attributes": {
            "carrier_gateway_id": "",
            "destination_cidr_block": "0.0.0.0/0",
            "destination_ipv6_cidr_block": "",
            "destination_prefix_list_id": "",
            "egress_only_gateway_id": "",
            "gateway_id": "igw-031290970428a364a",
            "id": "r-rtb-03830422f5f3b97001080289494",
            "instance_id": "",
            "instance_owner_id": "",
            "local_gateway_id": "",
            "nat_gateway_id": "",
            "network_interface_id": "",
            "origin": "CreateRoute",
            "route_table_id": "rtb-03830422f5f3b9700",
            "state": "active",
            "timeouts": {
              "create": "5m",
              "delete": null
            },
            "transit_gateway_id": "",
            "vpc_endpoint_id": "",
            "vpc_peering_connection_id": ""
          },
          "sensitive_attributes": [],
          "private": "eyJlMmJmYjczMC1lY2FhLTExZTYtOGY4OC0zNDM2M2JjN2M0YzAiOnsiY3JlYXRlIjozMDAwMDAwMDAwMDAsImRlbGV0ZSI6MzAwMDAwMDAwMDAwfX0=",
          "dependencies": [
            "module.tamr_networking.module.vpc.aws_internet_gateway.this",
            "module.tamr_networking.module.vpc.aws_route_table.public",
            "module.tamr_networking.module.vpc.aws_vpc.this",
            "module.tamr_networking.module.vpc.aws_vpc_ipv4_cidr_block_association.this"
          ],
          "create_before_destroy": true
        }
      ]
    },
    {
      "module": "module.tamr_networking.module.vpc",
      "mode": "managed",
      "type": "aws_route_table",
      "name": "intra",
      "provider": "provider[\"registry.terraform.io/hashicorp/aws\"]",
      "instances": [
        {
          "index_key": 0,
          "schema_version": 0,
          "attributes": {
            "arn": "arn:aws:ec2:us-west-1:131578276461:route-table/rtb-0c4277860f9fa46c3",
            "id": "rtb-0c4277860f9fa46c3",
            "owner_id": "131578276461",
            "propagating_vgws": [],
            "route": [],
            "tags": {
              "Name": "tamr-vpc-intra",
              "owner": "franco"
            },
            "tags_all": {
              "Name": "tamr-vpc-intra",
              "owner": "franco"
            },
            "vpc_id": "vpc-09ebec0ff9aa91a04"
          },
          "sensitive_attributes": [],
          "private": "bnVsbA==",
          "dependencies": [
            "module.tamr_networking.module.vpc.aws_vpc.this",
            "module.tamr_networking.module.vpc.aws_vpc_ipv4_cidr_block_association.this"
          ],
          "create_before_destroy": true
        }
      ]
    },
    {
      "module": "module.tamr_networking.module.vpc",
      "mode": "managed",
      "type": "aws_route_table",
      "name": "private",
      "provider": "provider[\"registry.terraform.io/hashicorp/aws\"]",
      "instances": [
        {
          "index_key": 0,
          "schema_version": 0,
          "attributes": {
            "arn": "arn:aws:ec2:us-west-1:131578276461:route-table/rtb-0532d0c81de1ac803",
            "id": "rtb-0532d0c81de1ac803",
            "owner_id": "131578276461",
            "propagating_vgws": [],
            "route": [],
            "tags": {
              "Name": "tamr-vpc-private",
              "owner": "franco"
            },
            "tags_all": {
              "Name": "tamr-vpc-private",
              "owner": "franco"
            },
            "vpc_id": "vpc-09ebec0ff9aa91a04"
          },
          "sensitive_attributes": [],
          "private": "bnVsbA==",
          "dependencies": [
            "module.tamr_networking.module.vpc.aws_vpc.this",
            "module.tamr_networking.module.vpc.aws_vpc_ipv4_cidr_block_association.this"
          ],
          "create_before_destroy": true
        }
      ]
    },
    {
      "module": "module.tamr_networking.module.vpc",
      "mode": "managed",
      "type": "aws_route_table",
      "name": "public",
      "provider": "provider[\"registry.terraform.io/hashicorp/aws\"]",
      "instances": [
        {
          "index_key": 0,
          "schema_version": 0,
          "attributes": {
            "arn": "arn:aws:ec2:us-west-1:131578276461:route-table/rtb-03830422f5f3b9700",
            "id": "rtb-03830422f5f3b9700",
            "owner_id": "131578276461",
            "propagating_vgws": [],
            "route": [],
            "tags": {
              "Name": "tamr-vpc-public",
              "owner": "franco"
            },
            "tags_all": {
              "Name": "tamr-vpc-public",
              "owner": "franco"
            },
            "vpc_id": "vpc-09ebec0ff9aa91a04"
          },
          "sensitive_attributes": [],
          "private": "bnVsbA==",
          "dependencies": [
            "module.tamr_networking.module.vpc.aws_vpc.this",
            "module.tamr_networking.module.vpc.aws_vpc_ipv4_cidr_block_association.this"
          ],
          "create_before_destroy": true
        }
      ]
    },
    {
      "module": "module.tamr_networking.module.vpc",
      "mode": "managed",
      "type": "aws_route_table_association",
      "name": "intra",
      "provider": "provider[\"registry.terraform.io/hashicorp/aws\"]",
      "instances": [
        {
          "index_key": 0,
          "schema_version": 0,
          "attributes": {
            "gateway_id": "",
            "id": "rtbassoc-0ef39664b9c81409a",
            "route_table_id": "rtb-0c4277860f9fa46c3",
            "subnet_id": "subnet-01bfc58da54a69859"
          },
          "sensitive_attributes": [],
          "private": "bnVsbA==",
          "dependencies": [
            "module.tamr_networking.module.vpc.aws_route_table.intra",
            "module.tamr_networking.module.vpc.aws_subnet.intra",
            "module.tamr_networking.module.vpc.aws_vpc.this",
            "module.tamr_networking.module.vpc.aws_vpc_ipv4_cidr_block_association.this"
          ],
          "create_before_destroy": true
        },
        {
          "index_key": 1,
          "schema_version": 0,
          "attributes": {
            "gateway_id": "",
            "id": "rtbassoc-0830f9055c641271b",
            "route_table_id": "rtb-0c4277860f9fa46c3",
            "subnet_id": "subnet-055e1a33e784ef727"
          },
          "sensitive_attributes": [],
          "private": "bnVsbA==",
          "dependencies": [
            "module.tamr_networking.module.vpc.aws_route_table.intra",
            "module.tamr_networking.module.vpc.aws_subnet.intra",
            "module.tamr_networking.module.vpc.aws_vpc.this",
            "module.tamr_networking.module.vpc.aws_vpc_ipv4_cidr_block_association.this"
          ],
          "create_before_destroy": true
        }
      ]
    },
    {
      "module": "module.tamr_networking.module.vpc",
      "mode": "managed",
      "type": "aws_route_table_association",
      "name": "private",
      "provider": "provider[\"registry.terraform.io/hashicorp/aws\"]",
      "instances": [
        {
          "index_key": 0,
          "schema_version": 0,
          "attributes": {
            "gateway_id": "",
            "id": "rtbassoc-0f88223a9b6579d14",
            "route_table_id": "rtb-0532d0c81de1ac803",
            "subnet_id": "subnet-06b81188e3083264d"
          },
          "sensitive_attributes": [],
          "private": "bnVsbA==",
          "dependencies": [
            "module.tamr_networking.module.vpc.aws_route_table.private",
            "module.tamr_networking.module.vpc.aws_subnet.private",
            "module.tamr_networking.module.vpc.aws_vpc.this",
            "module.tamr_networking.module.vpc.aws_vpc_ipv4_cidr_block_association.this"
          ],
          "create_before_destroy": true
        },
        {
          "index_key": 1,
          "schema_version": 0,
          "attributes": {
            "gateway_id": "",
            "id": "rtbassoc-0b263f67b69f5f180",
            "route_table_id": "rtb-0532d0c81de1ac803",
            "subnet_id": "subnet-0de9b78c04aa25189"
          },
          "sensitive_attributes": [],
          "private": "bnVsbA==",
          "dependencies": [
            "module.tamr_networking.module.vpc.aws_route_table.private",
            "module.tamr_networking.module.vpc.aws_subnet.private",
            "module.tamr_networking.module.vpc.aws_vpc.this",
            "module.tamr_networking.module.vpc.aws_vpc_ipv4_cidr_block_association.this"
          ],
          "create_before_destroy": true
        },
        {
          "index_key": 2,
          "schema_version": 0,
          "attributes": {
            "gateway_id": "",
            "id": "rtbassoc-0ac47b5b468c568c0",
            "route_table_id": "rtb-0532d0c81de1ac803",
            "subnet_id": "subnet-0d1745767495b720d"
          },
          "sensitive_attributes": [],
          "private": "bnVsbA==",
          "dependencies": [
            "module.tamr_networking.module.vpc.aws_route_table.private",
            "module.tamr_networking.module.vpc.aws_subnet.private",
            "module.tamr_networking.module.vpc.aws_vpc.this",
            "module.tamr_networking.module.vpc.aws_vpc_ipv4_cidr_block_association.this"
          ],
          "create_before_destroy": true
        }
      ]
    },
    {
      "module": "module.tamr_networking.module.vpc",
      "mode": "managed",
      "type": "aws_route_table_association",
      "name": "public",
      "provider": "provider[\"registry.terraform.io/hashicorp/aws\"]",
      "instances": [
        {
          "index_key": 0,
          "schema_version": 0,
          "attributes": {
            "gateway_id": "",
            "id": "rtbassoc-06cb573c4c00f6cb8",
            "route_table_id": "rtb-03830422f5f3b9700",
            "subnet_id": "subnet-054aefea9cc154777"
          },
          "sensitive_attributes": [],
          "private": "bnVsbA==",
          "dependencies": [
            "module.tamr_networking.module.vpc.aws_route_table.public",
            "module.tamr_networking.module.vpc.aws_subnet.public",
            "module.tamr_networking.module.vpc.aws_vpc.this",
            "module.tamr_networking.module.vpc.aws_vpc_ipv4_cidr_block_association.this"
          ],
          "create_before_destroy": true
        },
        {
          "index_key": 1,
          "schema_version": 0,
          "attributes": {
            "gateway_id": "",
            "id": "rtbassoc-0f3aee488b5c780c6",
            "route_table_id": "rtb-03830422f5f3b9700",
            "subnet_id": "subnet-0836e8614915fc031"
          },
          "sensitive_attributes": [],
          "private": "bnVsbA==",
          "dependencies": [
            "module.tamr_networking.module.vpc.aws_route_table.public",
            "module.tamr_networking.module.vpc.aws_subnet.public",
            "module.tamr_networking.module.vpc.aws_vpc.this",
            "module.tamr_networking.module.vpc.aws_vpc_ipv4_cidr_block_association.this"
          ],
          "create_before_destroy": true
        }
      ]
    },
    {
      "module": "module.tamr_networking.module.vpc",
      "mode": "managed",
      "type": "aws_subnet",
      "name": "intra",
      "provider": "provider[\"registry.terraform.io/hashicorp/aws\"]",
      "instances": [
        {
          "index_key": 0,
          "schema_version": 1,
          "attributes": {
            "arn": "arn:aws:ec2:us-west-1:131578276461:subnet/subnet-01bfc58da54a69859",
            "assign_ipv6_address_on_creation": false,
            "availability_zone": "us-west-1a",
            "availability_zone_id": "usw1-az3",
            "cidr_block": "10.0.2.0/24",
            "customer_owned_ipv4_pool": "",
            "id": "subnet-01bfc58da54a69859",
            "ipv6_cidr_block": "",
            "ipv6_cidr_block_association_id": "",
            "map_customer_owned_ip_on_launch": false,
            "map_public_ip_on_launch": false,
            "outpost_arn": "",
            "owner_id": "131578276461",
            "tags": {
              "Name": "tamr-vpc-intra-us-west-1a",
              "owner": "franco"
            },
            "tags_all": {
              "Name": "tamr-vpc-intra-us-west-1a",
              "owner": "franco"
            },
            "timeouts": null,
            "vpc_id": "vpc-09ebec0ff9aa91a04"
          },
          "sensitive_attributes": [],
          "private": "eyJlMmJmYjczMC1lY2FhLTExZTYtOGY4OC0zNDM2M2JjN2M0YzAiOnsiY3JlYXRlIjo2MDAwMDAwMDAwMDAsImRlbGV0ZSI6MTIwMDAwMDAwMDAwMH0sInNjaGVtYV92ZXJzaW9uIjoiMSJ9",
          "dependencies": [
            "module.tamr_networking.module.vpc.aws_vpc.this",
            "module.tamr_networking.module.vpc.aws_vpc_ipv4_cidr_block_association.this"
          ],
          "create_before_destroy": true
        },
        {
          "index_key": 1,
          "schema_version": 1,
          "attributes": {
            "arn": "arn:aws:ec2:us-west-1:131578276461:subnet/subnet-055e1a33e784ef727",
            "assign_ipv6_address_on_creation": false,
            "availability_zone": "us-west-1b",
            "availability_zone_id": "usw1-az1",
            "cidr_block": "10.0.3.0/24",
            "customer_owned_ipv4_pool": "",
            "id": "subnet-055e1a33e784ef727",
            "ipv6_cidr_block": "",
            "ipv6_cidr_block_association_id": "",
            "map_customer_owned_ip_on_launch": false,
            "map_public_ip_on_launch": false,
            "outpost_arn": "",
            "owner_id": "131578276461",
            "tags": {
              "Name": "tamr-vpc-intra-us-west-1b",
              "owner": "franco"
            },
            "tags_all": {
              "Name": "tamr-vpc-intra-us-west-1b",
              "owner": "franco"
            },
            "timeouts": null,
            "vpc_id": "vpc-09ebec0ff9aa91a04"
          },
          "sensitive_attributes": [],
          "private": "eyJlMmJmYjczMC1lY2FhLTExZTYtOGY4OC0zNDM2M2JjN2M0YzAiOnsiY3JlYXRlIjo2MDAwMDAwMDAwMDAsImRlbGV0ZSI6MTIwMDAwMDAwMDAwMH0sInNjaGVtYV92ZXJzaW9uIjoiMSJ9",
          "dependencies": [
            "module.tamr_networking.module.vpc.aws_vpc.this",
            "module.tamr_networking.module.vpc.aws_vpc_ipv4_cidr_block_association.this"
          ],
          "create_before_destroy": true
        }
      ]
    },
    {
      "module": "module.tamr_networking.module.vpc",
      "mode": "managed",
      "type": "aws_subnet",
      "name": "private",
      "provider": "provider[\"registry.terraform.io/hashicorp/aws\"]",
      "instances": [
        {
          "index_key": 0,
          "schema_version": 1,
          "attributes": {
            "arn": "arn:aws:ec2:us-west-1:131578276461:subnet/subnet-06b81188e3083264d",
            "assign_ipv6_address_on_creation": false,
            "availability_zone": "us-west-1a",
            "availability_zone_id": "usw1-az3",
            "cidr_block": "10.0.0.0/24",
            "customer_owned_ipv4_pool": "",
            "id": "subnet-06b81188e3083264d",
            "ipv6_cidr_block": "",
            "ipv6_cidr_block_association_id": "",
            "map_customer_owned_ip_on_launch": false,
            "map_public_ip_on_launch": false,
            "outpost_arn": "",
            "owner_id": "131578276461",
            "tags": {
              "Name": "tamr-vpc-private-us-west-1a",
              "owner": "franco"
            },
            "tags_all": {
              "Name": "tamr-vpc-private-us-west-1a",
              "owner": "franco"
            },
            "timeouts": null,
            "vpc_id": "vpc-09ebec0ff9aa91a04"
          },
          "sensitive_attributes": [],
          "private": "eyJlMmJmYjczMC1lY2FhLTExZTYtOGY4OC0zNDM2M2JjN2M0YzAiOnsiY3JlYXRlIjo2MDAwMDAwMDAwMDAsImRlbGV0ZSI6MTIwMDAwMDAwMDAwMH0sInNjaGVtYV92ZXJzaW9uIjoiMSJ9",
          "dependencies": [
            "module.tamr_networking.module.vpc.aws_vpc.this",
            "module.tamr_networking.module.vpc.aws_vpc_ipv4_cidr_block_association.this"
          ],
          "create_before_destroy": true
        },
        {
          "index_key": 1,
          "schema_version": 1,
          "attributes": {
            "arn": "arn:aws:ec2:us-west-1:131578276461:subnet/subnet-0de9b78c04aa25189",
            "assign_ipv6_address_on_creation": false,
            "availability_zone": "us-west-1b",
            "availability_zone_id": "usw1-az1",
            "cidr_block": "10.0.4.0/24",
            "customer_owned_ipv4_pool": "",
            "id": "subnet-0de9b78c04aa25189",
            "ipv6_cidr_block": "",
            "ipv6_cidr_block_association_id": "",
            "map_customer_owned_ip_on_launch": false,
            "map_public_ip_on_launch": false,
            "outpost_arn": "",
            "owner_id": "131578276461",
            "tags": {
              "Name": "tamr-vpc-private-us-west-1b",
              "owner": "franco"
            },
            "tags_all": {
              "Name": "tamr-vpc-private-us-west-1b",
              "owner": "franco"
            },
            "timeouts": null,
            "vpc_id": "vpc-09ebec0ff9aa91a04"
          },
          "sensitive_attributes": [],
          "private": "eyJlMmJmYjczMC1lY2FhLTExZTYtOGY4OC0zNDM2M2JjN2M0YzAiOnsiY3JlYXRlIjo2MDAwMDAwMDAwMDAsImRlbGV0ZSI6MTIwMDAwMDAwMDAwMH0sInNjaGVtYV92ZXJzaW9uIjoiMSJ9",
          "dependencies": [
            "module.tamr_networking.module.vpc.aws_vpc.this",
            "module.tamr_networking.module.vpc.aws_vpc_ipv4_cidr_block_association.this"
          ],
          "create_before_destroy": true
        },
        {
          "index_key": 2,
          "schema_version": 1,
          "attributes": {
            "arn": "arn:aws:ec2:us-west-1:131578276461:subnet/subnet-0d1745767495b720d",
            "assign_ipv6_address_on_creation": false,
            "availability_zone": "us-west-1a",
            "availability_zone_id": "usw1-az3",
            "cidr_block": "10.0.5.0/24",
            "customer_owned_ipv4_pool": "",
            "id": "subnet-0d1745767495b720d",
            "ipv6_cidr_block": "",
            "ipv6_cidr_block_association_id": "",
            "map_customer_owned_ip_on_launch": false,
            "map_public_ip_on_launch": false,
            "outpost_arn": "",
            "owner_id": "131578276461",
            "tags": {
              "Name": "tamr-vpc-private-us-west-1a",
              "owner": "franco"
            },
            "tags_all": {
              "Name": "tamr-vpc-private-us-west-1a",
              "owner": "franco"
            },
            "timeouts": null,
            "vpc_id": "vpc-09ebec0ff9aa91a04"
          },
          "sensitive_attributes": [],
          "private": "eyJlMmJmYjczMC1lY2FhLTExZTYtOGY4OC0zNDM2M2JjN2M0YzAiOnsiY3JlYXRlIjo2MDAwMDAwMDAwMDAsImRlbGV0ZSI6MTIwMDAwMDAwMDAwMH0sInNjaGVtYV92ZXJzaW9uIjoiMSJ9",
          "dependencies": [
            "module.tamr_networking.module.vpc.aws_vpc.this",
            "module.tamr_networking.module.vpc.aws_vpc_ipv4_cidr_block_association.this"
          ],
          "create_before_destroy": true
        }
      ]
    },
    {
      "module": "module.tamr_networking.module.vpc",
      "mode": "managed",
      "type": "aws_subnet",
      "name": "public",
      "provider": "provider[\"registry.terraform.io/hashicorp/aws\"]",
      "instances": [
        {
          "index_key": 0,
          "schema_version": 1,
          "attributes": {
            "arn": "arn:aws:ec2:us-west-1:131578276461:subnet/subnet-054aefea9cc154777",
            "assign_ipv6_address_on_creation": false,
            "availability_zone": "us-west-1a",
            "availability_zone_id": "usw1-az3",
            "cidr_block": "10.0.6.0/24",
            "customer_owned_ipv4_pool": "",
            "id": "subnet-054aefea9cc154777",
            "ipv6_cidr_block": "",
            "ipv6_cidr_block_association_id": "",
            "map_customer_owned_ip_on_launch": false,
            "map_public_ip_on_launch": true,
            "outpost_arn": "",
            "owner_id": "131578276461",
            "tags": {
              "Name": "tamr-vpc-public-us-west-1a",
              "owner": "franco"
            },
            "tags_all": {
              "Name": "tamr-vpc-public-us-west-1a",
              "owner": "franco"
            },
            "timeouts": null,
            "vpc_id": "vpc-09ebec0ff9aa91a04"
          },
          "sensitive_attributes": [],
          "private": "eyJlMmJmYjczMC1lY2FhLTExZTYtOGY4OC0zNDM2M2JjN2M0YzAiOnsiY3JlYXRlIjo2MDAwMDAwMDAwMDAsImRlbGV0ZSI6MTIwMDAwMDAwMDAwMH0sInNjaGVtYV92ZXJzaW9uIjoiMSJ9",
          "dependencies": [
            "module.tamr_networking.module.vpc.aws_vpc.this",
            "module.tamr_networking.module.vpc.aws_vpc_ipv4_cidr_block_association.this"
          ],
          "create_before_destroy": true
        },
        {
          "index_key": 1,
          "schema_version": 1,
          "attributes": {
            "arn": "arn:aws:ec2:us-west-1:131578276461:subnet/subnet-0836e8614915fc031",
            "assign_ipv6_address_on_creation": false,
            "availability_zone": "us-west-1b",
            "availability_zone_id": "usw1-az1",
            "cidr_block": "10.0.7.0/24",
            "customer_owned_ipv4_pool": "",
            "id": "subnet-0836e8614915fc031",
            "ipv6_cidr_block": "",
            "ipv6_cidr_block_association_id": "",
            "map_customer_owned_ip_on_launch": false,
            "map_public_ip_on_launch": true,
            "outpost_arn": "",
            "owner_id": "131578276461",
            "tags": {
              "Name": "tamr-vpc-public-us-west-1b",
              "owner": "franco"
            },
            "tags_all": {
              "Name": "tamr-vpc-public-us-west-1b",
              "owner": "franco"
            },
            "timeouts": null,
            "vpc_id": "vpc-09ebec0ff9aa91a04"
          },
          "sensitive_attributes": [],
          "private": "eyJlMmJmYjczMC1lY2FhLTExZTYtOGY4OC0zNDM2M2JjN2M0YzAiOnsiY3JlYXRlIjo2MDAwMDAwMDAwMDAsImRlbGV0ZSI6MTIwMDAwMDAwMDAwMH0sInNjaGVtYV92ZXJzaW9uIjoiMSJ9",
          "dependencies": [
            "module.tamr_networking.module.vpc.aws_vpc.this",
            "module.tamr_networking.module.vpc.aws_vpc_ipv4_cidr_block_association.this"
          ],
          "create_before_destroy": true
        }
      ]
    },
    {
      "module": "module.tamr_networking.module.vpc",
      "mode": "managed",
      "type": "aws_vpc",
      "name": "this",
      "provider": "provider[\"registry.terraform.io/hashicorp/aws\"]",
      "instances": [
        {
          "index_key": 0,
          "schema_version": 1,
          "attributes": {
            "arn": "arn:aws:ec2:us-west-1:131578276461:vpc/vpc-09ebec0ff9aa91a04",
            "assign_generated_ipv6_cidr_block": false,
            "cidr_block": "10.0.0.0/16",
            "default_network_acl_id": "acl-0254497d8b9251440",
            "default_route_table_id": "rtb-00f62d7ceb7f33870",
            "default_security_group_id": "sg-0c1725f501cdd8494",
            "dhcp_options_id": "dopt-84c239e1",
            "enable_classiclink": false,
            "enable_classiclink_dns_support": false,
            "enable_dns_hostnames": true,
            "enable_dns_support": true,
            "id": "vpc-09ebec0ff9aa91a04",
            "instance_tenancy": "default",
            "ipv6_association_id": "",
            "ipv6_cidr_block": "",
            "main_route_table_id": "rtb-00f62d7ceb7f33870",
            "owner_id": "131578276461",
            "tags": {
              "Name": "tamr-vpc",
              "owner": "franco"
            },
            "tags_all": {
              "Name": "tamr-vpc",
              "owner": "franco"
            }
          },
          "sensitive_attributes": [],
          "private": "eyJzY2hlbWFfdmVyc2lvbiI6IjEifQ==",
          "create_before_destroy": true
        }
      ]
    }
  ]
}
